{
  "version": 4,
  "terraform_version": "1.9.8",
  "serial": 276,
  "lineage": "e60149a8-682c-1a8a-20c3-38b9e4b3d2b0",
  "outputs": {},
  "resources": [
    {
      "module": "module.k8s_provisioner_prod",
      "mode": "managed",
      "type": "helm_release",
      "name": "cert_manager",
      "provider": "provider[\"registry.terraform.io/hashicorp/helm\"].prod",
      "instances": [
        {
          "index_key": 0,
          "schema_version": 1,
          "attributes": {
            "atomic": false,
            "chart": "cert-manager",
            "cleanup_on_fail": false,
            "create_namespace": false,
            "dependency_update": false,
            "description": null,
            "devel": null,
            "disable_crd_hooks": false,
            "disable_openapi_validation": false,
            "disable_webhooks": false,
            "force_update": false,
            "id": "cert-manager",
            "keyring": null,
            "lint": false,
            "manifest": null,
            "max_history": 0,
            "metadata": [
              {
                "app_version": "v1.16.1",
                "chart": "cert-manager",
                "first_deployed": 1730540777,
                "last_deployed": 1730540777,
                "name": "cert-manager",
                "namespace": "cert-manager",
                "notes": "\n⚠️  WARNING: `installCRDs` is deprecated, use `crds.enabled` instead.\ncert-manager v1.16.1 has been deployed successfully!\n\nIn order to begin issuing certificates, you will need to set up a ClusterIssuer\nor Issuer resource (for example, by creating a 'letsencrypt-staging' issuer).\n\nMore information on the different types of issuers and how to configure them\ncan be found in our documentation:\n\nhttps://cert-manager.io/docs/configuration/\n\nFor information on how to configure cert-manager to automatically provision\nCertificates for Ingress resources, take a look at the `ingress-shim`\ndocumentation:\n\nhttps://cert-manager.io/docs/usage/ingress/\n",
                "revision": 1,
                "values": "{\"installCRDs\":true,\"webhook\":{\"securePort\":10250}}",
                "version": "v1.16.1"
              }
            ],
            "name": "cert-manager",
            "namespace": "cert-manager",
            "pass_credentials": false,
            "postrender": [],
            "recreate_pods": false,
            "render_subchart_notes": true,
            "replace": false,
            "repository": "https://charts.jetstack.io",
            "repository_ca_file": null,
            "repository_cert_file": null,
            "repository_key_file": null,
            "repository_password": null,
            "repository_username": null,
            "reset_values": false,
            "reuse_values": false,
            "set": [
              {
                "name": "installCRDs",
                "type": "",
                "value": "true"
              },
              {
                "name": "webhook.securePort",
                "type": "",
                "value": "10250"
              }
            ],
            "set_list": [],
            "set_sensitive": [],
            "skip_crds": false,
            "status": "deployed",
            "timeout": 300,
            "upgrade_install": null,
            "values": null,
            "verify": false,
            "version": "v1.16.1",
            "wait": true,
            "wait_for_jobs": false
          },
          "sensitive_attributes": [
            [
              {
                "type": "get_attr",
                "value": "repository_password"
              }
            ]
          ],
          "private": "eyJzY2hlbWFfdmVyc2lvbiI6IjEifQ==",
          "dependencies": [
            "module.k8s_provisioner_prod.kubernetes_namespace.cert_manager",
            "module.rke2_prod_cluster.data.vsphere_datacenter.vsphere_datacenter_az1",
            "module.rke2_prod_cluster.data.vsphere_datacenter.vsphere_datacenter_az3",
            "module.rke2_prod_cluster.data.vsphere_datastore.vsphere_datastore_az1",
            "module.rke2_prod_cluster.data.vsphere_datastore.vsphere_datastore_az3",
            "module.rke2_prod_cluster.data.vsphere_host.vsphere_host_az1",
            "module.rke2_prod_cluster.data.vsphere_host.vsphere_host_az3",
            "module.rke2_prod_cluster.data.vsphere_network.vsphere_network_az1",
            "module.rke2_prod_cluster.data.vsphere_network.vsphere_network_az3",
            "module.rke2_prod_cluster.data.vsphere_ovf_vm_template.template",
            "module.rke2_prod_cluster.data.vsphere_ovf_vm_template.templateLocal",
            "module.rke2_prod_cluster.data.vsphere_resource_pool.vsphere_resource_pool_az1",
            "module.rke2_prod_cluster.data.vsphere_resource_pool.vsphere_resource_pool_az3",
            "module.rke2_prod_cluster.data.vsphere_virtual_machine.template",
            "module.rke2_prod_cluster.local_file.inventory_file",
            "module.rke2_prod_cluster.null_resource.ansible_add_hosts",
            "module.rke2_prod_cluster.null_resource.ansible_install_rke2",
            "module.rke2_prod_cluster.null_resource.ansible_update_apt_packages",
            "module.rke2_prod_cluster.time_sleep.wait_3_minutes_for_node_ready",
            "module.rke2_prod_cluster.time_static.current",
            "module.rke2_prod_cluster.vsphere_virtual_machine.master_nodes_az1",
            "module.rke2_prod_cluster.vsphere_virtual_machine.master_nodes_az3",
            "module.rke2_prod_cluster.vsphere_virtual_machine.nfs_storage",
            "module.rke2_prod_cluster.vsphere_virtual_machine.template",
            "module.rke2_prod_cluster.vsphere_virtual_machine.worker_nodes_az1",
            "module.rke2_prod_cluster.vsphere_virtual_machine.worker_nodes_az3"
          ]
        }
      ]
    },
    {
      "module": "module.k8s_provisioner_prod",
      "mode": "managed",
      "type": "helm_release",
      "name": "grafana",
      "provider": "provider[\"registry.terraform.io/hashicorp/helm\"].prod",
      "instances": [
        {
          "index_key": 0,
          "schema_version": 1,
          "attributes": {
            "atomic": false,
            "chart": "grafana",
            "cleanup_on_fail": false,
            "create_namespace": false,
            "dependency_update": false,
            "description": null,
            "devel": null,
            "disable_crd_hooks": false,
            "disable_openapi_validation": false,
            "disable_webhooks": false,
            "force_update": false,
            "id": "grafana",
            "keyring": null,
            "lint": false,
            "manifest": null,
            "max_history": 0,
            "metadata": [
              {
                "app_version": "11.2.1",
                "chart": "grafana",
                "first_deployed": 1730498140,
                "last_deployed": 1730628465,
                "name": "grafana",
                "namespace": "grafana",
                "notes": "1. Get your 'devops' user password by running:\n\n   kubectl get secret --namespace grafana grafana -o jsonpath=\"{.data.admin-password}\" | base64 --decode ; echo\n\n\n2. The Grafana server can be accessed via port 80 on the following DNS name from within your cluster:\n\n   grafana.grafana.svc.cluster.local\n\n   If you bind grafana to 80, please update values in values.yaml and reinstall:\n   ```\n   securityContext:\n     runAsUser: 0\n     runAsGroup: 0\n     fsGroup: 0\n\n   command:\n   - \"setcap\"\n   - \"'cap_net_bind_service=+ep'\"\n   - \"/usr/sbin/grafana-server \u0026\u0026\"\n   - \"sh\"\n   - \"/run.sh\"\n   ```\n   Details refer to https://grafana.com/docs/installation/configuration/#http-port.\n   Or grafana would always crash.\n\n   From outside the cluster, the server URL(s) are:\n     http://grafana.hostart.az\n\n3. Login with the password from step 1 and the username: devops\n",
                "revision": 3,
                "values": "{\"adminPassword\":\"8597750aA\",\"adminUser\":\"devops\",\"affinity\":{\"nodeAffinity\":{\"preferredDuringSchedulingIgnoredDuringExecution\":[{\"preference\":{\"matchExpressions\":[{\"key\":\"topology.kubernetes.io/zone\",\"operator\":\"In\",\"values\":[\"az1\"]}]},\"weight\":1}]}},\"dashboardProviders\":{\"dashboardproviders.yaml\":{\"apiVersion\":1,\"providers\":[{\"disableDeletion\":true,\"editable\":true,\"folder\":\"Internal Systems\",\"name\":\"internal-systems\",\"options\":{\"path\":\"/var/lib/grafana/dashboards/internal-systems\"},\"orgId\":1,\"type\":\"file\"},{\"disableDeletion\":true,\"editable\":true,\"folder\":\"VMware-vSphere\",\"name\":\"vmware-vsphere\",\"options\":{\"path\":\"/var/lib/grafana/dashboards/vmware-vsphere\"},\"orgId\":1,\"type\":\"file\"},{\"disableDeletion\":true,\"editable\":true,\"folder\":\"Kubernetes App Logs\",\"name\":\"logs\",\"options\":{\"path\":\"/var/lib/grafana/dashboards/logs\"},\"orgId\":1,\"type\":\"file\"},{\"disableDeletion\":true,\"editable\":true,\"folder\":\"Network Devices\",\"name\":\"network-devices\",\"options\":{\"path\":\"/var/lib/grafana/dashboards/network-devices\"},\"orgId\":1,\"type\":\"file\"}]}},\"dashboards\":{\"internal-systems\":{\"discord-exporter\":{\"datasource\":\"prometheus\",\"url\":\"https://gitlab.hostart.az/grafana/dashboards/-/raw/main/logs/discord-monitoring.json\"},\"uptimekuma-exporter\":{\"datasource\":\"prometheus\",\"url\":\"https://gitlab.hostart.az/grafana/dashboards/-/raw/main/logs/uptimekuma-exporter.json\"}},\"logs\":{\"kubernetes-app-logs\":{\"datasource\":\"loki\",\"url\":\"https://gitlab.hostart.az/grafana/dashboards/-/raw/main/logs/kubernetes-app-logs.json\"}},\"network-devices\":{\"cisco-network-devices\":{\"datasource\":\"prometheus\",\"url\":\"https://gitlab.hostart.az/grafana/dashboards/-/raw/main/logs/snmp-stats.json\"},\"fortigate-routeros\":{\"datasource\":\"prometheus\",\"url\":\"https://gitlab.hostart.az/grafana/dashboards/-/raw/main/logs/fortigate-monitoring.json\"},\"hpe-ilo-devices\":{\"datasource\":\"prometheus\",\"url\":\"https://gitlab.hostart.az/grafana/dashboards/-/raw/main/logs/snmp-ilo.json\"},\"juniper-network-devices\":{\"datasource\":\"prometheus\",\"url\":\"https://gitlab.hostart.az/grafana/dashboards/-/raw/main/logs/juniper-monitoring.json\"},\"mikrotik-routeros\":{\"datasource\":\"prometheus\",\"url\":\"https://gitlab.hostart.az/grafana/dashboards/-/raw/main/logs/mikrotik-monitoring.json\"},\"pathnet\":{\"datasource\":\"prometheus\",\"url\":\"https://gitlab.hostart.az/grafana/dashboards/-/raw/main/logs/pathnet-monitoring.json\"}},\"vmware-vsphere\":{\"vmware-vsphere-cluster\":{\"datasource\":\"prometheus\",\"url\":\"https://gitlab.hostart.az/grafana/dashboards/-/raw/main/logs/vmware-cluster.json\"},\"vmware-vsphere-esx\":{\"datasource\":\"prometheus\",\"url\":\"https://gitlab.hostart.az/grafana/dashboards/-/raw/main/logs/vmware-esx-host-information.json\"},\"vmware-vsphere-esxi\":{\"datasource\":\"prometheus\",\"url\":\"https://gitlab.hostart.az/grafana/dashboards/-/raw/main/logs/vmware-esxi-import.json\"},\"vmware-vsphere-overview\":{\"datasource\":\"prometheus\",\"url\":\"https://gitlab.hostart.az/grafana/dashboards/-/raw/main/logs/vmware-overview.json\"},\"vmware-vsphere-vm\":{\"datasource\":\"prometheus\",\"url\":\"https://gitlab.hostart.az/grafana/dashboards/-/raw/main/logs/vmware-vm.json\"}}},\"datasources\":{\"datasources.yaml\":{\"apiVersion\":1,\"datasources\":[{\"isDefault\":\"true\",\"name\":\"prometheus-prod\",\"type\":\"prometheus\",\"url\":\"http://prometheus-server.prometheus\"},{\"basicAuth\":true,\"basicAuthUser\":\"devops\",\"name\":\"prometheus-stage\",\"secureJsonData\":{\"basicAuthPassword\":\"8597750aA\"},\"type\":\"prometheus\",\"url\":\"https://prometheus-stage.hostart.az/\"},{\"basicAuth\":true,\"basicAuthUser\":\"devops\",\"name\":\"prometheus-dev\",\"secureJsonData\":{\"basicAuthPassword\":\"8597750aA\"},\"type\":\"prometheus\",\"url\":\"https://prometheus-dev.hostart.az/\"},{\"name\":\"loki-prod\",\"type\":\"loki\",\"url\":\"http://loki-gateway.loki/\"},{\"name\":\"loki-stage\",\"type\":\"loki\",\"url\":\"https://loki-stage.hostart.az/\"},{\"name\":\"loki-dev\",\"type\":\"loki\",\"url\":\"https://loki-dev.hostart.az/\"}]}},\"deploymentStrategy\":{\"type\":\"Recreate\"},\"extraSecretMounts\":[{\"mountPath\":\"/etc/ssl/certs/root-ca.crt\",\"name\":\"root-ca-crt\",\"readOnly\":true,\"secretName\":\"domain-root-crt\",\"subPath\":\"root-ca.crt\"}],\"ingress\":{\"annotations\":{\"cert-manager.io/cluster-issuer\":\"cluster-ca-issuer\",\"cert-manager.io/common-name\":\"grafana.hostart.az\",\"cert-manager.io/subject-organization\":\"hostart.az\"},\"enabled\":true,\"hosts\":[\"grafana.hostart.az\"],\"ingressClassName\":\"nginx\",\"tls\":[{\"hosts\":[\"grafana.hostart.az\"],\"secretName\":\"grafana-tls\"}]},\"persistence\":{\"accessModes\":[\"ReadWriteOncePod\"],\"enabled\":true,\"size\":\"11Gi\",\"storageClassName\":\"longhorn\"},\"podDisruptionBudget\":{\"maxUnavailable\":1,\"minAvailable\":0}}",
                "version": "8.5.2"
              }
            ],
            "name": "grafana",
            "namespace": "grafana",
            "pass_credentials": false,
            "postrender": [],
            "recreate_pods": false,
            "render_subchart_notes": true,
            "replace": false,
            "repository": "https://grafana.github.io/helm-charts",
            "repository_ca_file": null,
            "repository_cert_file": null,
            "repository_key_file": null,
            "repository_password": null,
            "repository_username": null,
            "reset_values": false,
            "reuse_values": false,
            "set": [],
            "set_list": [],
            "set_sensitive": [],
            "skip_crds": false,
            "status": "deployed",
            "timeout": 300,
            "upgrade_install": null,
            "values": [
              "\"adminPassword\": \"8597750aA\"\n\"adminUser\": \"devops\"\n\"affinity\":\n  \"nodeAffinity\":\n    \"preferredDuringSchedulingIgnoredDuringExecution\":\n    - \"preference\":\n        \"matchExpressions\":\n        - \"key\": \"topology.kubernetes.io/zone\"\n          \"operator\": \"In\"\n          \"values\":\n          - \"az1\"\n      \"weight\": 1\n\"dashboardProviders\":\n  \"dashboardproviders.yaml\":\n    \"apiVersion\": 1\n    \"providers\":\n    - \"disableDeletion\": true\n      \"editable\": true\n      \"folder\": \"Internal Systems\"\n      \"name\": \"internal-systems\"\n      \"options\":\n        \"path\": \"/var/lib/grafana/dashboards/internal-systems\"\n      \"orgId\": 1\n      \"type\": \"file\"\n    - \"disableDeletion\": true\n      \"editable\": true\n      \"folder\": \"VMware-vSphere\"\n      \"name\": \"vmware-vsphere\"\n      \"options\":\n        \"path\": \"/var/lib/grafana/dashboards/vmware-vsphere\"\n      \"orgId\": 1\n      \"type\": \"file\"\n    - \"disableDeletion\": true\n      \"editable\": true\n      \"folder\": \"Kubernetes App Logs\"\n      \"name\": \"logs\"\n      \"options\":\n        \"path\": \"/var/lib/grafana/dashboards/logs\"\n      \"orgId\": 1\n      \"type\": \"file\"\n    - \"disableDeletion\": true\n      \"editable\": true\n      \"folder\": \"Network Devices\"\n      \"name\": \"network-devices\"\n      \"options\":\n        \"path\": \"/var/lib/grafana/dashboards/network-devices\"\n      \"orgId\": 1\n      \"type\": \"file\"\n\"dashboards\":\n  \"internal-systems\":\n    \"discord-exporter\":\n      \"datasource\": \"prometheus\"\n      \"url\": \"https://gitlab.hostart.az/grafana/dashboards/-/raw/main/logs/discord-monitoring.json\"\n    \"uptimekuma-exporter\":\n      \"datasource\": \"prometheus\"\n      \"url\": \"https://gitlab.hostart.az/grafana/dashboards/-/raw/main/logs/uptimekuma-exporter.json\"\n  \"logs\":\n    \"kubernetes-app-logs\":\n      \"datasource\": \"loki\"\n      \"url\": \"https://gitlab.hostart.az/grafana/dashboards/-/raw/main/logs/kubernetes-app-logs.json\"\n  \"network-devices\":\n    \"cisco-network-devices\":\n      \"datasource\": \"prometheus\"\n      \"url\": \"https://gitlab.hostart.az/grafana/dashboards/-/raw/main/logs/snmp-stats.json\"\n    \"fortigate-routeros\":\n      \"datasource\": \"prometheus\"\n      \"url\": \"https://gitlab.hostart.az/grafana/dashboards/-/raw/main/logs/fortigate-monitoring.json\"\n    \"hpe-ilo-devices\":\n      \"datasource\": \"prometheus\"\n      \"url\": \"https://gitlab.hostart.az/grafana/dashboards/-/raw/main/logs/snmp-ilo.json\"\n    \"juniper-network-devices\":\n      \"datasource\": \"prometheus\"\n      \"url\": \"https://gitlab.hostart.az/grafana/dashboards/-/raw/main/logs/juniper-monitoring.json\"\n    \"mikrotik-routeros\":\n      \"datasource\": \"prometheus\"\n      \"url\": \"https://gitlab.hostart.az/grafana/dashboards/-/raw/main/logs/mikrotik-monitoring.json\"\n    \"pathnet\":\n      \"datasource\": \"prometheus\"\n      \"url\": \"https://gitlab.hostart.az/grafana/dashboards/-/raw/main/logs/pathnet-monitoring.json\"\n  \"vmware-vsphere\":\n    \"vmware-vsphere-cluster\":\n      \"datasource\": \"prometheus\"\n      \"url\": \"https://gitlab.hostart.az/grafana/dashboards/-/raw/main/logs/vmware-cluster.json\"\n    \"vmware-vsphere-esx\":\n      \"datasource\": \"prometheus\"\n      \"url\": \"https://gitlab.hostart.az/grafana/dashboards/-/raw/main/logs/vmware-esx-host-information.json\"\n    \"vmware-vsphere-esxi\":\n      \"datasource\": \"prometheus\"\n      \"url\": \"https://gitlab.hostart.az/grafana/dashboards/-/raw/main/logs/vmware-esxi-import.json\"\n    \"vmware-vsphere-overview\":\n      \"datasource\": \"prometheus\"\n      \"url\": \"https://gitlab.hostart.az/grafana/dashboards/-/raw/main/logs/vmware-overview.json\"\n    \"vmware-vsphere-vm\":\n      \"datasource\": \"prometheus\"\n      \"url\": \"https://gitlab.hostart.az/grafana/dashboards/-/raw/main/logs/vmware-vm.json\"\n\"datasources\":\n  \"datasources.yaml\":\n    \"apiVersion\": 1\n    \"datasources\":\n    - \"isDefault\": \"true\"\n      \"name\": \"prometheus-prod\"\n      \"type\": \"prometheus\"\n      \"url\": \"http://prometheus-server.prometheus\"\n    - \"basicAuth\": true\n      \"basicAuthUser\": \"devops\"\n      \"name\": \"prometheus-stage\"\n      \"secureJsonData\":\n        \"basicAuthPassword\": \"8597750aA\"\n      \"type\": \"prometheus\"\n      \"url\": \"https://prometheus-stage.hostart.az/\"\n    - \"basicAuth\": true\n      \"basicAuthUser\": \"devops\"\n      \"name\": \"prometheus-dev\"\n      \"secureJsonData\":\n        \"basicAuthPassword\": \"8597750aA\"\n      \"type\": \"prometheus\"\n      \"url\": \"https://prometheus-dev.hostart.az/\"\n    - \"name\": \"loki-prod\"\n      \"type\": \"loki\"\n      \"url\": \"http://loki-gateway.loki/\"\n    - \"name\": \"loki-stage\"\n      \"type\": \"loki\"\n      \"url\": \"https://loki-stage.hostart.az/\"\n    - \"name\": \"loki-dev\"\n      \"type\": \"loki\"\n      \"url\": \"https://loki-dev.hostart.az/\"\n\"deploymentStrategy\":\n  \"type\": \"Recreate\"\n\"extraSecretMounts\":\n- \"mountPath\": \"/etc/ssl/certs/root-ca.crt\"\n  \"name\": \"root-ca-crt\"\n  \"readOnly\": true\n  \"secretName\": \"domain-root-crt\"\n  \"subPath\": \"root-ca.crt\"\n\"ingress\":\n  \"annotations\":\n    \"cert-manager.io/cluster-issuer\": \"cluster-ca-issuer\"\n    \"cert-manager.io/common-name\": \"grafana.hostart.az\"\n    \"cert-manager.io/subject-organization\": \"hostart.az\"\n  \"enabled\": true\n  \"hosts\":\n  - \"grafana.hostart.az\"\n  \"ingressClassName\": \"nginx\"\n  \"tls\":\n  - \"hosts\":\n    - \"grafana.hostart.az\"\n    \"secretName\": \"grafana-tls\"\n\"persistence\":\n  \"accessModes\":\n  - \"ReadWriteOncePod\"\n  \"enabled\": true\n  \"size\": \"11Gi\"\n  \"storageClassName\": \"longhorn\"\n\"podDisruptionBudget\":\n  \"maxUnavailable\": 1\n  \"minAvailable\": 0\n"
            ],
            "verify": false,
            "version": "8.5.2",
            "wait": true,
            "wait_for_jobs": false
          },
          "sensitive_attributes": [
            [
              {
                "type": "get_attr",
                "value": "values"
              },
              {
                "type": "index",
                "value": {
                  "value": 0,
                  "type": "number"
                }
              }
            ],
            [
              {
                "type": "get_attr",
                "value": "repository_password"
              }
            ]
          ],
          "private": "eyJzY2hlbWFfdmVyc2lvbiI6IjEifQ==",
          "dependencies": [
            "module.k8s_provisioner_prod.helm_release.cert_manager",
            "module.k8s_provisioner_prod.helm_release.longhorn",
            "module.k8s_provisioner_prod.kubectl_manifest.cluster_ca_issuer",
            "module.k8s_provisioner_prod.kubernetes_labels.storage_node_labels_az1",
            "module.k8s_provisioner_prod.kubernetes_labels.storage_node_labels_az3",
            "module.k8s_provisioner_prod.kubernetes_namespace.cert_manager",
            "module.k8s_provisioner_prod.kubernetes_namespace.grafana",
            "module.k8s_provisioner_prod.kubernetes_namespace.longhorn",
            "module.k8s_provisioner_prod.kubernetes_secret.cert_manager_root_ca",
            "module.k8s_provisioner_prod.kubernetes_secret.grafana_domain_root_crt",
            "module.k8s_provisioner_prod.kubernetes_secret.longhorn_ingress_basic_auth",
            "module.rke2_prod_cluster.data.vsphere_datacenter.vsphere_datacenter_az1",
            "module.rke2_prod_cluster.data.vsphere_datacenter.vsphere_datacenter_az3",
            "module.rke2_prod_cluster.data.vsphere_datastore.vsphere_datastore_az1",
            "module.rke2_prod_cluster.data.vsphere_datastore.vsphere_datastore_az3",
            "module.rke2_prod_cluster.data.vsphere_host.vsphere_host_az1",
            "module.rke2_prod_cluster.data.vsphere_host.vsphere_host_az3",
            "module.rke2_prod_cluster.data.vsphere_network.vsphere_network_az1",
            "module.rke2_prod_cluster.data.vsphere_network.vsphere_network_az3",
            "module.rke2_prod_cluster.data.vsphere_ovf_vm_template.template",
            "module.rke2_prod_cluster.data.vsphere_ovf_vm_template.templateLocal",
            "module.rke2_prod_cluster.data.vsphere_resource_pool.vsphere_resource_pool_az1",
            "module.rke2_prod_cluster.data.vsphere_resource_pool.vsphere_resource_pool_az3",
            "module.rke2_prod_cluster.data.vsphere_virtual_machine.template",
            "module.rke2_prod_cluster.local_file.inventory_file",
            "module.rke2_prod_cluster.null_resource.ansible_add_hosts",
            "module.rke2_prod_cluster.null_resource.ansible_install_rke2",
            "module.rke2_prod_cluster.null_resource.ansible_update_apt_packages",
            "module.rke2_prod_cluster.time_sleep.wait_3_minutes_for_node_ready",
            "module.rke2_prod_cluster.time_static.current",
            "module.rke2_prod_cluster.vsphere_virtual_machine.master_nodes_az1",
            "module.rke2_prod_cluster.vsphere_virtual_machine.master_nodes_az3",
            "module.rke2_prod_cluster.vsphere_virtual_machine.nfs_storage",
            "module.rke2_prod_cluster.vsphere_virtual_machine.template",
            "module.rke2_prod_cluster.vsphere_virtual_machine.worker_nodes_az1",
            "module.rke2_prod_cluster.vsphere_virtual_machine.worker_nodes_az3"
          ]
        }
      ]
    },
    {
      "module": "module.k8s_provisioner_prod",
      "mode": "managed",
      "type": "helm_release",
      "name": "istio_base",
      "provider": "provider[\"registry.terraform.io/hashicorp/helm\"].prod",
      "instances": [
        {
          "index_key": 0,
          "schema_version": 1,
          "attributes": {
            "atomic": false,
            "chart": "base",
            "cleanup_on_fail": false,
            "create_namespace": false,
            "dependency_update": false,
            "description": null,
            "devel": null,
            "disable_crd_hooks": false,
            "disable_openapi_validation": false,
            "disable_webhooks": false,
            "force_update": false,
            "id": "istio-base",
            "keyring": null,
            "lint": false,
            "manifest": null,
            "max_history": 0,
            "metadata": [
              {
                "app_version": "1.23.2",
                "chart": "base",
                "first_deployed": 1730501722,
                "last_deployed": 1730501722,
                "name": "istio-base",
                "namespace": "istio-system",
                "notes": "Istio base successfully installed!\n\nTo learn more about the release, try:\n  $ helm status istio-base -n istio-system\n  $ helm get all istio-base -n istio-system\n",
                "revision": 1,
                "values": "{}",
                "version": "1.23.2"
              }
            ],
            "name": "istio-base",
            "namespace": "istio-system",
            "pass_credentials": false,
            "postrender": [],
            "recreate_pods": false,
            "render_subchart_notes": true,
            "replace": false,
            "repository": "https://istio-release.storage.googleapis.com/charts",
            "repository_ca_file": null,
            "repository_cert_file": null,
            "repository_key_file": null,
            "repository_password": null,
            "repository_username": null,
            "reset_values": false,
            "reuse_values": false,
            "set": [],
            "set_list": [],
            "set_sensitive": [],
            "skip_crds": false,
            "status": "deployed",
            "timeout": 300,
            "upgrade_install": null,
            "values": null,
            "verify": false,
            "version": "1.23.2",
            "wait": true,
            "wait_for_jobs": false
          },
          "sensitive_attributes": [
            [
              {
                "type": "get_attr",
                "value": "repository_password"
              }
            ]
          ],
          "private": "eyJzY2hlbWFfdmVyc2lvbiI6IjEifQ==",
          "dependencies": [
            "module.k8s_provisioner_prod.kubernetes_namespace.istio",
            "module.rke2_prod_cluster.data.vsphere_datacenter.vsphere_datacenter_az1",
            "module.rke2_prod_cluster.data.vsphere_datacenter.vsphere_datacenter_az3",
            "module.rke2_prod_cluster.data.vsphere_datastore.vsphere_datastore_az1",
            "module.rke2_prod_cluster.data.vsphere_datastore.vsphere_datastore_az3",
            "module.rke2_prod_cluster.data.vsphere_host.vsphere_host_az1",
            "module.rke2_prod_cluster.data.vsphere_host.vsphere_host_az3",
            "module.rke2_prod_cluster.data.vsphere_network.vsphere_network_az1",
            "module.rke2_prod_cluster.data.vsphere_network.vsphere_network_az3",
            "module.rke2_prod_cluster.data.vsphere_ovf_vm_template.template",
            "module.rke2_prod_cluster.data.vsphere_ovf_vm_template.templateLocal",
            "module.rke2_prod_cluster.data.vsphere_resource_pool.vsphere_resource_pool_az1",
            "module.rke2_prod_cluster.data.vsphere_resource_pool.vsphere_resource_pool_az3",
            "module.rke2_prod_cluster.data.vsphere_virtual_machine.template",
            "module.rke2_prod_cluster.local_file.inventory_file",
            "module.rke2_prod_cluster.null_resource.ansible_add_hosts",
            "module.rke2_prod_cluster.null_resource.ansible_install_rke2",
            "module.rke2_prod_cluster.null_resource.ansible_update_apt_packages",
            "module.rke2_prod_cluster.time_sleep.wait_3_minutes_for_node_ready",
            "module.rke2_prod_cluster.time_static.current",
            "module.rke2_prod_cluster.vsphere_virtual_machine.master_nodes_az1",
            "module.rke2_prod_cluster.vsphere_virtual_machine.master_nodes_az3",
            "module.rke2_prod_cluster.vsphere_virtual_machine.nfs_storage",
            "module.rke2_prod_cluster.vsphere_virtual_machine.template",
            "module.rke2_prod_cluster.vsphere_virtual_machine.worker_nodes_az1",
            "module.rke2_prod_cluster.vsphere_virtual_machine.worker_nodes_az3"
          ]
        }
      ]
    },
    {
      "module": "module.k8s_provisioner_prod",
      "mode": "managed",
      "type": "helm_release",
      "name": "istio_egress_gateway",
      "provider": "provider[\"registry.terraform.io/hashicorp/helm\"].prod",
      "instances": [
        {
          "index_key": 0,
          "schema_version": 1,
          "attributes": {
            "atomic": false,
            "chart": "gateway",
            "cleanup_on_fail": false,
            "create_namespace": false,
            "dependency_update": false,
            "description": null,
            "devel": null,
            "disable_crd_hooks": false,
            "disable_openapi_validation": false,
            "disable_webhooks": false,
            "force_update": false,
            "id": "istio-egressgateway",
            "keyring": null,
            "lint": false,
            "manifest": null,
            "max_history": 0,
            "metadata": [
              {
                "app_version": "1.23.2",
                "chart": "gateway",
                "first_deployed": 1730501757,
                "last_deployed": 1730501757,
                "name": "istio-egressgateway",
                "namespace": "istio-system",
                "notes": "\"istio-egressgateway\" successfully installed!\n\nTo learn more about the release, try:\n  $ helm status istio-egressgateway -n istio-system\n  $ helm get all istio-egressgateway -n istio-system\n\nNext steps:\n  * Deploy an HTTP Gateway: https://istio.io/latest/docs/tasks/traffic-management/ingress/ingress-control/\n  * Deploy an HTTPS Gateway: https://istio.io/latest/docs/tasks/traffic-management/ingress/secure-ingress/\n",
                "revision": 1,
                "values": "{\"autoscaling\":{\"minReplicas\":2},\"resources\":{\"limits\":{\"cpu\":\"2000m\",\"memory\":\"1042Mi\"},\"requests\":{\"cpu\":\"100m\",\"memory\":\"128Mi\"}},\"service\":{\"type\":\"ClusterIP\"},\"topologySpreadConstraints\":[{\"labelSelector\":{\"matchLabels\":{\"app\":\"istio-egressgateway\"}},\"maxSkew\":1,\"topologyKey\":\"topology.kubernetes.io/zone\",\"whenUnsatisfiable\":\"ScheduleAnyway\"}]}",
                "version": "1.23.2"
              }
            ],
            "name": "istio-egressgateway",
            "namespace": "istio-system",
            "pass_credentials": false,
            "postrender": [],
            "recreate_pods": false,
            "render_subchart_notes": true,
            "replace": false,
            "repository": "https://istio-release.storage.googleapis.com/charts",
            "repository_ca_file": null,
            "repository_cert_file": null,
            "repository_key_file": null,
            "repository_password": null,
            "repository_username": null,
            "reset_values": false,
            "reuse_values": false,
            "set": [],
            "set_list": [],
            "set_sensitive": [],
            "skip_crds": false,
            "status": "deployed",
            "timeout": 300,
            "upgrade_install": null,
            "values": [
              "\"autoscaling\":\n  \"minReplicas\": 2\n\"resources\":\n  \"limits\":\n    \"cpu\": \"2000m\"\n    \"memory\": \"1042Mi\"\n  \"requests\":\n    \"cpu\": \"100m\"\n    \"memory\": \"128Mi\"\n\"service\":\n  \"type\": \"ClusterIP\"\n\"topologySpreadConstraints\":\n- \"labelSelector\":\n    \"matchLabels\":\n      \"app\": \"istio-egressgateway\"\n  \"maxSkew\": 1\n  \"topologyKey\": \"topology.kubernetes.io/zone\"\n  \"whenUnsatisfiable\": \"ScheduleAnyway\"\n"
            ],
            "verify": false,
            "version": "1.23.2",
            "wait": true,
            "wait_for_jobs": false
          },
          "sensitive_attributes": [
            [
              {
                "type": "get_attr",
                "value": "repository_password"
              }
            ]
          ],
          "private": "eyJzY2hlbWFfdmVyc2lvbiI6IjEifQ==",
          "dependencies": [
            "module.k8s_provisioner_prod.helm_release.istio_base",
            "module.k8s_provisioner_prod.helm_release.istiod",
            "module.k8s_provisioner_prod.kubernetes_namespace.istio",
            "module.rke2_prod_cluster.data.vsphere_datacenter.vsphere_datacenter_az1",
            "module.rke2_prod_cluster.data.vsphere_datacenter.vsphere_datacenter_az3",
            "module.rke2_prod_cluster.data.vsphere_datastore.vsphere_datastore_az1",
            "module.rke2_prod_cluster.data.vsphere_datastore.vsphere_datastore_az3",
            "module.rke2_prod_cluster.data.vsphere_host.vsphere_host_az1",
            "module.rke2_prod_cluster.data.vsphere_host.vsphere_host_az3",
            "module.rke2_prod_cluster.data.vsphere_network.vsphere_network_az1",
            "module.rke2_prod_cluster.data.vsphere_network.vsphere_network_az3",
            "module.rke2_prod_cluster.data.vsphere_ovf_vm_template.template",
            "module.rke2_prod_cluster.data.vsphere_ovf_vm_template.templateLocal",
            "module.rke2_prod_cluster.data.vsphere_resource_pool.vsphere_resource_pool_az1",
            "module.rke2_prod_cluster.data.vsphere_resource_pool.vsphere_resource_pool_az3",
            "module.rke2_prod_cluster.data.vsphere_virtual_machine.template",
            "module.rke2_prod_cluster.local_file.inventory_file",
            "module.rke2_prod_cluster.null_resource.ansible_add_hosts",
            "module.rke2_prod_cluster.null_resource.ansible_install_rke2",
            "module.rke2_prod_cluster.null_resource.ansible_update_apt_packages",
            "module.rke2_prod_cluster.time_sleep.wait_3_minutes_for_node_ready",
            "module.rke2_prod_cluster.time_static.current",
            "module.rke2_prod_cluster.vsphere_virtual_machine.master_nodes_az1",
            "module.rke2_prod_cluster.vsphere_virtual_machine.master_nodes_az3",
            "module.rke2_prod_cluster.vsphere_virtual_machine.nfs_storage",
            "module.rke2_prod_cluster.vsphere_virtual_machine.template",
            "module.rke2_prod_cluster.vsphere_virtual_machine.worker_nodes_az1",
            "module.rke2_prod_cluster.vsphere_virtual_machine.worker_nodes_az3"
          ]
        }
      ]
    },
    {
      "module": "module.k8s_provisioner_prod",
      "mode": "managed",
      "type": "helm_release",
      "name": "istio_ingress_gateway",
      "provider": "provider[\"registry.terraform.io/hashicorp/helm\"].prod",
      "instances": [
        {
          "index_key": 0,
          "schema_version": 1,
          "attributes": {
            "atomic": false,
            "chart": "gateway",
            "cleanup_on_fail": false,
            "create_namespace": false,
            "dependency_update": false,
            "description": null,
            "devel": null,
            "disable_crd_hooks": false,
            "disable_openapi_validation": false,
            "disable_webhooks": false,
            "force_update": false,
            "id": "istio-ingressgateway",
            "keyring": null,
            "lint": false,
            "manifest": null,
            "max_history": 0,
            "metadata": [
              {
                "app_version": "1.23.2",
                "chart": "gateway",
                "first_deployed": 1730501760,
                "last_deployed": 1730501760,
                "name": "istio-ingressgateway",
                "namespace": "istio-system",
                "notes": "\"istio-ingressgateway\" successfully installed!\n\nTo learn more about the release, try:\n  $ helm status istio-ingressgateway -n istio-system\n  $ helm get all istio-ingressgateway -n istio-system\n\nNext steps:\n  * Deploy an HTTP Gateway: https://istio.io/latest/docs/tasks/traffic-management/ingress/ingress-control/\n  * Deploy an HTTPS Gateway: https://istio.io/latest/docs/tasks/traffic-management/ingress/secure-ingress/\n",
                "revision": 1,
                "values": "{\"kind\":\"DaemonSet\",\"resources\":{\"limits\":{\"cpu\":\"2000m\",\"memory\":\"1042Mi\"},\"requests\":{\"cpu\":\"100m\",\"memory\":\"128Mi\"}},\"service\":{\"externalTrafficPolicy\":\"Local\",\"ports\":[{\"name\":\"status-port\",\"port\":15021,\"protocol\":\"TCP\",\"targetPort\":15021},{\"name\":\"redis-master\",\"port\":6379,\"protocol\":\"TCP\",\"targetPort\":6379},{\"name\":\"http2\",\"port\":80,\"protocol\":\"TCP\",\"targetPort\":80},{\"name\":\"https\",\"port\":443,\"protocol\":\"TCP\",\"targetPort\":443}],\"type\":\"LoadBalancer\"}}",
                "version": "1.23.2"
              }
            ],
            "name": "istio-ingressgateway",
            "namespace": "istio-system",
            "pass_credentials": false,
            "postrender": [],
            "recreate_pods": false,
            "render_subchart_notes": true,
            "replace": false,
            "repository": "https://istio-release.storage.googleapis.com/charts",
            "repository_ca_file": null,
            "repository_cert_file": null,
            "repository_key_file": null,
            "repository_password": null,
            "repository_username": null,
            "reset_values": false,
            "reuse_values": false,
            "set": [],
            "set_list": [],
            "set_sensitive": [],
            "skip_crds": false,
            "status": "deployed",
            "timeout": 300,
            "upgrade_install": null,
            "values": [
              "\"kind\": \"DaemonSet\"\n\"resources\":\n  \"limits\":\n    \"cpu\": \"2000m\"\n    \"memory\": \"1042Mi\"\n  \"requests\":\n    \"cpu\": \"100m\"\n    \"memory\": \"128Mi\"\n\"service\":\n  \"externalTrafficPolicy\": \"Local\"\n  \"ports\":\n  - \"name\": \"status-port\"\n    \"port\": 15021\n    \"protocol\": \"TCP\"\n    \"targetPort\": 15021\n  - \"name\": \"redis-master\"\n    \"port\": 6379\n    \"protocol\": \"TCP\"\n    \"targetPort\": 6379\n  - \"name\": \"http2\"\n    \"port\": 80\n    \"protocol\": \"TCP\"\n    \"targetPort\": 80\n  - \"name\": \"https\"\n    \"port\": 443\n    \"protocol\": \"TCP\"\n    \"targetPort\": 443\n  \"type\": \"LoadBalancer\"\n"
            ],
            "verify": false,
            "version": "1.23.2",
            "wait": true,
            "wait_for_jobs": false
          },
          "sensitive_attributes": [
            [
              {
                "type": "get_attr",
                "value": "repository_password"
              }
            ]
          ],
          "private": "eyJzY2hlbWFfdmVyc2lvbiI6IjEifQ==",
          "dependencies": [
            "module.k8s_provisioner_prod.helm_release.istio_base",
            "module.k8s_provisioner_prod.helm_release.istiod",
            "module.k8s_provisioner_prod.kubernetes_namespace.istio",
            "module.rke2_prod_cluster.data.vsphere_datacenter.vsphere_datacenter_az1",
            "module.rke2_prod_cluster.data.vsphere_datacenter.vsphere_datacenter_az3",
            "module.rke2_prod_cluster.data.vsphere_datastore.vsphere_datastore_az1",
            "module.rke2_prod_cluster.data.vsphere_datastore.vsphere_datastore_az3",
            "module.rke2_prod_cluster.data.vsphere_host.vsphere_host_az1",
            "module.rke2_prod_cluster.data.vsphere_host.vsphere_host_az3",
            "module.rke2_prod_cluster.data.vsphere_network.vsphere_network_az1",
            "module.rke2_prod_cluster.data.vsphere_network.vsphere_network_az3",
            "module.rke2_prod_cluster.data.vsphere_ovf_vm_template.template",
            "module.rke2_prod_cluster.data.vsphere_ovf_vm_template.templateLocal",
            "module.rke2_prod_cluster.data.vsphere_resource_pool.vsphere_resource_pool_az1",
            "module.rke2_prod_cluster.data.vsphere_resource_pool.vsphere_resource_pool_az3",
            "module.rke2_prod_cluster.data.vsphere_virtual_machine.template",
            "module.rke2_prod_cluster.local_file.inventory_file",
            "module.rke2_prod_cluster.null_resource.ansible_add_hosts",
            "module.rke2_prod_cluster.null_resource.ansible_install_rke2",
            "module.rke2_prod_cluster.null_resource.ansible_update_apt_packages",
            "module.rke2_prod_cluster.time_sleep.wait_3_minutes_for_node_ready",
            "module.rke2_prod_cluster.time_static.current",
            "module.rke2_prod_cluster.vsphere_virtual_machine.master_nodes_az1",
            "module.rke2_prod_cluster.vsphere_virtual_machine.master_nodes_az3",
            "module.rke2_prod_cluster.vsphere_virtual_machine.nfs_storage",
            "module.rke2_prod_cluster.vsphere_virtual_machine.template",
            "module.rke2_prod_cluster.vsphere_virtual_machine.worker_nodes_az1",
            "module.rke2_prod_cluster.vsphere_virtual_machine.worker_nodes_az3"
          ]
        }
      ]
    },
    {
      "module": "module.k8s_provisioner_prod",
      "mode": "managed",
      "type": "helm_release",
      "name": "istiod",
      "provider": "provider[\"registry.terraform.io/hashicorp/helm\"].prod",
      "instances": [
        {
          "index_key": 0,
          "schema_version": 1,
          "attributes": {
            "atomic": false,
            "chart": "istiod",
            "cleanup_on_fail": false,
            "create_namespace": false,
            "dependency_update": false,
            "description": null,
            "devel": null,
            "disable_crd_hooks": false,
            "disable_openapi_validation": false,
            "disable_webhooks": false,
            "force_update": false,
            "id": "istio",
            "keyring": null,
            "lint": false,
            "manifest": null,
            "max_history": 0,
            "metadata": [
              {
                "app_version": "1.23.2",
                "chart": "istiod",
                "first_deployed": 1730501726,
                "last_deployed": 1730638247,
                "name": "istio",
                "namespace": "istio-system",
                "notes": "\"istiod\" successfully installed!\n\nTo learn more about the release, try:\n  $ helm status istio -n istio-system\n  $ helm get all istio -n istio-system\n\nNext steps:\n  * Deploy a Gateway: https://istio.io/latest/docs/setup/additional-setup/gateway/\n  * Try out our tasks to get started on common configurations:\n    * https://istio.io/latest/docs/tasks/traffic-management\n    * https://istio.io/latest/docs/tasks/security/\n    * https://istio.io/latest/docs/tasks/policy-enforcement/\n  * Review the list of actively supported releases, CVE publications and our hardening guide:\n    * https://istio.io/latest/docs/releases/supported-releases/\n    * https://istio.io/latest/news/security/\n    * https://istio.io/latest/docs/ops/best-practices/security/\n\nFor further documentation see https://istio.io website\n",
                "revision": 3,
                "values": "{\"global\":{\"proxy\":{\"logLevel\":\"error\",\"resources\":{\"limits\":{\"cpu\":\"2\",\"memory\":\"1024Mi\"},\"requests\":{\"cpu\":\"100m\",\"memory\":\"128Mi\"}}}},\"meshConfig\":{\"accessLogEncoding\":\"TEXT\",\"accessLogFile\":\"/dev/stdout\",\"accessLogFormat\":\"[%START_TIME%] \\\"%REQ(:METHOD)%\\\" \\\"%REQ(USER-AGENT)%\\\" \\\"%REQ(:AUTHORITY)%\\\" \\\"%UPSTREAM_HOST%\\\" %RESPONSE_CODE% %RESPONSE_FLAGS% %BYTES_RECEIVED% %BYTES_SENT% %DURATION% %RESP(X-ENVOY-UPSTREAM-SERVICE-TIME)% \\\"%REQ(X-FORWARDED-FOR)%\\\" \\\"%REQ(X-REQUEST-ID)%\\\" \\\"%REQ(:PATH)%\\\" \\\"%REQ(USER-AGENT)%\\\" \\\"%REQ(X-ENVOY-ORIGINAL-PATH)%\\\"\\n\",\"defaultConfig\":{\"proxyMetadata\":{\"ISTIO_META_DNS_CAPTURE\":\"true\"}},\"enablePrometheusMerge\":true,\"outboundTrafficPolicy\":{\"mode\":\"ALLOW_ANY\"}},\"pilot\":{\"autoscaleMin\":2,\"topologySpreadConstraints\":[{\"labelSelector\":{\"matchLabels\":{\"app\":\"istiod\"}},\"maxSkew\":1,\"topologyKey\":\"topology.kubernetes.io/zone\",\"whenUnsatisfiable\":\"ScheduleAnyway\"}]},\"sidecarInjectorWebhook\":{\"rewriteAppHTTPProbe\":false}}",
                "version": "1.23.2"
              }
            ],
            "name": "istio",
            "namespace": "istio-system",
            "pass_credentials": false,
            "postrender": [],
            "recreate_pods": false,
            "render_subchart_notes": true,
            "replace": false,
            "repository": "https://istio-release.storage.googleapis.com/charts",
            "repository_ca_file": null,
            "repository_cert_file": null,
            "repository_key_file": null,
            "repository_password": null,
            "repository_username": null,
            "reset_values": false,
            "reuse_values": false,
            "set": [],
            "set_list": [],
            "set_sensitive": [],
            "skip_crds": false,
            "status": "deployed",
            "timeout": 300,
            "upgrade_install": null,
            "values": [
              "\"global\":\n  \"proxy\":\n    \"logLevel\": \"error\"\n    \"resources\":\n      \"limits\":\n        \"cpu\": \"2\"\n        \"memory\": \"1024Mi\"\n      \"requests\":\n        \"cpu\": \"100m\"\n        \"memory\": \"128Mi\"\n\"meshConfig\":\n  \"accessLogEncoding\": \"TEXT\"\n  \"accessLogFile\": \"/dev/stdout\"\n  \"accessLogFormat\": |\n    [%START_TIME%] \"%REQ(:METHOD)%\" \"%REQ(USER-AGENT)%\" \"%REQ(:AUTHORITY)%\" \"%UPSTREAM_HOST%\" %RESPONSE_CODE% %RESPONSE_FLAGS% %BYTES_RECEIVED% %BYTES_SENT% %DURATION% %RESP(X-ENVOY-UPSTREAM-SERVICE-TIME)% \"%REQ(X-FORWARDED-FOR)%\" \"%REQ(X-REQUEST-ID)%\" \"%REQ(:PATH)%\" \"%REQ(USER-AGENT)%\" \"%REQ(X-ENVOY-ORIGINAL-PATH)%\"\n  \"defaultConfig\":\n    \"proxyMetadata\":\n      \"ISTIO_META_DNS_CAPTURE\": \"true\"\n  \"enablePrometheusMerge\": true\n  \"outboundTrafficPolicy\":\n    \"mode\": \"ALLOW_ANY\"\n\"pilot\":\n  \"autoscaleMin\": 2\n  \"topologySpreadConstraints\":\n  - \"labelSelector\":\n      \"matchLabels\":\n        \"app\": \"istiod\"\n    \"maxSkew\": 1\n    \"topologyKey\": \"topology.kubernetes.io/zone\"\n    \"whenUnsatisfiable\": \"ScheduleAnyway\"\n\"sidecarInjectorWebhook\":\n  \"rewriteAppHTTPProbe\": false\n"
            ],
            "verify": false,
            "version": "1.23.2",
            "wait": true,
            "wait_for_jobs": false
          },
          "sensitive_attributes": [
            [
              {
                "type": "get_attr",
                "value": "repository_password"
              }
            ]
          ],
          "private": "eyJzY2hlbWFfdmVyc2lvbiI6IjEifQ==",
          "dependencies": [
            "module.k8s_provisioner_prod.helm_release.istio_base",
            "module.k8s_provisioner_prod.kubernetes_namespace.istio",
            "module.rke2_prod_cluster.data.vsphere_datacenter.vsphere_datacenter_az1",
            "module.rke2_prod_cluster.data.vsphere_datacenter.vsphere_datacenter_az3",
            "module.rke2_prod_cluster.data.vsphere_datastore.vsphere_datastore_az1",
            "module.rke2_prod_cluster.data.vsphere_datastore.vsphere_datastore_az3",
            "module.rke2_prod_cluster.data.vsphere_host.vsphere_host_az1",
            "module.rke2_prod_cluster.data.vsphere_host.vsphere_host_az3",
            "module.rke2_prod_cluster.data.vsphere_network.vsphere_network_az1",
            "module.rke2_prod_cluster.data.vsphere_network.vsphere_network_az3",
            "module.rke2_prod_cluster.data.vsphere_ovf_vm_template.template",
            "module.rke2_prod_cluster.data.vsphere_ovf_vm_template.templateLocal",
            "module.rke2_prod_cluster.data.vsphere_resource_pool.vsphere_resource_pool_az1",
            "module.rke2_prod_cluster.data.vsphere_resource_pool.vsphere_resource_pool_az3",
            "module.rke2_prod_cluster.data.vsphere_virtual_machine.template",
            "module.rke2_prod_cluster.local_file.inventory_file",
            "module.rke2_prod_cluster.null_resource.ansible_add_hosts",
            "module.rke2_prod_cluster.null_resource.ansible_install_rke2",
            "module.rke2_prod_cluster.null_resource.ansible_update_apt_packages",
            "module.rke2_prod_cluster.time_sleep.wait_3_minutes_for_node_ready",
            "module.rke2_prod_cluster.time_static.current",
            "module.rke2_prod_cluster.vsphere_virtual_machine.master_nodes_az1",
            "module.rke2_prod_cluster.vsphere_virtual_machine.master_nodes_az3",
            "module.rke2_prod_cluster.vsphere_virtual_machine.nfs_storage",
            "module.rke2_prod_cluster.vsphere_virtual_machine.template",
            "module.rke2_prod_cluster.vsphere_virtual_machine.worker_nodes_az1",
            "module.rke2_prod_cluster.vsphere_virtual_machine.worker_nodes_az3"
          ]
        }
      ]
    },
    {
      "module": "module.k8s_provisioner_prod",
      "mode": "managed",
      "type": "helm_release",
      "name": "kiali",
      "provider": "provider[\"registry.terraform.io/hashicorp/helm\"].prod",
      "instances": [
        {
          "index_key": 0,
          "schema_version": 1,
          "attributes": {
            "atomic": false,
            "chart": "kiali-server",
            "cleanup_on_fail": false,
            "create_namespace": false,
            "dependency_update": false,
            "description": null,
            "devel": null,
            "disable_crd_hooks": false,
            "disable_openapi_validation": false,
            "disable_webhooks": false,
            "force_update": false,
            "id": "kiali",
            "keyring": null,
            "lint": false,
            "manifest": null,
            "max_history": 0,
            "metadata": [
              {
                "app_version": "v1.89.0",
                "chart": "kiali-server",
                "first_deployed": 1730501780,
                "last_deployed": 1730639434,
                "name": "kiali",
                "namespace": "istio-system",
                "notes": "Welcome to Kiali! For more details on Kiali, see: https://kiali.io\n\nThe Kiali Server [v1.89.0] has been installed in namespace [istio-system]. It will be ready soon.\n\n(Helm: Chart=[kiali-server], Release=[kiali], Version=[1.89.0])\n",
                "revision": 4,
                "values": "{\"auth\":{\"strategy\":\"anonymous\"},\"deployment\":{\"affinity\":{\"ingress\":{\"additional_labels\":{\"kubernetes.io/environment\":\"prod\",\"kubernetes.io/managed-by\":\"Terraform\",\"kubernetes.io/owner\":\"Devops\"},\"enabled\":true,\"override_yaml\":{\"metadata\":{\"annotations\":{\"cert-manager.io/cluster-issuer\":\"cluster-ca-issuer\",\"cert-manager.io/common-name\":\"kiali.hostart.az\",\"cert-manager.io/subject-organization\":\"hostart.az\",\"nginx.ingress.kubernetes.io/auth-secret\":\"kiali-basic-auth\",\"nginx.ingress.kubernetes.io/auth-type\":\"basic\",\"nginx.ingress.kubernetes.io/backend-protocol\":\"HTTP\",\"nginx.ingress.kubernetes.io/force-ssl-redirect\":\"true\"}},\"spec\":{\"ingressClassName\":\"nginx\",\"rules\":[{\"host\":\"kiali.hostart.az\",\"http\":{\"paths\":[{\"backend\":{\"service\":{\"name\":\"kiali\",\"port\":{\"name\":\"http\"}}},\"path\":\"/\",\"pathType\":\"Prefix\"}]}}],\"tls\":[{\"hosts\":[\"kiali.hostart.az\"],\"secretName\":\"kiali-tls\"}]}}},\"pod\":{\"podAntiAffinity\":{\"preferredDuringSchedulingIgnoredDuringExecution\":[{\"podAffinityTerm\":{\"labelSelector\":{\"matchExpressions\":[{\"key\":\"app\",\"operator\":\"In\",\"values\":[\"kiali\"]}]},\"topologyKey\":\"topology.kubernetes.io/zone\"},\"weight\":100}]}}},\"replicas\":2},\"external_services\":{\"custom_dashboards\":{\"enabled\":false},\"grafana\":{\"enabled\":false,\"in_cluster_url\":\"http://grafana.grafana.svc.cluster.local\",\"use_grpc\":false},\"prometheus\":{\"enabled\":true,\"url\":\"http://prometheus-server.prometheus.svc.cluster.local\",\"use_grpc\":false},\"tracing\":{\"enabled\":false,\"in_cluster_url\":\"http://jaeger-query.istio-system.svc.cluster.local\",\"use_grpc\":false}},\"server\":{\"web_fqdn\":\"kiali.hostart.az\"}}",
                "version": "1.89.0"
              }
            ],
            "name": "kiali",
            "namespace": "istio-system",
            "pass_credentials": false,
            "postrender": [],
            "recreate_pods": false,
            "render_subchart_notes": true,
            "replace": false,
            "repository": "https://kiali.org/helm-charts",
            "repository_ca_file": null,
            "repository_cert_file": null,
            "repository_key_file": null,
            "repository_password": null,
            "repository_username": null,
            "reset_values": false,
            "reuse_values": false,
            "set": [],
            "set_list": [],
            "set_sensitive": [],
            "skip_crds": false,
            "status": "deployed",
            "timeout": 300,
            "upgrade_install": null,
            "values": [
              "\"auth\":\n  \"strategy\": \"anonymous\"\n\"deployment\":\n  \"affinity\":\n    \"ingress\":\n      \"additional_labels\":\n        \"kubernetes.io/environment\": \"prod\"\n        \"kubernetes.io/managed-by\": \"Terraform\"\n        \"kubernetes.io/owner\": \"Devops\"\n      \"enabled\": true\n      \"override_yaml\":\n        \"metadata\":\n          \"annotations\":\n            \"cert-manager.io/cluster-issuer\": \"cluster-ca-issuer\"\n            \"cert-manager.io/common-name\": \"kiali.hostart.az\"\n            \"cert-manager.io/subject-organization\": \"hostart.az\"\n            \"nginx.ingress.kubernetes.io/auth-secret\": \"kiali-basic-auth\"\n            \"nginx.ingress.kubernetes.io/auth-type\": \"basic\"\n            \"nginx.ingress.kubernetes.io/backend-protocol\": \"HTTP\"\n            \"nginx.ingress.kubernetes.io/force-ssl-redirect\": \"true\"\n        \"spec\":\n          \"ingressClassName\": \"nginx\"\n          \"rules\":\n          - \"host\": \"kiali.hostart.az\"\n            \"http\":\n              \"paths\":\n              - \"backend\":\n                  \"service\":\n                    \"name\": \"kiali\"\n                    \"port\":\n                      \"name\": \"http\"\n                \"path\": \"/\"\n                \"pathType\": \"Prefix\"\n          \"tls\":\n          - \"hosts\":\n            - \"kiali.hostart.az\"\n            \"secretName\": \"kiali-tls\"\n    \"pod\":\n      \"podAntiAffinity\":\n        \"preferredDuringSchedulingIgnoredDuringExecution\":\n        - \"podAffinityTerm\":\n            \"labelSelector\":\n              \"matchExpressions\":\n              - \"key\": \"app\"\n                \"operator\": \"In\"\n                \"values\":\n                - \"kiali\"\n            \"topologyKey\": \"topology.kubernetes.io/zone\"\n          \"weight\": 100\n  \"replicas\": 2\n\"external_services\":\n  \"custom_dashboards\":\n    \"enabled\": false\n  \"grafana\":\n    \"enabled\": false\n    \"in_cluster_url\": \"http://grafana.grafana.svc.cluster.local\"\n    \"use_grpc\": false\n  \"prometheus\":\n    \"enabled\": true\n    \"url\": \"http://prometheus-server.prometheus.svc.cluster.local\"\n    \"use_grpc\": false\n  \"tracing\":\n    \"enabled\": false\n    \"in_cluster_url\": \"http://jaeger-query.istio-system.svc.cluster.local\"\n    \"use_grpc\": false\n\"server\":\n  \"web_fqdn\": \"kiali.hostart.az\"\n"
            ],
            "verify": false,
            "version": "1.89.0",
            "wait": true,
            "wait_for_jobs": false
          },
          "sensitive_attributes": [
            [
              {
                "type": "get_attr",
                "value": "repository_password"
              }
            ]
          ],
          "private": "eyJzY2hlbWFfdmVyc2lvbiI6IjEifQ==",
          "dependencies": [
            "module.k8s_provisioner_prod.helm_release.cert_manager",
            "module.k8s_provisioner_prod.helm_release.istio_base",
            "module.k8s_provisioner_prod.helm_release.istio_egress_gateway",
            "module.k8s_provisioner_prod.helm_release.istio_ingress_gateway",
            "module.k8s_provisioner_prod.helm_release.istiod",
            "module.k8s_provisioner_prod.kubectl_manifest.cluster_ca_issuer",
            "module.k8s_provisioner_prod.kubernetes_namespace.cert_manager",
            "module.k8s_provisioner_prod.kubernetes_namespace.istio",
            "module.k8s_provisioner_prod.kubernetes_secret.cert_manager_root_ca",
            "module.k8s_provisioner_prod.kubernetes_secret.kiali_basic_auth",
            "module.rke2_prod_cluster.data.vsphere_datacenter.vsphere_datacenter_az1",
            "module.rke2_prod_cluster.data.vsphere_datacenter.vsphere_datacenter_az3",
            "module.rke2_prod_cluster.data.vsphere_datastore.vsphere_datastore_az1",
            "module.rke2_prod_cluster.data.vsphere_datastore.vsphere_datastore_az3",
            "module.rke2_prod_cluster.data.vsphere_host.vsphere_host_az1",
            "module.rke2_prod_cluster.data.vsphere_host.vsphere_host_az3",
            "module.rke2_prod_cluster.data.vsphere_network.vsphere_network_az1",
            "module.rke2_prod_cluster.data.vsphere_network.vsphere_network_az3",
            "module.rke2_prod_cluster.data.vsphere_ovf_vm_template.template",
            "module.rke2_prod_cluster.data.vsphere_ovf_vm_template.templateLocal",
            "module.rke2_prod_cluster.data.vsphere_resource_pool.vsphere_resource_pool_az1",
            "module.rke2_prod_cluster.data.vsphere_resource_pool.vsphere_resource_pool_az3",
            "module.rke2_prod_cluster.data.vsphere_virtual_machine.template",
            "module.rke2_prod_cluster.local_file.inventory_file",
            "module.rke2_prod_cluster.null_resource.ansible_add_hosts",
            "module.rke2_prod_cluster.null_resource.ansible_install_rke2",
            "module.rke2_prod_cluster.null_resource.ansible_update_apt_packages",
            "module.rke2_prod_cluster.time_sleep.wait_3_minutes_for_node_ready",
            "module.rke2_prod_cluster.time_static.current",
            "module.rke2_prod_cluster.vsphere_virtual_machine.master_nodes_az1",
            "module.rke2_prod_cluster.vsphere_virtual_machine.master_nodes_az3",
            "module.rke2_prod_cluster.vsphere_virtual_machine.nfs_storage",
            "module.rke2_prod_cluster.vsphere_virtual_machine.template",
            "module.rke2_prod_cluster.vsphere_virtual_machine.worker_nodes_az1",
            "module.rke2_prod_cluster.vsphere_virtual_machine.worker_nodes_az3"
          ]
        }
      ]
    },
    {
      "module": "module.k8s_provisioner_prod",
      "mode": "managed",
      "type": "helm_release",
      "name": "longhorn",
      "provider": "provider[\"registry.terraform.io/hashicorp/helm\"].prod",
      "instances": [
        {
          "index_key": 0,
          "schema_version": 1,
          "attributes": {
            "atomic": false,
            "chart": "longhorn",
            "cleanup_on_fail": false,
            "create_namespace": false,
            "dependency_update": false,
            "description": null,
            "devel": null,
            "disable_crd_hooks": false,
            "disable_openapi_validation": false,
            "disable_webhooks": false,
            "force_update": false,
            "id": "longhorn",
            "keyring": null,
            "lint": false,
            "manifest": null,
            "max_history": 0,
            "metadata": [
              {
                "app_version": "v1.7.2",
                "chart": "longhorn",
                "first_deployed": 1730497581,
                "last_deployed": 1730628429,
                "name": "longhorn",
                "namespace": "longhorn-system",
                "notes": "Longhorn is now installed on the cluster!\n\nPlease wait a few minutes for other Longhorn components such as CSI deployments, Engine Images, and Instance Managers to be initialized.\n\nVisit our documentation at https://longhorn.io/docs/\n",
                "revision": 5,
                "values": "{\"defaultSettings\":{\"autoDeletePodWhenVolumeDetachedUnexpectedly\":true,\"backupTarget\":\"nfs://10.100.104.70:/mnt/nfs_share\",\"createDefaultDiskLabeledNodes\":true,\"defaultDataLocality\":\"disabled\",\"nodeDownPodDeletionPolicy\":\"delete-both-statefulset-and-deployment-pod\",\"replicaAutoBalance\":\"disabled\",\"replicaSoftAntiAffinity\":false,\"replicaZoneSoftAntiAffinity\":true,\"taintToleration\":\"node-role.kubernetes.io/master=true:NoSchedule\"},\"ingress\":{\"annotations\":{\"cert-manager.io/cluster-issuer\":\"cluster-ca-issuer\",\"cert-manager.io/common-name\":\"longhorn.hostart.az\",\"cert-manager.io/subject-organization\":\"hostart.az\",\"nginx.ingress.kubernetes.io/auth-secret\":\"basic-auth\",\"nginx.ingress.kubernetes.io/auth-type\":\"basic\"},\"enabled\":true,\"host\":\"longhorn.hostart.az\",\"ingressClassName\":\"nginx\",\"tls\":true,\"tlsSecret\":\"longhorn-tls\"},\"longhornManager\":{\"tolerations\":[{\"effect\":\"NoSchedule\",\"key\":\"node-role.kubernetes.io/master\",\"operator\":\"Equal\",\"value\":\"true\"}]},\"persistence\":{\"defaultClassReplicaCount\":1,\"reclaimPolicy\":\"Retain\"}}",
                "version": "1.7.2"
              }
            ],
            "name": "longhorn",
            "namespace": "longhorn-system",
            "pass_credentials": false,
            "postrender": [],
            "recreate_pods": false,
            "render_subchart_notes": true,
            "replace": false,
            "repository": "https://charts.longhorn.io",
            "repository_ca_file": null,
            "repository_cert_file": null,
            "repository_key_file": null,
            "repository_password": null,
            "repository_username": null,
            "reset_values": false,
            "reuse_values": false,
            "set": [],
            "set_list": [],
            "set_sensitive": [],
            "skip_crds": false,
            "status": "deployed",
            "timeout": 300,
            "upgrade_install": null,
            "values": [
              "\"defaultSettings\":\n  \"autoDeletePodWhenVolumeDetachedUnexpectedly\": true\n  \"backupTarget\": \"nfs://10.100.104.70:/mnt/nfs_share\"\n  \"createDefaultDiskLabeledNodes\": true\n  \"defaultDataLocality\": \"disabled\"\n  \"nodeDownPodDeletionPolicy\": \"delete-both-statefulset-and-deployment-pod\"\n  \"replicaAutoBalance\": \"disabled\"\n  \"replicaSoftAntiAffinity\": false\n  \"replicaZoneSoftAntiAffinity\": true\n  \"taintToleration\": \"node-role.kubernetes.io/master=true:NoSchedule\"\n\"ingress\":\n  \"annotations\":\n    \"cert-manager.io/cluster-issuer\": \"cluster-ca-issuer\"\n    \"cert-manager.io/common-name\": \"longhorn.hostart.az\"\n    \"cert-manager.io/subject-organization\": \"hostart.az\"\n    \"nginx.ingress.kubernetes.io/auth-secret\": \"basic-auth\"\n    \"nginx.ingress.kubernetes.io/auth-type\": \"basic\"\n  \"enabled\": true\n  \"host\": \"longhorn.hostart.az\"\n  \"ingressClassName\": \"nginx\"\n  \"tls\": true\n  \"tlsSecret\": \"longhorn-tls\"\n\"longhornManager\":\n  \"tolerations\":\n  - \"effect\": \"NoSchedule\"\n    \"key\": \"node-role.kubernetes.io/master\"\n    \"operator\": \"Equal\"\n    \"value\": \"true\"\n\"persistence\":\n  \"defaultClassReplicaCount\": 1\n  \"reclaimPolicy\": \"Retain\"\n"
            ],
            "verify": false,
            "version": "1.7.2",
            "wait": true,
            "wait_for_jobs": false
          },
          "sensitive_attributes": [
            [
              {
                "type": "get_attr",
                "value": "repository_password"
              }
            ],
            [
              {
                "type": "get_attr",
                "value": "values"
              },
              {
                "type": "index",
                "value": {
                  "value": 0,
                  "type": "number"
                }
              }
            ]
          ],
          "private": "eyJzY2hlbWFfdmVyc2lvbiI6IjEifQ==",
          "dependencies": [
            "module.k8s_provisioner_prod.helm_release.cert_manager",
            "module.k8s_provisioner_prod.kubectl_manifest.cluster_ca_issuer",
            "module.k8s_provisioner_prod.kubernetes_labels.storage_node_labels_az1",
            "module.k8s_provisioner_prod.kubernetes_labels.storage_node_labels_az3",
            "module.k8s_provisioner_prod.kubernetes_namespace.cert_manager",
            "module.k8s_provisioner_prod.kubernetes_namespace.longhorn",
            "module.k8s_provisioner_prod.kubernetes_secret.cert_manager_root_ca",
            "module.k8s_provisioner_prod.kubernetes_secret.longhorn_ingress_basic_auth",
            "module.rke2_prod_cluster.data.vsphere_datacenter.vsphere_datacenter_az1",
            "module.rke2_prod_cluster.data.vsphere_datacenter.vsphere_datacenter_az3",
            "module.rke2_prod_cluster.data.vsphere_datastore.vsphere_datastore_az1",
            "module.rke2_prod_cluster.data.vsphere_datastore.vsphere_datastore_az3",
            "module.rke2_prod_cluster.data.vsphere_host.vsphere_host_az1",
            "module.rke2_prod_cluster.data.vsphere_host.vsphere_host_az3",
            "module.rke2_prod_cluster.data.vsphere_network.vsphere_network_az1",
            "module.rke2_prod_cluster.data.vsphere_network.vsphere_network_az3",
            "module.rke2_prod_cluster.data.vsphere_ovf_vm_template.template",
            "module.rke2_prod_cluster.data.vsphere_ovf_vm_template.templateLocal",
            "module.rke2_prod_cluster.data.vsphere_resource_pool.vsphere_resource_pool_az1",
            "module.rke2_prod_cluster.data.vsphere_resource_pool.vsphere_resource_pool_az3",
            "module.rke2_prod_cluster.data.vsphere_virtual_machine.template",
            "module.rke2_prod_cluster.local_file.inventory_file",
            "module.rke2_prod_cluster.null_resource.ansible_add_hosts",
            "module.rke2_prod_cluster.null_resource.ansible_install_rke2",
            "module.rke2_prod_cluster.null_resource.ansible_update_apt_packages",
            "module.rke2_prod_cluster.time_sleep.wait_3_minutes_for_node_ready",
            "module.rke2_prod_cluster.time_static.current",
            "module.rke2_prod_cluster.vsphere_virtual_machine.master_nodes_az1",
            "module.rke2_prod_cluster.vsphere_virtual_machine.master_nodes_az3",
            "module.rke2_prod_cluster.vsphere_virtual_machine.nfs_storage",
            "module.rke2_prod_cluster.vsphere_virtual_machine.template",
            "module.rke2_prod_cluster.vsphere_virtual_machine.worker_nodes_az1",
            "module.rke2_prod_cluster.vsphere_virtual_machine.worker_nodes_az3"
          ]
        }
      ]
    },
    {
      "module": "module.k8s_provisioner_prod",
      "mode": "managed",
      "type": "helm_release",
      "name": "prometheus",
      "provider": "provider[\"registry.terraform.io/hashicorp/helm\"].prod",
      "instances": [
        {
          "index_key": 0,
          "schema_version": 1,
          "attributes": {
            "atomic": false,
            "chart": "prometheus",
            "cleanup_on_fail": false,
            "create_namespace": false,
            "dependency_update": false,
            "description": null,
            "devel": null,
            "disable_crd_hooks": false,
            "disable_openapi_validation": false,
            "disable_webhooks": false,
            "force_update": false,
            "id": "prometheus",
            "keyring": null,
            "lint": false,
            "manifest": null,
            "max_history": 0,
            "metadata": [
              {
                "app_version": "v2.55.0",
                "chart": "prometheus",
                "first_deployed": 1730498059,
                "last_deployed": 1730628469,
                "name": "prometheus",
                "namespace": "prometheus",
                "notes": "kube-state-metrics is a simple service that listens to the Kubernetes API server and generates metrics about the state of the objects.\nThe exposed metrics can be found here:\nhttps://github.com/kubernetes/kube-state-metrics/blob/master/docs/README.md#exposed-metrics\n\nThe metrics are exported on the HTTP endpoint /metrics on the listening port.\nIn your case, prometheus-kube-state-metrics.prometheus.svc.cluster.local:8080/metrics\n\nThey are served either as plaintext or protobuf depending on the Accept header.\nThey are designed to be consumed either by Prometheus itself or by a scraper that is compatible with scraping a Prometheus client endpoint.\n\n1. Get the application URL by running these commands:\n  export POD_NAME=$(kubectl get pods --namespace prometheus -l \"app.kubernetes.io/name=prometheus-pushgateway,app.kubernetes.io/instance=prometheus\" -o jsonpath=\"{.items[0].metadata.name}\")\n  kubectl port-forward $POD_NAME 9091\n  echo \"Visit http://127.0.0.1:9091 to use your application\"\n\n1. Get the application URL by running these commands:\n  https://alertmanager.hostart.az/\n\n1. Get the application URL by running these commands:\n  export POD_NAME=$(kubectl get pods --namespace prometheus -l \"app.kubernetes.io/name=prometheus-node-exporter,app.kubernetes.io/instance=prometheus\" -o jsonpath=\"{.items[0].metadata.name}\")\n  echo \"Visit http://127.0.0.1:9100 to use your application\"\n  kubectl port-forward --namespace prometheus $POD_NAME 9100\nThe Prometheus server can be accessed via port 80 on the following DNS name from within your cluster:\nprometheus-server.prometheus.svc.cluster.local\n\nFrom outside the cluster, the server URL(s) are:\nhttp://prometheus.hostart.az\n\n\nThe Prometheus alertmanager can be accessed via port 9093 on the following DNS name from within your cluster:\nprometheus-alertmanager.prometheus.svc.cluster.local\n\nFrom outside the cluster, the alertmanager URL(s) are:\nhttp://map[host:alertmanager.hostart.az paths:[map[path:/ pathType:ImplementationSpecific]]]\n#################################################################################\n######   WARNING: Pod Security Policy has been disabled by default since    #####\n######            it deprecated after k8s 1.25+. use                        #####\n######            (index .Values \"prometheus-node-exporter\" \"rbac\"          #####\n###### .          \"pspEnabled\") with (index .Values                         #####\n######            \"prometheus-node-exporter\" \"rbac\" \"pspAnnotations\")       #####\n######            in case you still need it.                                #####\n#################################################################################\n\n\nThe Prometheus PushGateway can be accessed via port 9091 on the following DNS name from within your cluster:\nprometheus-prometheus-pushgateway.prometheus.svc.cluster.local\n\n\nGet the PushGateway URL by running these commands in the same shell:\n  export POD_NAME=$(kubectl get pods --namespace prometheus -l \"app=prometheus-pushgateway,component=pushgateway\" -o jsonpath=\"{.items[0].metadata.name}\")\n  kubectl --namespace prometheus port-forward $POD_NAME 9091\n\nFor more information on running Prometheus, visit:\nhttps://prometheus.io/\n",
                "revision": 4,
                "values": "{\"alertmanager\":{\"config\":{\"global\":{\"resolve_timeout\":\"5m\"},\"receivers\":[{\"name\":\"slack-network\",\"slack_configs\":[{\"actions\":[{\"name\":\"dashboardbutton\",\"text\":\"Dashboard :grafana:\",\"type\":\"button\",\"url\":\"https://grafana.hostart.az/d/{{ .CommonLabels.uid }}\"},{\"name\":\"mutebutton\",\"text\":\"Silence :no_bell:\",\"type\":\"button\",\"url\":\"{{ template \\\"__alert_silence_link\\\" . }}\"}],\"api_url\":\"https://hooks.slack.com/services/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\",\"channel\":\"network-notifications\",\"send_resolved\":true,\"text\":\"{{ range .Alerts -}}\\r\\n*Severity:* {{ .Annotations.title }}{{ if .Labels.severity }} - `{{ .Labels.severity }}`{{ end }}\\r\\n*Summary:* {{ .Annotations.summary }}\\r\\n*Description:* {{ .Annotations.description }}\\r\\n\\r\\n{{ end }}\\r\\n\",\"title\":\"{{ define \\\"__alert_severity_prefix_title\\\" -}}\\r\\n    {{ if ne .Status \\\"firing\\\" -}}\\r\\n    :white_check_mark:\\r\\n    {{- else if eq .CommonLabels.severity \\\"critical\\\" -}}\\r\\n    :fire:\\r\\n    {{- else if eq .CommonLabels.severity \\\"warning\\\" -}}\\r\\n    :warning:\\r\\n    {{- else if eq .CommonLabels.severity \\\"info\\\" -}}\\r\\n    :information_source:\\r\\n    {{- else -}}\\r\\n    :question:\\r\\n    {{- end }}\\r\\n{{- end }}\\r\\n{{ template \\\"__alert_severity_prefix_title\\\" . }} [{{ .Status | toUpper }}{{ if eq .Status \\\"firing\\\" }} x {{ .Alerts.Firing | len }}{{ end }}] {{ .CommonLabels.alertname }}\\r\\n\"}]},{\"name\":\"slack-host\",\"slack_configs\":[{\"actions\":[{\"name\":\"dashboardbutton\",\"text\":\"Dashboard :grafana:\",\"type\":\"button\",\"url\":\"https://grafana.hostart.az/d/{{ .CommonLabels.uid }}\"},{\"name\":\"mutebutton\",\"text\":\"Silence :no_bell:\",\"type\":\"button\",\"url\":\"{{ template \\\"__alert_silence_link\\\" . }}\"}],\"api_url\":\"https://hooks.slack.com/services/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\",\"channel\":\"hostart-notifications\",\"send_resolved\":true,\"text\":\"{{ range .Alerts -}}\\r\\n*Severity:* {{ .Annotations.title }}{{ if .Labels.severity }} - `{{ .Labels.severity }}`{{ end }}\\r\\n*Summary:* {{ .Annotations.summary }}\\r\\n*Description:* {{ .Annotations.description }}\\r\\n\\r\\n{{ end }}\\r\\n\",\"title\":\"{{ define \\\"__alert_severity_prefix_title\\\" -}}\\r\\n    {{ if ne .Status \\\"firing\\\" -}}\\r\\n    :white_check_mark:\\r\\n    {{- else if eq .CommonLabels.severity \\\"critical\\\" -}}\\r\\n    :fire:\\r\\n    {{- else if eq .CommonLabels.severity \\\"warning\\\" -}}\\r\\n    :warning:\\r\\n    {{- else if eq .CommonLabels.severity \\\"info\\\" -}}\\r\\n    :information_source:\\r\\n    {{- else -}}\\r\\n    :question:\\r\\n    {{- end }}\\r\\n{{- end }}\\r\\n{{ template \\\"__alert_severity_prefix_title\\\" . }} [{{ .Status | toUpper }}{{ if eq .Status \\\"firing\\\" }} x {{ .Alerts.Firing | len }}{{ end }}] {{ .CommonLabels.alertname }}\\r\\n\"}]}],\"route\":{\"group_by\":[\"alertname\"],\"receiver\":\"slack-host\",\"repeat_interval\":\"12h\",\"routes\":[{\"continue\":true,\"group_wait\":\"10s\",\"matchers\":[\"type=~junos|mikrotik|cisco\"],\"receiver\":\"slack-network\",\"repeat_interval\":\"4h\"},{\"continue\":true,\"group_wait\":\"10s\",\"matchers\":[\"type=~snapshot|vm|kubernetes|host|hpe-ilo|uptimekuma\"],\"receiver\":\"slack-host\",\"repeat_interval\":\"4h\"}]},\"templates\":[\"/etc/alertmanager/*.tmpl\",\"/tmp/*.tmpl\"]},\"enabled\":true,\"extraSecretMounts\":[{\"mountPath\":\"/tmp/\",\"name\":\"slack-template\",\"secretName\":\"slack-template\"}],\"ingress\":{\"annotations\":{\"cert-manager.io/cluster-issuer\":\"cluster-ca-issuer\",\"nginx.ingress.kubernetes.io/auth-secret\":\"basic-auth\",\"nginx.ingress.kubernetes.io/auth-type\":\"basic\"},\"className\":\"nginx\",\"enabled\":true,\"hosts\":[{\"host\":\"alertmanager.hostart.az\",\"paths\":[{\"path\":\"/\",\"pathType\":\"ImplementationSpecific\"}]}],\"labels\":{\"kubernetes.io/environment\":\"prod\",\"kubernetes.io/managed-by\":\"Terraform\",\"kubernetes.io/owner\":\"Devops\"},\"tls\":[{\"hosts\":[\"alertmanager.hostart.az\"],\"secretName\":\"alertmanager-tls\"}]}},\"extraScrapeConfigs\":\"- job_name: git-exporter\\r\\n  static_configs:\\r\\n    - targets:\\r\\n        - 10.100.104.70:9100\\r\\n        - 10.100.104.3:9100\\r\\n- job_name: blackbox\\r\\n  scrape_interval: 30s\\r\\n  metrics_path: /probe\\r\\n  params:\\r\\n    module: [http_2xx] # Look for a HTTP 200 response.\\r\\n  static_configs:\\r\\n    - targets:\\r\\n        - https://gitlab.hostart.az\\r\\n  relabel_configs:\\r\\n    - source_labels: [__address__]\\r\\n      target_label: __param_target\\r\\n    - source_labels: [__param_target]\\r\\n      target_label: instance\\r\\n    - target_label: __address__\\r\\n      replacement: prometheus-community-prometheus-blackbox-exporter:9115  # blackbox\\r\\n    - source_labels: [ __meta_dns_name ]\\r\\n      target_label: __param_hostname  # Make domain name become 'Host' header for probe requests\\r\\n    - source_labels: [ __meta_dns_name ]\\r\\n      target_label: vhost  # and store it in 'vhost' label\\r\\n\",\"server\":{\"ingress\":{\"annotations\":{\"cert-manager.io/cluster-issuer\":\"cluster-ca-issuer\",\"cert-manager.io/common-name\":\"prometheus.hostart.az\",\"cert-manager.io/subject-organization\":\"hostart.az\",\"nginx.ingress.kubernetes.io/auth-secret\":\"basic-auth\",\"nginx.ingress.kubernetes.io/auth-type\":\"basic\",\"nginx.ingress.kubernetes.io/backend-protocol\":\"HTTP\",\"nginx.ingress.kubernetes.io/force-ssl-redirect\":\"true\"},\"enabled\":true,\"hosts\":[\"prometheus.hostart.az\"],\"tls\":[{\"hosts\":[\"prometheus.hostart.az\"],\"secretName\":\"prometheus-tls\"}]},\"persistentVolume\":{\"enabled\":true,\"size\":\"10Gi\",\"storageClass\":\"longhorn\"},\"retention\":\"30d\",\"retentionSize\":\"7GB\"},\"serverFiles\":{\"alerting_rules.yml\":{\"groups\":[{\"name\":\"EmbeddedExporter\",\"rules\":[{\"alert\":\"Prod-PrometheusJobMissing\",\"annotations\":{\"description\":\"A Prometheus job has disappeared\\n  VALUE = {{ $value }}\",\"summary\":\"Prometheus job missing (instance {{ $labels.instance }})\"},\"expr\":\"absent(up{job=\\\"prometheus\\\"})\",\"for\":\"0m\",\"labels\":{\"severity\":\"warning\"}},{\"alert\":\"Prod-PrometheusTargetMissing\",\"annotations\":{\"description\":\"A Prometheus target has disappeared. An exporter might be crashed.\\n  VALUE = {{ $value }}\",\"summary\":\"Prometheus target missing (instance - {{ $labels.instance }} | {{ $labels.namespace }}/{{ $labels.pod }})\"},\"expr\":\"up == 0\",\"for\":\"1m\",\"labels\":{\"severity\":\"critical\"}},{\"alert\":\"Prod-PrometheusAllTargetsMissing\",\"annotations\":{\"description\":\"A Prometheus job does not have living target anymore.\\n  VALUE = {{ $value }}\",\"summary\":\"Prometheus all targets missing (instance {{ $labels.instance }})\"},\"expr\":\"sum by (job) (up) == 0\",\"for\":\"1m\",\"labels\":{\"severity\":\"critical\"}},{\"alert\":\"Prod-PrometheusTargetMissingWithWarmupTime\",\"annotations\":{\"description\":\"Allow a job time to start up (10 minutes) before alerting that it's down.\\n  VALUE = {{ $value }}\",\"summary\":\"Prometheus target missing with warmup time (instance {{ $labels.instance }})\"},\"expr\":\"sum by (instance, job) ((up == 0) * on (instance) group_right(job) (node_time_seconds - node_boot_time_seconds \\u003e 600))\",\"for\":\"0m\",\"labels\":{\"severity\":\"critical\"}},{\"alert\":\"Prod-PrometheusConfigurationReloadFailure\",\"annotations\":{\"description\":\"Prometheus configuration reload error\\n  VALUE = {{ $value }}\",\"summary\":\"Prometheus configuration reload failure (instance {{ $labels.instance }})\"},\"expr\":\"prometheus_config_last_reload_successful != 1\",\"for\":\"0m\",\"labels\":{\"severity\":\"warning\"}},{\"alert\":\"Prod-PrometheusTooManyRestarts\",\"annotations\":{\"description\":\"Prometheus has restarted more than twice in the last 15 minutes. It might be crashlooping.\\n  VALUE = {{ $value }}\",\"summary\":\"Prometheus too many restarts (instance {{ $labels.instance }})\"},\"expr\":\"changes(process_start_time_seconds{job=~\\\"prometheus|pushgateway|alertmanager\\\"}[15m]) \\u003e 2\",\"for\":\"0m\",\"labels\":{\"severity\":\"warning\"}},{\"alert\":\"Prod-PrometheusAlertmanagerConfigurationReloadFailure\",\"annotations\":{\"description\":\"AlertManager configuration reload error\\n  VALUE = {{ $value }}\",\"summary\":\"Prometheus AlertManager configuration reload failure (instance {{ $labels.instance }})\"},\"expr\":\"alertmanager_config_last_reload_successful != 1\",\"for\":\"0m\",\"labels\":{\"severity\":\"warning\"}},{\"alert\":\"Prod-PrometheusAlertmanagerConfigNotSynced\",\"annotations\":{\"description\":\"Configurations of AlertManager cluster instances are out of sync\\n  VALUE = {{ $value }}\",\"summary\":\"Prometheus AlertManager config not synced (instance {{ $labels.instance }})\"},\"expr\":\"count(count_values(\\\"config_hash\\\", alertmanager_config_hash)) \\u003e 1\",\"for\":\"0m\",\"labels\":{\"severity\":\"warning\"}},{\"alert\":\"Prod-PrometheusNotConnectedToAlertmanager\",\"annotations\":{\"description\":\"Prometheus cannot connect the alertmanager\\n  VALUE = {{ $value }}\",\"summary\":\"Prometheus not connected to alertmanager (instance {{ $labels.instance }})\"},\"expr\":\"prometheus_notifications_alertmanagers_discovered \\u003c 1\",\"for\":\"0m\",\"labels\":{\"severity\":\"critical\"}},{\"alert\":\"Prod-PrometheusRuleEvaluationFailures\",\"annotations\":{\"description\":\"Prometheus encountered {{ $value }} rule evaluation failures, leading to potentially ignored alerts.\\n  VALUE = {{ $value }}\",\"summary\":\"Prometheus rule evaluation failures (instance {{ $labels.instance }})\"},\"expr\":\"increase(prometheus_rule_evaluation_failures_total[3m]) \\u003e 0\",\"for\":\"0m\",\"labels\":{\"severity\":\"critical\"}},{\"alert\":\"Prod-PrometheusTemplateTextExpansionFailures\",\"annotations\":{\"description\":\"Prometheus encountered {{ $value }} template text expansion failures\\n  VALUE = {{ $value }}\",\"summary\":\"Prometheus template text expansion failures (instance {{ $labels.instance }})\"},\"expr\":\"increase(prometheus_template_text_expansion_failures_total[3m]) \\u003e 0\",\"for\":\"0m\",\"labels\":{\"severity\":\"critical\"}},{\"alert\":\"Prod-PrometheusRuleEvaluationSlow\",\"annotations\":{\"description\":\"Prometheus rule evaluation took more time than the scheduled interval. It indicates a slower storage backend access or too complex query.\\n  VALUE = {{ $value }}\",\"summary\":\"Prometheus rule evaluation slow (instance {{ $labels.instance }})\"},\"expr\":\"prometheus_rule_group_last_duration_seconds \\u003e prometheus_rule_group_interval_seconds\",\"for\":\"5m\",\"labels\":{\"severity\":\"warning\"}},{\"alert\":\"Prod-PrometheusNotificationsBacklog\",\"annotations\":{\"description\":\"The Prometheus notification queue has not been empty for 10 minutes\\n  VALUE = {{ $value }}\",\"summary\":\"Prometheus notifications backlog (instance {{ $labels.instance }})\"},\"expr\":\"min_over_time(prometheus_notifications_queue_length[10m]) \\u003e 0\",\"for\":\"0m\",\"labels\":{\"severity\":\"warning\"}},{\"alert\":\"Prod-PrometheusAlertmanagerNotificationFailing\",\"annotations\":{\"description\":\"Alertmanager is failing sending notifications\\n  VALUE = {{ $value }}\",\"summary\":\"Prometheus AlertManager notification failing (instance {{ $labels.instance }})\"},\"expr\":\"rate(alertmanager_notifications_failed_total[1m]) \\u003e 0\",\"for\":\"0m\",\"labels\":{\"severity\":\"critical\"}},{\"alert\":\"Prod-PrometheusTargetEmpty\",\"annotations\":{\"description\":\"Prometheus has no target in service discovery\\n  VALUE = {{ $value }}\",\"summary\":\"Prometheus target empty (instance {{ $labels.instance }})\"},\"expr\":\"prometheus_sd_discovered_targets == 0\",\"for\":\"0m\",\"labels\":{\"severity\":\"critical\"}},{\"alert\":\"Prod-PrometheusTargetScrapingSlow\",\"annotations\":{\"description\":\"Prometheus is scraping exporters slowly since it exceeded the requested interval time. Your Prometheus server is under-provisioned.\\n  VALUE = {{ $value }}\",\"summary\":\"Prometheus target scraping slow (instance {{ $labels.instance }})\"},\"expr\":\"prometheus_target_interval_length_seconds{quantile=\\\"0.9\\\"} / on (interval, instance, job) prometheus_target_interval_length_seconds{quantile=\\\"0.5\\\"} \\u003e 1.05\",\"for\":\"5m\",\"labels\":{\"severity\":\"warning\"}},{\"alert\":\"Prod-PrometheusLargeScrape\",\"annotations\":{\"description\":\"Prometheus has many scrapes that exceed the sample limit\\n  VALUE = {{ $value }}\",\"summary\":\"Prometheus large scrape (instance {{ $labels.instance }})\"},\"expr\":\"increase(prometheus_target_scrapes_exceeded_sample_limit_total[10m]) \\u003e 10\",\"for\":\"5m\",\"labels\":{\"severity\":\"warning\"}},{\"alert\":\"Prod-PrometheusTargetScrapeDuplicate\",\"annotations\":{\"description\":\"Prometheus has many samples rejected due to duplicate timestamps but different values\\n  VALUE = {{ $value }}\",\"summary\":\"Prometheus target scrape duplicate (instance {{ $labels.instance }})\"},\"expr\":\"increase(prometheus_target_scrapes_sample_duplicate_timestamp_total[5m]) \\u003e 0\",\"for\":\"0m\",\"labels\":{\"severity\":\"warning\"}},{\"alert\":\"Prod-PrometheusTsdbCheckpointCreationFailures\",\"annotations\":{\"description\":\"Prometheus encountered {{ $value }} checkpoint creation failures\\n  VALUE = {{ $value }}\",\"summary\":\"Prometheus TSDB checkpoint creation failures (instance {{ $labels.instance }})\"},\"expr\":\"increase(prometheus_tsdb_checkpoint_creations_failed_total[1m]) \\u003e 0\",\"for\":\"0m\",\"labels\":{\"severity\":\"critical\"}},{\"alert\":\"Prod-PrometheusTsdbCheckpointDeletionFailures\",\"annotations\":{\"description\":\"Prometheus encountered {{ $value }} checkpoint deletion failures\\n  VALUE = {{ $value }}\",\"summary\":\"Prometheus TSDB checkpoint deletion failures (instance {{ $labels.instance }})\"},\"expr\":\"increase(prometheus_tsdb_checkpoint_deletions_failed_total[1m]) \\u003e 0\",\"for\":\"0m\",\"labels\":{\"severity\":\"critical\"}},{\"alert\":\"Prod-PrometheusTsdbCompactionsFailed\",\"annotations\":{\"description\":\"Prometheus encountered {{ $value }} TSDB compactions failures\\n  VALUE = {{ $value }}\",\"summary\":\"Prometheus TSDB compactions failed (instance {{ $labels.instance }})\"},\"expr\":\"increase(prometheus_tsdb_compactions_failed_total[1m]) \\u003e 0\",\"for\":\"0m\",\"labels\":{\"severity\":\"critical\"}},{\"alert\":\"Prod-PrometheusTsdbHeadTruncationsFailed\",\"annotations\":{\"description\":\"Prometheus encountered {{ $value }} TSDB head truncation failures\\n  VALUE = {{ $value }}\",\"summary\":\"Prometheus TSDB head truncations failed (instance {{ $labels.instance }})\"},\"expr\":\"increase(prometheus_tsdb_head_truncations_failed_total[1m]) \\u003e 0\",\"for\":\"0m\",\"labels\":{\"severity\":\"critical\"}},{\"alert\":\"Prod-PrometheusTsdbReloadFailures\",\"annotations\":{\"description\":\"Prometheus encountered {{ $value }} TSDB reload failures\\n  VALUE = {{ $value }}\",\"summary\":\"Prometheus TSDB reload failures (instance {{ $labels.instance }})\"},\"expr\":\"increase(prometheus_tsdb_reloads_failures_total[1m]) \\u003e 0\",\"for\":\"0m\",\"labels\":{\"severity\":\"critical\"}},{\"alert\":\"Prod-PrometheusTsdbWalCorruptions\",\"annotations\":{\"description\":\"Prometheus encountered {{ $value }} TSDB WAL corruptions\\n  VALUE = {{ $value }}\",\"summary\":\"Prometheus TSDB WAL corruptions (instance {{ $labels.instance }})\"},\"expr\":\"increase(prometheus_tsdb_wal_corruptions_total[1m]) \\u003e 0\",\"for\":\"0m\",\"labels\":{\"severity\":\"critical\"}},{\"alert\":\"Prod-PrometheusTsdbWalTruncationsFailed\",\"annotations\":{\"description\":\"Prometheus encountered {{ $value }} TSDB WAL truncation failures\\n  VALUE = {{ $value }}\",\"summary\":\"Prometheus TSDB WAL truncations failed (instance {{ $labels.instance }})\"},\"expr\":\"increase(prometheus_tsdb_wal_truncations_failed_total[1m]) \\u003e 0\",\"for\":\"0m\",\"labels\":{\"severity\":\"critical\"}}]},{\"name\":\"NodeExporter\",\"rules\":[{\"alert\":\"Prod-HostOutOfMemory\",\"annotations\":{\"description\":\"Node memory is filling up (\\u003c 10% left)\\n  VALUE = {{ $value }}\",\"summary\":\"Host out of memory (instance {{ $labels.instance }})\"},\"expr\":\"(node_memory_MemAvailable_bytes / node_memory_MemTotal_bytes * 100 \\u003c 10) * on(instance) group_left (nodename) node_uname_info{nodename=~\\\".+\\\"}\",\"for\":\"2m\",\"labels\":{\"severity\":\"warning\"}},{\"alert\":\"Prod-HostMemoryUnderMemoryPressure\",\"annotations\":{\"description\":\"The node is under heavy memory pressure. High rate of major page faults\\n  VALUE = {{ $value }}\",\"summary\":\"Host memory under memory pressure (instance {{ $labels.instance }})\"},\"expr\":\"(rate(node_vmstat_pgmajfault[1m]) \\u003e 1000) * on(instance) group_left (nodename) node_uname_info{nodename=~\\\".+\\\"}\",\"for\":\"2m\",\"labels\":{\"severity\":\"warning\"}},{\"alert\":\"Prod-HostUnusualNetworkThroughputIn\",\"annotations\":{\"description\":\"Host network interfaces are probably receiving too much data (\\u003e 100 MB/s)\\n  VALUE = {{ $value }}\",\"summary\":\"Host unusual network throughput in (instance {{ $labels.instance }})\"},\"expr\":\"(sum by (instance) (rate(node_network_receive_bytes_total[2m])) / 1024 / 1024 \\u003e 100) * on(instance) group_left (nodename) node_uname_info{nodename=~\\\".+\\\"}\",\"for\":\"5m\",\"labels\":{\"severity\":\"warning\"}},{\"alert\":\"Prod-HostUnusualNetworkThroughputOut\",\"annotations\":{\"description\":\"Host network interfaces are probably sending too much data (\\u003e 100 MB/s)\\n  VALUE = {{ $value }}\",\"summary\":\"Host unusual network throughput out (instance {{ $labels.instance }})\"},\"expr\":\"(sum by (instance) (rate(node_network_transmit_bytes_total[2m])) / 1024 / 1024 \\u003e 100) * on(instance) group_left (nodename) node_uname_info{nodename=~\\\".+\\\"}\",\"for\":\"5m\",\"labels\":{\"severity\":\"warning\"}},{\"alert\":\"Prod-HostUnusualDiskReadRate\",\"annotations\":{\"description\":\"Disk is probably reading too much data (\\u003e 100 MB/s)\\n  VALUE = {{ $value }}\",\"summary\":\"Host unusual disk read rate (instance {{ $labels.instance }})\"},\"expr\":\"(sum by (instance) (rate(node_disk_read_bytes_total[2m])) / 1024 / 1024 \\u003e 100) * on(instance) group_left (nodename) node_uname_info{nodename=~\\\".+\\\"}\",\"for\":\"5m\",\"labels\":{\"severity\":\"warning\"}},{\"alert\":\"Prod-HostUnusualDiskWriteRate\",\"annotations\":{\"description\":\"Disk is probably writing too much data (\\u003e 100 MB/s)\\n  VALUE = {{ $value }}\",\"summary\":\"Host unusual disk write rate (instance {{ $labels.instance }})\"},\"expr\":\"(sum by (instance) (rate(node_disk_written_bytes_total[2m])) / 1024 / 1024 \\u003e 100) * on(instance) group_left (nodename) node_uname_info{nodename=~\\\".+\\\"}\",\"for\":\"2m\",\"labels\":{\"severity\":\"warning\"}},{\"alert\":\"Prod-HostOutOfDiskSpace\",\"annotations\":{\"description\":\"Disk is almost full (\\u003c 10% left)\\n  VALUE = {{ $value }}\",\"summary\":\"Host out of disk space (instance {{ $labels.instance }})\"},\"expr\":\"((node_filesystem_avail_bytes * 100) / node_filesystem_size_bytes \\u003c 10 and ON (instance, device, mountpoint) node_filesystem_readonly == 0) * on(instance) group_left (nodename) node_uname_info{nodename=~\\\".+\\\"}\",\"for\":\"2m\",\"labels\":{\"severity\":\"critical\"}},{\"alert\":\"Prod-HostOutOfDiskSpace\",\"annotations\":{\"description\":\"Disk is almost full (\\u003c 20% left)\\n  VALUE = {{ $value }}\",\"summary\":\"Host out of disk space (instance {{ $labels.instance }})\"},\"expr\":\"((node_filesystem_avail_bytes * 100) / node_filesystem_size_bytes \\u003c 20 and ON (instance, device, mountpoint) node_filesystem_readonly == 0) * on(instance) group_left (nodename) node_uname_info{nodename=~\\\".+\\\"}\",\"for\":\"2m\",\"labels\":{\"severity\":\"warning\"}},{\"alert\":\"Prod-HostDiskWillFillIn24Hours\",\"annotations\":{\"description\":\"Filesystem is predicted to run out of space within the next 24 hours at current write rate\\n  VALUE = {{ $value }}\",\"summary\":\"Host disk will fill in 24 hours (instance {{ $labels.instance }})\"},\"expr\":\"((node_filesystem_avail_bytes * 100) / node_filesystem_size_bytes \\u003c 10 and ON (instance, device, mountpoint) predict_linear(node_filesystem_avail_bytes{fstype!~\\\"tmpfs\\\"}[1h], 24 * 3600) \\u003c 0 and ON (instance, device, mountpoint) node_filesystem_readonly == 0) * on(instance) group_left (nodename) node_uname_info{nodename=~\\\".+\\\"}\",\"for\":\"2m\",\"labels\":{\"severity\":\"warning\"}},{\"alert\":\"Prod-HostOutOfInodes\",\"annotations\":{\"description\":\"Disk is almost running out of available inodes (\\u003c 10% left)\\n  VALUE = {{ $value }}\",\"summary\":\"Host out of inodes (instance {{ $labels.instance }})\"},\"expr\":\"(node_filesystem_files_free / node_filesystem_files * 100 \\u003c 10 and ON (instance, device, mountpoint) node_filesystem_readonly == 0) * on(instance) group_left (nodename) node_uname_info{nodename=~\\\".+\\\"}\",\"for\":\"2m\",\"labels\":{\"severity\":\"warning\"}},{\"alert\":\"Prod-HostInodesWillFillIn24Hours\",\"annotations\":{\"description\":\"Filesystem is predicted to run out of inodes within the next 24 hours at current write rate\\n  VALUE = {{ $value }}\",\"summary\":\"Host inodes will fill in 24 hours (instance {{ $labels.instance }})\"},\"expr\":\"(node_filesystem_files_free / node_filesystem_files * 100 \\u003c 10 and predict_linear(node_filesystem_files_free[1h], 24 * 3600) \\u003c 0 and ON (instance, device, mountpoint) node_filesystem_readonly == 0) * on(instance) group_left (nodename) node_uname_info{nodename=~\\\".+\\\"}\",\"for\":\"2m\",\"labels\":{\"severity\":\"warning\"}},{\"alert\":\"Prod-HostUnusualDiskReadLatency\",\"annotations\":{\"description\":\"Disk latency is growing (read operations \\u003e 100ms)\\n  VALUE = {{ $value }}\",\"summary\":\"Host unusual disk read latency (instance {{ $labels.instance }})\"},\"expr\":\"(rate(node_disk_read_time_seconds_total[1m]) / rate(node_disk_reads_completed_total[1m]) \\u003e 0.1 and rate(node_disk_reads_completed_total[1m]) \\u003e 0) * on(instance) group_left (nodename) node_uname_info{nodename=~\\\".+\\\"}\",\"for\":\"2m\",\"labels\":{\"severity\":\"warning\"}},{\"alert\":\"Prod-HostUnusualDiskWriteLatency\",\"annotations\":{\"description\":\"Disk latency is growing (write operations \\u003e 100ms)\\n  VALUE = {{ $value }}\",\"summary\":\"Host unusual disk write latency (instance {{ $labels.instance }})\"},\"expr\":\"(rate(node_disk_write_time_seconds_total[1m]) / rate(node_disk_writes_completed_total[1m]) \\u003e 0.1 and rate(node_disk_writes_completed_total[1m]) \\u003e 0) * on(instance) group_left (nodename) node_uname_info{nodename=~\\\".+\\\"}\",\"for\":\"2m\",\"labels\":{\"severity\":\"warning\"}},{\"alert\":\"Prod-HostHighCpuLoad-W\",\"annotations\":{\"description\":\"CPU load is \\u003e 70%\\n  VALUE = {{ $value }}\",\"summary\":\"Host high CPU load (instance {{ $labels.instance }})\"},\"expr\":\"(sum by (instance) (avg by (mode, instance) (rate(node_cpu_seconds_total{mode!=\\\"idle\\\"}[2m]))) \\u003e 0.7) * on(instance) group_left (nodename) node_uname_info{nodename=~\\\".+\\\"}\",\"for\":\"1m\",\"labels\":{\"severity\":\"warning\"}},{\"alert\":\"Prod-HostHighCpuLoad-E\",\"annotations\":{\"description\":\"CPU load is \\u003e 80%\\n  VALUE = {{ $value }}\",\"summary\":\"Host high CPU load (instance {{ $labels.instance }})\"},\"expr\":\"(sum by (instance) (avg by (mode, instance) (rate(node_cpu_seconds_total{mode!=\\\"idle\\\"}[2m]))) \\u003e 0.8) * on(instance) group_left (nodename) node_uname_info{nodename=~\\\".+\\\"}\",\"for\":\"1m\",\"labels\":{\"severity\":\"warning\"}},{\"alert\":\"Prod-HostHighCpuLoad-C\",\"annotations\":{\"description\":\"CPU load is \\u003e 90%\\n  VALUE = {{ $value }}\",\"summary\":\"Host high CPU load (instance {{ $labels.instance }})\"},\"expr\":\"(sum by (instance) (avg by (mode, instance) (rate(node_cpu_seconds_total{mode!=\\\"idle\\\"}[2m]))) \\u003e 0.9) * on(instance) group_left (nodename) node_uname_info{nodename=~\\\".+\\\"}\",\"for\":\"1m\",\"labels\":{\"severity\":\"warning\"}},{\"alert\":\"Prod-HostCpuStealNoisyNeighbor\",\"annotations\":{\"description\":\"CPU steal is \\u003e 10%. A noisy neighbor is killing VM performances or a spot instance may be out of credit.\\n  VALUE = {{ $value }}\",\"summary\":\"Host CPU steal noisy neighbor (instance {{ $labels.nodename }})\"},\"expr\":\"(avg by(instance) (rate(node_cpu_seconds_total{mode=\\\"steal\\\"}[5m])) * 100 \\u003e 10) * on(instance) group_left (nodename) node_uname_info{nodename=~\\\".+\\\"}\",\"for\":\"0m\",\"labels\":{\"severity\":\"warning\"}},{\"alert\":\"Prod-HostCpuHighIowait\",\"annotations\":{\"description\":\"CPU iowait \\u003e 15%. A high iowait means that you are disk or network bound.\\n  VALUE = {{ $value }}\",\"summary\":\"Host CPU high iowait (instance {{ $labels.nodename }})\"},\"expr\":\"(avg by (instance) (rate(node_cpu_seconds_total{mode=\\\"iowait\\\"}[5m])) * 100 \\u003e 15) * on(instance) group_left (nodename) node_uname_info{nodename=~\\\".+\\\"}\",\"for\":\"0m\",\"labels\":{\"severity\":\"warning\"}},{\"alert\":\"Prod-HostUnusualDiskIo\",\"annotations\":{\"description\":\"Time spent in IO is too high on {{ $labels.instance }}. Check storage for issues.\\n  VALUE = {{ $value }}\",\"summary\":\"Host unusual disk IO (instance {{ $labels.nodename }})\"},\"expr\":\"(rate(node_disk_io_time_seconds_total[1m]) \\u003e 0.5) * on(instance) group_left (nodename) node_uname_info{nodename=~\\\".+\\\"}\",\"for\":\"5m\",\"labels\":{\"severity\":\"warning\"}},{\"alert\":\"Prod-HostContextSwitching\",\"annotations\":{\"description\":\"Context switching is growing on the node (\\u003e 10000 / s)\\n  VALUE = {{ $value }}\",\"summary\":\"Host context switching (instance {{ $labels.nodename }})\"},\"expr\":\"((rate(node_context_switches_total[5m])) / (count without(cpu, mode) (node_cpu_seconds_total{mode=\\\"idle\\\"})) \\u003e 10000) * on(instance) group_left (nodename) node_uname_info{nodename=~\\\".+\\\"}\",\"for\":\"0m\",\"labels\":{\"severity\":\"warning\"}},{\"alert\":\"Prod-HostSwapIsFillingUp\",\"annotations\":{\"description\":\"Swap is filling up (\\u003e80%)\\n  VALUE = {{ $value }}\",\"summary\":\"Host swap is filling up (instance {{ $labels.nodename }})\"},\"expr\":\"((1 - (node_memory_SwapFree_bytes / node_memory_SwapTotal_bytes)) * 100 \\u003e 80) * on(instance) group_left (nodename) node_uname_info{nodename=~\\\".+\\\"}\",\"for\":\"2m\",\"labels\":{\"severity\":\"warning\"}},{\"alert\":\"Prod-HostSystemdServiceCrashed\",\"annotations\":{\"description\":\"systemd service crashed\\n  VALUE = {{ $value }}\",\"summary\":\"Host systemd service crashed (instance {{ $labels.nodename }})\"},\"expr\":\"(node_systemd_unit_state{state=\\\"failed\\\"} == 1) * on(instance) group_left (nodename) node_uname_info{nodename=~\\\".+\\\"}\",\"for\":\"0m\",\"labels\":{\"severity\":\"warning\"}},{\"alert\":\"Prod-HostPhysicalComponentTooHot\",\"annotations\":{\"description\":\"Physical hardware component too hot\\n  VALUE = {{ $value }}\",\"summary\":\"Host physical component too hot (instance {{ $labels.nodename }})\"},\"expr\":\"((node_hwmon_temp_celsius * ignoring(label) group_left(instance, job, node, sensor) node_hwmon_sensor_label{label!=\\\"tctl\\\"} \\u003e 75)) * on(instance) group_left (nodename) node_uname_info{nodename=~\\\".+\\\"}\",\"for\":\"5m\",\"labels\":{\"severity\":\"warning\"}},{\"alert\":\"Prod-HostNodeOvertemperatureAlarm\",\"annotations\":{\"description\":\"Physical node temperature alarm triggered\\n  VALUE = {{ $value }}\",\"summary\":\"Host node overtemperature alarm (instance {{ $labels.nodename }})\"},\"expr\":\"(node_hwmon_temp_crit_alarm_celsius == 1) * on(instance) group_left (nodename) node_uname_info{nodename=~\\\".+\\\"}\",\"for\":\"0m\",\"labels\":{\"severity\":\"critical\"}},{\"alert\":\"Prod-HostRaidArrayGotInactive\",\"annotations\":{\"description\":\"RAID array {{ $labels.device }} is in a degraded state due to one or more disk failures. The number of spare drives is insufficient to fix the issue automatically.\\n  VALUE = {{ $value }}\",\"summary\":\"Host RAID array got inactive (instance {{ $labels.nodename }})\"},\"expr\":\"(node_md_state{state=\\\"inactive\\\"} \\u003e 0) * on(instance) group_left (nodename) node_uname_info{nodename=~\\\".+\\\"}\",\"for\":\"0m\",\"labels\":{\"severity\":\"critical\"}},{\"alert\":\"Prod-HostRaidDiskFailure\",\"annotations\":{\"description\":\"At least one device in RAID array on {{ $labels.instance }} failed. Array {{ $labels.md_device }} needs attention and possibly a disk swap\\n  VALUE = {{ $value }}\",\"summary\":\"Host RAID disk failure (instance {{ $labels.nodename }})\"},\"expr\":\"(node_md_disks{state=\\\"failed\\\"} \\u003e 0) * on(instance) group_left (nodename) node_uname_info{nodename=~\\\".+\\\"}\",\"for\":\"2m\",\"labels\":{\"severity\":\"warning\"}},{\"alert\":\"Prod-HostKernelVersionDeviations\",\"annotations\":{\"description\":\"Different kernel versions are running\\n  VALUE = {{ $value }}\",\"summary\":\"Host kernel version deviations (instance {{ $labels.nodename }})\"},\"expr\":\"(count(sum(label_replace(node_uname_info, \\\"kernel\\\", \\\"$1\\\", \\\"release\\\", \\\"([0-9]+.[0-9]+.[0-9]+).*\\\")) by (kernel)) \\u003e 1) * on(instance) group_left (nodename) node_uname_info{nodename=~\\\".+\\\"}\",\"for\":\"6h\",\"labels\":{\"severity\":\"warning\"}},{\"alert\":\"Prod-HostOomKillDetected\",\"annotations\":{\"description\":\"OOM kill detected\\n  VALUE = {{ $value }}\",\"summary\":\"Host OOM kill detected (instance {{ $labels.nodename }})\"},\"expr\":\"(increase(node_vmstat_oom_kill[1m]) \\u003e 0) * on(instance) group_left (nodename) node_uname_info{nodename=~\\\".+\\\"}\",\"for\":\"0m\",\"labels\":{\"severity\":\"warning\"}},{\"alert\":\"Prod-HostEdacCorrectableErrorsDetected\",\"annotations\":{\"description\":\"Host {{ $labels.instance }} has had {{ printf \\\"%.0f\\\" $value }} correctable memory errors reported by EDAC in the last 5 minutes.\\n  VALUE = {{ $value }}\",\"summary\":\"Host EDAC Correctable Errors detected (instance {{ $labels.nodename }})\"},\"expr\":\"(increase(node_edac_correctable_errors_total[1m]) \\u003e 0) * on(instance) group_left (nodename) node_uname_info{nodename=~\\\".+\\\"}\",\"for\":\"0m\",\"labels\":{\"severity\":\"info\"}},{\"alert\":\"Prod-HostEdacUncorrectableErrorsDetected\",\"annotations\":{\"description\":\"Host {{ $labels.instance }} has had {{ printf \\\"%.0f\\\" $value }} uncorrectable memory errors reported by EDAC in the last 5 minutes.\\n  VALUE = {{ $value }}\",\"summary\":\"Host EDAC Uncorrectable Errors detected (instance {{ $labels.nodename }})\"},\"expr\":\"(node_edac_uncorrectable_errors_total \\u003e 0) * on(instance) group_left (nodename) node_uname_info{nodename=~\\\".+\\\"}\",\"for\":\"0m\",\"labels\":{\"severity\":\"warning\"}},{\"alert\":\"Prod-HostNetworkReceiveErrors\",\"annotations\":{\"description\":\"Host {{ $labels.instance }} interface {{ $labels.device }} has encountered {{ printf \\\"%.0f\\\" $value }} receive errors in the last two minutes.\\n  VALUE = {{ $value }}\",\"summary\":\"Host Network Receive Errors (instance {{ $labels.nodename }})\"},\"expr\":\"(rate(node_network_receive_errs_total[2m]) / rate(node_network_receive_packets_total[2m]) \\u003e 0.01) * on(instance) group_left (nodename) node_uname_info{nodename=~\\\".+\\\"}\",\"for\":\"2m\",\"labels\":{\"severity\":\"warning\"}},{\"alert\":\"Prod-HostNetworkTransmitErrors\",\"annotations\":{\"description\":\"Host {{ $labels.instance }} interface {{ $labels.device }} has encountered {{ printf \\\"%.0f\\\" $value }} transmit errors in the last two minutes.\\n  VALUE = {{ $value }}\",\"summary\":\"Host Network Transmit Errors (instance {{ $labels.nodename }})\"},\"expr\":\"(rate(node_network_transmit_errs_total[2m]) / rate(node_network_transmit_packets_total[2m]) \\u003e 0.01) * on(instance) group_left (nodename) node_uname_info{nodename=~\\\".+\\\"}\",\"for\":\"2m\",\"labels\":{\"severity\":\"warning\"}},{\"alert\":\"Prod-HostNetworkInterfaceSaturated\",\"annotations\":{\"description\":\"The network interface \\\"{{ $labels.device }}\\\" on \\\"{{ $labels.instance }}\\\" is getting overloaded.\\n  VALUE = {{ $value }}\",\"summary\":\"Host Network Interface Saturated (instance {{ $labels.nodename }})\"},\"expr\":\"((rate(node_network_receive_bytes_total{device!~\\\"^tap.*|^vnet.*|^veth.*|^tun.*\\\"}[1m]) + rate(node_network_transmit_bytes_total{device!~\\\"^tap.*|^vnet.*|^veth.*|^tun.*\\\"}[1m])) / node_network_speed_bytes{device!~\\\"^tap.*|^vnet.*|^veth.*|^tun.*\\\"} \\u003e 0.8 \\u003c 10000) * on(instance) group_left (nodename) node_uname_info{nodename=~\\\".+\\\"}\",\"for\":\"1m\",\"labels\":{\"severity\":\"warning\"}},{\"alert\":\"Prod-HostNetworkBondDegraded\",\"annotations\":{\"description\":\"Bond \\\"{{ $labels.device }}\\\" degraded on \\\"{{ $labels.instance }}\\\".\\n  VALUE = {{ $value }}\",\"summary\":\"Host Network Bond Degraded (instance {{ $labels.nodename }})\"},\"expr\":\"((node_bonding_active - node_bonding_slaves) != 0) * on(instance) group_left (nodename) node_uname_info{nodename=~\\\".+\\\"}\",\"for\":\"2m\",\"labels\":{\"severity\":\"warning\"}},{\"alert\":\"Prod-HostConntrackLimit\",\"annotations\":{\"description\":\"The number of conntrack is approaching limit\\n  VALUE = {{ $value }}\",\"summary\":\"Host conntrack limit (instance {{ $labels.nodename }})\"},\"expr\":\"(node_nf_conntrack_entries / node_nf_conntrack_entries_limit \\u003e 0.8) * on(instance) group_left (nodename) node_uname_info{nodename=~\\\".+\\\"}\",\"for\":\"5m\",\"labels\":{\"severity\":\"warning\"}},{\"alert\":\"Prod-HostClockSkew\",\"annotations\":{\"description\":\"Clock skew detected. Clock is out of sync. Ensure NTP is configured correctly on this host.\\n  VALUE = {{ $value }}\",\"summary\":\"Host clock skew (instance {{ $labels.nodename }})\"},\"expr\":\"((node_timex_offset_seconds \\u003e 0.05 and deriv(node_timex_offset_seconds[5m]) \\u003e= 0) or (node_timex_offset_seconds \\u003c -0.05 and deriv(node_timex_offset_seconds[5m]) \\u003c= 0)) * on(instance) group_left (nodename) node_uname_info{nodename=~\\\".+\\\"}\",\"for\":\"10m\",\"labels\":{\"severity\":\"warning\"}},{\"alert\":\"Prod-HostClockNotSynchronising\",\"annotations\":{\"description\":\"Clock not synchronising. Ensure NTP is configured on this host.\\n  VALUE = {{ $value }}\",\"summary\":\"Host clock not synchronising (instance {{ $labels.nodename }})\"},\"expr\":\"(min_over_time(node_timex_sync_status[1m]) == 0 and node_timex_maxerror_seconds \\u003e= 16) * on(instance) group_left (nodename) node_uname_info{nodename=~\\\".+\\\"}\",\"for\":\"2m\",\"labels\":{\"severity\":\"warning\"}},{\"alert\":\"Prod-HostRequiresReboot\",\"annotations\":{\"description\":\"{{ $labels.instance }} requires a reboot.\\n  VALUE = {{ $value }}\",\"summary\":\"Host requires reboot (instance {{ $labels.nodename }})\"},\"expr\":\"(node_reboot_required \\u003e 0) * on(instance) group_left (nodename) node_uname_info{nodename=~\\\".+\\\"}\",\"for\":\"4h\",\"labels\":{\"severity\":\"info\"}}]},{\"name\":\"Containers\",\"rules\":[{\"alert\":\"Prod-ContainerAbsent\",\"annotations\":{\"description\":\"A container is absent for 5 min\\n  VALUE = {{ $value }}\",\"summary\":\"Container absent (instance {{ $labels.container }})\"},\"expr\":\"absent(container_last_seen)\",\"for\":\"5m\",\"labels\":{\"severity\":\"warning\"}},{\"alert\":\"Prod-ContainerHighCpuUtilization\",\"annotations\":{\"description\":\"Container CPU utilization is above 80%\\n  VALUE = {{ $value }}\",\"summary\":\"Container High CPU utilization (instance {{ $labels.container }})\"},\"expr\":\"(sum(rate(container_cpu_usage_seconds_total{name!=\\\"\\\"}[3m])) BY (instance, name, container) * 100) \\u003e 80\",\"for\":\"2m\",\"labels\":{\"severity\":\"warning\"}},{\"alert\":\"Prod-ContainerHighMemoryUsage\",\"annotations\":{\"description\":\"Container Memory usage is above 80%\\n  VALUE = {{ $value }}\",\"summary\":\"Container High Memory usage (instance {{ $labels.container }})\"},\"expr\":\"(sum(container_memory_working_set_bytes{name!=\\\"\\\"}) BY (instance, name, container) / sum(container_spec_memory_limit_bytes \\u003e 0) BY (instance, name, container) * 100) \\u003e 80\",\"for\":\"2m\",\"labels\":{\"severity\":\"warning\"}},{\"alert\":\"Prod-ContainerVolumeUsage\",\"annotations\":{\"description\":\"Container Volume usage is above 80%\\n  VALUE = {{ $value }}\",\"summary\":\"Container Volume usage (instance {{ $labels.container }})\"},\"expr\":\"(1 - (sum(container_fs_inodes_free{name!=\\\"\\\"}) BY (instance, container) / sum(container_fs_inodes_total) BY (instance))) * 100 \\u003e 80\",\"for\":\"2m\",\"labels\":{\"severity\":\"warning\"}},{\"alert\":\"Prod-ContainerHighThrottleRate\",\"annotations\":{\"description\":\"Container is being throttled\\n  VALUE = {{ $value }}\",\"summary\":\"Container high throttle rate (instance {{ $labels.pod }})\"},\"expr\":\"rate(container_cpu_cfs_throttled_seconds_total[3m]) \\u003e 1\",\"for\":\"2m\",\"labels\":{\"severity\":\"warning\"}}]},{\"name\":\"Kubestate Exporter\",\"rules\":[{\"alert\":\"Prod-KubernetesNodeNotReady\",\"annotations\":{\"description\":\"Node {{ $labels.node }} has been unready for a long time\\n  VALUE = {{ $value }}\",\"summary\":\"Kubernetes Node ready (node {{ $labels.node }})\"},\"expr\":\"kube_node_status_condition{condition=\\\"Ready\\\",status=\\\"true\\\"} == 0\",\"for\":\"1m\",\"labels\":{\"severity\":\"critical\"}},{\"alert\":\"Prod-KubernetesNodeMemoryPressure\",\"annotations\":{\"description\":\"Node {{ $labels.node }} has MemoryPressure condition\\n  VALUE = {{ $value }}\",\"summary\":\"Kubernetes memory pressure (node {{ $labels.node }})\"},\"expr\":\"kube_node_status_condition{condition=\\\"MemoryPressure\\\",status=\\\"true\\\"} == 1\",\"for\":\"2m\",\"labels\":{\"severity\":\"critical\"}},{\"alert\":\"Prod-KubernetesNodeDiskPressure\",\"annotations\":{\"description\":\"Node {{ $labels.node }} has DiskPressure condition\\n  VALUE = {{ $value }}\",\"summary\":\"Kubernetes disk pressure (node {{ $labels.node }})\"},\"expr\":\"kube_node_status_condition{condition=\\\"DiskPressure\\\",status=\\\"true\\\"} == 1\",\"for\":\"2m\",\"labels\":{\"severity\":\"critical\"}},{\"alert\":\"Prod-KubernetesNodeNetworkUnavailable\",\"annotations\":{\"description\":\"Node {{ $labels.node }} has NetworkUnavailable condition\\n  VALUE = {{ $value }}\",\"summary\":\"Kubernetes Node network unavailable (instance {{ $labels.instance }})\"},\"expr\":\"kube_node_status_condition{condition=\\\"NetworkUnavailable\\\",status=\\\"true\\\"} == 1\",\"for\":\"2m\",\"labels\":{\"severity\":\"critical\"}},{\"alert\":\"Prod-KubernetesNodeOutOfPodCapacity\",\"annotations\":{\"description\":\"Node {{ $labels.node }} is out of pod capacity\\n  VALUE = {{ $value }}\",\"summary\":\"Kubernetes Node out of pod capacity (instance {{ $labels.instance }})\"},\"expr\":\"sum by (node) ((kube_pod_status_phase{phase=\\\"Running\\\"} == 1) + on(uid) group_left(node) (0 * kube_pod_info{pod_template_hash=\\\"\\\"})) / sum by (node) (kube_node_status_allocatable{resource=\\\"pods\\\"}) * 100 \\u003e 90\",\"for\":\"2m\",\"labels\":{\"severity\":\"warning\"}},{\"alert\":\"Prod-KubernetesContainerOomKiller\",\"annotations\":{\"description\":\"Container {{ $labels.container }} in pod {{ $labels.namespace }}/{{ $labels.pod }} has been OOMKilled {{ $value }} times in the last 10 minutes.\\n  VALUE = {{ $value }}\",\"summary\":\"Kubernetes container oom killer ({{ $labels.namespace }}/{{ $labels.pod }}:{{ $labels.container }})\"},\"expr\":\"(kube_pod_container_status_restarts_total - kube_pod_container_status_restarts_total offset 10m \\u003e= 1) and ignoring (reason) min_over_time(kube_pod_container_status_last_terminated_reason{reason=\\\"OOMKilled\\\"}[10m]) == 1\",\"for\":\"0m\",\"labels\":{\"severity\":\"warning\"}},{\"alert\":\"Prod-KubernetesJobFailed\",\"annotations\":{\"description\":\"Job {{ $labels.namespace }}/{{ $labels.job_name }} failed to complete\\n  VALUE = {{ $value }}\",\"summary\":\"Kubernetes Job failed ({{ $labels.namespace }}/{{ $labels.job_name }})\"},\"expr\":\"kube_job_status_failed \\u003e 0\",\"for\":\"0m\",\"labels\":{\"severity\":\"warning\"}},{\"alert\":\"Prod-KubernetesCronjobSuspended\",\"annotations\":{\"description\":\"CronJob {{ $labels.namespace }}/{{ $labels.cronjob }} is suspended\\n  VALUE = {{ $value }}\",\"summary\":\"Kubernetes CronJob suspended ({{ $labels.namespace }}/{{ $labels.cronjob }})\"},\"expr\":\"kube_cronjob_spec_suspend != 0\",\"for\":\"0m\",\"labels\":{\"severity\":\"warning\"}},{\"alert\":\"Prod-KubernetesPersistentvolumeclaimPending\",\"annotations\":{\"description\":\"PersistentVolumeClaim {{ $labels.namespace }}/{{ $labels.persistentvolumeclaim }} is pending\\n  VALUE = {{ $value }}\",\"summary\":\"Kubernetes PersistentVolumeClaim pending ({{ $labels.namespace }}/{{ $labels.persistentvolumeclaim }})\"},\"expr\":\"kube_persistentvolumeclaim_status_phase{phase=\\\"Pending\\\"} == 1\",\"for\":\"2m\",\"labels\":{\"severity\":\"warning\"}},{\"alert\":\"Prod-KubernetesVolumeOutOfDiskSpace\",\"annotations\":{\"description\":\"Volume is almost full (\\u003c 20% left)\\n  VALUE = {{ $value }}\",\"summary\":\"Kubernetes Volume out of disk space (instance {{ $labels.instance }})\"},\"expr\":\"kubelet_volume_stats_available_bytes / kubelet_volume_stats_capacity_bytes * 100 \\u003c 20\",\"for\":\"2m\",\"labels\":{\"severity\":\"critical\"}},{\"alert\":\"Prod-KubernetesPersistentvolumeError\",\"annotations\":{\"description\":\"Persistent volume {{ $labels.persistentvolume }} is in bad state\\n  VALUE = {{ $value }}\",\"summary\":\"Kubernetes PersistentVolumeClaim pending ({{ $labels.namespace }}/{{ $labels.persistentvolumeclaim }})\"},\"expr\":\"kube_persistentvolume_status_phase{phase=~\\\"Failed|Pending\\\", job=\\\"kube-state-metrics\\\"} \\u003e 0\",\"for\":\"0m\",\"labels\":{\"severity\":\"critical\"}},{\"alert\":\"Prod-KubernetesStatefulsetDown\",\"annotations\":{\"description\":\"StatefulSet {{ $labels.namespace }}/{{ $labels.statefulset }} went down\\n  VALUE = {{ $value }}\",\"summary\":\"Kubernetes StatefulSet down ({{ $labels.namespace }}/{{ $labels.statefulset }})\"},\"expr\":\"kube_statefulset_replicas != kube_statefulset_status_replicas_ready \\u003e 0\",\"for\":\"1m\",\"labels\":{\"severity\":\"critical\"}},{\"alert\":\"Prod-KubernetesHpaScaleInability\",\"annotations\":{\"description\":\"HPA {{ $labels.namespace }}/{{ $labels.horizontalpodautoscaler }} is unable to scale\\n  VALUE = {{ $value }}\",\"summary\":\"Kubernetes HPA scale inability (instance {{ $labels.instance }})\"},\"expr\":\"kube_horizontalpodautoscaler_status_condition{status=\\\"false\\\", condition=\\\"AbleToScale\\\"} == 1\",\"for\":\"2m\",\"labels\":{\"severity\":\"warning\"}},{\"alert\":\"Prod-KubernetesHpaMetricsUnavailability\",\"annotations\":{\"description\":\"HPA {{ $labels.namespace }}/{{ $labels.horizontalpodautoscaler }} is unable to collect metrics\\n  VALUE = {{ $value }}\",\"summary\":\"Kubernetes HPA metrics unavailability (instance {{ $labels.instance }})\"},\"expr\":\"kube_horizontalpodautoscaler_status_condition{status=\\\"false\\\", condition=\\\"ScalingActive\\\"} == 1\",\"for\":\"0m\",\"labels\":{\"severity\":\"warning\"}},{\"alert\":\"Prod-KubernetesHpaScaleMaximum\",\"annotations\":{\"description\":\"HPA {{ $labels.namespace }}/{{ $labels.horizontalpodautoscaler }} has hit maximum number of desired pods\\n  VALUE = {{ $value }}\",\"summary\":\"Kubernetes HPA scale maximum (instance {{ $labels.instance }})\"},\"expr\":\"kube_horizontalpodautoscaler_status_desired_replicas \\u003e= kube_horizontalpodautoscaler_spec_max_replicas\",\"for\":\"2m\",\"labels\":{\"severity\":\"info\"}},{\"alert\":\"Prod-KubernetesHpaUnderutilized\",\"annotations\":{\"description\":\"HPA {{ $labels.namespace }}/{{ $labels.horizontalpodautoscaler }} is constantly at minimum replicas for 50% of the time. Potential cost saving here.\\n  VALUE = {{ $value }}\",\"summary\":\"Kubernetes HPA underutilized (instance {{ $labels.instance }})\"},\"expr\":\"max(quantile_over_time(0.5, kube_horizontalpodautoscaler_status_desired_replicas[1d]) == kube_horizontalpodautoscaler_spec_min_replicas) by (horizontalpodautoscaler) \\u003e 3\",\"for\":\"0m\",\"labels\":{\"severity\":\"info\"}},{\"alert\":\"Prod-KubernetesPodNotHealthy\",\"annotations\":{\"description\":\"Pod {{ $labels.namespace }}/{{ $labels.pod }} has been in a non-running state for longer than 2 minutes.\\n  VALUE = {{ $value }}\",\"summary\":\"Kubernetes Pod not healthy ({{ $labels.namespace }}/{{ $labels.pod }})\"},\"expr\":\"sum by (namespace, pod) (kube_pod_status_phase{phase=~\\\"Pending|Unknown|Failed\\\"}) \\u003e 0\",\"for\":\"2m\",\"labels\":{\"severity\":\"critical\"}},{\"alert\":\"Prod-KubernetesPodCrashLooping\",\"annotations\":{\"description\":\"Pod {{ $labels.namespace }}/{{ $labels.pod }} is crash looping\\n  VALUE = {{ $value }}\",\"summary\":\"Kubernetes pod crash looping ({{ $labels.namespace }}/{{ $labels.pod }})\"},\"expr\":\"increase(kube_pod_container_status_restarts_total[1m]) \\u003e 3\",\"for\":\"2m\",\"labels\":{\"severity\":\"warning\"}},{\"alert\":\"Prod-KubernetesReplicasetReplicasMismatch\",\"annotations\":{\"description\":\"ReplicaSet {{ $labels.namespace }}/{{ $labels.replicaset }} replicas mismatch\\n  VALUE = {{ $value }}\",\"summary\":\"Kubernetes ReplicasSet mismatch ({{ $labels.namespace }}/{{ $labels.replicaset }})\"},\"expr\":\"kube_replicaset_spec_replicas != kube_replicaset_status_ready_replicas\",\"for\":\"10m\",\"labels\":{\"severity\":\"warning\"}},{\"alert\":\"Prod-KubernetesDeploymentReplicasMismatch\",\"annotations\":{\"description\":\"Deployment {{ $labels.namespace }}/{{ $labels.deployment }} replicas mismatch\\n  VALUE = {{ $value }}\",\"summary\":\"Kubernetes Deployment replicas mismatch ({{ $labels.namespace }}/{{ $labels.deployment }})\"},\"expr\":\"kube_deployment_spec_replicas != kube_deployment_status_replicas_available\",\"for\":\"10m\",\"labels\":{\"severity\":\"warning\"}},{\"alert\":\"Prod-KubernetesStatefulsetReplicasMismatch\",\"annotations\":{\"description\":\"StatefulSet does not match the expected number of replicas.\\n  VALUE = {{ $value }}\",\"summary\":\"Kubernetes StatefulSet replicas mismatch (instance {{ $labels.statefulset }})\"},\"expr\":\"kube_statefulset_status_replicas_ready != kube_statefulset_status_replicas\",\"for\":\"10m\",\"labels\":{\"severity\":\"warning\"}},{\"alert\":\"Prod-KubernetesDeploymentGenerationMismatch\",\"annotations\":{\"description\":\"Deployment {{ $labels.namespace }}/{{ $labels.deployment }} has failed but has not been rolled back.\\n  VALUE = {{ $value }}\",\"summary\":\"Kubernetes Deployment generation mismatch ({{ $labels.namespace }}/{{ $labels.deployment }})\"},\"expr\":\"kube_deployment_status_observed_generation != kube_deployment_metadata_generation\",\"for\":\"10m\",\"labels\":{\"severity\":\"critical\"}},{\"alert\":\"Prod-KubernetesStatefulsetGenerationMismatch\",\"annotations\":{\"description\":\"StatefulSet {{ $labels.namespace }}/{{ $labels.statefulset }} has failed but has not been rolled back.\\n  VALUE = {{ $value }}\",\"summary\":\"Kubernetes StatefulSet generation mismatch ({{ $labels.namespace }}/{{ $labels.statefulset }})\"},\"expr\":\"kube_statefulset_status_observed_generation != kube_statefulset_metadata_generation\",\"for\":\"10m\",\"labels\":{\"severity\":\"critical\"}},{\"alert\":\"Prod-KubernetesStatefulsetUpdateNotRolledOut\",\"annotations\":{\"description\":\"StatefulSet {{ $labels.namespace }}/{{ $labels.statefulset }} update has not been rolled out.\\n  VALUE = {{ $value }}\",\"summary\":\"Kubernetes StatefulSet update not rolled out ({{ $labels.namespace }}/{{ $labels.statefulset }})\"},\"expr\":\"max without (revision) (kube_statefulset_status_current_revision unless kube_statefulset_status_update_revision) * (kube_statefulset_replicas != kube_statefulset_status_replicas_updated)\",\"for\":\"10m\",\"labels\":{\"severity\":\"warning\"}},{\"alert\":\"Prod-KubernetesDaemonsetRolloutStuck\",\"annotations\":{\"description\":\"Some Pods of DaemonSet {{ $labels.namespace }}/{{ $labels.daemonset }} are not scheduled or not ready\\n  VALUE = {{ $value }}\",\"summary\":\"Kubernetes DaemonSet rollout stuck ({{ $labels.namespace }}/{{ $labels.daemonset }})\"},\"expr\":\"kube_daemonset_status_number_ready / kube_daemonset_status_desired_number_scheduled * 100 \\u003c 100 or kube_daemonset_status_desired_number_scheduled - kube_daemonset_status_current_number_scheduled \\u003e 0\",\"for\":\"10m\",\"labels\":{\"severity\":\"warning\"}},{\"alert\":\"Prod-KubernetesCronjobTooLong\",\"annotations\":{\"description\":\"CronJob {{ $labels.namespace }}/{{ $labels.cronjob }} is taking more than 1h to complete.\\n  VALUE = {{ $value }}\",\"summary\":\"Kubernetes CronJob too long ({{ $labels.namespace }}/{{ $labels.cronjob }})\"},\"expr\":\"time() - kube_cronjob_next_schedule_time \\u003e 3600\",\"for\":\"0m\",\"labels\":{\"severity\":\"warning\"}},{\"alert\":\"Prod-KubernetesJobSlowCompletion\",\"annotations\":{\"description\":\"Kubernetes Job {{ $labels.namespace }}/{{ $labels.job_name }} did not complete in time.\\n  VALUE = {{ $value }}\",\"summary\":\"Kubernetes job slow completion ({{ $labels.namespace }}/{{ $labels.job_name }})\"},\"expr\":\"kube_job_spec_completions - kube_job_status_succeeded - kube_job_status_failed \\u003e 0\",\"for\":\"12h\",\"labels\":{\"severity\":\"critical\"}},{\"alert\":\"Prod-KubernetesApiServerErrors\",\"annotations\":{\"description\":\"Kubernetes API server is experiencing high error rate\\n  VALUE = {{ $value }}\",\"summary\":\"Kubernetes API server errors (instance {{ $labels.instance }})\"},\"expr\":\"sum(rate(apiserver_request_total{job=\\\"apiserver\\\",code=~\\\"^(?:5..)$\\\"}[1m])) / sum(rate(apiserver_request_total{job=\\\"apiserver\\\"}[1m])) * 100 \\u003e 3\",\"for\":\"2m\",\"labels\":{\"severity\":\"critical\"}},{\"alert\":\"Prod-KubernetesApiClientErrors\",\"annotations\":{\"description\":\"Kubernetes API client is experiencing high error rate\\n  VALUE = {{ $value }}\",\"summary\":\"Kubernetes API client errors (instance {{ $labels.instance }})\"},\"expr\":\"(sum(rate(rest_client_requests_total{code=~\\\"(4|5)..\\\"}[1m])) by (instance, job) / sum(rate(rest_client_requests_total[1m])) by (instance, job)) * 100 \\u003e 1\",\"for\":\"2m\",\"labels\":{\"severity\":\"critical\"}},{\"alert\":\"Prod-KubernetesClientCertificateExpiresNextWeek\",\"annotations\":{\"description\":\"A client certificate used to authenticate to the apiserver is expiring next week.\\n  VALUE = {{ $value }}\",\"summary\":\"Kubernetes client certificate expires next week (instance {{ $labels.instance }})\"},\"expr\":\"apiserver_client_certificate_expiration_seconds_count{job=\\\"apiserver\\\"} \\u003e 0 and histogram_quantile(0.01, sum by (job, le) (rate(apiserver_client_certificate_expiration_seconds_bucket{job=\\\"apiserver\\\"}[5m]))) \\u003c 7*24*60*60\",\"for\":\"0m\",\"labels\":{\"severity\":\"warning\"}},{\"alert\":\"Prod-KubernetesClientCertificateExpiresSoon\",\"annotations\":{\"description\":\"A client certificate used to authenticate to the apiserver is expiring in less than 24.0 hours.\\n  VALUE = {{ $value }}\",\"summary\":\"Kubernetes client certificate expires soon (instance {{ $labels.instance }})\"},\"expr\":\"apiserver_client_certificate_expiration_seconds_count{job=\\\"apiserver\\\"} \\u003e 0 and histogram_quantile(0.01, sum by (job, le) (rate(apiserver_client_certificate_expiration_seconds_bucket{job=\\\"apiserver\\\"}[5m]))) \\u003c 24*60*60\",\"for\":\"0m\",\"labels\":{\"severity\":\"critical\"}},{\"alert\":\"Prod-KubernetesApiServerLatency\",\"annotations\":{\"description\":\"Kubernetes API server has a 99th percentile latency of {{ $value }} seconds for {{ $labels.verb }} {{ $labels.resource }}.\\n  VALUE = {{ $value }}\",\"summary\":\"Kubernetes API server latency (instance {{ $labels.instance }})\"},\"expr\":\"histogram_quantile(0.99, sum(rate(apiserver_request_latencies_bucket{subresource!=\\\"log\\\",verb!~\\\"^(?:CONNECT|WATCHLIST|WATCH|PROXY)$\\\"} [10m])) WITHOUT (instance, resource)) / 1e+06 \\u003e 1\",\"for\":\"2m\",\"labels\":{\"severity\":\"warning\"}}]},{\"name\":\"RabbitmqExporter\",\"rules\":[{\"alert\":\"Prod-RabbitmqNodeDown\",\"annotations\":{\"description\":\"Less than 3 nodes running in RabbitMQ cluster\\n  VALUE = {{ $value }}\",\"summary\":\"RabbitMQ node down (instance {{ $labels.instance }})\"},\"expr\":\"sum(rabbitmq_build_info) \\u003c 3\",\"for\":\"0m\",\"labels\":{\"severity\":\"critical\"}},{\"alert\":\"Prod-RabbitmqNodeNotDistributed\",\"annotations\":{\"description\":\"Distribution link state is not 'up'\\n  VALUE = {{ $value }}\",\"summary\":\"RabbitMQ node not distributed (instance {{ $labels.instance }})\"},\"expr\":\"erlang_vm_dist_node_state \\u003c 3\",\"for\":\"0m\",\"labels\":{\"severity\":\"critical\"}},{\"alert\":\"Prod-RabbitmqInstancesDifferentVersions\",\"annotations\":{\"description\":\"Running different version of RabbitMQ in the same cluster, can lead to failure.\\n  VALUE = {{ $value }}\",\"summary\":\"RabbitMQ instances different versions (instance {{ $labels.instance }})\"},\"expr\":\"count(count(rabbitmq_build_info) by (rabbitmq_version)) \\u003e 1\",\"for\":\"1h\",\"labels\":{\"severity\":\"warning\"}},{\"alert\":\"Prod-RabbitmqMemoryHigh\",\"annotations\":{\"description\":\"A node use more than 90% of allocated RAM\\n  VALUE = {{ $value }}\",\"summary\":\"RabbitMQ memory high (instance {{ $labels.instance }})\"},\"expr\":\"rabbitmq_process_resident_memory_bytes / rabbitmq_resident_memory_limit_bytes * 100 \\u003e 90\",\"for\":\"2m\",\"labels\":{\"severity\":\"warning\"}},{\"alert\":\"Prod-RabbitmqFileDescriptorsUsage\",\"annotations\":{\"description\":\"A node use more than 90% of file descriptors\\n  VALUE = {{ $value }}\",\"summary\":\"RabbitMQ file descriptors usage (instance {{ $labels.instance }})\"},\"expr\":\"rabbitmq_process_open_fds / rabbitmq_process_max_fds * 100 \\u003e 90\",\"for\":\"2m\",\"labels\":{\"severity\":\"warning\"}},{\"alert\":\"Prod-RabbitmqTooManyUnackMessages\",\"annotations\":{\"description\":\"Too many unacknowledged messages\\n  VALUE = {{ $value }}\",\"summary\":\"RabbitMQ too many unack messages (instance {{ $labels.instance }})\"},\"expr\":\"sum(rabbitmq_queue_messages_unacked) BY (queue) \\u003e 1000\",\"for\":\"1m\",\"labels\":{\"severity\":\"warning\"}},{\"alert\":\"Prod-RabbitmqTooManyConnections\",\"annotations\":{\"description\":\"The total connections of a node is too high\\n  VALUE = {{ $value }}\",\"summary\":\"RabbitMQ too many connections (instance {{ $labels.instance }})\"},\"expr\":\"rabbitmq_connections \\u003e 1000\",\"for\":\"2m\",\"labels\":{\"severity\":\"warning\"}},{\"alert\":\"Prod-RabbitmqUnroutableMessages\",\"annotations\":{\"description\":\"A queue has unroutable messages\\n  VALUE = {{ $value }}\",\"summary\":\"RabbitMQ unroutable messages (instance {{ $labels.instance }})\"},\"expr\":\"increase(rabbitmq_channel_messages_unroutable_returned_total[1m]) \\u003e 0 or increase(rabbitmq_channel_messages_unroutable_dropped_total[1m]) \\u003e 0\",\"for\":\"2m\",\"labels\":{\"severity\":\"warning\"}}]},{\"name\":\"Blackbox rules\",\"rules\":[{\"alert\":\"Prod-SSLCertExpiringSoon\",\"annotations\":{\"description\":\"30 Day !!! TLS certificate will expire in {{ $value | humanizeDuration }} (instance {{ $labels.instance }})\"},\"expr\":\"probe_ssl_earliest_cert_expiry - time() \\u003c 86400 * 30\",\"for\":\"1m\",\"labels\":{\"severity\":\"warning\",\"uid\":\"blackbox\"}},{\"alert\":\"Prod-EndpointDown\",\"annotations\":{\"summary\":\"Endpoint {{ $labels.instance }} down\"},\"expr\":\"probe_success == 0\",\"for\":\"10m\",\"labels\":{\"severity\":\"critical\",\"uid\":\"blackbox\"}}]}]}}}",
                "version": "25.28.0"
              }
            ],
            "name": "prometheus",
            "namespace": "prometheus",
            "pass_credentials": false,
            "postrender": [],
            "recreate_pods": false,
            "render_subchart_notes": true,
            "replace": false,
            "repository": "https://prometheus-community.github.io/helm-charts",
            "repository_ca_file": null,
            "repository_cert_file": null,
            "repository_key_file": null,
            "repository_password": null,
            "repository_username": null,
            "reset_values": false,
            "reuse_values": false,
            "set": [],
            "set_list": [],
            "set_sensitive": [],
            "skip_crds": false,
            "status": "deployed",
            "timeout": 300,
            "upgrade_install": null,
            "values": [
              "\"alertmanager\":\n  \"config\":\n    \"global\":\n      \"resolve_timeout\": \"5m\"\n    \"receivers\":\n    - \"name\": \"slack-network\"\n      \"slack_configs\":\n      - \"actions\":\n        - \"name\": \"dashboardbutton\"\n          \"text\": \"Dashboard :grafana:\"\n          \"type\": \"button\"\n          \"url\": \"https://grafana.hostart.az/d/{{ .CommonLabels.uid }}\"\n        - \"name\": \"mutebutton\"\n          \"text\": \"Silence :no_bell:\"\n          \"type\": \"button\"\n          \"url\": \"{{ template \\\"__alert_silence_link\\\" . }}\"\n        \"api_url\": \"https://hooks.slack.com/services/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\"\n        \"channel\": \"network-notifications\"\n        \"send_resolved\": true\n        \"text\": \"{{ range .Alerts -}}\\r\\n*Severity:* {{ .Annotations.title }}{{ if\n          .Labels.severity }} - `{{ .Labels.severity }}`{{ end }}\\r\\n*Summary:* {{\n          .Annotations.summary }}\\r\\n*Description:* {{ .Annotations.description }}\\r\\n\\r\\n{{\n          end }}\\r\\n\"\n        \"title\": \"{{ define \\\"__alert_severity_prefix_title\\\" -}}\\r\\n    {{ if ne\n          .Status \\\"firing\\\" -}}\\r\\n    :white_check_mark:\\r\\n    {{- else if eq .CommonLabels.severity\n          \\\"critical\\\" -}}\\r\\n    :fire:\\r\\n    {{- else if eq .CommonLabels.severity\n          \\\"warning\\\" -}}\\r\\n    :warning:\\r\\n    {{- else if eq .CommonLabels.severity\n          \\\"info\\\" -}}\\r\\n    :information_source:\\r\\n    {{- else -}}\\r\\n    :question:\\r\\n\n          \\   {{- end }}\\r\\n{{- end }}\\r\\n{{ template \\\"__alert_severity_prefix_title\\\"\n          . }} [{{ .Status | toUpper }}{{ if eq .Status \\\"firing\\\" }} x {{ .Alerts.Firing\n          | len }}{{ end }}] {{ .CommonLabels.alertname }}\\r\\n\"\n    - \"name\": \"slack-host\"\n      \"slack_configs\":\n      - \"actions\":\n        - \"name\": \"dashboardbutton\"\n          \"text\": \"Dashboard :grafana:\"\n          \"type\": \"button\"\n          \"url\": \"https://grafana.hostart.az/d/{{ .CommonLabels.uid }}\"\n        - \"name\": \"mutebutton\"\n          \"text\": \"Silence :no_bell:\"\n          \"type\": \"button\"\n          \"url\": \"{{ template \\\"__alert_silence_link\\\" . }}\"\n        \"api_url\": \"https://hooks.slack.com/services/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\"\n        \"channel\": \"hostart-notifications\"\n        \"send_resolved\": true\n        \"text\": \"{{ range .Alerts -}}\\r\\n*Severity:* {{ .Annotations.title }}{{ if\n          .Labels.severity }} - `{{ .Labels.severity }}`{{ end }}\\r\\n*Summary:* {{\n          .Annotations.summary }}\\r\\n*Description:* {{ .Annotations.description }}\\r\\n\\r\\n{{\n          end }}\\r\\n\"\n        \"title\": \"{{ define \\\"__alert_severity_prefix_title\\\" -}}\\r\\n    {{ if ne\n          .Status \\\"firing\\\" -}}\\r\\n    :white_check_mark:\\r\\n    {{- else if eq .CommonLabels.severity\n          \\\"critical\\\" -}}\\r\\n    :fire:\\r\\n    {{- else if eq .CommonLabels.severity\n          \\\"warning\\\" -}}\\r\\n    :warning:\\r\\n    {{- else if eq .CommonLabels.severity\n          \\\"info\\\" -}}\\r\\n    :information_source:\\r\\n    {{- else -}}\\r\\n    :question:\\r\\n\n          \\   {{- end }}\\r\\n{{- end }}\\r\\n{{ template \\\"__alert_severity_prefix_title\\\"\n          . }} [{{ .Status | toUpper }}{{ if eq .Status \\\"firing\\\" }} x {{ .Alerts.Firing\n          | len }}{{ end }}] {{ .CommonLabels.alertname }}\\r\\n\"\n    \"route\":\n      \"group_by\":\n      - \"alertname\"\n      \"receiver\": \"slack-host\"\n      \"repeat_interval\": \"12h\"\n      \"routes\":\n      - \"continue\": true\n        \"group_wait\": \"10s\"\n        \"matchers\":\n        - \"type=~junos|mikrotik|cisco\"\n        \"receiver\": \"slack-network\"\n        \"repeat_interval\": \"4h\"\n      - \"continue\": true\n        \"group_wait\": \"10s\"\n        \"matchers\":\n        - \"type=~snapshot|vm|kubernetes|host|hpe-ilo|uptimekuma\"\n        \"receiver\": \"slack-host\"\n        \"repeat_interval\": \"4h\"\n    \"templates\":\n    - \"/etc/alertmanager/*.tmpl\"\n    - \"/tmp/*.tmpl\"\n  \"enabled\": true\n  \"extraSecretMounts\":\n  - \"mountPath\": \"/tmp/\"\n    \"name\": \"slack-template\"\n    \"secretName\": \"slack-template\"\n  \"ingress\":\n    \"annotations\":\n      \"cert-manager.io/cluster-issuer\": \"cluster-ca-issuer\"\n      \"nginx.ingress.kubernetes.io/auth-secret\": \"basic-auth\"\n      \"nginx.ingress.kubernetes.io/auth-type\": \"basic\"\n    \"className\": \"nginx\"\n    \"enabled\": true\n    \"hosts\":\n    - \"host\": \"alertmanager.hostart.az\"\n      \"paths\":\n      - \"path\": \"/\"\n        \"pathType\": \"ImplementationSpecific\"\n    \"labels\":\n      \"kubernetes.io/environment\": \"prod\"\n      \"kubernetes.io/managed-by\": \"Terraform\"\n      \"kubernetes.io/owner\": \"Devops\"\n    \"tls\":\n    - \"hosts\":\n      - \"alertmanager.hostart.az\"\n      \"secretName\": \"alertmanager-tls\"\n\"extraScrapeConfigs\": \"- job_name: git-exporter\\r\\n  static_configs:\\r\\n    - targets:\\r\\n\n  \\       - 10.100.104.70:9100\\r\\n        - 10.100.104.3:9100\\r\\n- job_name: blackbox\\r\\n\n  \\ scrape_interval: 30s\\r\\n  metrics_path: /probe\\r\\n  params:\\r\\n    module: [http_2xx]\n  # Look for a HTTP 200 response.\\r\\n  static_configs:\\r\\n    - targets:\\r\\n        -\n  https://gitlab.hostart.az\\r\\n  relabel_configs:\\r\\n    - source_labels: [__address__]\\r\\n\n  \\     target_label: __param_target\\r\\n    - source_labels: [__param_target]\\r\\n\n  \\     target_label: instance\\r\\n    - target_label: __address__\\r\\n      replacement:\n  prometheus-community-prometheus-blackbox-exporter:9115  # blackbox\\r\\n    - source_labels:\n  [ __meta_dns_name ]\\r\\n      target_label: __param_hostname  # Make domain name\n  become 'Host' header for probe requests\\r\\n    - source_labels: [ __meta_dns_name\n  ]\\r\\n      target_label: vhost  # and store it in 'vhost' label\\r\\n\"\n\"server\":\n  \"ingress\":\n    \"annotations\":\n      \"cert-manager.io/cluster-issuer\": \"cluster-ca-issuer\"\n      \"cert-manager.io/common-name\": \"prometheus.hostart.az\"\n      \"cert-manager.io/subject-organization\": \"hostart.az\"\n      \"nginx.ingress.kubernetes.io/auth-secret\": \"basic-auth\"\n      \"nginx.ingress.kubernetes.io/auth-type\": \"basic\"\n      \"nginx.ingress.kubernetes.io/backend-protocol\": \"HTTP\"\n      \"nginx.ingress.kubernetes.io/force-ssl-redirect\": \"true\"\n    \"enabled\": true\n    \"hosts\":\n    - \"prometheus.hostart.az\"\n    \"tls\":\n    - \"hosts\":\n      - \"prometheus.hostart.az\"\n      \"secretName\": \"prometheus-tls\"\n  \"persistentVolume\":\n    \"enabled\": true\n    \"size\": \"10Gi\"\n    \"storageClass\": \"longhorn\"\n  \"retention\": \"30d\"\n  \"retentionSize\": \"7GB\"\n\"serverFiles\":\n  \"alerting_rules.yml\":\n    \"groups\":\n    - \"name\": \"EmbeddedExporter\"\n      \"rules\":\n      - \"alert\": \"Prod-PrometheusJobMissing\"\n        \"annotations\":\n          \"description\": |-\n            A Prometheus job has disappeared\n              VALUE = {{ $value }}\n          \"summary\": \"Prometheus job missing (instance {{ $labels.instance }})\"\n        \"expr\": \"absent(up{job=\\\"prometheus\\\"})\"\n        \"for\": \"0m\"\n        \"labels\":\n          \"severity\": \"warning\"\n      - \"alert\": \"Prod-PrometheusTargetMissing\"\n        \"annotations\":\n          \"description\": |-\n            A Prometheus target has disappeared. An exporter might be crashed.\n              VALUE = {{ $value }}\n          \"summary\": \"Prometheus target missing (instance - {{ $labels.instance }}\n            | {{ $labels.namespace }}/{{ $labels.pod }})\"\n        \"expr\": \"up == 0\"\n        \"for\": \"1m\"\n        \"labels\":\n          \"severity\": \"critical\"\n      - \"alert\": \"Prod-PrometheusAllTargetsMissing\"\n        \"annotations\":\n          \"description\": |-\n            A Prometheus job does not have living target anymore.\n              VALUE = {{ $value }}\n          \"summary\": \"Prometheus all targets missing (instance {{ $labels.instance\n            }})\"\n        \"expr\": \"sum by (job) (up) == 0\"\n        \"for\": \"1m\"\n        \"labels\":\n          \"severity\": \"critical\"\n      - \"alert\": \"Prod-PrometheusTargetMissingWithWarmupTime\"\n        \"annotations\":\n          \"description\": |-\n            Allow a job time to start up (10 minutes) before alerting that it's down.\n              VALUE = {{ $value }}\n          \"summary\": \"Prometheus target missing with warmup time (instance {{ $labels.instance\n            }})\"\n        \"expr\": \"sum by (instance, job) ((up == 0) * on (instance) group_right(job)\n          (node_time_seconds - node_boot_time_seconds \u003e 600))\"\n        \"for\": \"0m\"\n        \"labels\":\n          \"severity\": \"critical\"\n      - \"alert\": \"Prod-PrometheusConfigurationReloadFailure\"\n        \"annotations\":\n          \"description\": |-\n            Prometheus configuration reload error\n              VALUE = {{ $value }}\n          \"summary\": \"Prometheus configuration reload failure (instance {{ $labels.instance\n            }})\"\n        \"expr\": \"prometheus_config_last_reload_successful != 1\"\n        \"for\": \"0m\"\n        \"labels\":\n          \"severity\": \"warning\"\n      - \"alert\": \"Prod-PrometheusTooManyRestarts\"\n        \"annotations\":\n          \"description\": |-\n            Prometheus has restarted more than twice in the last 15 minutes. It might be crashlooping.\n              VALUE = {{ $value }}\n          \"summary\": \"Prometheus too many restarts (instance {{ $labels.instance }})\"\n        \"expr\": \"changes(process_start_time_seconds{job=~\\\"prometheus|pushgateway|alertmanager\\\"}[15m])\n          \u003e 2\"\n        \"for\": \"0m\"\n        \"labels\":\n          \"severity\": \"warning\"\n      - \"alert\": \"Prod-PrometheusAlertmanagerConfigurationReloadFailure\"\n        \"annotations\":\n          \"description\": |-\n            AlertManager configuration reload error\n              VALUE = {{ $value }}\n          \"summary\": \"Prometheus AlertManager configuration reload failure (instance\n            {{ $labels.instance }})\"\n        \"expr\": \"alertmanager_config_last_reload_successful != 1\"\n        \"for\": \"0m\"\n        \"labels\":\n          \"severity\": \"warning\"\n      - \"alert\": \"Prod-PrometheusAlertmanagerConfigNotSynced\"\n        \"annotations\":\n          \"description\": |-\n            Configurations of AlertManager cluster instances are out of sync\n              VALUE = {{ $value }}\n          \"summary\": \"Prometheus AlertManager config not synced (instance {{ $labels.instance\n            }})\"\n        \"expr\": \"count(count_values(\\\"config_hash\\\", alertmanager_config_hash)) \u003e\n          1\"\n        \"for\": \"0m\"\n        \"labels\":\n          \"severity\": \"warning\"\n      - \"alert\": \"Prod-PrometheusNotConnectedToAlertmanager\"\n        \"annotations\":\n          \"description\": |-\n            Prometheus cannot connect the alertmanager\n              VALUE = {{ $value }}\n          \"summary\": \"Prometheus not connected to alertmanager (instance {{ $labels.instance\n            }})\"\n        \"expr\": \"prometheus_notifications_alertmanagers_discovered \u003c 1\"\n        \"for\": \"0m\"\n        \"labels\":\n          \"severity\": \"critical\"\n      - \"alert\": \"Prod-PrometheusRuleEvaluationFailures\"\n        \"annotations\":\n          \"description\": |-\n            Prometheus encountered {{ $value }} rule evaluation failures, leading to potentially ignored alerts.\n              VALUE = {{ $value }}\n          \"summary\": \"Prometheus rule evaluation failures (instance {{ $labels.instance\n            }})\"\n        \"expr\": \"increase(prometheus_rule_evaluation_failures_total[3m]) \u003e 0\"\n        \"for\": \"0m\"\n        \"labels\":\n          \"severity\": \"critical\"\n      - \"alert\": \"Prod-PrometheusTemplateTextExpansionFailures\"\n        \"annotations\":\n          \"description\": |-\n            Prometheus encountered {{ $value }} template text expansion failures\n              VALUE = {{ $value }}\n          \"summary\": \"Prometheus template text expansion failures (instance {{ $labels.instance\n            }})\"\n        \"expr\": \"increase(prometheus_template_text_expansion_failures_total[3m]) \u003e\n          0\"\n        \"for\": \"0m\"\n        \"labels\":\n          \"severity\": \"critical\"\n      - \"alert\": \"Prod-PrometheusRuleEvaluationSlow\"\n        \"annotations\":\n          \"description\": |-\n            Prometheus rule evaluation took more time than the scheduled interval. It indicates a slower storage backend access or too complex query.\n              VALUE = {{ $value }}\n          \"summary\": \"Prometheus rule evaluation slow (instance {{ $labels.instance\n            }})\"\n        \"expr\": \"prometheus_rule_group_last_duration_seconds \u003e prometheus_rule_group_interval_seconds\"\n        \"for\": \"5m\"\n        \"labels\":\n          \"severity\": \"warning\"\n      - \"alert\": \"Prod-PrometheusNotificationsBacklog\"\n        \"annotations\":\n          \"description\": |-\n            The Prometheus notification queue has not been empty for 10 minutes\n              VALUE = {{ $value }}\n          \"summary\": \"Prometheus notifications backlog (instance {{ $labels.instance\n            }})\"\n        \"expr\": \"min_over_time(prometheus_notifications_queue_length[10m]) \u003e 0\"\n        \"for\": \"0m\"\n        \"labels\":\n          \"severity\": \"warning\"\n      - \"alert\": \"Prod-PrometheusAlertmanagerNotificationFailing\"\n        \"annotations\":\n          \"description\": |-\n            Alertmanager is failing sending notifications\n              VALUE = {{ $value }}\n          \"summary\": \"Prometheus AlertManager notification failing (instance {{ $labels.instance\n            }})\"\n        \"expr\": \"rate(alertmanager_notifications_failed_total[1m]) \u003e 0\"\n        \"for\": \"0m\"\n        \"labels\":\n          \"severity\": \"critical\"\n      - \"alert\": \"Prod-PrometheusTargetEmpty\"\n        \"annotations\":\n          \"description\": |-\n            Prometheus has no target in service discovery\n              VALUE = {{ $value }}\n          \"summary\": \"Prometheus target empty (instance {{ $labels.instance }})\"\n        \"expr\": \"prometheus_sd_discovered_targets == 0\"\n        \"for\": \"0m\"\n        \"labels\":\n          \"severity\": \"critical\"\n      - \"alert\": \"Prod-PrometheusTargetScrapingSlow\"\n        \"annotations\":\n          \"description\": |-\n            Prometheus is scraping exporters slowly since it exceeded the requested interval time. Your Prometheus server is under-provisioned.\n              VALUE = {{ $value }}\n          \"summary\": \"Prometheus target scraping slow (instance {{ $labels.instance\n            }})\"\n        \"expr\": \"prometheus_target_interval_length_seconds{quantile=\\\"0.9\\\"} / on\n          (interval, instance, job) prometheus_target_interval_length_seconds{quantile=\\\"0.5\\\"}\n          \u003e 1.05\"\n        \"for\": \"5m\"\n        \"labels\":\n          \"severity\": \"warning\"\n      - \"alert\": \"Prod-PrometheusLargeScrape\"\n        \"annotations\":\n          \"description\": |-\n            Prometheus has many scrapes that exceed the sample limit\n              VALUE = {{ $value }}\n          \"summary\": \"Prometheus large scrape (instance {{ $labels.instance }})\"\n        \"expr\": \"increase(prometheus_target_scrapes_exceeded_sample_limit_total[10m])\n          \u003e 10\"\n        \"for\": \"5m\"\n        \"labels\":\n          \"severity\": \"warning\"\n      - \"alert\": \"Prod-PrometheusTargetScrapeDuplicate\"\n        \"annotations\":\n          \"description\": |-\n            Prometheus has many samples rejected due to duplicate timestamps but different values\n              VALUE = {{ $value }}\n          \"summary\": \"Prometheus target scrape duplicate (instance {{ $labels.instance\n            }})\"\n        \"expr\": \"increase(prometheus_target_scrapes_sample_duplicate_timestamp_total[5m])\n          \u003e 0\"\n        \"for\": \"0m\"\n        \"labels\":\n          \"severity\": \"warning\"\n      - \"alert\": \"Prod-PrometheusTsdbCheckpointCreationFailures\"\n        \"annotations\":\n          \"description\": |-\n            Prometheus encountered {{ $value }} checkpoint creation failures\n              VALUE = {{ $value }}\n          \"summary\": \"Prometheus TSDB checkpoint creation failures (instance {{ $labels.instance\n            }})\"\n        \"expr\": \"increase(prometheus_tsdb_checkpoint_creations_failed_total[1m]) \u003e\n          0\"\n        \"for\": \"0m\"\n        \"labels\":\n          \"severity\": \"critical\"\n      - \"alert\": \"Prod-PrometheusTsdbCheckpointDeletionFailures\"\n        \"annotations\":\n          \"description\": |-\n            Prometheus encountered {{ $value }} checkpoint deletion failures\n              VALUE = {{ $value }}\n          \"summary\": \"Prometheus TSDB checkpoint deletion failures (instance {{ $labels.instance\n            }})\"\n        \"expr\": \"increase(prometheus_tsdb_checkpoint_deletions_failed_total[1m]) \u003e\n          0\"\n        \"for\": \"0m\"\n        \"labels\":\n          \"severity\": \"critical\"\n      - \"alert\": \"Prod-PrometheusTsdbCompactionsFailed\"\n        \"annotations\":\n          \"description\": |-\n            Prometheus encountered {{ $value }} TSDB compactions failures\n              VALUE = {{ $value }}\n          \"summary\": \"Prometheus TSDB compactions failed (instance {{ $labels.instance\n            }})\"\n        \"expr\": \"increase(prometheus_tsdb_compactions_failed_total[1m]) \u003e 0\"\n        \"for\": \"0m\"\n        \"labels\":\n          \"severity\": \"critical\"\n      - \"alert\": \"Prod-PrometheusTsdbHeadTruncationsFailed\"\n        \"annotations\":\n          \"description\": |-\n            Prometheus encountered {{ $value }} TSDB head truncation failures\n              VALUE = {{ $value }}\n          \"summary\": \"Prometheus TSDB head truncations failed (instance {{ $labels.instance\n            }})\"\n        \"expr\": \"increase(prometheus_tsdb_head_truncations_failed_total[1m]) \u003e 0\"\n        \"for\": \"0m\"\n        \"labels\":\n          \"severity\": \"critical\"\n      - \"alert\": \"Prod-PrometheusTsdbReloadFailures\"\n        \"annotations\":\n          \"description\": |-\n            Prometheus encountered {{ $value }} TSDB reload failures\n              VALUE = {{ $value }}\n          \"summary\": \"Prometheus TSDB reload failures (instance {{ $labels.instance\n            }})\"\n        \"expr\": \"increase(prometheus_tsdb_reloads_failures_total[1m]) \u003e 0\"\n        \"for\": \"0m\"\n        \"labels\":\n          \"severity\": \"critical\"\n      - \"alert\": \"Prod-PrometheusTsdbWalCorruptions\"\n        \"annotations\":\n          \"description\": |-\n            Prometheus encountered {{ $value }} TSDB WAL corruptions\n              VALUE = {{ $value }}\n          \"summary\": \"Prometheus TSDB WAL corruptions (instance {{ $labels.instance\n            }})\"\n        \"expr\": \"increase(prometheus_tsdb_wal_corruptions_total[1m]) \u003e 0\"\n        \"for\": \"0m\"\n        \"labels\":\n          \"severity\": \"critical\"\n      - \"alert\": \"Prod-PrometheusTsdbWalTruncationsFailed\"\n        \"annotations\":\n          \"description\": |-\n            Prometheus encountered {{ $value }} TSDB WAL truncation failures\n              VALUE = {{ $value }}\n          \"summary\": \"Prometheus TSDB WAL truncations failed (instance {{ $labels.instance\n            }})\"\n        \"expr\": \"increase(prometheus_tsdb_wal_truncations_failed_total[1m]) \u003e 0\"\n        \"for\": \"0m\"\n        \"labels\":\n          \"severity\": \"critical\"\n    - \"name\": \"NodeExporter\"\n      \"rules\":\n      - \"alert\": \"Prod-HostOutOfMemory\"\n        \"annotations\":\n          \"description\": |-\n            Node memory is filling up (\u003c 10% left)\n              VALUE = {{ $value }}\n          \"summary\": \"Host out of memory (instance {{ $labels.instance }})\"\n        \"expr\": \"(node_memory_MemAvailable_bytes / node_memory_MemTotal_bytes * 100\n          \u003c 10) * on(instance) group_left (nodename) node_uname_info{nodename=~\\\".+\\\"}\"\n        \"for\": \"2m\"\n        \"labels\":\n          \"severity\": \"warning\"\n      - \"alert\": \"Prod-HostMemoryUnderMemoryPressure\"\n        \"annotations\":\n          \"description\": |-\n            The node is under heavy memory pressure. High rate of major page faults\n              VALUE = {{ $value }}\n          \"summary\": \"Host memory under memory pressure (instance {{ $labels.instance\n            }})\"\n        \"expr\": \"(rate(node_vmstat_pgmajfault[1m]) \u003e 1000) * on(instance) group_left\n          (nodename) node_uname_info{nodename=~\\\".+\\\"}\"\n        \"for\": \"2m\"\n        \"labels\":\n          \"severity\": \"warning\"\n      - \"alert\": \"Prod-HostUnusualNetworkThroughputIn\"\n        \"annotations\":\n          \"description\": |-\n            Host network interfaces are probably receiving too much data (\u003e 100 MB/s)\n              VALUE = {{ $value }}\n          \"summary\": \"Host unusual network throughput in (instance {{ $labels.instance\n            }})\"\n        \"expr\": \"(sum by (instance) (rate(node_network_receive_bytes_total[2m])) /\n          1024 / 1024 \u003e 100) * on(instance) group_left (nodename) node_uname_info{nodename=~\\\".+\\\"}\"\n        \"for\": \"5m\"\n        \"labels\":\n          \"severity\": \"warning\"\n      - \"alert\": \"Prod-HostUnusualNetworkThroughputOut\"\n        \"annotations\":\n          \"description\": |-\n            Host network interfaces are probably sending too much data (\u003e 100 MB/s)\n              VALUE = {{ $value }}\n          \"summary\": \"Host unusual network throughput out (instance {{ $labels.instance\n            }})\"\n        \"expr\": \"(sum by (instance) (rate(node_network_transmit_bytes_total[2m]))\n          / 1024 / 1024 \u003e 100) * on(instance) group_left (nodename) node_uname_info{nodename=~\\\".+\\\"}\"\n        \"for\": \"5m\"\n        \"labels\":\n          \"severity\": \"warning\"\n      - \"alert\": \"Prod-HostUnusualDiskReadRate\"\n        \"annotations\":\n          \"description\": |-\n            Disk is probably reading too much data (\u003e 100 MB/s)\n              VALUE = {{ $value }}\n          \"summary\": \"Host unusual disk read rate (instance {{ $labels.instance }})\"\n        \"expr\": \"(sum by (instance) (rate(node_disk_read_bytes_total[2m])) / 1024\n          / 1024 \u003e 100) * on(instance) group_left (nodename) node_uname_info{nodename=~\\\".+\\\"}\"\n        \"for\": \"5m\"\n        \"labels\":\n          \"severity\": \"warning\"\n      - \"alert\": \"Prod-HostUnusualDiskWriteRate\"\n        \"annotations\":\n          \"description\": |-\n            Disk is probably writing too much data (\u003e 100 MB/s)\n              VALUE = {{ $value }}\n          \"summary\": \"Host unusual disk write rate (instance {{ $labels.instance }})\"\n        \"expr\": \"(sum by (instance) (rate(node_disk_written_bytes_total[2m])) / 1024\n          / 1024 \u003e 100) * on(instance) group_left (nodename) node_uname_info{nodename=~\\\".+\\\"}\"\n        \"for\": \"2m\"\n        \"labels\":\n          \"severity\": \"warning\"\n      - \"alert\": \"Prod-HostOutOfDiskSpace\"\n        \"annotations\":\n          \"description\": |-\n            Disk is almost full (\u003c 10% left)\n              VALUE = {{ $value }}\n          \"summary\": \"Host out of disk space (instance {{ $labels.instance }})\"\n        \"expr\": \"((node_filesystem_avail_bytes * 100) / node_filesystem_size_bytes\n          \u003c 10 and ON (instance, device, mountpoint) node_filesystem_readonly == 0)\n          * on(instance) group_left (nodename) node_uname_info{nodename=~\\\".+\\\"}\"\n        \"for\": \"2m\"\n        \"labels\":\n          \"severity\": \"critical\"\n      - \"alert\": \"Prod-HostOutOfDiskSpace\"\n        \"annotations\":\n          \"description\": |-\n            Disk is almost full (\u003c 20% left)\n              VALUE = {{ $value }}\n          \"summary\": \"Host out of disk space (instance {{ $labels.instance }})\"\n        \"expr\": \"((node_filesystem_avail_bytes * 100) / node_filesystem_size_bytes\n          \u003c 20 and ON (instance, device, mountpoint) node_filesystem_readonly == 0)\n          * on(instance) group_left (nodename) node_uname_info{nodename=~\\\".+\\\"}\"\n        \"for\": \"2m\"\n        \"labels\":\n          \"severity\": \"warning\"\n      - \"alert\": \"Prod-HostDiskWillFillIn24Hours\"\n        \"annotations\":\n          \"description\": |-\n            Filesystem is predicted to run out of space within the next 24 hours at current write rate\n              VALUE = {{ $value }}\n          \"summary\": \"Host disk will fill in 24 hours (instance {{ $labels.instance\n            }})\"\n        \"expr\": \"((node_filesystem_avail_bytes * 100) / node_filesystem_size_bytes\n          \u003c 10 and ON (instance, device, mountpoint) predict_linear(node_filesystem_avail_bytes{fstype!~\\\"tmpfs\\\"}[1h],\n          24 * 3600) \u003c 0 and ON (instance, device, mountpoint) node_filesystem_readonly\n          == 0) * on(instance) group_left (nodename) node_uname_info{nodename=~\\\".+\\\"}\"\n        \"for\": \"2m\"\n        \"labels\":\n          \"severity\": \"warning\"\n      - \"alert\": \"Prod-HostOutOfInodes\"\n        \"annotations\":\n          \"description\": |-\n            Disk is almost running out of available inodes (\u003c 10% left)\n              VALUE = {{ $value }}\n          \"summary\": \"Host out of inodes (instance {{ $labels.instance }})\"\n        \"expr\": \"(node_filesystem_files_free / node_filesystem_files * 100 \u003c 10 and\n          ON (instance, device, mountpoint) node_filesystem_readonly == 0) * on(instance)\n          group_left (nodename) node_uname_info{nodename=~\\\".+\\\"}\"\n        \"for\": \"2m\"\n        \"labels\":\n          \"severity\": \"warning\"\n      - \"alert\": \"Prod-HostInodesWillFillIn24Hours\"\n        \"annotations\":\n          \"description\": |-\n            Filesystem is predicted to run out of inodes within the next 24 hours at current write rate\n              VALUE = {{ $value }}\n          \"summary\": \"Host inodes will fill in 24 hours (instance {{ $labels.instance\n            }})\"\n        \"expr\": \"(node_filesystem_files_free / node_filesystem_files * 100 \u003c 10 and\n          predict_linear(node_filesystem_files_free[1h], 24 * 3600) \u003c 0 and ON (instance,\n          device, mountpoint) node_filesystem_readonly == 0) * on(instance) group_left\n          (nodename) node_uname_info{nodename=~\\\".+\\\"}\"\n        \"for\": \"2m\"\n        \"labels\":\n          \"severity\": \"warning\"\n      - \"alert\": \"Prod-HostUnusualDiskReadLatency\"\n        \"annotations\":\n          \"description\": |-\n            Disk latency is growing (read operations \u003e 100ms)\n              VALUE = {{ $value }}\n          \"summary\": \"Host unusual disk read latency (instance {{ $labels.instance\n            }})\"\n        \"expr\": \"(rate(node_disk_read_time_seconds_total[1m]) / rate(node_disk_reads_completed_total[1m])\n          \u003e 0.1 and rate(node_disk_reads_completed_total[1m]) \u003e 0) * on(instance)\n          group_left (nodename) node_uname_info{nodename=~\\\".+\\\"}\"\n        \"for\": \"2m\"\n        \"labels\":\n          \"severity\": \"warning\"\n      - \"alert\": \"Prod-HostUnusualDiskWriteLatency\"\n        \"annotations\":\n          \"description\": |-\n            Disk latency is growing (write operations \u003e 100ms)\n              VALUE = {{ $value }}\n          \"summary\": \"Host unusual disk write latency (instance {{ $labels.instance\n            }})\"\n        \"expr\": \"(rate(node_disk_write_time_seconds_total[1m]) / rate(node_disk_writes_completed_total[1m])\n          \u003e 0.1 and rate(node_disk_writes_completed_total[1m]) \u003e 0) * on(instance)\n          group_left (nodename) node_uname_info{nodename=~\\\".+\\\"}\"\n        \"for\": \"2m\"\n        \"labels\":\n          \"severity\": \"warning\"\n      - \"alert\": \"Prod-HostHighCpuLoad-W\"\n        \"annotations\":\n          \"description\": |-\n            CPU load is \u003e 70%\n              VALUE = {{ $value }}\n          \"summary\": \"Host high CPU load (instance {{ $labels.instance }})\"\n        \"expr\": \"(sum by (instance) (avg by (mode, instance) (rate(node_cpu_seconds_total{mode!=\\\"idle\\\"}[2m])))\n          \u003e 0.7) * on(instance) group_left (nodename) node_uname_info{nodename=~\\\".+\\\"}\"\n        \"for\": \"1m\"\n        \"labels\":\n          \"severity\": \"warning\"\n      - \"alert\": \"Prod-HostHighCpuLoad-E\"\n        \"annotations\":\n          \"description\": |-\n            CPU load is \u003e 80%\n              VALUE = {{ $value }}\n          \"summary\": \"Host high CPU load (instance {{ $labels.instance }})\"\n        \"expr\": \"(sum by (instance) (avg by (mode, instance) (rate(node_cpu_seconds_total{mode!=\\\"idle\\\"}[2m])))\n          \u003e 0.8) * on(instance) group_left (nodename) node_uname_info{nodename=~\\\".+\\\"}\"\n        \"for\": \"1m\"\n        \"labels\":\n          \"severity\": \"warning\"\n      - \"alert\": \"Prod-HostHighCpuLoad-C\"\n        \"annotations\":\n          \"description\": |-\n            CPU load is \u003e 90%\n              VALUE = {{ $value }}\n          \"summary\": \"Host high CPU load (instance {{ $labels.instance }})\"\n        \"expr\": \"(sum by (instance) (avg by (mode, instance) (rate(node_cpu_seconds_total{mode!=\\\"idle\\\"}[2m])))\n          \u003e 0.9) * on(instance) group_left (nodename) node_uname_info{nodename=~\\\".+\\\"}\"\n        \"for\": \"1m\"\n        \"labels\":\n          \"severity\": \"warning\"\n      - \"alert\": \"Prod-HostCpuStealNoisyNeighbor\"\n        \"annotations\":\n          \"description\": |-\n            CPU steal is \u003e 10%. A noisy neighbor is killing VM performances or a spot instance may be out of credit.\n              VALUE = {{ $value }}\n          \"summary\": \"Host CPU steal noisy neighbor (instance {{ $labels.nodename\n            }})\"\n        \"expr\": \"(avg by(instance) (rate(node_cpu_seconds_total{mode=\\\"steal\\\"}[5m]))\n          * 100 \u003e 10) * on(instance) group_left (nodename) node_uname_info{nodename=~\\\".+\\\"}\"\n        \"for\": \"0m\"\n        \"labels\":\n          \"severity\": \"warning\"\n      - \"alert\": \"Prod-HostCpuHighIowait\"\n        \"annotations\":\n          \"description\": |-\n            CPU iowait \u003e 15%. A high iowait means that you are disk or network bound.\n              VALUE = {{ $value }}\n          \"summary\": \"Host CPU high iowait (instance {{ $labels.nodename }})\"\n        \"expr\": \"(avg by (instance) (rate(node_cpu_seconds_total{mode=\\\"iowait\\\"}[5m]))\n          * 100 \u003e 15) * on(instance) group_left (nodename) node_uname_info{nodename=~\\\".+\\\"}\"\n        \"for\": \"0m\"\n        \"labels\":\n          \"severity\": \"warning\"\n      - \"alert\": \"Prod-HostUnusualDiskIo\"\n        \"annotations\":\n          \"description\": |-\n            Time spent in IO is too high on {{ $labels.instance }}. Check storage for issues.\n              VALUE = {{ $value }}\n          \"summary\": \"Host unusual disk IO (instance {{ $labels.nodename }})\"\n        \"expr\": \"(rate(node_disk_io_time_seconds_total[1m]) \u003e 0.5) * on(instance)\n          group_left (nodename) node_uname_info{nodename=~\\\".+\\\"}\"\n        \"for\": \"5m\"\n        \"labels\":\n          \"severity\": \"warning\"\n      - \"alert\": \"Prod-HostContextSwitching\"\n        \"annotations\":\n          \"description\": |-\n            Context switching is growing on the node (\u003e 10000 / s)\n              VALUE = {{ $value }}\n          \"summary\": \"Host context switching (instance {{ $labels.nodename }})\"\n        \"expr\": \"((rate(node_context_switches_total[5m])) / (count without(cpu, mode)\n          (node_cpu_seconds_total{mode=\\\"idle\\\"})) \u003e 10000) * on(instance) group_left\n          (nodename) node_uname_info{nodename=~\\\".+\\\"}\"\n        \"for\": \"0m\"\n        \"labels\":\n          \"severity\": \"warning\"\n      - \"alert\": \"Prod-HostSwapIsFillingUp\"\n        \"annotations\":\n          \"description\": |-\n            Swap is filling up (\u003e80%)\n              VALUE = {{ $value }}\n          \"summary\": \"Host swap is filling up (instance {{ $labels.nodename }})\"\n        \"expr\": \"((1 - (node_memory_SwapFree_bytes / node_memory_SwapTotal_bytes))\n          * 100 \u003e 80) * on(instance) group_left (nodename) node_uname_info{nodename=~\\\".+\\\"}\"\n        \"for\": \"2m\"\n        \"labels\":\n          \"severity\": \"warning\"\n      - \"alert\": \"Prod-HostSystemdServiceCrashed\"\n        \"annotations\":\n          \"description\": |-\n            systemd service crashed\n              VALUE = {{ $value }}\n          \"summary\": \"Host systemd service crashed (instance {{ $labels.nodename }})\"\n        \"expr\": \"(node_systemd_unit_state{state=\\\"failed\\\"} == 1) * on(instance) group_left\n          (nodename) node_uname_info{nodename=~\\\".+\\\"}\"\n        \"for\": \"0m\"\n        \"labels\":\n          \"severity\": \"warning\"\n      - \"alert\": \"Prod-HostPhysicalComponentTooHot\"\n        \"annotations\":\n          \"description\": |-\n            Physical hardware component too hot\n              VALUE = {{ $value }}\n          \"summary\": \"Host physical component too hot (instance {{ $labels.nodename\n            }})\"\n        \"expr\": \"((node_hwmon_temp_celsius * ignoring(label) group_left(instance,\n          job, node, sensor) node_hwmon_sensor_label{label!=\\\"tctl\\\"} \u003e 75)) * on(instance)\n          group_left (nodename) node_uname_info{nodename=~\\\".+\\\"}\"\n        \"for\": \"5m\"\n        \"labels\":\n          \"severity\": \"warning\"\n      - \"alert\": \"Prod-HostNodeOvertemperatureAlarm\"\n        \"annotations\":\n          \"description\": |-\n            Physical node temperature alarm triggered\n              VALUE = {{ $value }}\n          \"summary\": \"Host node overtemperature alarm (instance {{ $labels.nodename\n            }})\"\n        \"expr\": \"(node_hwmon_temp_crit_alarm_celsius == 1) * on(instance) group_left\n          (nodename) node_uname_info{nodename=~\\\".+\\\"}\"\n        \"for\": \"0m\"\n        \"labels\":\n          \"severity\": \"critical\"\n      - \"alert\": \"Prod-HostRaidArrayGotInactive\"\n        \"annotations\":\n          \"description\": |-\n            RAID array {{ $labels.device }} is in a degraded state due to one or more disk failures. The number of spare drives is insufficient to fix the issue automatically.\n              VALUE = {{ $value }}\n          \"summary\": \"Host RAID array got inactive (instance {{ $labels.nodename }})\"\n        \"expr\": \"(node_md_state{state=\\\"inactive\\\"} \u003e 0) * on(instance) group_left\n          (nodename) node_uname_info{nodename=~\\\".+\\\"}\"\n        \"for\": \"0m\"\n        \"labels\":\n          \"severity\": \"critical\"\n      - \"alert\": \"Prod-HostRaidDiskFailure\"\n        \"annotations\":\n          \"description\": |-\n            At least one device in RAID array on {{ $labels.instance }} failed. Array {{ $labels.md_device }} needs attention and possibly a disk swap\n              VALUE = {{ $value }}\n          \"summary\": \"Host RAID disk failure (instance {{ $labels.nodename }})\"\n        \"expr\": \"(node_md_disks{state=\\\"failed\\\"} \u003e 0) * on(instance) group_left (nodename)\n          node_uname_info{nodename=~\\\".+\\\"}\"\n        \"for\": \"2m\"\n        \"labels\":\n          \"severity\": \"warning\"\n      - \"alert\": \"Prod-HostKernelVersionDeviations\"\n        \"annotations\":\n          \"description\": |-\n            Different kernel versions are running\n              VALUE = {{ $value }}\n          \"summary\": \"Host kernel version deviations (instance {{ $labels.nodename\n            }})\"\n        \"expr\": \"(count(sum(label_replace(node_uname_info, \\\"kernel\\\", \\\"$1\\\", \\\"release\\\",\n          \\\"([0-9]+.[0-9]+.[0-9]+).*\\\")) by (kernel)) \u003e 1) * on(instance) group_left\n          (nodename) node_uname_info{nodename=~\\\".+\\\"}\"\n        \"for\": \"6h\"\n        \"labels\":\n          \"severity\": \"warning\"\n      - \"alert\": \"Prod-HostOomKillDetected\"\n        \"annotations\":\n          \"description\": |-\n            OOM kill detected\n              VALUE = {{ $value }}\n          \"summary\": \"Host OOM kill detected (instance {{ $labels.nodename }})\"\n        \"expr\": \"(increase(node_vmstat_oom_kill[1m]) \u003e 0) * on(instance) group_left\n          (nodename) node_uname_info{nodename=~\\\".+\\\"}\"\n        \"for\": \"0m\"\n        \"labels\":\n          \"severity\": \"warning\"\n      - \"alert\": \"Prod-HostEdacCorrectableErrorsDetected\"\n        \"annotations\":\n          \"description\": |-\n            Host {{ $labels.instance }} has had {{ printf \"%.0f\" $value }} correctable memory errors reported by EDAC in the last 5 minutes.\n              VALUE = {{ $value }}\n          \"summary\": \"Host EDAC Correctable Errors detected (instance {{ $labels.nodename\n            }})\"\n        \"expr\": \"(increase(node_edac_correctable_errors_total[1m]) \u003e 0) * on(instance)\n          group_left (nodename) node_uname_info{nodename=~\\\".+\\\"}\"\n        \"for\": \"0m\"\n        \"labels\":\n          \"severity\": \"info\"\n      - \"alert\": \"Prod-HostEdacUncorrectableErrorsDetected\"\n        \"annotations\":\n          \"description\": |-\n            Host {{ $labels.instance }} has had {{ printf \"%.0f\" $value }} uncorrectable memory errors reported by EDAC in the last 5 minutes.\n              VALUE = {{ $value }}\n          \"summary\": \"Host EDAC Uncorrectable Errors detected (instance {{ $labels.nodename\n            }})\"\n        \"expr\": \"(node_edac_uncorrectable_errors_total \u003e 0) * on(instance) group_left\n          (nodename) node_uname_info{nodename=~\\\".+\\\"}\"\n        \"for\": \"0m\"\n        \"labels\":\n          \"severity\": \"warning\"\n      - \"alert\": \"Prod-HostNetworkReceiveErrors\"\n        \"annotations\":\n          \"description\": |-\n            Host {{ $labels.instance }} interface {{ $labels.device }} has encountered {{ printf \"%.0f\" $value }} receive errors in the last two minutes.\n              VALUE = {{ $value }}\n          \"summary\": \"Host Network Receive Errors (instance {{ $labels.nodename }})\"\n        \"expr\": \"(rate(node_network_receive_errs_total[2m]) / rate(node_network_receive_packets_total[2m])\n          \u003e 0.01) * on(instance) group_left (nodename) node_uname_info{nodename=~\\\".+\\\"}\"\n        \"for\": \"2m\"\n        \"labels\":\n          \"severity\": \"warning\"\n      - \"alert\": \"Prod-HostNetworkTransmitErrors\"\n        \"annotations\":\n          \"description\": |-\n            Host {{ $labels.instance }} interface {{ $labels.device }} has encountered {{ printf \"%.0f\" $value }} transmit errors in the last two minutes.\n              VALUE = {{ $value }}\n          \"summary\": \"Host Network Transmit Errors (instance {{ $labels.nodename }})\"\n        \"expr\": \"(rate(node_network_transmit_errs_total[2m]) / rate(node_network_transmit_packets_total[2m])\n          \u003e 0.01) * on(instance) group_left (nodename) node_uname_info{nodename=~\\\".+\\\"}\"\n        \"for\": \"2m\"\n        \"labels\":\n          \"severity\": \"warning\"\n      - \"alert\": \"Prod-HostNetworkInterfaceSaturated\"\n        \"annotations\":\n          \"description\": |-\n            The network interface \"{{ $labels.device }}\" on \"{{ $labels.instance }}\" is getting overloaded.\n              VALUE = {{ $value }}\n          \"summary\": \"Host Network Interface Saturated (instance {{ $labels.nodename\n            }})\"\n        \"expr\": \"((rate(node_network_receive_bytes_total{device!~\\\"^tap.*|^vnet.*|^veth.*|^tun.*\\\"}[1m])\n          + rate(node_network_transmit_bytes_total{device!~\\\"^tap.*|^vnet.*|^veth.*|^tun.*\\\"}[1m]))\n          / node_network_speed_bytes{device!~\\\"^tap.*|^vnet.*|^veth.*|^tun.*\\\"} \u003e\n          0.8 \u003c 10000) * on(instance) group_left (nodename) node_uname_info{nodename=~\\\".+\\\"}\"\n        \"for\": \"1m\"\n        \"labels\":\n          \"severity\": \"warning\"\n      - \"alert\": \"Prod-HostNetworkBondDegraded\"\n        \"annotations\":\n          \"description\": |-\n            Bond \"{{ $labels.device }}\" degraded on \"{{ $labels.instance }}\".\n              VALUE = {{ $value }}\n          \"summary\": \"Host Network Bond Degraded (instance {{ $labels.nodename }})\"\n        \"expr\": \"((node_bonding_active - node_bonding_slaves) != 0) * on(instance)\n          group_left (nodename) node_uname_info{nodename=~\\\".+\\\"}\"\n        \"for\": \"2m\"\n        \"labels\":\n          \"severity\": \"warning\"\n      - \"alert\": \"Prod-HostConntrackLimit\"\n        \"annotations\":\n          \"description\": |-\n            The number of conntrack is approaching limit\n              VALUE = {{ $value }}\n          \"summary\": \"Host conntrack limit (instance {{ $labels.nodename }})\"\n        \"expr\": \"(node_nf_conntrack_entries / node_nf_conntrack_entries_limit \u003e 0.8)\n          * on(instance) group_left (nodename) node_uname_info{nodename=~\\\".+\\\"}\"\n        \"for\": \"5m\"\n        \"labels\":\n          \"severity\": \"warning\"\n      - \"alert\": \"Prod-HostClockSkew\"\n        \"annotations\":\n          \"description\": |-\n            Clock skew detected. Clock is out of sync. Ensure NTP is configured correctly on this host.\n              VALUE = {{ $value }}\n          \"summary\": \"Host clock skew (instance {{ $labels.nodename }})\"\n        \"expr\": \"((node_timex_offset_seconds \u003e 0.05 and deriv(node_timex_offset_seconds[5m])\n          \u003e= 0) or (node_timex_offset_seconds \u003c -0.05 and deriv(node_timex_offset_seconds[5m])\n          \u003c= 0)) * on(instance) group_left (nodename) node_uname_info{nodename=~\\\".+\\\"}\"\n        \"for\": \"10m\"\n        \"labels\":\n          \"severity\": \"warning\"\n      - \"alert\": \"Prod-HostClockNotSynchronising\"\n        \"annotations\":\n          \"description\": |-\n            Clock not synchronising. Ensure NTP is configured on this host.\n              VALUE = {{ $value }}\n          \"summary\": \"Host clock not synchronising (instance {{ $labels.nodename }})\"\n        \"expr\": \"(min_over_time(node_timex_sync_status[1m]) == 0 and node_timex_maxerror_seconds\n          \u003e= 16) * on(instance) group_left (nodename) node_uname_info{nodename=~\\\".+\\\"}\"\n        \"for\": \"2m\"\n        \"labels\":\n          \"severity\": \"warning\"\n      - \"alert\": \"Prod-HostRequiresReboot\"\n        \"annotations\":\n          \"description\": |-\n            {{ $labels.instance }} requires a reboot.\n              VALUE = {{ $value }}\n          \"summary\": \"Host requires reboot (instance {{ $labels.nodename }})\"\n        \"expr\": \"(node_reboot_required \u003e 0) * on(instance) group_left (nodename) node_uname_info{nodename=~\\\".+\\\"}\"\n        \"for\": \"4h\"\n        \"labels\":\n          \"severity\": \"info\"\n    - \"name\": \"Containers\"\n      \"rules\":\n      - \"alert\": \"Prod-ContainerAbsent\"\n        \"annotations\":\n          \"description\": |-\n            A container is absent for 5 min\n              VALUE = {{ $value }}\n          \"summary\": \"Container absent (instance {{ $labels.container }})\"\n        \"expr\": \"absent(container_last_seen)\"\n        \"for\": \"5m\"\n        \"labels\":\n          \"severity\": \"warning\"\n      - \"alert\": \"Prod-ContainerHighCpuUtilization\"\n        \"annotations\":\n          \"description\": |-\n            Container CPU utilization is above 80%\n              VALUE = {{ $value }}\n          \"summary\": \"Container High CPU utilization (instance {{ $labels.container\n            }})\"\n        \"expr\": \"(sum(rate(container_cpu_usage_seconds_total{name!=\\\"\\\"}[3m])) BY\n          (instance, name, container) * 100) \u003e 80\"\n        \"for\": \"2m\"\n        \"labels\":\n          \"severity\": \"warning\"\n      - \"alert\": \"Prod-ContainerHighMemoryUsage\"\n        \"annotations\":\n          \"description\": |-\n            Container Memory usage is above 80%\n              VALUE = {{ $value }}\n          \"summary\": \"Container High Memory usage (instance {{ $labels.container }})\"\n        \"expr\": \"(sum(container_memory_working_set_bytes{name!=\\\"\\\"}) BY (instance,\n          name, container) / sum(container_spec_memory_limit_bytes \u003e 0) BY (instance,\n          name, container) * 100) \u003e 80\"\n        \"for\": \"2m\"\n        \"labels\":\n          \"severity\": \"warning\"\n      - \"alert\": \"Prod-ContainerVolumeUsage\"\n        \"annotations\":\n          \"description\": |-\n            Container Volume usage is above 80%\n              VALUE = {{ $value }}\n          \"summary\": \"Container Volume usage (instance {{ $labels.container }})\"\n        \"expr\": \"(1 - (sum(container_fs_inodes_free{name!=\\\"\\\"}) BY (instance, container)\n          / sum(container_fs_inodes_total) BY (instance))) * 100 \u003e 80\"\n        \"for\": \"2m\"\n        \"labels\":\n          \"severity\": \"warning\"\n      - \"alert\": \"Prod-ContainerHighThrottleRate\"\n        \"annotations\":\n          \"description\": |-\n            Container is being throttled\n              VALUE = {{ $value }}\n          \"summary\": \"Container high throttle rate (instance {{ $labels.pod }})\"\n        \"expr\": \"rate(container_cpu_cfs_throttled_seconds_total[3m]) \u003e 1\"\n        \"for\": \"2m\"\n        \"labels\":\n          \"severity\": \"warning\"\n    - \"name\": \"Kubestate Exporter\"\n      \"rules\":\n      - \"alert\": \"Prod-KubernetesNodeNotReady\"\n        \"annotations\":\n          \"description\": |-\n            Node {{ $labels.node }} has been unready for a long time\n              VALUE = {{ $value }}\n          \"summary\": \"Kubernetes Node ready (node {{ $labels.node }})\"\n        \"expr\": \"kube_node_status_condition{condition=\\\"Ready\\\",status=\\\"true\\\"} ==\n          0\"\n        \"for\": \"1m\"\n        \"labels\":\n          \"severity\": \"critical\"\n      - \"alert\": \"Prod-KubernetesNodeMemoryPressure\"\n        \"annotations\":\n          \"description\": |-\n            Node {{ $labels.node }} has MemoryPressure condition\n              VALUE = {{ $value }}\n          \"summary\": \"Kubernetes memory pressure (node {{ $labels.node }})\"\n        \"expr\": \"kube_node_status_condition{condition=\\\"MemoryPressure\\\",status=\\\"true\\\"}\n          == 1\"\n        \"for\": \"2m\"\n        \"labels\":\n          \"severity\": \"critical\"\n      - \"alert\": \"Prod-KubernetesNodeDiskPressure\"\n        \"annotations\":\n          \"description\": |-\n            Node {{ $labels.node }} has DiskPressure condition\n              VALUE = {{ $value }}\n          \"summary\": \"Kubernetes disk pressure (node {{ $labels.node }})\"\n        \"expr\": \"kube_node_status_condition{condition=\\\"DiskPressure\\\",status=\\\"true\\\"}\n          == 1\"\n        \"for\": \"2m\"\n        \"labels\":\n          \"severity\": \"critical\"\n      - \"alert\": \"Prod-KubernetesNodeNetworkUnavailable\"\n        \"annotations\":\n          \"description\": |-\n            Node {{ $labels.node }} has NetworkUnavailable condition\n              VALUE = {{ $value }}\n          \"summary\": \"Kubernetes Node network unavailable (instance {{ $labels.instance\n            }})\"\n        \"expr\": \"kube_node_status_condition{condition=\\\"NetworkUnavailable\\\",status=\\\"true\\\"}\n          == 1\"\n        \"for\": \"2m\"\n        \"labels\":\n          \"severity\": \"critical\"\n      - \"alert\": \"Prod-KubernetesNodeOutOfPodCapacity\"\n        \"annotations\":\n          \"description\": |-\n            Node {{ $labels.node }} is out of pod capacity\n              VALUE = {{ $value }}\n          \"summary\": \"Kubernetes Node out of pod capacity (instance {{ $labels.instance\n            }})\"\n        \"expr\": \"sum by (node) ((kube_pod_status_phase{phase=\\\"Running\\\"} == 1) +\n          on(uid) group_left(node) (0 * kube_pod_info{pod_template_hash=\\\"\\\"})) /\n          sum by (node) (kube_node_status_allocatable{resource=\\\"pods\\\"}) * 100 \u003e\n          90\"\n        \"for\": \"2m\"\n        \"labels\":\n          \"severity\": \"warning\"\n      - \"alert\": \"Prod-KubernetesContainerOomKiller\"\n        \"annotations\":\n          \"description\": |-\n            Container {{ $labels.container }} in pod {{ $labels.namespace }}/{{ $labels.pod }} has been OOMKilled {{ $value }} times in the last 10 minutes.\n              VALUE = {{ $value }}\n          \"summary\": \"Kubernetes container oom killer ({{ $labels.namespace }}/{{\n            $labels.pod }}:{{ $labels.container }})\"\n        \"expr\": \"(kube_pod_container_status_restarts_total - kube_pod_container_status_restarts_total\n          offset 10m \u003e= 1) and ignoring (reason) min_over_time(kube_pod_container_status_last_terminated_reason{reason=\\\"OOMKilled\\\"}[10m])\n          == 1\"\n        \"for\": \"0m\"\n        \"labels\":\n          \"severity\": \"warning\"\n      - \"alert\": \"Prod-KubernetesJobFailed\"\n        \"annotations\":\n          \"description\": |-\n            Job {{ $labels.namespace }}/{{ $labels.job_name }} failed to complete\n              VALUE = {{ $value }}\n          \"summary\": \"Kubernetes Job failed ({{ $labels.namespace }}/{{ $labels.job_name\n            }})\"\n        \"expr\": \"kube_job_status_failed \u003e 0\"\n        \"for\": \"0m\"\n        \"labels\":\n          \"severity\": \"warning\"\n      - \"alert\": \"Prod-KubernetesCronjobSuspended\"\n        \"annotations\":\n          \"description\": |-\n            CronJob {{ $labels.namespace }}/{{ $labels.cronjob }} is suspended\n              VALUE = {{ $value }}\n          \"summary\": \"Kubernetes CronJob suspended ({{ $labels.namespace }}/{{ $labels.cronjob\n            }})\"\n        \"expr\": \"kube_cronjob_spec_suspend != 0\"\n        \"for\": \"0m\"\n        \"labels\":\n          \"severity\": \"warning\"\n      - \"alert\": \"Prod-KubernetesPersistentvolumeclaimPending\"\n        \"annotations\":\n          \"description\": |-\n            PersistentVolumeClaim {{ $labels.namespace }}/{{ $labels.persistentvolumeclaim }} is pending\n              VALUE = {{ $value }}\n          \"summary\": \"Kubernetes PersistentVolumeClaim pending ({{ $labels.namespace\n            }}/{{ $labels.persistentvolumeclaim }})\"\n        \"expr\": \"kube_persistentvolumeclaim_status_phase{phase=\\\"Pending\\\"} == 1\"\n        \"for\": \"2m\"\n        \"labels\":\n          \"severity\": \"warning\"\n      - \"alert\": \"Prod-KubernetesVolumeOutOfDiskSpace\"\n        \"annotations\":\n          \"description\": |-\n            Volume is almost full (\u003c 20% left)\n              VALUE = {{ $value }}\n          \"summary\": \"Kubernetes Volume out of disk space (instance {{ $labels.instance\n            }})\"\n        \"expr\": \"kubelet_volume_stats_available_bytes / kubelet_volume_stats_capacity_bytes\n          * 100 \u003c 20\"\n        \"for\": \"2m\"\n        \"labels\":\n          \"severity\": \"critical\"\n      - \"alert\": \"Prod-KubernetesPersistentvolumeError\"\n        \"annotations\":\n          \"description\": |-\n            Persistent volume {{ $labels.persistentvolume }} is in bad state\n              VALUE = {{ $value }}\n          \"summary\": \"Kubernetes PersistentVolumeClaim pending ({{ $labels.namespace\n            }}/{{ $labels.persistentvolumeclaim }})\"\n        \"expr\": \"kube_persistentvolume_status_phase{phase=~\\\"Failed|Pending\\\", job=\\\"kube-state-metrics\\\"}\n          \u003e 0\"\n        \"for\": \"0m\"\n        \"labels\":\n          \"severity\": \"critical\"\n      - \"alert\": \"Prod-KubernetesStatefulsetDown\"\n        \"annotations\":\n          \"description\": |-\n            StatefulSet {{ $labels.namespace }}/{{ $labels.statefulset }} went down\n              VALUE = {{ $value }}\n          \"summary\": \"Kubernetes StatefulSet down ({{ $labels.namespace }}/{{ $labels.statefulset\n            }})\"\n        \"expr\": \"kube_statefulset_replicas != kube_statefulset_status_replicas_ready\n          \u003e 0\"\n        \"for\": \"1m\"\n        \"labels\":\n          \"severity\": \"critical\"\n      - \"alert\": \"Prod-KubernetesHpaScaleInability\"\n        \"annotations\":\n          \"description\": |-\n            HPA {{ $labels.namespace }}/{{ $labels.horizontalpodautoscaler }} is unable to scale\n              VALUE = {{ $value }}\n          \"summary\": \"Kubernetes HPA scale inability (instance {{ $labels.instance\n            }})\"\n        \"expr\": \"kube_horizontalpodautoscaler_status_condition{status=\\\"false\\\", condition=\\\"AbleToScale\\\"}\n          == 1\"\n        \"for\": \"2m\"\n        \"labels\":\n          \"severity\": \"warning\"\n      - \"alert\": \"Prod-KubernetesHpaMetricsUnavailability\"\n        \"annotations\":\n          \"description\": |-\n            HPA {{ $labels.namespace }}/{{ $labels.horizontalpodautoscaler }} is unable to collect metrics\n              VALUE = {{ $value }}\n          \"summary\": \"Kubernetes HPA metrics unavailability (instance {{ $labels.instance\n            }})\"\n        \"expr\": \"kube_horizontalpodautoscaler_status_condition{status=\\\"false\\\", condition=\\\"ScalingActive\\\"}\n          == 1\"\n        \"for\": \"0m\"\n        \"labels\":\n          \"severity\": \"warning\"\n      - \"alert\": \"Prod-KubernetesHpaScaleMaximum\"\n        \"annotations\":\n          \"description\": |-\n            HPA {{ $labels.namespace }}/{{ $labels.horizontalpodautoscaler }} has hit maximum number of desired pods\n              VALUE = {{ $value }}\n          \"summary\": \"Kubernetes HPA scale maximum (instance {{ $labels.instance }})\"\n        \"expr\": \"kube_horizontalpodautoscaler_status_desired_replicas \u003e= kube_horizontalpodautoscaler_spec_max_replicas\"\n        \"for\": \"2m\"\n        \"labels\":\n          \"severity\": \"info\"\n      - \"alert\": \"Prod-KubernetesHpaUnderutilized\"\n        \"annotations\":\n          \"description\": |-\n            HPA {{ $labels.namespace }}/{{ $labels.horizontalpodautoscaler }} is constantly at minimum replicas for 50% of the time. Potential cost saving here.\n              VALUE = {{ $value }}\n          \"summary\": \"Kubernetes HPA underutilized (instance {{ $labels.instance }})\"\n        \"expr\": \"max(quantile_over_time(0.5, kube_horizontalpodautoscaler_status_desired_replicas[1d])\n          == kube_horizontalpodautoscaler_spec_min_replicas) by (horizontalpodautoscaler)\n          \u003e 3\"\n        \"for\": \"0m\"\n        \"labels\":\n          \"severity\": \"info\"\n      - \"alert\": \"Prod-KubernetesPodNotHealthy\"\n        \"annotations\":\n          \"description\": |-\n            Pod {{ $labels.namespace }}/{{ $labels.pod }} has been in a non-running state for longer than 2 minutes.\n              VALUE = {{ $value }}\n          \"summary\": \"Kubernetes Pod not healthy ({{ $labels.namespace }}/{{ $labels.pod\n            }})\"\n        \"expr\": \"sum by (namespace, pod) (kube_pod_status_phase{phase=~\\\"Pending|Unknown|Failed\\\"})\n          \u003e 0\"\n        \"for\": \"2m\"\n        \"labels\":\n          \"severity\": \"critical\"\n      - \"alert\": \"Prod-KubernetesPodCrashLooping\"\n        \"annotations\":\n          \"description\": |-\n            Pod {{ $labels.namespace }}/{{ $labels.pod }} is crash looping\n              VALUE = {{ $value }}\n          \"summary\": \"Kubernetes pod crash looping ({{ $labels.namespace }}/{{ $labels.pod\n            }})\"\n        \"expr\": \"increase(kube_pod_container_status_restarts_total[1m]) \u003e 3\"\n        \"for\": \"2m\"\n        \"labels\":\n          \"severity\": \"warning\"\n      - \"alert\": \"Prod-KubernetesReplicasetReplicasMismatch\"\n        \"annotations\":\n          \"description\": |-\n            ReplicaSet {{ $labels.namespace }}/{{ $labels.replicaset }} replicas mismatch\n              VALUE = {{ $value }}\n          \"summary\": \"Kubernetes ReplicasSet mismatch ({{ $labels.namespace }}/{{\n            $labels.replicaset }})\"\n        \"expr\": \"kube_replicaset_spec_replicas != kube_replicaset_status_ready_replicas\"\n        \"for\": \"10m\"\n        \"labels\":\n          \"severity\": \"warning\"\n      - \"alert\": \"Prod-KubernetesDeploymentReplicasMismatch\"\n        \"annotations\":\n          \"description\": |-\n            Deployment {{ $labels.namespace }}/{{ $labels.deployment }} replicas mismatch\n              VALUE = {{ $value }}\n          \"summary\": \"Kubernetes Deployment replicas mismatch ({{ $labels.namespace\n            }}/{{ $labels.deployment }})\"\n        \"expr\": \"kube_deployment_spec_replicas != kube_deployment_status_replicas_available\"\n        \"for\": \"10m\"\n        \"labels\":\n          \"severity\": \"warning\"\n      - \"alert\": \"Prod-KubernetesStatefulsetReplicasMismatch\"\n        \"annotations\":\n          \"description\": |-\n            StatefulSet does not match the expected number of replicas.\n              VALUE = {{ $value }}\n          \"summary\": \"Kubernetes StatefulSet replicas mismatch (instance {{ $labels.statefulset\n            }})\"\n        \"expr\": \"kube_statefulset_status_replicas_ready != kube_statefulset_status_replicas\"\n        \"for\": \"10m\"\n        \"labels\":\n          \"severity\": \"warning\"\n      - \"alert\": \"Prod-KubernetesDeploymentGenerationMismatch\"\n        \"annotations\":\n          \"description\": |-\n            Deployment {{ $labels.namespace }}/{{ $labels.deployment }} has failed but has not been rolled back.\n              VALUE = {{ $value }}\n          \"summary\": \"Kubernetes Deployment generation mismatch ({{ $labels.namespace\n            }}/{{ $labels.deployment }})\"\n        \"expr\": \"kube_deployment_status_observed_generation != kube_deployment_metadata_generation\"\n        \"for\": \"10m\"\n        \"labels\":\n          \"severity\": \"critical\"\n      - \"alert\": \"Prod-KubernetesStatefulsetGenerationMismatch\"\n        \"annotations\":\n          \"description\": |-\n            StatefulSet {{ $labels.namespace }}/{{ $labels.statefulset }} has failed but has not been rolled back.\n              VALUE = {{ $value }}\n          \"summary\": \"Kubernetes StatefulSet generation mismatch ({{ $labels.namespace\n            }}/{{ $labels.statefulset }})\"\n        \"expr\": \"kube_statefulset_status_observed_generation != kube_statefulset_metadata_generation\"\n        \"for\": \"10m\"\n        \"labels\":\n          \"severity\": \"critical\"\n      - \"alert\": \"Prod-KubernetesStatefulsetUpdateNotRolledOut\"\n        \"annotations\":\n          \"description\": |-\n            StatefulSet {{ $labels.namespace }}/{{ $labels.statefulset }} update has not been rolled out.\n              VALUE = {{ $value }}\n          \"summary\": \"Kubernetes StatefulSet update not rolled out ({{ $labels.namespace\n            }}/{{ $labels.statefulset }})\"\n        \"expr\": \"max without (revision) (kube_statefulset_status_current_revision\n          unless kube_statefulset_status_update_revision) * (kube_statefulset_replicas\n          != kube_statefulset_status_replicas_updated)\"\n        \"for\": \"10m\"\n        \"labels\":\n          \"severity\": \"warning\"\n      - \"alert\": \"Prod-KubernetesDaemonsetRolloutStuck\"\n        \"annotations\":\n          \"description\": |-\n            Some Pods of DaemonSet {{ $labels.namespace }}/{{ $labels.daemonset }} are not scheduled or not ready\n              VALUE = {{ $value }}\n          \"summary\": \"Kubernetes DaemonSet rollout stuck ({{ $labels.namespace }}/{{\n            $labels.daemonset }})\"\n        \"expr\": \"kube_daemonset_status_number_ready / kube_daemonset_status_desired_number_scheduled\n          * 100 \u003c 100 or kube_daemonset_status_desired_number_scheduled - kube_daemonset_status_current_number_scheduled\n          \u003e 0\"\n        \"for\": \"10m\"\n        \"labels\":\n          \"severity\": \"warning\"\n      - \"alert\": \"Prod-KubernetesCronjobTooLong\"\n        \"annotations\":\n          \"description\": |-\n            CronJob {{ $labels.namespace }}/{{ $labels.cronjob }} is taking more than 1h to complete.\n              VALUE = {{ $value }}\n          \"summary\": \"Kubernetes CronJob too long ({{ $labels.namespace }}/{{ $labels.cronjob\n            }})\"\n        \"expr\": \"time() - kube_cronjob_next_schedule_time \u003e 3600\"\n        \"for\": \"0m\"\n        \"labels\":\n          \"severity\": \"warning\"\n      - \"alert\": \"Prod-KubernetesJobSlowCompletion\"\n        \"annotations\":\n          \"description\": |-\n            Kubernetes Job {{ $labels.namespace }}/{{ $labels.job_name }} did not complete in time.\n              VALUE = {{ $value }}\n          \"summary\": \"Kubernetes job slow completion ({{ $labels.namespace }}/{{ $labels.job_name\n            }})\"\n        \"expr\": \"kube_job_spec_completions - kube_job_status_succeeded - kube_job_status_failed\n          \u003e 0\"\n        \"for\": \"12h\"\n        \"labels\":\n          \"severity\": \"critical\"\n      - \"alert\": \"Prod-KubernetesApiServerErrors\"\n        \"annotations\":\n          \"description\": |-\n            Kubernetes API server is experiencing high error rate\n              VALUE = {{ $value }}\n          \"summary\": \"Kubernetes API server errors (instance {{ $labels.instance }})\"\n        \"expr\": \"sum(rate(apiserver_request_total{job=\\\"apiserver\\\",code=~\\\"^(?:5..)$\\\"}[1m]))\n          / sum(rate(apiserver_request_total{job=\\\"apiserver\\\"}[1m])) * 100 \u003e 3\"\n        \"for\": \"2m\"\n        \"labels\":\n          \"severity\": \"critical\"\n      - \"alert\": \"Prod-KubernetesApiClientErrors\"\n        \"annotations\":\n          \"description\": |-\n            Kubernetes API client is experiencing high error rate\n              VALUE = {{ $value }}\n          \"summary\": \"Kubernetes API client errors (instance {{ $labels.instance }})\"\n        \"expr\": \"(sum(rate(rest_client_requests_total{code=~\\\"(4|5)..\\\"}[1m])) by\n          (instance, job) / sum(rate(rest_client_requests_total[1m])) by (instance,\n          job)) * 100 \u003e 1\"\n        \"for\": \"2m\"\n        \"labels\":\n          \"severity\": \"critical\"\n      - \"alert\": \"Prod-KubernetesClientCertificateExpiresNextWeek\"\n        \"annotations\":\n          \"description\": |-\n            A client certificate used to authenticate to the apiserver is expiring next week.\n              VALUE = {{ $value }}\n          \"summary\": \"Kubernetes client certificate expires next week (instance {{\n            $labels.instance }})\"\n        \"expr\": \"apiserver_client_certificate_expiration_seconds_count{job=\\\"apiserver\\\"}\n          \u003e 0 and histogram_quantile(0.01, sum by (job, le) (rate(apiserver_client_certificate_expiration_seconds_bucket{job=\\\"apiserver\\\"}[5m])))\n          \u003c 7*24*60*60\"\n        \"for\": \"0m\"\n        \"labels\":\n          \"severity\": \"warning\"\n      - \"alert\": \"Prod-KubernetesClientCertificateExpiresSoon\"\n        \"annotations\":\n          \"description\": |-\n            A client certificate used to authenticate to the apiserver is expiring in less than 24.0 hours.\n              VALUE = {{ $value }}\n          \"summary\": \"Kubernetes client certificate expires soon (instance {{ $labels.instance\n            }})\"\n        \"expr\": \"apiserver_client_certificate_expiration_seconds_count{job=\\\"apiserver\\\"}\n          \u003e 0 and histogram_quantile(0.01, sum by (job, le) (rate(apiserver_client_certificate_expiration_seconds_bucket{job=\\\"apiserver\\\"}[5m])))\n          \u003c 24*60*60\"\n        \"for\": \"0m\"\n        \"labels\":\n          \"severity\": \"critical\"\n      - \"alert\": \"Prod-KubernetesApiServerLatency\"\n        \"annotations\":\n          \"description\": |-\n            Kubernetes API server has a 99th percentile latency of {{ $value }} seconds for {{ $labels.verb }} {{ $labels.resource }}.\n              VALUE = {{ $value }}\n          \"summary\": \"Kubernetes API server latency (instance {{ $labels.instance\n            }})\"\n        \"expr\": \"histogram_quantile(0.99, sum(rate(apiserver_request_latencies_bucket{subresource!=\\\"log\\\",verb!~\\\"^(?:CONNECT|WATCHLIST|WATCH|PROXY)$\\\"}\n          [10m])) WITHOUT (instance, resource)) / 1e+06 \u003e 1\"\n        \"for\": \"2m\"\n        \"labels\":\n          \"severity\": \"warning\"\n    - \"name\": \"RabbitmqExporter\"\n      \"rules\":\n      - \"alert\": \"Prod-RabbitmqNodeDown\"\n        \"annotations\":\n          \"description\": |-\n            Less than 3 nodes running in RabbitMQ cluster\n              VALUE = {{ $value }}\n          \"summary\": \"RabbitMQ node down (instance {{ $labels.instance }})\"\n        \"expr\": \"sum(rabbitmq_build_info) \u003c 3\"\n        \"for\": \"0m\"\n        \"labels\":\n          \"severity\": \"critical\"\n      - \"alert\": \"Prod-RabbitmqNodeNotDistributed\"\n        \"annotations\":\n          \"description\": |-\n            Distribution link state is not 'up'\n              VALUE = {{ $value }}\n          \"summary\": \"RabbitMQ node not distributed (instance {{ $labels.instance\n            }})\"\n        \"expr\": \"erlang_vm_dist_node_state \u003c 3\"\n        \"for\": \"0m\"\n        \"labels\":\n          \"severity\": \"critical\"\n      - \"alert\": \"Prod-RabbitmqInstancesDifferentVersions\"\n        \"annotations\":\n          \"description\": |-\n            Running different version of RabbitMQ in the same cluster, can lead to failure.\n              VALUE = {{ $value }}\n          \"summary\": \"RabbitMQ instances different versions (instance {{ $labels.instance\n            }})\"\n        \"expr\": \"count(count(rabbitmq_build_info) by (rabbitmq_version)) \u003e 1\"\n        \"for\": \"1h\"\n        \"labels\":\n          \"severity\": \"warning\"\n      - \"alert\": \"Prod-RabbitmqMemoryHigh\"\n        \"annotations\":\n          \"description\": |-\n            A node use more than 90% of allocated RAM\n              VALUE = {{ $value }}\n          \"summary\": \"RabbitMQ memory high (instance {{ $labels.instance }})\"\n        \"expr\": \"rabbitmq_process_resident_memory_bytes / rabbitmq_resident_memory_limit_bytes\n          * 100 \u003e 90\"\n        \"for\": \"2m\"\n        \"labels\":\n          \"severity\": \"warning\"\n      - \"alert\": \"Prod-RabbitmqFileDescriptorsUsage\"\n        \"annotations\":\n          \"description\": |-\n            A node use more than 90% of file descriptors\n              VALUE = {{ $value }}\n          \"summary\": \"RabbitMQ file descriptors usage (instance {{ $labels.instance\n            }})\"\n        \"expr\": \"rabbitmq_process_open_fds / rabbitmq_process_max_fds * 100 \u003e 90\"\n        \"for\": \"2m\"\n        \"labels\":\n          \"severity\": \"warning\"\n      - \"alert\": \"Prod-RabbitmqTooManyUnackMessages\"\n        \"annotations\":\n          \"description\": |-\n            Too many unacknowledged messages\n              VALUE = {{ $value }}\n          \"summary\": \"RabbitMQ too many unack messages (instance {{ $labels.instance\n            }})\"\n        \"expr\": \"sum(rabbitmq_queue_messages_unacked) BY (queue) \u003e 1000\"\n        \"for\": \"1m\"\n        \"labels\":\n          \"severity\": \"warning\"\n      - \"alert\": \"Prod-RabbitmqTooManyConnections\"\n        \"annotations\":\n          \"description\": |-\n            The total connections of a node is too high\n              VALUE = {{ $value }}\n          \"summary\": \"RabbitMQ too many connections (instance {{ $labels.instance\n            }})\"\n        \"expr\": \"rabbitmq_connections \u003e 1000\"\n        \"for\": \"2m\"\n        \"labels\":\n          \"severity\": \"warning\"\n      - \"alert\": \"Prod-RabbitmqUnroutableMessages\"\n        \"annotations\":\n          \"description\": |-\n            A queue has unroutable messages\n              VALUE = {{ $value }}\n          \"summary\": \"RabbitMQ unroutable messages (instance {{ $labels.instance }})\"\n        \"expr\": \"increase(rabbitmq_channel_messages_unroutable_returned_total[1m])\n          \u003e 0 or increase(rabbitmq_channel_messages_unroutable_dropped_total[1m])\n          \u003e 0\"\n        \"for\": \"2m\"\n        \"labels\":\n          \"severity\": \"warning\"\n    - \"name\": \"Blackbox rules\"\n      \"rules\":\n      - \"alert\": \"Prod-SSLCertExpiringSoon\"\n        \"annotations\":\n          \"description\": \"30 Day !!! TLS certificate will expire in {{ $value | humanizeDuration\n            }} (instance {{ $labels.instance }})\"\n        \"expr\": \"probe_ssl_earliest_cert_expiry - time() \u003c 86400 * 30\"\n        \"for\": \"1m\"\n        \"labels\":\n          \"severity\": \"warning\"\n          \"uid\": \"blackbox\"\n      - \"alert\": \"Prod-EndpointDown\"\n        \"annotations\":\n          \"summary\": \"Endpoint {{ $labels.instance }} down\"\n        \"expr\": \"probe_success == 0\"\n        \"for\": \"10m\"\n        \"labels\":\n          \"severity\": \"critical\"\n          \"uid\": \"blackbox\"\n"
            ],
            "verify": false,
            "version": "25.28.0",
            "wait": true,
            "wait_for_jobs": false
          },
          "sensitive_attributes": [
            [
              {
                "type": "get_attr",
                "value": "values"
              },
              {
                "type": "index",
                "value": {
                  "value": 0,
                  "type": "number"
                }
              }
            ],
            [
              {
                "type": "get_attr",
                "value": "repository_password"
              }
            ]
          ],
          "private": "eyJzY2hlbWFfdmVyc2lvbiI6IjEifQ==",
          "dependencies": [
            "module.k8s_provisioner_prod.helm_release.cert_manager",
            "module.k8s_provisioner_prod.helm_release.longhorn",
            "module.k8s_provisioner_prod.kubectl_manifest.cluster_ca_issuer",
            "module.k8s_provisioner_prod.kubernetes_labels.storage_node_labels_az1",
            "module.k8s_provisioner_prod.kubernetes_labels.storage_node_labels_az3",
            "module.k8s_provisioner_prod.kubernetes_namespace.cert_manager",
            "module.k8s_provisioner_prod.kubernetes_namespace.longhorn",
            "module.k8s_provisioner_prod.kubernetes_namespace.prometheus",
            "module.k8s_provisioner_prod.kubernetes_secret.cert_manager_root_ca",
            "module.k8s_provisioner_prod.kubernetes_secret.longhorn_ingress_basic_auth",
            "module.k8s_provisioner_prod.kubernetes_secret.prometheus_basic_auth",
            "module.rke2_prod_cluster.data.vsphere_datacenter.vsphere_datacenter_az1",
            "module.rke2_prod_cluster.data.vsphere_datacenter.vsphere_datacenter_az3",
            "module.rke2_prod_cluster.data.vsphere_datastore.vsphere_datastore_az1",
            "module.rke2_prod_cluster.data.vsphere_datastore.vsphere_datastore_az3",
            "module.rke2_prod_cluster.data.vsphere_host.vsphere_host_az1",
            "module.rke2_prod_cluster.data.vsphere_host.vsphere_host_az3",
            "module.rke2_prod_cluster.data.vsphere_network.vsphere_network_az1",
            "module.rke2_prod_cluster.data.vsphere_network.vsphere_network_az3",
            "module.rke2_prod_cluster.data.vsphere_ovf_vm_template.template",
            "module.rke2_prod_cluster.data.vsphere_ovf_vm_template.templateLocal",
            "module.rke2_prod_cluster.data.vsphere_resource_pool.vsphere_resource_pool_az1",
            "module.rke2_prod_cluster.data.vsphere_resource_pool.vsphere_resource_pool_az3",
            "module.rke2_prod_cluster.data.vsphere_virtual_machine.template",
            "module.rke2_prod_cluster.local_file.inventory_file",
            "module.rke2_prod_cluster.null_resource.ansible_add_hosts",
            "module.rke2_prod_cluster.null_resource.ansible_install_rke2",
            "module.rke2_prod_cluster.null_resource.ansible_update_apt_packages",
            "module.rke2_prod_cluster.time_sleep.wait_3_minutes_for_node_ready",
            "module.rke2_prod_cluster.time_static.current",
            "module.rke2_prod_cluster.vsphere_virtual_machine.master_nodes_az1",
            "module.rke2_prod_cluster.vsphere_virtual_machine.master_nodes_az3",
            "module.rke2_prod_cluster.vsphere_virtual_machine.nfs_storage",
            "module.rke2_prod_cluster.vsphere_virtual_machine.template",
            "module.rke2_prod_cluster.vsphere_virtual_machine.worker_nodes_az1",
            "module.rke2_prod_cluster.vsphere_virtual_machine.worker_nodes_az3"
          ]
        }
      ]
    },
    {
      "module": "module.k8s_provisioner_prod",
      "mode": "managed",
      "type": "kubectl_manifest",
      "name": "cluster_ca_issuer",
      "provider": "provider[\"registry.terraform.io/alekc/kubectl\"].prod",
      "instances": [
        {
          "index_key": 0,
          "schema_version": 1,
          "attributes": {
            "api_version": "cert-manager.io/v1",
            "apply_only": false,
            "delete_cascade": null,
            "field_manager": "kubectl",
            "force_conflicts": false,
            "force_new": false,
            "id": "/apis/cert-manager.io/v1/clusterissuers/cluster-ca-issuer",
            "ignore_fields": null,
            "kind": "ClusterIssuer",
            "live_manifest_incluster": "apiVersion=2866eae39ed5e14aa83cbb2eedaa3cba50ef671368e4658f50dcd6690150b5ae\nkind=43271cc4849d9ba8783961f80e471aacdbc3f8523131bf1c1e1b8e10de7480d4\nmetadata.name=5256f4f783e723bc81df8b0fefc309379836852dcd741a1ec803f72a1a10a16d\nspec.ca.secretName=2d4ab9247345efec7d10b40659c715d9816eaa9d08dbd3eca9a8a4a3b6b7d330",
            "live_uid": "d33bb13c-714e-47c0-be88-39619f2d0f08",
            "name": "cluster-ca-issuer",
            "namespace": null,
            "override_namespace": null,
            "sensitive_fields": null,
            "server_side_apply": false,
            "timeouts": null,
            "uid": "d33bb13c-714e-47c0-be88-39619f2d0f08",
            "validate_schema": true,
            "wait": null,
            "wait_for": [],
            "wait_for_rollout": true,
            "yaml_body": "\"apiVersion\": \"cert-manager.io/v1\"\n\"kind\": \"ClusterIssuer\"\n\"metadata\":\n  \"name\": \"cluster-ca-issuer\"\n\"spec\":\n  \"ca\":\n    \"secretName\": \"domain-root-crt\"\n",
            "yaml_body_parsed": "apiVersion: cert-manager.io/v1\nkind: ClusterIssuer\nmetadata:\n  name: cluster-ca-issuer\nspec:\n  ca:\n    secretName: domain-root-crt\n",
            "yaml_incluster": "apiVersion=2866eae39ed5e14aa83cbb2eedaa3cba50ef671368e4658f50dcd6690150b5ae\nkind=43271cc4849d9ba8783961f80e471aacdbc3f8523131bf1c1e1b8e10de7480d4\nmetadata.name=5256f4f783e723bc81df8b0fefc309379836852dcd741a1ec803f72a1a10a16d\nspec.ca.secretName=2d4ab9247345efec7d10b40659c715d9816eaa9d08dbd3eca9a8a4a3b6b7d330"
          },
          "sensitive_attributes": [
            [
              {
                "type": "get_attr",
                "value": "yaml_body"
              }
            ],
            [
              {
                "type": "get_attr",
                "value": "yaml_incluster"
              }
            ],
            [
              {
                "type": "get_attr",
                "value": "live_manifest_incluster"
              }
            ]
          ],
          "private": "eyJlMmJmYjczMC1lY2FhLTExZTYtOGY4OC0zNDM2M2JjN2M0YzAiOnsiY3JlYXRlIjo2MDAwMDAwMDAwMDB9LCJzY2hlbWFfdmVyc2lvbiI6IjEifQ==",
          "dependencies": [
            "module.k8s_provisioner_prod.helm_release.cert_manager",
            "module.k8s_provisioner_prod.kubernetes_namespace.cert_manager",
            "module.k8s_provisioner_prod.kubernetes_secret.cert_manager_root_ca",
            "module.rke2_prod_cluster.data.vsphere_datacenter.vsphere_datacenter_az1",
            "module.rke2_prod_cluster.data.vsphere_datacenter.vsphere_datacenter_az3",
            "module.rke2_prod_cluster.data.vsphere_datastore.vsphere_datastore_az1",
            "module.rke2_prod_cluster.data.vsphere_datastore.vsphere_datastore_az3",
            "module.rke2_prod_cluster.data.vsphere_host.vsphere_host_az1",
            "module.rke2_prod_cluster.data.vsphere_host.vsphere_host_az3",
            "module.rke2_prod_cluster.data.vsphere_network.vsphere_network_az1",
            "module.rke2_prod_cluster.data.vsphere_network.vsphere_network_az3",
            "module.rke2_prod_cluster.data.vsphere_ovf_vm_template.template",
            "module.rke2_prod_cluster.data.vsphere_ovf_vm_template.templateLocal",
            "module.rke2_prod_cluster.data.vsphere_resource_pool.vsphere_resource_pool_az1",
            "module.rke2_prod_cluster.data.vsphere_resource_pool.vsphere_resource_pool_az3",
            "module.rke2_prod_cluster.data.vsphere_virtual_machine.template",
            "module.rke2_prod_cluster.local_file.inventory_file",
            "module.rke2_prod_cluster.null_resource.ansible_add_hosts",
            "module.rke2_prod_cluster.null_resource.ansible_install_rke2",
            "module.rke2_prod_cluster.null_resource.ansible_update_apt_packages",
            "module.rke2_prod_cluster.time_sleep.wait_3_minutes_for_node_ready",
            "module.rke2_prod_cluster.time_static.current",
            "module.rke2_prod_cluster.vsphere_virtual_machine.master_nodes_az1",
            "module.rke2_prod_cluster.vsphere_virtual_machine.master_nodes_az3",
            "module.rke2_prod_cluster.vsphere_virtual_machine.nfs_storage",
            "module.rke2_prod_cluster.vsphere_virtual_machine.template",
            "module.rke2_prod_cluster.vsphere_virtual_machine.worker_nodes_az1",
            "module.rke2_prod_cluster.vsphere_virtual_machine.worker_nodes_az3"
          ]
        }
      ]
    },
    {
      "module": "module.k8s_provisioner_prod",
      "mode": "managed",
      "type": "kubectl_manifest",
      "name": "daily_backup_job",
      "provider": "provider[\"registry.terraform.io/alekc/kubectl\"].prod",
      "instances": [
        {
          "index_key": 0,
          "schema_version": 1,
          "attributes": {
            "api_version": "longhorn.io/v1beta2",
            "apply_only": false,
            "delete_cascade": null,
            "field_manager": "kubectl",
            "force_conflicts": false,
            "force_new": false,
            "id": "/apis/longhorn.io/v1beta2/namespaces/longhorn-system/recurringjobs/daily-backup",
            "ignore_fields": null,
            "kind": "RecurringJob",
            "live_manifest_incluster": "apiVersion=4b48780aa913fd78ffe8f7d6dee1522cd732437ee674947b988d7af34cbfcce9\nkind=ca1b468f78f943d79b39b78e652976cf864a132be41ef89855d33ca141b01da7\nmetadata.name=2e4ff958929fa8d8c7b3b709be5624c6d35ff9980dfe620969e089764830df24\nmetadata.namespace=c16aef0a4684c5ca5f6207d6acbec4d51f7e7b3a87b5a5041c6f9484b034478a\nspec.concurrency=4e07408562bedb8b60ce05c1decfe3ad16b72230967de01f640b7e4729b49fce\nspec.cron=26f580827d66f34cf854719952012b26633481ffa57c508d97953cdf7cfd4e5a\nspec.groups.#=d4735e3a265e16eee03f59718b9b5d03019c07d8b6c51f90da3a666eec13ab35\nspec.groups.0=37a8eec1ce19687d132fe29051dca629d164e2c4958ba141d5f4133a33f0688f\nspec.groups.1=6f31304cdfd0a3a6362bffbc6dc4f33ecb20221b84f79cf0137b7dc0f5d3a616\nspec.labels.backup=6f31304cdfd0a3a6362bffbc6dc4f33ecb20221b84f79cf0137b7dc0f5d3a616\nspec.labels.kubernetes.io/environment=6754af9632a2745e85c293e5aac0863370d9bd3330b9938c00cadfd215227d77\nspec.labels.kubernetes.io/managed-by=05b073bd5e46bbede792d1e77a68c71801b7bac2dd8e0236299dede9a3a1909d\nspec.labels.kubernetes.io/owner=1ea9b1dc4ab0acf68ab6c41337fd1940bf2712a6c13adf9abba8f44730b59729\nspec.labels.retention-days=4e07408562bedb8b60ce05c1decfe3ad16b72230967de01f640b7e4729b49fce\nspec.name=2e4ff958929fa8d8c7b3b709be5624c6d35ff9980dfe620969e089764830df24\nspec.retain=4e07408562bedb8b60ce05c1decfe3ad16b72230967de01f640b7e4729b49fce\nspec.task=54d00d867758cef816bc4685f58e327b949712b07ebd17c3485f3ffc9e9f5133",
            "live_uid": "183153db-00ac-4fa5-9174-7f249c0e944d",
            "name": "daily-backup",
            "namespace": "longhorn-system",
            "override_namespace": null,
            "sensitive_fields": null,
            "server_side_apply": false,
            "timeouts": null,
            "uid": "183153db-00ac-4fa5-9174-7f249c0e944d",
            "validate_schema": true,
            "wait": null,
            "wait_for": [],
            "wait_for_rollout": true,
            "yaml_body": "\"apiVersion\": \"longhorn.io/v1beta2\"\n\"kind\": \"RecurringJob\"\n\"metadata\":\n  \"name\": \"daily-backup\"\n  \"namespace\": \"longhorn-system\"\n\"spec\":\n  \"concurrency\": 3\n  \"cron\": \"0 1 * * *\"\n  \"groups\":\n  - \"default\"\n  - \"daily\"\n  \"labels\":\n    \"backup\": \"daily\"\n    \"kubernetes.io/environment\": \"prod\"\n    \"kubernetes.io/managed-by\": \"Terraform\"\n    \"kubernetes.io/owner\": \"Devops\"\n    \"retention-days\": \"3\"\n  \"name\": \"daily-backup\"\n  \"parameters\": {}\n  \"retain\": 3\n  \"task\": \"backup\"\n",
            "yaml_body_parsed": "apiVersion: longhorn.io/v1beta2\nkind: RecurringJob\nmetadata:\n  name: daily-backup\n  namespace: longhorn-system\nspec:\n  concurrency: 3\n  cron: 0 1 * * *\n  groups:\n  - default\n  - daily\n  labels:\n    backup: daily\n    kubernetes.io/environment: prod\n    kubernetes.io/managed-by: Terraform\n    kubernetes.io/owner: Devops\n    retention-days: \"3\"\n  name: daily-backup\n  parameters: {}\n  retain: 3\n  task: backup\n",
            "yaml_incluster": "apiVersion=4b48780aa913fd78ffe8f7d6dee1522cd732437ee674947b988d7af34cbfcce9\nkind=ca1b468f78f943d79b39b78e652976cf864a132be41ef89855d33ca141b01da7\nmetadata.name=2e4ff958929fa8d8c7b3b709be5624c6d35ff9980dfe620969e089764830df24\nmetadata.namespace=c16aef0a4684c5ca5f6207d6acbec4d51f7e7b3a87b5a5041c6f9484b034478a\nspec.concurrency=4e07408562bedb8b60ce05c1decfe3ad16b72230967de01f640b7e4729b49fce\nspec.cron=26f580827d66f34cf854719952012b26633481ffa57c508d97953cdf7cfd4e5a\nspec.groups.#=d4735e3a265e16eee03f59718b9b5d03019c07d8b6c51f90da3a666eec13ab35\nspec.groups.0=37a8eec1ce19687d132fe29051dca629d164e2c4958ba141d5f4133a33f0688f\nspec.groups.1=6f31304cdfd0a3a6362bffbc6dc4f33ecb20221b84f79cf0137b7dc0f5d3a616\nspec.labels.backup=6f31304cdfd0a3a6362bffbc6dc4f33ecb20221b84f79cf0137b7dc0f5d3a616\nspec.labels.kubernetes.io/environment=6754af9632a2745e85c293e5aac0863370d9bd3330b9938c00cadfd215227d77\nspec.labels.kubernetes.io/managed-by=05b073bd5e46bbede792d1e77a68c71801b7bac2dd8e0236299dede9a3a1909d\nspec.labels.kubernetes.io/owner=1ea9b1dc4ab0acf68ab6c41337fd1940bf2712a6c13adf9abba8f44730b59729\nspec.labels.retention-days=4e07408562bedb8b60ce05c1decfe3ad16b72230967de01f640b7e4729b49fce\nspec.name=2e4ff958929fa8d8c7b3b709be5624c6d35ff9980dfe620969e089764830df24\nspec.retain=4e07408562bedb8b60ce05c1decfe3ad16b72230967de01f640b7e4729b49fce\nspec.task=54d00d867758cef816bc4685f58e327b949712b07ebd17c3485f3ffc9e9f5133"
          },
          "sensitive_attributes": [
            [
              {
                "type": "get_attr",
                "value": "yaml_body"
              }
            ],
            [
              {
                "type": "get_attr",
                "value": "live_manifest_incluster"
              }
            ],
            [
              {
                "type": "get_attr",
                "value": "yaml_incluster"
              }
            ]
          ],
          "private": "eyJlMmJmYjczMC1lY2FhLTExZTYtOGY4OC0zNDM2M2JjN2M0YzAiOnsiY3JlYXRlIjo2MDAwMDAwMDAwMDB9LCJzY2hlbWFfdmVyc2lvbiI6IjEifQ==",
          "dependencies": [
            "module.k8s_provisioner_prod.helm_release.cert_manager",
            "module.k8s_provisioner_prod.helm_release.longhorn",
            "module.k8s_provisioner_prod.kubectl_manifest.cluster_ca_issuer",
            "module.k8s_provisioner_prod.kubernetes_labels.storage_node_labels_az1",
            "module.k8s_provisioner_prod.kubernetes_labels.storage_node_labels_az3",
            "module.k8s_provisioner_prod.kubernetes_namespace.cert_manager",
            "module.k8s_provisioner_prod.kubernetes_namespace.longhorn",
            "module.k8s_provisioner_prod.kubernetes_secret.cert_manager_root_ca",
            "module.k8s_provisioner_prod.kubernetes_secret.longhorn_ingress_basic_auth",
            "module.rke2_prod_cluster.data.vsphere_datacenter.vsphere_datacenter_az1",
            "module.rke2_prod_cluster.data.vsphere_datacenter.vsphere_datacenter_az3",
            "module.rke2_prod_cluster.data.vsphere_datastore.vsphere_datastore_az1",
            "module.rke2_prod_cluster.data.vsphere_datastore.vsphere_datastore_az3",
            "module.rke2_prod_cluster.data.vsphere_host.vsphere_host_az1",
            "module.rke2_prod_cluster.data.vsphere_host.vsphere_host_az3",
            "module.rke2_prod_cluster.data.vsphere_network.vsphere_network_az1",
            "module.rke2_prod_cluster.data.vsphere_network.vsphere_network_az3",
            "module.rke2_prod_cluster.data.vsphere_ovf_vm_template.template",
            "module.rke2_prod_cluster.data.vsphere_ovf_vm_template.templateLocal",
            "module.rke2_prod_cluster.data.vsphere_resource_pool.vsphere_resource_pool_az1",
            "module.rke2_prod_cluster.data.vsphere_resource_pool.vsphere_resource_pool_az3",
            "module.rke2_prod_cluster.data.vsphere_virtual_machine.template",
            "module.rke2_prod_cluster.local_file.inventory_file",
            "module.rke2_prod_cluster.null_resource.ansible_add_hosts",
            "module.rke2_prod_cluster.null_resource.ansible_install_rke2",
            "module.rke2_prod_cluster.null_resource.ansible_update_apt_packages",
            "module.rke2_prod_cluster.time_sleep.wait_3_minutes_for_node_ready",
            "module.rke2_prod_cluster.time_static.current",
            "module.rke2_prod_cluster.vsphere_virtual_machine.master_nodes_az1",
            "module.rke2_prod_cluster.vsphere_virtual_machine.master_nodes_az3",
            "module.rke2_prod_cluster.vsphere_virtual_machine.nfs_storage",
            "module.rke2_prod_cluster.vsphere_virtual_machine.template",
            "module.rke2_prod_cluster.vsphere_virtual_machine.worker_nodes_az1",
            "module.rke2_prod_cluster.vsphere_virtual_machine.worker_nodes_az3"
          ]
        }
      ]
    },
    {
      "module": "module.k8s_provisioner_prod",
      "mode": "managed",
      "type": "kubectl_manifest",
      "name": "filesystem_trim",
      "provider": "provider[\"registry.terraform.io/alekc/kubectl\"].prod",
      "instances": [
        {
          "index_key": 0,
          "schema_version": 1,
          "attributes": {
            "api_version": "longhorn.io/v1beta2",
            "apply_only": false,
            "delete_cascade": null,
            "field_manager": "kubectl",
            "force_conflicts": false,
            "force_new": false,
            "id": "/apis/longhorn.io/v1beta2/namespaces/longhorn-system/recurringjobs/filesystem-trim",
            "ignore_fields": null,
            "kind": "RecurringJob",
            "live_manifest_incluster": "apiVersion=4b48780aa913fd78ffe8f7d6dee1522cd732437ee674947b988d7af34cbfcce9\nkind=ca1b468f78f943d79b39b78e652976cf864a132be41ef89855d33ca141b01da7\nmetadata.name=0f7e0e10fc5aec36ffc0e3d4215ad51db133ed8489b342e162990a7baed29182\nmetadata.namespace=c16aef0a4684c5ca5f6207d6acbec4d51f7e7b3a87b5a5041c6f9484b034478a\nspec.concurrency=6b86b273ff34fce19d6b804eff5a3f5747ada4eaa22f1d49c01e52ddb7875b4b\nspec.cron=98913f9446172179ab75586bb01cfc7714bb7dd6331be4eb02e78fcb3fb10f29\nspec.groups.#=6b86b273ff34fce19d6b804eff5a3f5747ada4eaa22f1d49c01e52ddb7875b4b\nspec.groups.0=37a8eec1ce19687d132fe29051dca629d164e2c4958ba141d5f4133a33f0688f\nspec.labels.kubernetes.io/environment=6754af9632a2745e85c293e5aac0863370d9bd3330b9938c00cadfd215227d77\nspec.labels.kubernetes.io/managed-by=05b073bd5e46bbede792d1e77a68c71801b7bac2dd8e0236299dede9a3a1909d\nspec.labels.kubernetes.io/owner=1ea9b1dc4ab0acf68ab6c41337fd1940bf2712a6c13adf9abba8f44730b59729\nspec.labels.trim=cbf61858f3260072d96d9b1d2e037fc35824944b9c94d0087b1a53385eccaead\nspec.name=0f7e0e10fc5aec36ffc0e3d4215ad51db133ed8489b342e162990a7baed29182\nspec.retain=5feceb66ffc86f38d952786c6d696c79c2dbc239dd4e91b46729d73a27fb57e9\nspec.task=0f7e0e10fc5aec36ffc0e3d4215ad51db133ed8489b342e162990a7baed29182",
            "live_uid": "5b0a1251-bc19-43b6-bab1-61447dd0722a",
            "name": "filesystem-trim",
            "namespace": "longhorn-system",
            "override_namespace": null,
            "sensitive_fields": null,
            "server_side_apply": false,
            "timeouts": null,
            "uid": "5b0a1251-bc19-43b6-bab1-61447dd0722a",
            "validate_schema": true,
            "wait": null,
            "wait_for": [],
            "wait_for_rollout": true,
            "yaml_body": "\"apiVersion\": \"longhorn.io/v1beta2\"\n\"kind\": \"RecurringJob\"\n\"metadata\":\n  \"name\": \"filesystem-trim\"\n  \"namespace\": \"longhorn-system\"\n\"spec\":\n  \"concurrency\": 1\n  \"cron\": \"0 * * * *\"\n  \"groups\":\n  - \"default\"\n  \"labels\":\n    \"kubernetes.io/environment\": \"prod\"\n    \"kubernetes.io/managed-by\": \"Terraform\"\n    \"kubernetes.io/owner\": \"Devops\"\n    \"trim\": \"filesystem\"\n  \"name\": \"filesystem-trim\"\n  \"parameters\": {}\n  \"retain\": 0\n  \"task\": \"filesystem-trim\"\n",
            "yaml_body_parsed": "apiVersion: longhorn.io/v1beta2\nkind: RecurringJob\nmetadata:\n  name: filesystem-trim\n  namespace: longhorn-system\nspec:\n  concurrency: 1\n  cron: 0 * * * *\n  groups:\n  - default\n  labels:\n    kubernetes.io/environment: prod\n    kubernetes.io/managed-by: Terraform\n    kubernetes.io/owner: Devops\n    trim: filesystem\n  name: filesystem-trim\n  parameters: {}\n  retain: 0\n  task: filesystem-trim\n",
            "yaml_incluster": "apiVersion=4b48780aa913fd78ffe8f7d6dee1522cd732437ee674947b988d7af34cbfcce9\nkind=ca1b468f78f943d79b39b78e652976cf864a132be41ef89855d33ca141b01da7\nmetadata.name=0f7e0e10fc5aec36ffc0e3d4215ad51db133ed8489b342e162990a7baed29182\nmetadata.namespace=c16aef0a4684c5ca5f6207d6acbec4d51f7e7b3a87b5a5041c6f9484b034478a\nspec.concurrency=6b86b273ff34fce19d6b804eff5a3f5747ada4eaa22f1d49c01e52ddb7875b4b\nspec.cron=98913f9446172179ab75586bb01cfc7714bb7dd6331be4eb02e78fcb3fb10f29\nspec.groups.#=6b86b273ff34fce19d6b804eff5a3f5747ada4eaa22f1d49c01e52ddb7875b4b\nspec.groups.0=37a8eec1ce19687d132fe29051dca629d164e2c4958ba141d5f4133a33f0688f\nspec.labels.kubernetes.io/environment=6754af9632a2745e85c293e5aac0863370d9bd3330b9938c00cadfd215227d77\nspec.labels.kubernetes.io/managed-by=05b073bd5e46bbede792d1e77a68c71801b7bac2dd8e0236299dede9a3a1909d\nspec.labels.kubernetes.io/owner=1ea9b1dc4ab0acf68ab6c41337fd1940bf2712a6c13adf9abba8f44730b59729\nspec.labels.trim=cbf61858f3260072d96d9b1d2e037fc35824944b9c94d0087b1a53385eccaead\nspec.name=0f7e0e10fc5aec36ffc0e3d4215ad51db133ed8489b342e162990a7baed29182\nspec.retain=5feceb66ffc86f38d952786c6d696c79c2dbc239dd4e91b46729d73a27fb57e9\nspec.task=0f7e0e10fc5aec36ffc0e3d4215ad51db133ed8489b342e162990a7baed29182"
          },
          "sensitive_attributes": [
            [
              {
                "type": "get_attr",
                "value": "yaml_incluster"
              }
            ],
            [
              {
                "type": "get_attr",
                "value": "live_manifest_incluster"
              }
            ],
            [
              {
                "type": "get_attr",
                "value": "yaml_body"
              }
            ]
          ],
          "private": "eyJlMmJmYjczMC1lY2FhLTExZTYtOGY4OC0zNDM2M2JjN2M0YzAiOnsiY3JlYXRlIjo2MDAwMDAwMDAwMDB9LCJzY2hlbWFfdmVyc2lvbiI6IjEifQ==",
          "dependencies": [
            "module.k8s_provisioner_prod.helm_release.cert_manager",
            "module.k8s_provisioner_prod.helm_release.longhorn",
            "module.k8s_provisioner_prod.kubectl_manifest.cluster_ca_issuer",
            "module.k8s_provisioner_prod.kubernetes_labels.storage_node_labels_az1",
            "module.k8s_provisioner_prod.kubernetes_labels.storage_node_labels_az3",
            "module.k8s_provisioner_prod.kubernetes_namespace.cert_manager",
            "module.k8s_provisioner_prod.kubernetes_namespace.longhorn",
            "module.k8s_provisioner_prod.kubernetes_secret.cert_manager_root_ca",
            "module.k8s_provisioner_prod.kubernetes_secret.longhorn_ingress_basic_auth",
            "module.rke2_prod_cluster.data.vsphere_datacenter.vsphere_datacenter_az1",
            "module.rke2_prod_cluster.data.vsphere_datacenter.vsphere_datacenter_az3",
            "module.rke2_prod_cluster.data.vsphere_datastore.vsphere_datastore_az1",
            "module.rke2_prod_cluster.data.vsphere_datastore.vsphere_datastore_az3",
            "module.rke2_prod_cluster.data.vsphere_host.vsphere_host_az1",
            "module.rke2_prod_cluster.data.vsphere_host.vsphere_host_az3",
            "module.rke2_prod_cluster.data.vsphere_network.vsphere_network_az1",
            "module.rke2_prod_cluster.data.vsphere_network.vsphere_network_az3",
            "module.rke2_prod_cluster.data.vsphere_ovf_vm_template.template",
            "module.rke2_prod_cluster.data.vsphere_ovf_vm_template.templateLocal",
            "module.rke2_prod_cluster.data.vsphere_resource_pool.vsphere_resource_pool_az1",
            "module.rke2_prod_cluster.data.vsphere_resource_pool.vsphere_resource_pool_az3",
            "module.rke2_prod_cluster.data.vsphere_virtual_machine.template",
            "module.rke2_prod_cluster.local_file.inventory_file",
            "module.rke2_prod_cluster.null_resource.ansible_add_hosts",
            "module.rke2_prod_cluster.null_resource.ansible_install_rke2",
            "module.rke2_prod_cluster.null_resource.ansible_update_apt_packages",
            "module.rke2_prod_cluster.time_sleep.wait_3_minutes_for_node_ready",
            "module.rke2_prod_cluster.time_static.current",
            "module.rke2_prod_cluster.vsphere_virtual_machine.master_nodes_az1",
            "module.rke2_prod_cluster.vsphere_virtual_machine.master_nodes_az3",
            "module.rke2_prod_cluster.vsphere_virtual_machine.nfs_storage",
            "module.rke2_prod_cluster.vsphere_virtual_machine.template",
            "module.rke2_prod_cluster.vsphere_virtual_machine.worker_nodes_az1",
            "module.rke2_prod_cluster.vsphere_virtual_machine.worker_nodes_az3"
          ]
        }
      ]
    },
    {
      "module": "module.k8s_provisioner_prod",
      "mode": "managed",
      "type": "kubectl_manifest",
      "name": "monthly_backup_job",
      "provider": "provider[\"registry.terraform.io/alekc/kubectl\"].prod",
      "instances": [
        {
          "index_key": 0,
          "schema_version": 1,
          "attributes": {
            "api_version": "longhorn.io/v1beta2",
            "apply_only": false,
            "delete_cascade": null,
            "field_manager": "kubectl",
            "force_conflicts": false,
            "force_new": false,
            "id": "/apis/longhorn.io/v1beta2/namespaces/longhorn-system/recurringjobs/monthly-backup",
            "ignore_fields": null,
            "kind": "RecurringJob",
            "live_manifest_incluster": "apiVersion=4b48780aa913fd78ffe8f7d6dee1522cd732437ee674947b988d7af34cbfcce9\nkind=ca1b468f78f943d79b39b78e652976cf864a132be41ef89855d33ca141b01da7\nmetadata.name=1fdef6760a3ace4aedc38de332bdf7f10f1145c77fa3dcb362ed5fd9c1bb5c73\nmetadata.namespace=c16aef0a4684c5ca5f6207d6acbec4d51f7e7b3a87b5a5041c6f9484b034478a\nspec.concurrency=4e07408562bedb8b60ce05c1decfe3ad16b72230967de01f640b7e4729b49fce\nspec.cron=1e3cffeaff2f9af3e0d93f40de32499fb735fe0225afd894112b61559f07f8e5\nspec.groups.#=6b86b273ff34fce19d6b804eff5a3f5747ada4eaa22f1d49c01e52ddb7875b4b\nspec.groups.0=9169e3ca73eeb47d29e92532bcc0ffd1f22178bc26e73bf6e466f0aefadb8b50\nspec.labels.backup=9169e3ca73eeb47d29e92532bcc0ffd1f22178bc26e73bf6e466f0aefadb8b50\nspec.labels.kubernetes.io/environment=6754af9632a2745e85c293e5aac0863370d9bd3330b9938c00cadfd215227d77\nspec.labels.kubernetes.io/managed-by=05b073bd5e46bbede792d1e77a68c71801b7bac2dd8e0236299dede9a3a1909d\nspec.labels.kubernetes.io/owner=1ea9b1dc4ab0acf68ab6c41337fd1940bf2712a6c13adf9abba8f44730b59729\nspec.labels.retention-days=69f59c273b6e669ac32a6dd5e1b2cb63333d8b004f9696447aee2d422ce63763\nspec.name=1fdef6760a3ace4aedc38de332bdf7f10f1145c77fa3dcb362ed5fd9c1bb5c73\nspec.retain=69f59c273b6e669ac32a6dd5e1b2cb63333d8b004f9696447aee2d422ce63763\nspec.task=54d00d867758cef816bc4685f58e327b949712b07ebd17c3485f3ffc9e9f5133",
            "live_uid": "4d8afe4b-938c-4740-bbe6-afc278802bc6",
            "name": "monthly-backup",
            "namespace": "longhorn-system",
            "override_namespace": null,
            "sensitive_fields": null,
            "server_side_apply": false,
            "timeouts": null,
            "uid": "4d8afe4b-938c-4740-bbe6-afc278802bc6",
            "validate_schema": true,
            "wait": null,
            "wait_for": [],
            "wait_for_rollout": true,
            "yaml_body": "\"apiVersion\": \"longhorn.io/v1beta2\"\n\"kind\": \"RecurringJob\"\n\"metadata\":\n  \"name\": \"monthly-backup\"\n  \"namespace\": \"longhorn-system\"\n\"spec\":\n  \"concurrency\": 3\n  \"cron\": \"0 21 1 * *\"\n  \"groups\":\n  - \"monthly\"\n  \"labels\":\n    \"backup\": \"monthly\"\n    \"kubernetes.io/environment\": \"prod\"\n    \"kubernetes.io/managed-by\": \"Terraform\"\n    \"kubernetes.io/owner\": \"Devops\"\n    \"retention-days\": \"90\"\n  \"name\": \"monthly-backup\"\n  \"parameters\": {}\n  \"retain\": 90\n  \"task\": \"backup\"\n",
            "yaml_body_parsed": "apiVersion: longhorn.io/v1beta2\nkind: RecurringJob\nmetadata:\n  name: monthly-backup\n  namespace: longhorn-system\nspec:\n  concurrency: 3\n  cron: 0 21 1 * *\n  groups:\n  - monthly\n  labels:\n    backup: monthly\n    kubernetes.io/environment: prod\n    kubernetes.io/managed-by: Terraform\n    kubernetes.io/owner: Devops\n    retention-days: \"90\"\n  name: monthly-backup\n  parameters: {}\n  retain: 90\n  task: backup\n",
            "yaml_incluster": "apiVersion=4b48780aa913fd78ffe8f7d6dee1522cd732437ee674947b988d7af34cbfcce9\nkind=ca1b468f78f943d79b39b78e652976cf864a132be41ef89855d33ca141b01da7\nmetadata.name=1fdef6760a3ace4aedc38de332bdf7f10f1145c77fa3dcb362ed5fd9c1bb5c73\nmetadata.namespace=c16aef0a4684c5ca5f6207d6acbec4d51f7e7b3a87b5a5041c6f9484b034478a\nspec.concurrency=4e07408562bedb8b60ce05c1decfe3ad16b72230967de01f640b7e4729b49fce\nspec.cron=1e3cffeaff2f9af3e0d93f40de32499fb735fe0225afd894112b61559f07f8e5\nspec.groups.#=6b86b273ff34fce19d6b804eff5a3f5747ada4eaa22f1d49c01e52ddb7875b4b\nspec.groups.0=9169e3ca73eeb47d29e92532bcc0ffd1f22178bc26e73bf6e466f0aefadb8b50\nspec.labels.backup=9169e3ca73eeb47d29e92532bcc0ffd1f22178bc26e73bf6e466f0aefadb8b50\nspec.labels.kubernetes.io/environment=6754af9632a2745e85c293e5aac0863370d9bd3330b9938c00cadfd215227d77\nspec.labels.kubernetes.io/managed-by=05b073bd5e46bbede792d1e77a68c71801b7bac2dd8e0236299dede9a3a1909d\nspec.labels.kubernetes.io/owner=1ea9b1dc4ab0acf68ab6c41337fd1940bf2712a6c13adf9abba8f44730b59729\nspec.labels.retention-days=69f59c273b6e669ac32a6dd5e1b2cb63333d8b004f9696447aee2d422ce63763\nspec.name=1fdef6760a3ace4aedc38de332bdf7f10f1145c77fa3dcb362ed5fd9c1bb5c73\nspec.retain=69f59c273b6e669ac32a6dd5e1b2cb63333d8b004f9696447aee2d422ce63763\nspec.task=54d00d867758cef816bc4685f58e327b949712b07ebd17c3485f3ffc9e9f5133"
          },
          "sensitive_attributes": [
            [
              {
                "type": "get_attr",
                "value": "live_manifest_incluster"
              }
            ],
            [
              {
                "type": "get_attr",
                "value": "yaml_incluster"
              }
            ],
            [
              {
                "type": "get_attr",
                "value": "yaml_body"
              }
            ]
          ],
          "private": "eyJlMmJmYjczMC1lY2FhLTExZTYtOGY4OC0zNDM2M2JjN2M0YzAiOnsiY3JlYXRlIjo2MDAwMDAwMDAwMDB9LCJzY2hlbWFfdmVyc2lvbiI6IjEifQ==",
          "dependencies": [
            "module.k8s_provisioner_prod.helm_release.cert_manager",
            "module.k8s_provisioner_prod.helm_release.longhorn",
            "module.k8s_provisioner_prod.kubectl_manifest.cluster_ca_issuer",
            "module.k8s_provisioner_prod.kubernetes_labels.storage_node_labels_az1",
            "module.k8s_provisioner_prod.kubernetes_labels.storage_node_labels_az3",
            "module.k8s_provisioner_prod.kubernetes_namespace.cert_manager",
            "module.k8s_provisioner_prod.kubernetes_namespace.longhorn",
            "module.k8s_provisioner_prod.kubernetes_secret.cert_manager_root_ca",
            "module.k8s_provisioner_prod.kubernetes_secret.longhorn_ingress_basic_auth",
            "module.rke2_prod_cluster.data.vsphere_datacenter.vsphere_datacenter_az1",
            "module.rke2_prod_cluster.data.vsphere_datacenter.vsphere_datacenter_az3",
            "module.rke2_prod_cluster.data.vsphere_datastore.vsphere_datastore_az1",
            "module.rke2_prod_cluster.data.vsphere_datastore.vsphere_datastore_az3",
            "module.rke2_prod_cluster.data.vsphere_host.vsphere_host_az1",
            "module.rke2_prod_cluster.data.vsphere_host.vsphere_host_az3",
            "module.rke2_prod_cluster.data.vsphere_network.vsphere_network_az1",
            "module.rke2_prod_cluster.data.vsphere_network.vsphere_network_az3",
            "module.rke2_prod_cluster.data.vsphere_ovf_vm_template.template",
            "module.rke2_prod_cluster.data.vsphere_ovf_vm_template.templateLocal",
            "module.rke2_prod_cluster.data.vsphere_resource_pool.vsphere_resource_pool_az1",
            "module.rke2_prod_cluster.data.vsphere_resource_pool.vsphere_resource_pool_az3",
            "module.rke2_prod_cluster.data.vsphere_virtual_machine.template",
            "module.rke2_prod_cluster.local_file.inventory_file",
            "module.rke2_prod_cluster.null_resource.ansible_add_hosts",
            "module.rke2_prod_cluster.null_resource.ansible_install_rke2",
            "module.rke2_prod_cluster.null_resource.ansible_update_apt_packages",
            "module.rke2_prod_cluster.time_sleep.wait_3_minutes_for_node_ready",
            "module.rke2_prod_cluster.time_static.current",
            "module.rke2_prod_cluster.vsphere_virtual_machine.master_nodes_az1",
            "module.rke2_prod_cluster.vsphere_virtual_machine.master_nodes_az3",
            "module.rke2_prod_cluster.vsphere_virtual_machine.nfs_storage",
            "module.rke2_prod_cluster.vsphere_virtual_machine.template",
            "module.rke2_prod_cluster.vsphere_virtual_machine.worker_nodes_az1",
            "module.rke2_prod_cluster.vsphere_virtual_machine.worker_nodes_az3"
          ]
        }
      ]
    },
    {
      "module": "module.k8s_provisioner_prod",
      "mode": "managed",
      "type": "kubectl_manifest",
      "name": "patch_coredns_cm",
      "provider": "provider[\"registry.terraform.io/alekc/kubectl\"].prod",
      "instances": [
        {
          "index_key": 0,
          "schema_version": 1,
          "attributes": {
            "api_version": "v1",
            "apply_only": false,
            "delete_cascade": null,
            "field_manager": "kubectl",
            "force_conflicts": false,
            "force_new": false,
            "id": "/api/v1/namespaces/kube-system/configmaps/rke2-coredns-rke2-coredns",
            "ignore_fields": null,
            "kind": "ConfigMap",
            "live_manifest_incluster": "apiVersion=3bfc269594ef649228e9a74bab00f042efc91d5acc6fbee31a382e80d42388fe\ndata.Corefile=f1f2dd23f62f8af0e56b7e7bbb81461509ef41c3a6c8cd56818abd5cac754637\nkind=0fbccfa7e82773d5a67ff9cb176c9b3bc9ce8b1c09b470f0bc402d6cdaef12dd\nmetadata.annotations.meta.helm.sh/release-name=f14c22286d82ecafecb0547078de41c70df51e50873447c063e161c69bb309ef\nmetadata.annotations.meta.helm.sh/release-namespace=88007f70666dbd81a8d2e5ca15851947c692613660b4f6148f7ad8c7130e1e5a\nmetadata.labels.app.kubernetes.io/instance=f14c22286d82ecafecb0547078de41c70df51e50873447c063e161c69bb309ef\nmetadata.labels.app.kubernetes.io/managed-by=7e94675ff2dea1166207244f07f92ed60b6e72bda7c1e68e92374eeb98516973\nmetadata.labels.app.kubernetes.io/name=f14c22286d82ecafecb0547078de41c70df51e50873447c063e161c69bb309ef\nmetadata.labels.helm.sh/chart=b3e29ec61501117ae8dc67e38593efb7300b43e77af7e1e55c2fe9e35be61161\nmetadata.labels.k8s-app=658ecc26ddaf808707791fca2356f7534926072b5ff7aaa4d76f27689eb78a5e\nmetadata.labels.kubernetes.io/cluster-service=b5bea41b6c623f7c09f1bf24dcae58ebab3c0cdd90ad966bc43a45b44867e12b\nmetadata.labels.kubernetes.io/name=b67436a821f8c8e8fccab8ca26a1502aad91d3e0e30f224f19c6e5ae000955a0\nmetadata.name=f26defc34554f6626b5803b4cf469452ae4f657c43ad68a0f519df77178f8dd0\nmetadata.namespace=88007f70666dbd81a8d2e5ca15851947c692613660b4f6148f7ad8c7130e1e5a",
            "live_uid": "ca6b8709-206e-446c-80a3-4aa66deba98a",
            "name": "rke2-coredns-rke2-coredns",
            "namespace": "kube-system",
            "override_namespace": null,
            "sensitive_fields": null,
            "server_side_apply": false,
            "timeouts": null,
            "uid": "ca6b8709-206e-446c-80a3-4aa66deba98a",
            "validate_schema": true,
            "wait": null,
            "wait_for": [],
            "wait_for_rollout": true,
            "yaml_body": "apiVersion: v1\r\nkind: ConfigMap\r\nmetadata:\r\n  annotations:\r\n    meta.helm.sh/release-name: rke2-coredns\r\n    meta.helm.sh/release-namespace: kube-system\r\n  labels:\r\n    app.kubernetes.io/instance: rke2-coredns\r\n    app.kubernetes.io/managed-by: Helm\r\n    app.kubernetes.io/name: rke2-coredns\r\n    helm.sh/chart: rke2-coredns-1.24.004\r\n    k8s-app: kube-dns\r\n    kubernetes.io/cluster-service: \"true\"\r\n    kubernetes.io/name: CoreDNS\r\n  name: rke2-coredns-rke2-coredns\r\n  namespace: kube-system\r\ndata:\r\n  Corefile: |\r\n    .:53 {\r\n        errors\r\n        health {\r\n            lameduck 5s\r\n        }\r\n        ready\r\n        rewrite name argocd.hostart.az  nginx-ingress-controller.kube-system.svc.cluster.local\r\n        rewrite name grafana.hostart.az  nginx-ingress-controller.kube-system.svc.cluster.local\r\n        rewrite name harbor.hostart.az  nginx-ingress-controller.kube-system.svc.cluster.local\r\n        rewrite name istio.hostart.az  nginx-ingress-controller.kube-system.svc.cluster.local\r\n        rewrite name kiali.hostart.az  nginx-ingress-controller.kube-system.svc.cluster.local\r\n        rewrite name loki.hostart.az  nginx-ingress-controller.kube-system.svc.cluster.local\r\n        rewrite name minio.hostart.az  nginx-ingress-controller.kube-system.svc.cluster.local\r\n        rewrite name prometheus.hostart.az  nginx-ingress-controller.kube-system.svc.cluster.local\r\n        rewrite name rabbitmq.hostart.az  nginx-ingress-controller.kube-system.svc.cluster.local\r\n        rewrite name redis.hostart.az  nginx-ingress-controller.kube-system.svc.cluster.local\r\n        rewrite name sonar.hostart.az  nginx-ingress-controller.kube-system.svc.cluster.local\r\n        rewrite name vault.hostart.az  nginx-ingress-controller.kube-system.svc.cluster.local\r\n        kubernetes cluster.local in-addr.arpa ip6.arpa {\r\n        pods insecure\r\n        fallthrough in-addr.arpa ip6.arpa\r\n        ttl 30\r\n        }\r\n        prometheus :9153\r\n        forward . /etc/resolv.conf\r\n        cache 30\r\n        loop\r\n        reload\r\n        loadbalance\r\n\r\n        hosts {\r\n            10.100.70.250 vcsa.hostart.local\r\n            fallthrough\r\n        }\r\n    }",
            "yaml_body_parsed": "apiVersion: v1\ndata:\n  Corefile: |-\n    .:53 {\n        errors\n        health {\n            lameduck 5s\n        }\n        ready\n        rewrite name argocd.hostart.az  nginx-ingress-controller.kube-system.svc.cluster.local\n        rewrite name grafana.hostart.az  nginx-ingress-controller.kube-system.svc.cluster.local\n        rewrite name harbor.hostart.az  nginx-ingress-controller.kube-system.svc.cluster.local\n        rewrite name istio.hostart.az  nginx-ingress-controller.kube-system.svc.cluster.local\n        rewrite name kiali.hostart.az  nginx-ingress-controller.kube-system.svc.cluster.local\n        rewrite name loki.hostart.az  nginx-ingress-controller.kube-system.svc.cluster.local\n        rewrite name minio.hostart.az  nginx-ingress-controller.kube-system.svc.cluster.local\n        rewrite name prometheus.hostart.az  nginx-ingress-controller.kube-system.svc.cluster.local\n        rewrite name rabbitmq.hostart.az  nginx-ingress-controller.kube-system.svc.cluster.local\n        rewrite name redis.hostart.az  nginx-ingress-controller.kube-system.svc.cluster.local\n        rewrite name sonar.hostart.az  nginx-ingress-controller.kube-system.svc.cluster.local\n        rewrite name vault.hostart.az  nginx-ingress-controller.kube-system.svc.cluster.local\n        kubernetes cluster.local in-addr.arpa ip6.arpa {\n        pods insecure\n        fallthrough in-addr.arpa ip6.arpa\n        ttl 30\n        }\n        prometheus :9153\n        forward . /etc/resolv.conf\n        cache 30\n        loop\n        reload\n        loadbalance\n\n        hosts {\n            10.100.70.250 vcsa.hostart.local\n            fallthrough\n        }\n    }\nkind: ConfigMap\nmetadata:\n  annotations:\n    meta.helm.sh/release-name: rke2-coredns\n    meta.helm.sh/release-namespace: kube-system\n  labels:\n    app.kubernetes.io/instance: rke2-coredns\n    app.kubernetes.io/managed-by: Helm\n    app.kubernetes.io/name: rke2-coredns\n    helm.sh/chart: rke2-coredns-1.24.004\n    k8s-app: kube-dns\n    kubernetes.io/cluster-service: \"true\"\n    kubernetes.io/name: CoreDNS\n  name: rke2-coredns-rke2-coredns\n  namespace: kube-system\n",
            "yaml_incluster": "apiVersion=3bfc269594ef649228e9a74bab00f042efc91d5acc6fbee31a382e80d42388fe\ndata.Corefile=f1f2dd23f62f8af0e56b7e7bbb81461509ef41c3a6c8cd56818abd5cac754637\nkind=0fbccfa7e82773d5a67ff9cb176c9b3bc9ce8b1c09b470f0bc402d6cdaef12dd\nmetadata.annotations.meta.helm.sh/release-name=f14c22286d82ecafecb0547078de41c70df51e50873447c063e161c69bb309ef\nmetadata.annotations.meta.helm.sh/release-namespace=88007f70666dbd81a8d2e5ca15851947c692613660b4f6148f7ad8c7130e1e5a\nmetadata.labels.app.kubernetes.io/instance=f14c22286d82ecafecb0547078de41c70df51e50873447c063e161c69bb309ef\nmetadata.labels.app.kubernetes.io/managed-by=7e94675ff2dea1166207244f07f92ed60b6e72bda7c1e68e92374eeb98516973\nmetadata.labels.app.kubernetes.io/name=f14c22286d82ecafecb0547078de41c70df51e50873447c063e161c69bb309ef\nmetadata.labels.helm.sh/chart=b3e29ec61501117ae8dc67e38593efb7300b43e77af7e1e55c2fe9e35be61161\nmetadata.labels.k8s-app=658ecc26ddaf808707791fca2356f7534926072b5ff7aaa4d76f27689eb78a5e\nmetadata.labels.kubernetes.io/cluster-service=b5bea41b6c623f7c09f1bf24dcae58ebab3c0cdd90ad966bc43a45b44867e12b\nmetadata.labels.kubernetes.io/name=b67436a821f8c8e8fccab8ca26a1502aad91d3e0e30f224f19c6e5ae000955a0\nmetadata.name=f26defc34554f6626b5803b4cf469452ae4f657c43ad68a0f519df77178f8dd0\nmetadata.namespace=88007f70666dbd81a8d2e5ca15851947c692613660b4f6148f7ad8c7130e1e5a"
          },
          "sensitive_attributes": [
            [
              {
                "type": "get_attr",
                "value": "live_manifest_incluster"
              }
            ],
            [
              {
                "type": "get_attr",
                "value": "yaml_incluster"
              }
            ],
            [
              {
                "type": "get_attr",
                "value": "yaml_body"
              }
            ]
          ],
          "private": "eyJlMmJmYjczMC1lY2FhLTExZTYtOGY4OC0zNDM2M2JjN2M0YzAiOnsiY3JlYXRlIjo2MDAwMDAwMDAwMDB9LCJzY2hlbWFfdmVyc2lvbiI6IjEifQ==",
          "dependencies": [
            "module.rke2_prod_cluster.data.vsphere_datacenter.vsphere_datacenter_az1",
            "module.rke2_prod_cluster.data.vsphere_datacenter.vsphere_datacenter_az3",
            "module.rke2_prod_cluster.data.vsphere_datastore.vsphere_datastore_az1",
            "module.rke2_prod_cluster.data.vsphere_datastore.vsphere_datastore_az3",
            "module.rke2_prod_cluster.data.vsphere_host.vsphere_host_az1",
            "module.rke2_prod_cluster.data.vsphere_host.vsphere_host_az3",
            "module.rke2_prod_cluster.data.vsphere_network.vsphere_network_az1",
            "module.rke2_prod_cluster.data.vsphere_network.vsphere_network_az3",
            "module.rke2_prod_cluster.data.vsphere_ovf_vm_template.template",
            "module.rke2_prod_cluster.data.vsphere_ovf_vm_template.templateLocal",
            "module.rke2_prod_cluster.data.vsphere_resource_pool.vsphere_resource_pool_az1",
            "module.rke2_prod_cluster.data.vsphere_resource_pool.vsphere_resource_pool_az3",
            "module.rke2_prod_cluster.data.vsphere_virtual_machine.template",
            "module.rke2_prod_cluster.local_file.inventory_file",
            "module.rke2_prod_cluster.null_resource.ansible_add_hosts",
            "module.rke2_prod_cluster.null_resource.ansible_install_rke2",
            "module.rke2_prod_cluster.null_resource.ansible_update_apt_packages",
            "module.rke2_prod_cluster.time_sleep.wait_3_minutes_for_node_ready",
            "module.rke2_prod_cluster.time_static.current",
            "module.rke2_prod_cluster.vsphere_virtual_machine.master_nodes_az1",
            "module.rke2_prod_cluster.vsphere_virtual_machine.master_nodes_az3",
            "module.rke2_prod_cluster.vsphere_virtual_machine.nfs_storage",
            "module.rke2_prod_cluster.vsphere_virtual_machine.template",
            "module.rke2_prod_cluster.vsphere_virtual_machine.worker_nodes_az1",
            "module.rke2_prod_cluster.vsphere_virtual_machine.worker_nodes_az3"
          ]
        }
      ]
    },
    {
      "module": "module.k8s_provisioner_prod",
      "mode": "managed",
      "type": "kubectl_manifest",
      "name": "weekly_backup_job",
      "provider": "provider[\"registry.terraform.io/alekc/kubectl\"].prod",
      "instances": [
        {
          "index_key": 0,
          "schema_version": 1,
          "attributes": {
            "api_version": "longhorn.io/v1beta2",
            "apply_only": false,
            "delete_cascade": null,
            "field_manager": "kubectl",
            "force_conflicts": false,
            "force_new": false,
            "id": "/apis/longhorn.io/v1beta2/namespaces/longhorn-system/recurringjobs/weekly-backup",
            "ignore_fields": null,
            "kind": "RecurringJob",
            "live_manifest_incluster": "apiVersion=4b48780aa913fd78ffe8f7d6dee1522cd732437ee674947b988d7af34cbfcce9\nkind=ca1b468f78f943d79b39b78e652976cf864a132be41ef89855d33ca141b01da7\nmetadata.name=0b1a28f19df0cf9598f8d0abdfd3d07f85b3cb4051f8d69c660294ddbfb6f644\nmetadata.namespace=c16aef0a4684c5ca5f6207d6acbec4d51f7e7b3a87b5a5041c6f9484b034478a\nspec.concurrency=4e07408562bedb8b60ce05c1decfe3ad16b72230967de01f640b7e4729b49fce\nspec.cron=3b620d431feecfedace18c440e365ad653b6d5f072ed07d16be41048023a239f\nspec.groups.#=6b86b273ff34fce19d6b804eff5a3f5747ada4eaa22f1d49c01e52ddb7875b4b\nspec.groups.0=8850eced986ec360f9b350835a621bcfaf8d5ce779db0110f7b824f05036a705\nspec.labels.backup=8850eced986ec360f9b350835a621bcfaf8d5ce779db0110f7b824f05036a705\nspec.labels.kubernetes.io/environment=6754af9632a2745e85c293e5aac0863370d9bd3330b9938c00cadfd215227d77\nspec.labels.kubernetes.io/managed-by=05b073bd5e46bbede792d1e77a68c71801b7bac2dd8e0236299dede9a3a1909d\nspec.labels.kubernetes.io/owner=1ea9b1dc4ab0acf68ab6c41337fd1940bf2712a6c13adf9abba8f44730b59729\nspec.labels.retention-days=624b60c58c9d8bfb6ff1886c2fd605d2adeb6ea4da576068201b6c6958ce93f4\nspec.name=0b1a28f19df0cf9598f8d0abdfd3d07f85b3cb4051f8d69c660294ddbfb6f644\nspec.retain=624b60c58c9d8bfb6ff1886c2fd605d2adeb6ea4da576068201b6c6958ce93f4\nspec.task=54d00d867758cef816bc4685f58e327b949712b07ebd17c3485f3ffc9e9f5133",
            "live_uid": "4c66bb35-c7cd-43f0-a90b-d7464e20a983",
            "name": "weekly-backup",
            "namespace": "longhorn-system",
            "override_namespace": null,
            "sensitive_fields": null,
            "server_side_apply": false,
            "timeouts": null,
            "uid": "4c66bb35-c7cd-43f0-a90b-d7464e20a983",
            "validate_schema": true,
            "wait": null,
            "wait_for": [],
            "wait_for_rollout": true,
            "yaml_body": "\"apiVersion\": \"longhorn.io/v1beta2\"\n\"kind\": \"RecurringJob\"\n\"metadata\":\n  \"name\": \"weekly-backup\"\n  \"namespace\": \"longhorn-system\"\n\"spec\":\n  \"concurrency\": 3\n  \"cron\": \"0 23 * * 1\"\n  \"groups\":\n  - \"weekly\"\n  \"labels\":\n    \"backup\": \"weekly\"\n    \"kubernetes.io/environment\": \"prod\"\n    \"kubernetes.io/managed-by\": \"Terraform\"\n    \"kubernetes.io/owner\": \"Devops\"\n    \"retention-days\": \"30\"\n  \"name\": \"weekly-backup\"\n  \"parameters\": {}\n  \"retain\": 30\n  \"task\": \"backup\"\n",
            "yaml_body_parsed": "apiVersion: longhorn.io/v1beta2\nkind: RecurringJob\nmetadata:\n  name: weekly-backup\n  namespace: longhorn-system\nspec:\n  concurrency: 3\n  cron: 0 23 * * 1\n  groups:\n  - weekly\n  labels:\n    backup: weekly\n    kubernetes.io/environment: prod\n    kubernetes.io/managed-by: Terraform\n    kubernetes.io/owner: Devops\n    retention-days: \"30\"\n  name: weekly-backup\n  parameters: {}\n  retain: 30\n  task: backup\n",
            "yaml_incluster": "apiVersion=4b48780aa913fd78ffe8f7d6dee1522cd732437ee674947b988d7af34cbfcce9\nkind=ca1b468f78f943d79b39b78e652976cf864a132be41ef89855d33ca141b01da7\nmetadata.name=0b1a28f19df0cf9598f8d0abdfd3d07f85b3cb4051f8d69c660294ddbfb6f644\nmetadata.namespace=c16aef0a4684c5ca5f6207d6acbec4d51f7e7b3a87b5a5041c6f9484b034478a\nspec.concurrency=4e07408562bedb8b60ce05c1decfe3ad16b72230967de01f640b7e4729b49fce\nspec.cron=3b620d431feecfedace18c440e365ad653b6d5f072ed07d16be41048023a239f\nspec.groups.#=6b86b273ff34fce19d6b804eff5a3f5747ada4eaa22f1d49c01e52ddb7875b4b\nspec.groups.0=8850eced986ec360f9b350835a621bcfaf8d5ce779db0110f7b824f05036a705\nspec.labels.backup=8850eced986ec360f9b350835a621bcfaf8d5ce779db0110f7b824f05036a705\nspec.labels.kubernetes.io/environment=6754af9632a2745e85c293e5aac0863370d9bd3330b9938c00cadfd215227d77\nspec.labels.kubernetes.io/managed-by=05b073bd5e46bbede792d1e77a68c71801b7bac2dd8e0236299dede9a3a1909d\nspec.labels.kubernetes.io/owner=1ea9b1dc4ab0acf68ab6c41337fd1940bf2712a6c13adf9abba8f44730b59729\nspec.labels.retention-days=624b60c58c9d8bfb6ff1886c2fd605d2adeb6ea4da576068201b6c6958ce93f4\nspec.name=0b1a28f19df0cf9598f8d0abdfd3d07f85b3cb4051f8d69c660294ddbfb6f644\nspec.retain=624b60c58c9d8bfb6ff1886c2fd605d2adeb6ea4da576068201b6c6958ce93f4\nspec.task=54d00d867758cef816bc4685f58e327b949712b07ebd17c3485f3ffc9e9f5133"
          },
          "sensitive_attributes": [
            [
              {
                "type": "get_attr",
                "value": "yaml_body"
              }
            ],
            [
              {
                "type": "get_attr",
                "value": "yaml_incluster"
              }
            ],
            [
              {
                "type": "get_attr",
                "value": "live_manifest_incluster"
              }
            ]
          ],
          "private": "eyJlMmJmYjczMC1lY2FhLTExZTYtOGY4OC0zNDM2M2JjN2M0YzAiOnsiY3JlYXRlIjo2MDAwMDAwMDAwMDB9LCJzY2hlbWFfdmVyc2lvbiI6IjEifQ==",
          "dependencies": [
            "module.k8s_provisioner_prod.helm_release.cert_manager",
            "module.k8s_provisioner_prod.helm_release.longhorn",
            "module.k8s_provisioner_prod.kubectl_manifest.cluster_ca_issuer",
            "module.k8s_provisioner_prod.kubernetes_labels.storage_node_labels_az1",
            "module.k8s_provisioner_prod.kubernetes_labels.storage_node_labels_az3",
            "module.k8s_provisioner_prod.kubernetes_namespace.cert_manager",
            "module.k8s_provisioner_prod.kubernetes_namespace.longhorn",
            "module.k8s_provisioner_prod.kubernetes_secret.cert_manager_root_ca",
            "module.k8s_provisioner_prod.kubernetes_secret.longhorn_ingress_basic_auth",
            "module.rke2_prod_cluster.data.vsphere_datacenter.vsphere_datacenter_az1",
            "module.rke2_prod_cluster.data.vsphere_datacenter.vsphere_datacenter_az3",
            "module.rke2_prod_cluster.data.vsphere_datastore.vsphere_datastore_az1",
            "module.rke2_prod_cluster.data.vsphere_datastore.vsphere_datastore_az3",
            "module.rke2_prod_cluster.data.vsphere_host.vsphere_host_az1",
            "module.rke2_prod_cluster.data.vsphere_host.vsphere_host_az3",
            "module.rke2_prod_cluster.data.vsphere_network.vsphere_network_az1",
            "module.rke2_prod_cluster.data.vsphere_network.vsphere_network_az3",
            "module.rke2_prod_cluster.data.vsphere_ovf_vm_template.template",
            "module.rke2_prod_cluster.data.vsphere_ovf_vm_template.templateLocal",
            "module.rke2_prod_cluster.data.vsphere_resource_pool.vsphere_resource_pool_az1",
            "module.rke2_prod_cluster.data.vsphere_resource_pool.vsphere_resource_pool_az3",
            "module.rke2_prod_cluster.data.vsphere_virtual_machine.template",
            "module.rke2_prod_cluster.local_file.inventory_file",
            "module.rke2_prod_cluster.null_resource.ansible_add_hosts",
            "module.rke2_prod_cluster.null_resource.ansible_install_rke2",
            "module.rke2_prod_cluster.null_resource.ansible_update_apt_packages",
            "module.rke2_prod_cluster.time_sleep.wait_3_minutes_for_node_ready",
            "module.rke2_prod_cluster.time_static.current",
            "module.rke2_prod_cluster.vsphere_virtual_machine.master_nodes_az1",
            "module.rke2_prod_cluster.vsphere_virtual_machine.master_nodes_az3",
            "module.rke2_prod_cluster.vsphere_virtual_machine.nfs_storage",
            "module.rke2_prod_cluster.vsphere_virtual_machine.template",
            "module.rke2_prod_cluster.vsphere_virtual_machine.worker_nodes_az1",
            "module.rke2_prod_cluster.vsphere_virtual_machine.worker_nodes_az3"
          ]
        }
      ]
    },
    {
      "module": "module.k8s_provisioner_prod",
      "mode": "managed",
      "type": "kubernetes_labels",
      "name": "cp_node_labels",
      "provider": "provider[\"registry.terraform.io/hashicorp/kubernetes\"].prod",
      "instances": [
        {
          "index_key": "prod-az1-master-node-1",
          "schema_version": 0,
          "attributes": {
            "api_version": "v1",
            "field_manager": "Terraform",
            "force": null,
            "id": "apiVersion=v1,kind=Node,name=prod-az1-master-node-1",
            "kind": "Node",
            "labels": {
              "kubernetes.io/environment": "prod",
              "kubernetes.io/managed-by": "Terraform",
              "kubernetes.io/owner": "Devops",
              "node-role.kubernetes.io/control-plane": "true",
              "node-role.kubernetes.io/etcd": "true",
              "node-role.kubernetes.io/master": "true",
              "node.kubernetes.io/instance-type": "rke2",
              "topology.kubernetes.io/zone": "az1"
            },
            "metadata": [
              {
                "name": "prod-az1-master-node-1",
                "namespace": ""
              }
            ]
          },
          "sensitive_attributes": [],
          "private": "bnVsbA==",
          "dependencies": [
            "module.rke2_prod_cluster.data.vsphere_datacenter.vsphere_datacenter_az1",
            "module.rke2_prod_cluster.data.vsphere_datacenter.vsphere_datacenter_az3",
            "module.rke2_prod_cluster.data.vsphere_datastore.vsphere_datastore_az1",
            "module.rke2_prod_cluster.data.vsphere_datastore.vsphere_datastore_az3",
            "module.rke2_prod_cluster.data.vsphere_host.vsphere_host_az1",
            "module.rke2_prod_cluster.data.vsphere_host.vsphere_host_az3",
            "module.rke2_prod_cluster.data.vsphere_network.vsphere_network_az1",
            "module.rke2_prod_cluster.data.vsphere_network.vsphere_network_az3",
            "module.rke2_prod_cluster.data.vsphere_ovf_vm_template.template",
            "module.rke2_prod_cluster.data.vsphere_ovf_vm_template.templateLocal",
            "module.rke2_prod_cluster.data.vsphere_resource_pool.vsphere_resource_pool_az1",
            "module.rke2_prod_cluster.data.vsphere_resource_pool.vsphere_resource_pool_az3",
            "module.rke2_prod_cluster.data.vsphere_virtual_machine.template",
            "module.rke2_prod_cluster.local_file.inventory_file",
            "module.rke2_prod_cluster.null_resource.ansible_add_hosts",
            "module.rke2_prod_cluster.null_resource.ansible_install_rke2",
            "module.rke2_prod_cluster.null_resource.ansible_update_apt_packages",
            "module.rke2_prod_cluster.time_sleep.wait_3_minutes_for_node_ready",
            "module.rke2_prod_cluster.time_static.current",
            "module.rke2_prod_cluster.vsphere_virtual_machine.master_nodes_az1",
            "module.rke2_prod_cluster.vsphere_virtual_machine.master_nodes_az3",
            "module.rke2_prod_cluster.vsphere_virtual_machine.nfs_storage",
            "module.rke2_prod_cluster.vsphere_virtual_machine.template",
            "module.rke2_prod_cluster.vsphere_virtual_machine.worker_nodes_az1",
            "module.rke2_prod_cluster.vsphere_virtual_machine.worker_nodes_az3"
          ]
        },
        {
          "index_key": "prod-az1-master-node-2",
          "schema_version": 0,
          "attributes": {
            "api_version": "v1",
            "field_manager": "Terraform",
            "force": null,
            "id": "apiVersion=v1,kind=Node,name=prod-az1-master-node-2",
            "kind": "Node",
            "labels": {
              "kubernetes.io/environment": "prod",
              "kubernetes.io/managed-by": "Terraform",
              "kubernetes.io/owner": "Devops",
              "node-role.kubernetes.io/control-plane": "true",
              "node-role.kubernetes.io/etcd": "true",
              "node-role.kubernetes.io/master": "true",
              "node.kubernetes.io/instance-type": "rke2",
              "topology.kubernetes.io/zone": "az1"
            },
            "metadata": [
              {
                "name": "prod-az1-master-node-2",
                "namespace": ""
              }
            ]
          },
          "sensitive_attributes": [],
          "private": "bnVsbA==",
          "dependencies": [
            "module.rke2_prod_cluster.data.vsphere_datacenter.vsphere_datacenter_az1",
            "module.rke2_prod_cluster.data.vsphere_datacenter.vsphere_datacenter_az3",
            "module.rke2_prod_cluster.data.vsphere_datastore.vsphere_datastore_az1",
            "module.rke2_prod_cluster.data.vsphere_datastore.vsphere_datastore_az3",
            "module.rke2_prod_cluster.data.vsphere_host.vsphere_host_az1",
            "module.rke2_prod_cluster.data.vsphere_host.vsphere_host_az3",
            "module.rke2_prod_cluster.data.vsphere_network.vsphere_network_az1",
            "module.rke2_prod_cluster.data.vsphere_network.vsphere_network_az3",
            "module.rke2_prod_cluster.data.vsphere_ovf_vm_template.template",
            "module.rke2_prod_cluster.data.vsphere_ovf_vm_template.templateLocal",
            "module.rke2_prod_cluster.data.vsphere_resource_pool.vsphere_resource_pool_az1",
            "module.rke2_prod_cluster.data.vsphere_resource_pool.vsphere_resource_pool_az3",
            "module.rke2_prod_cluster.data.vsphere_virtual_machine.template",
            "module.rke2_prod_cluster.local_file.inventory_file",
            "module.rke2_prod_cluster.null_resource.ansible_add_hosts",
            "module.rke2_prod_cluster.null_resource.ansible_install_rke2",
            "module.rke2_prod_cluster.null_resource.ansible_update_apt_packages",
            "module.rke2_prod_cluster.time_sleep.wait_3_minutes_for_node_ready",
            "module.rke2_prod_cluster.time_static.current",
            "module.rke2_prod_cluster.vsphere_virtual_machine.master_nodes_az1",
            "module.rke2_prod_cluster.vsphere_virtual_machine.master_nodes_az3",
            "module.rke2_prod_cluster.vsphere_virtual_machine.nfs_storage",
            "module.rke2_prod_cluster.vsphere_virtual_machine.template",
            "module.rke2_prod_cluster.vsphere_virtual_machine.worker_nodes_az1",
            "module.rke2_prod_cluster.vsphere_virtual_machine.worker_nodes_az3"
          ]
        },
        {
          "index_key": "prod-az3-master-node-1",
          "schema_version": 0,
          "attributes": {
            "api_version": "v1",
            "field_manager": "Terraform",
            "force": null,
            "id": "apiVersion=v1,kind=Node,name=prod-az3-master-node-1",
            "kind": "Node",
            "labels": {
              "kubernetes.io/environment": "prod",
              "kubernetes.io/managed-by": "Terraform",
              "kubernetes.io/owner": "Devops",
              "node-role.kubernetes.io/control-plane": "true",
              "node-role.kubernetes.io/etcd": "true",
              "node-role.kubernetes.io/master": "true",
              "node.kubernetes.io/instance-type": "rke2",
              "topology.kubernetes.io/zone": "az3"
            },
            "metadata": [
              {
                "name": "prod-az3-master-node-1",
                "namespace": ""
              }
            ]
          },
          "sensitive_attributes": [],
          "private": "bnVsbA==",
          "dependencies": [
            "module.rke2_prod_cluster.data.vsphere_datacenter.vsphere_datacenter_az1",
            "module.rke2_prod_cluster.data.vsphere_datacenter.vsphere_datacenter_az3",
            "module.rke2_prod_cluster.data.vsphere_datastore.vsphere_datastore_az1",
            "module.rke2_prod_cluster.data.vsphere_datastore.vsphere_datastore_az3",
            "module.rke2_prod_cluster.data.vsphere_host.vsphere_host_az1",
            "module.rke2_prod_cluster.data.vsphere_host.vsphere_host_az3",
            "module.rke2_prod_cluster.data.vsphere_network.vsphere_network_az1",
            "module.rke2_prod_cluster.data.vsphere_network.vsphere_network_az3",
            "module.rke2_prod_cluster.data.vsphere_ovf_vm_template.template",
            "module.rke2_prod_cluster.data.vsphere_ovf_vm_template.templateLocal",
            "module.rke2_prod_cluster.data.vsphere_resource_pool.vsphere_resource_pool_az1",
            "module.rke2_prod_cluster.data.vsphere_resource_pool.vsphere_resource_pool_az3",
            "module.rke2_prod_cluster.data.vsphere_virtual_machine.template",
            "module.rke2_prod_cluster.local_file.inventory_file",
            "module.rke2_prod_cluster.null_resource.ansible_add_hosts",
            "module.rke2_prod_cluster.null_resource.ansible_install_rke2",
            "module.rke2_prod_cluster.null_resource.ansible_update_apt_packages",
            "module.rke2_prod_cluster.time_sleep.wait_3_minutes_for_node_ready",
            "module.rke2_prod_cluster.time_static.current",
            "module.rke2_prod_cluster.vsphere_virtual_machine.master_nodes_az1",
            "module.rke2_prod_cluster.vsphere_virtual_machine.master_nodes_az3",
            "module.rke2_prod_cluster.vsphere_virtual_machine.nfs_storage",
            "module.rke2_prod_cluster.vsphere_virtual_machine.template",
            "module.rke2_prod_cluster.vsphere_virtual_machine.worker_nodes_az1",
            "module.rke2_prod_cluster.vsphere_virtual_machine.worker_nodes_az3"
          ]
        },
        {
          "index_key": "prod-az3-master-node-2",
          "schema_version": 0,
          "attributes": {
            "api_version": "v1",
            "field_manager": "Terraform",
            "force": null,
            "id": "apiVersion=v1,kind=Node,name=prod-az3-master-node-2",
            "kind": "Node",
            "labels": {
              "kubernetes.io/environment": "prod",
              "kubernetes.io/managed-by": "Terraform",
              "kubernetes.io/owner": "Devops",
              "node-role.kubernetes.io/control-plane": "true",
              "node-role.kubernetes.io/etcd": "true",
              "node-role.kubernetes.io/master": "true",
              "node.kubernetes.io/instance-type": "rke2",
              "topology.kubernetes.io/zone": "az3"
            },
            "metadata": [
              {
                "name": "prod-az3-master-node-2",
                "namespace": ""
              }
            ]
          },
          "sensitive_attributes": [],
          "private": "bnVsbA==",
          "dependencies": [
            "module.rke2_prod_cluster.data.vsphere_datacenter.vsphere_datacenter_az1",
            "module.rke2_prod_cluster.data.vsphere_datacenter.vsphere_datacenter_az3",
            "module.rke2_prod_cluster.data.vsphere_datastore.vsphere_datastore_az1",
            "module.rke2_prod_cluster.data.vsphere_datastore.vsphere_datastore_az3",
            "module.rke2_prod_cluster.data.vsphere_host.vsphere_host_az1",
            "module.rke2_prod_cluster.data.vsphere_host.vsphere_host_az3",
            "module.rke2_prod_cluster.data.vsphere_network.vsphere_network_az1",
            "module.rke2_prod_cluster.data.vsphere_network.vsphere_network_az3",
            "module.rke2_prod_cluster.data.vsphere_ovf_vm_template.template",
            "module.rke2_prod_cluster.data.vsphere_ovf_vm_template.templateLocal",
            "module.rke2_prod_cluster.data.vsphere_resource_pool.vsphere_resource_pool_az1",
            "module.rke2_prod_cluster.data.vsphere_resource_pool.vsphere_resource_pool_az3",
            "module.rke2_prod_cluster.data.vsphere_virtual_machine.template",
            "module.rke2_prod_cluster.local_file.inventory_file",
            "module.rke2_prod_cluster.null_resource.ansible_add_hosts",
            "module.rke2_prod_cluster.null_resource.ansible_install_rke2",
            "module.rke2_prod_cluster.null_resource.ansible_update_apt_packages",
            "module.rke2_prod_cluster.time_sleep.wait_3_minutes_for_node_ready",
            "module.rke2_prod_cluster.time_static.current",
            "module.rke2_prod_cluster.vsphere_virtual_machine.master_nodes_az1",
            "module.rke2_prod_cluster.vsphere_virtual_machine.master_nodes_az3",
            "module.rke2_prod_cluster.vsphere_virtual_machine.nfs_storage",
            "module.rke2_prod_cluster.vsphere_virtual_machine.template",
            "module.rke2_prod_cluster.vsphere_virtual_machine.worker_nodes_az1",
            "module.rke2_prod_cluster.vsphere_virtual_machine.worker_nodes_az3"
          ]
        }
      ]
    },
    {
      "module": "module.k8s_provisioner_prod",
      "mode": "managed",
      "type": "kubernetes_labels",
      "name": "storage_node_labels_az1",
      "provider": "provider[\"registry.terraform.io/hashicorp/kubernetes\"].prod",
      "instances": [
        {
          "index_key": 0,
          "schema_version": 0,
          "attributes": {
            "api_version": "v1",
            "field_manager": "Terraform",
            "force": null,
            "id": "apiVersion=v1,kind=Node,name=prod-az1-worker-node-1",
            "kind": "Node",
            "labels": {
              "kubernetes.io/environment": "prod",
              "kubernetes.io/managed-by": "Terraform",
              "kubernetes.io/owner": "Devops",
              "node-role.kubernetes.io/storage": "true",
              "node-role.kubernetes.io/worker": "true",
              "node.longhorn.io/create-default-disk": "true",
              "topology.kubernetes.io/zone": "az1"
            },
            "metadata": [
              {
                "name": "prod-az1-worker-node-1",
                "namespace": ""
              }
            ]
          },
          "sensitive_attributes": [],
          "private": "bnVsbA==",
          "dependencies": [
            "module.rke2_prod_cluster.data.vsphere_datacenter.vsphere_datacenter_az1",
            "module.rke2_prod_cluster.data.vsphere_datacenter.vsphere_datacenter_az3",
            "module.rke2_prod_cluster.data.vsphere_datastore.vsphere_datastore_az1",
            "module.rke2_prod_cluster.data.vsphere_datastore.vsphere_datastore_az3",
            "module.rke2_prod_cluster.data.vsphere_host.vsphere_host_az1",
            "module.rke2_prod_cluster.data.vsphere_host.vsphere_host_az3",
            "module.rke2_prod_cluster.data.vsphere_network.vsphere_network_az1",
            "module.rke2_prod_cluster.data.vsphere_network.vsphere_network_az3",
            "module.rke2_prod_cluster.data.vsphere_ovf_vm_template.template",
            "module.rke2_prod_cluster.data.vsphere_ovf_vm_template.templateLocal",
            "module.rke2_prod_cluster.data.vsphere_resource_pool.vsphere_resource_pool_az1",
            "module.rke2_prod_cluster.data.vsphere_resource_pool.vsphere_resource_pool_az3",
            "module.rke2_prod_cluster.data.vsphere_virtual_machine.template",
            "module.rke2_prod_cluster.local_file.inventory_file",
            "module.rke2_prod_cluster.null_resource.ansible_add_hosts",
            "module.rke2_prod_cluster.null_resource.ansible_install_rke2",
            "module.rke2_prod_cluster.null_resource.ansible_update_apt_packages",
            "module.rke2_prod_cluster.time_sleep.wait_3_minutes_for_node_ready",
            "module.rke2_prod_cluster.time_static.current",
            "module.rke2_prod_cluster.vsphere_virtual_machine.master_nodes_az1",
            "module.rke2_prod_cluster.vsphere_virtual_machine.master_nodes_az3",
            "module.rke2_prod_cluster.vsphere_virtual_machine.nfs_storage",
            "module.rke2_prod_cluster.vsphere_virtual_machine.template",
            "module.rke2_prod_cluster.vsphere_virtual_machine.worker_nodes_az1",
            "module.rke2_prod_cluster.vsphere_virtual_machine.worker_nodes_az3"
          ]
        }
      ]
    },
    {
      "module": "module.k8s_provisioner_prod",
      "mode": "managed",
      "type": "kubernetes_labels",
      "name": "storage_node_labels_az3",
      "provider": "provider[\"registry.terraform.io/hashicorp/kubernetes\"].prod",
      "instances": [
        {
          "index_key": 0,
          "schema_version": 0,
          "attributes": {
            "api_version": "v1",
            "field_manager": "Terraform",
            "force": null,
            "id": "apiVersion=v1,kind=Node,name=prod-az3-worker-node-1",
            "kind": "Node",
            "labels": {
              "kubernetes.io/environment": "prod",
              "kubernetes.io/managed-by": "Terraform",
              "kubernetes.io/owner": "Devops",
              "node-role.kubernetes.io/storage": "true",
              "node-role.kubernetes.io/worker": "true",
              "node.longhorn.io/create-default-disk": "true",
              "topology.kubernetes.io/zone": "az3"
            },
            "metadata": [
              {
                "name": "prod-az3-worker-node-1",
                "namespace": ""
              }
            ]
          },
          "sensitive_attributes": [],
          "private": "bnVsbA==",
          "dependencies": [
            "module.rke2_prod_cluster.data.vsphere_datacenter.vsphere_datacenter_az1",
            "module.rke2_prod_cluster.data.vsphere_datacenter.vsphere_datacenter_az3",
            "module.rke2_prod_cluster.data.vsphere_datastore.vsphere_datastore_az1",
            "module.rke2_prod_cluster.data.vsphere_datastore.vsphere_datastore_az3",
            "module.rke2_prod_cluster.data.vsphere_host.vsphere_host_az1",
            "module.rke2_prod_cluster.data.vsphere_host.vsphere_host_az3",
            "module.rke2_prod_cluster.data.vsphere_network.vsphere_network_az1",
            "module.rke2_prod_cluster.data.vsphere_network.vsphere_network_az3",
            "module.rke2_prod_cluster.data.vsphere_ovf_vm_template.template",
            "module.rke2_prod_cluster.data.vsphere_ovf_vm_template.templateLocal",
            "module.rke2_prod_cluster.data.vsphere_resource_pool.vsphere_resource_pool_az1",
            "module.rke2_prod_cluster.data.vsphere_resource_pool.vsphere_resource_pool_az3",
            "module.rke2_prod_cluster.data.vsphere_virtual_machine.template",
            "module.rke2_prod_cluster.local_file.inventory_file",
            "module.rke2_prod_cluster.null_resource.ansible_add_hosts",
            "module.rke2_prod_cluster.null_resource.ansible_install_rke2",
            "module.rke2_prod_cluster.null_resource.ansible_update_apt_packages",
            "module.rke2_prod_cluster.time_sleep.wait_3_minutes_for_node_ready",
            "module.rke2_prod_cluster.time_static.current",
            "module.rke2_prod_cluster.vsphere_virtual_machine.master_nodes_az1",
            "module.rke2_prod_cluster.vsphere_virtual_machine.master_nodes_az3",
            "module.rke2_prod_cluster.vsphere_virtual_machine.nfs_storage",
            "module.rke2_prod_cluster.vsphere_virtual_machine.template",
            "module.rke2_prod_cluster.vsphere_virtual_machine.worker_nodes_az1",
            "module.rke2_prod_cluster.vsphere_virtual_machine.worker_nodes_az3"
          ]
        }
      ]
    },
    {
      "module": "module.k8s_provisioner_prod",
      "mode": "managed",
      "type": "kubernetes_labels",
      "name": "worker_node_labels_az1",
      "provider": "provider[\"registry.terraform.io/hashicorp/kubernetes\"].prod",
      "instances": [
        {
          "index_key": 0,
          "schema_version": 0,
          "attributes": {
            "api_version": "v1",
            "field_manager": "Terraform",
            "force": null,
            "id": "apiVersion=v1,kind=Node,name=prod-az1-worker-node-2",
            "kind": "Node",
            "labels": {
              "kubernetes.io/environment": "prod",
              "kubernetes.io/managed-by": "Terraform",
              "kubernetes.io/owner": "Devops",
              "node-role.kubernetes.io/worker": "true",
              "topology.kubernetes.io/zone": "az1"
            },
            "metadata": [
              {
                "name": "prod-az1-worker-node-2",
                "namespace": ""
              }
            ]
          },
          "sensitive_attributes": [],
          "private": "bnVsbA==",
          "dependencies": [
            "module.rke2_prod_cluster.data.vsphere_datacenter.vsphere_datacenter_az1",
            "module.rke2_prod_cluster.data.vsphere_datacenter.vsphere_datacenter_az3",
            "module.rke2_prod_cluster.data.vsphere_datastore.vsphere_datastore_az1",
            "module.rke2_prod_cluster.data.vsphere_datastore.vsphere_datastore_az3",
            "module.rke2_prod_cluster.data.vsphere_host.vsphere_host_az1",
            "module.rke2_prod_cluster.data.vsphere_host.vsphere_host_az3",
            "module.rke2_prod_cluster.data.vsphere_network.vsphere_network_az1",
            "module.rke2_prod_cluster.data.vsphere_network.vsphere_network_az3",
            "module.rke2_prod_cluster.data.vsphere_ovf_vm_template.template",
            "module.rke2_prod_cluster.data.vsphere_ovf_vm_template.templateLocal",
            "module.rke2_prod_cluster.data.vsphere_resource_pool.vsphere_resource_pool_az1",
            "module.rke2_prod_cluster.data.vsphere_resource_pool.vsphere_resource_pool_az3",
            "module.rke2_prod_cluster.data.vsphere_virtual_machine.template",
            "module.rke2_prod_cluster.local_file.inventory_file",
            "module.rke2_prod_cluster.null_resource.ansible_add_hosts",
            "module.rke2_prod_cluster.null_resource.ansible_install_rke2",
            "module.rke2_prod_cluster.null_resource.ansible_update_apt_packages",
            "module.rke2_prod_cluster.time_sleep.wait_3_minutes_for_node_ready",
            "module.rke2_prod_cluster.time_static.current",
            "module.rke2_prod_cluster.vsphere_virtual_machine.master_nodes_az1",
            "module.rke2_prod_cluster.vsphere_virtual_machine.master_nodes_az3",
            "module.rke2_prod_cluster.vsphere_virtual_machine.nfs_storage",
            "module.rke2_prod_cluster.vsphere_virtual_machine.template",
            "module.rke2_prod_cluster.vsphere_virtual_machine.worker_nodes_az1",
            "module.rke2_prod_cluster.vsphere_virtual_machine.worker_nodes_az3"
          ]
        }
      ]
    },
    {
      "module": "module.k8s_provisioner_prod",
      "mode": "managed",
      "type": "kubernetes_labels",
      "name": "worker_node_labels_az3",
      "provider": "provider[\"registry.terraform.io/hashicorp/kubernetes\"].prod",
      "instances": [
        {
          "index_key": 0,
          "schema_version": 0,
          "attributes": {
            "api_version": "v1",
            "field_manager": "Terraform",
            "force": null,
            "id": "apiVersion=v1,kind=Node,name=prod-az3-worker-node-2",
            "kind": "Node",
            "labels": {
              "kubernetes.io/environment": "prod",
              "kubernetes.io/managed-by": "Terraform",
              "kubernetes.io/owner": "Devops",
              "node-role.kubernetes.io/worker": "true",
              "topology.kubernetes.io/zone": "az3"
            },
            "metadata": [
              {
                "name": "prod-az3-worker-node-2",
                "namespace": ""
              }
            ]
          },
          "sensitive_attributes": [],
          "private": "bnVsbA==",
          "dependencies": [
            "module.rke2_prod_cluster.data.vsphere_datacenter.vsphere_datacenter_az1",
            "module.rke2_prod_cluster.data.vsphere_datacenter.vsphere_datacenter_az3",
            "module.rke2_prod_cluster.data.vsphere_datastore.vsphere_datastore_az1",
            "module.rke2_prod_cluster.data.vsphere_datastore.vsphere_datastore_az3",
            "module.rke2_prod_cluster.data.vsphere_host.vsphere_host_az1",
            "module.rke2_prod_cluster.data.vsphere_host.vsphere_host_az3",
            "module.rke2_prod_cluster.data.vsphere_network.vsphere_network_az1",
            "module.rke2_prod_cluster.data.vsphere_network.vsphere_network_az3",
            "module.rke2_prod_cluster.data.vsphere_ovf_vm_template.template",
            "module.rke2_prod_cluster.data.vsphere_ovf_vm_template.templateLocal",
            "module.rke2_prod_cluster.data.vsphere_resource_pool.vsphere_resource_pool_az1",
            "module.rke2_prod_cluster.data.vsphere_resource_pool.vsphere_resource_pool_az3",
            "module.rke2_prod_cluster.data.vsphere_virtual_machine.template",
            "module.rke2_prod_cluster.local_file.inventory_file",
            "module.rke2_prod_cluster.null_resource.ansible_add_hosts",
            "module.rke2_prod_cluster.null_resource.ansible_install_rke2",
            "module.rke2_prod_cluster.null_resource.ansible_update_apt_packages",
            "module.rke2_prod_cluster.time_sleep.wait_3_minutes_for_node_ready",
            "module.rke2_prod_cluster.time_static.current",
            "module.rke2_prod_cluster.vsphere_virtual_machine.master_nodes_az1",
            "module.rke2_prod_cluster.vsphere_virtual_machine.master_nodes_az3",
            "module.rke2_prod_cluster.vsphere_virtual_machine.nfs_storage",
            "module.rke2_prod_cluster.vsphere_virtual_machine.template",
            "module.rke2_prod_cluster.vsphere_virtual_machine.worker_nodes_az1",
            "module.rke2_prod_cluster.vsphere_virtual_machine.worker_nodes_az3"
          ]
        }
      ]
    },
    {
      "module": "module.k8s_provisioner_prod",
      "mode": "managed",
      "type": "kubernetes_namespace",
      "name": "cert_manager",
      "provider": "provider[\"registry.terraform.io/hashicorp/kubernetes\"].prod",
      "instances": [
        {
          "index_key": 0,
          "schema_version": 0,
          "attributes": {
            "id": "cert-manager",
            "metadata": [
              {
                "annotations": {},
                "generate_name": "",
                "generation": 0,
                "labels": {},
                "name": "cert-manager",
                "resource_version": "4482319",
                "uid": "0cf24ca3-e46d-4a9d-919f-963509339cee"
              }
            ],
            "timeouts": null,
            "wait_for_default_service_account": false
          },
          "sensitive_attributes": [],
          "private": "eyJlMmJmYjczMC1lY2FhLTExZTYtOGY4OC0zNDM2M2JjN2M0YzAiOnsiZGVsZXRlIjozMDAwMDAwMDAwMDB9fQ==",
          "dependencies": [
            "module.rke2_prod_cluster.data.vsphere_datacenter.vsphere_datacenter_az1",
            "module.rke2_prod_cluster.data.vsphere_datacenter.vsphere_datacenter_az3",
            "module.rke2_prod_cluster.data.vsphere_datastore.vsphere_datastore_az1",
            "module.rke2_prod_cluster.data.vsphere_datastore.vsphere_datastore_az3",
            "module.rke2_prod_cluster.data.vsphere_host.vsphere_host_az1",
            "module.rke2_prod_cluster.data.vsphere_host.vsphere_host_az3",
            "module.rke2_prod_cluster.data.vsphere_network.vsphere_network_az1",
            "module.rke2_prod_cluster.data.vsphere_network.vsphere_network_az3",
            "module.rke2_prod_cluster.data.vsphere_ovf_vm_template.template",
            "module.rke2_prod_cluster.data.vsphere_ovf_vm_template.templateLocal",
            "module.rke2_prod_cluster.data.vsphere_resource_pool.vsphere_resource_pool_az1",
            "module.rke2_prod_cluster.data.vsphere_resource_pool.vsphere_resource_pool_az3",
            "module.rke2_prod_cluster.data.vsphere_virtual_machine.template",
            "module.rke2_prod_cluster.local_file.inventory_file",
            "module.rke2_prod_cluster.null_resource.ansible_add_hosts",
            "module.rke2_prod_cluster.null_resource.ansible_install_rke2",
            "module.rke2_prod_cluster.null_resource.ansible_update_apt_packages",
            "module.rke2_prod_cluster.time_sleep.wait_3_minutes_for_node_ready",
            "module.rke2_prod_cluster.time_static.current",
            "module.rke2_prod_cluster.vsphere_virtual_machine.master_nodes_az1",
            "module.rke2_prod_cluster.vsphere_virtual_machine.master_nodes_az3",
            "module.rke2_prod_cluster.vsphere_virtual_machine.nfs_storage",
            "module.rke2_prod_cluster.vsphere_virtual_machine.template",
            "module.rke2_prod_cluster.vsphere_virtual_machine.worker_nodes_az1",
            "module.rke2_prod_cluster.vsphere_virtual_machine.worker_nodes_az3"
          ]
        }
      ]
    },
    {
      "module": "module.k8s_provisioner_prod",
      "mode": "managed",
      "type": "kubernetes_namespace",
      "name": "exporters",
      "provider": "provider[\"registry.terraform.io/hashicorp/kubernetes\"].prod",
      "instances": [
        {
          "index_key": 0,
          "schema_version": 0,
          "attributes": {
            "id": "exporters",
            "metadata": [
              {
                "annotations": {},
                "generate_name": "",
                "generation": 0,
                "labels": {},
                "name": "exporters",
                "resource_version": "3345658",
                "uid": "bd2e70c5-0906-4e5f-b0a5-55d2999a7398"
              }
            ],
            "timeouts": null,
            "wait_for_default_service_account": false
          },
          "sensitive_attributes": [],
          "private": "eyJlMmJmYjczMC1lY2FhLTExZTYtOGY4OC0zNDM2M2JjN2M0YzAiOnsiZGVsZXRlIjozMDAwMDAwMDAwMDB9fQ==",
          "dependencies": [
            "module.rke2_prod_cluster.data.vsphere_datacenter.vsphere_datacenter_az1",
            "module.rke2_prod_cluster.data.vsphere_datacenter.vsphere_datacenter_az3",
            "module.rke2_prod_cluster.data.vsphere_datastore.vsphere_datastore_az1",
            "module.rke2_prod_cluster.data.vsphere_datastore.vsphere_datastore_az3",
            "module.rke2_prod_cluster.data.vsphere_host.vsphere_host_az1",
            "module.rke2_prod_cluster.data.vsphere_host.vsphere_host_az3",
            "module.rke2_prod_cluster.data.vsphere_network.vsphere_network_az1",
            "module.rke2_prod_cluster.data.vsphere_network.vsphere_network_az3",
            "module.rke2_prod_cluster.data.vsphere_ovf_vm_template.template",
            "module.rke2_prod_cluster.data.vsphere_ovf_vm_template.templateLocal",
            "module.rke2_prod_cluster.data.vsphere_resource_pool.vsphere_resource_pool_az1",
            "module.rke2_prod_cluster.data.vsphere_resource_pool.vsphere_resource_pool_az3",
            "module.rke2_prod_cluster.data.vsphere_virtual_machine.template",
            "module.rke2_prod_cluster.local_file.inventory_file",
            "module.rke2_prod_cluster.null_resource.ansible_add_hosts",
            "module.rke2_prod_cluster.null_resource.ansible_install_rke2",
            "module.rke2_prod_cluster.null_resource.ansible_update_apt_packages",
            "module.rke2_prod_cluster.time_sleep.wait_3_minutes_for_node_ready",
            "module.rke2_prod_cluster.time_static.current",
            "module.rke2_prod_cluster.vsphere_virtual_machine.master_nodes_az1",
            "module.rke2_prod_cluster.vsphere_virtual_machine.master_nodes_az3",
            "module.rke2_prod_cluster.vsphere_virtual_machine.nfs_storage",
            "module.rke2_prod_cluster.vsphere_virtual_machine.template",
            "module.rke2_prod_cluster.vsphere_virtual_machine.worker_nodes_az1",
            "module.rke2_prod_cluster.vsphere_virtual_machine.worker_nodes_az3"
          ]
        }
      ]
    },
    {
      "module": "module.k8s_provisioner_prod",
      "mode": "managed",
      "type": "kubernetes_namespace",
      "name": "grafana",
      "provider": "provider[\"registry.terraform.io/hashicorp/kubernetes\"].prod",
      "instances": [
        {
          "index_key": 0,
          "schema_version": 0,
          "attributes": {
            "id": "grafana",
            "metadata": [
              {
                "annotations": {},
                "generate_name": "",
                "generation": 0,
                "labels": {},
                "name": "grafana",
                "resource_version": "3345660",
                "uid": "5628a230-d2f7-4431-92f8-1521b7639e39"
              }
            ],
            "timeouts": null,
            "wait_for_default_service_account": false
          },
          "sensitive_attributes": [],
          "private": "eyJlMmJmYjczMC1lY2FhLTExZTYtOGY4OC0zNDM2M2JjN2M0YzAiOnsiZGVsZXRlIjozMDAwMDAwMDAwMDB9fQ==",
          "dependencies": [
            "module.rke2_prod_cluster.data.vsphere_datacenter.vsphere_datacenter_az1",
            "module.rke2_prod_cluster.data.vsphere_datacenter.vsphere_datacenter_az3",
            "module.rke2_prod_cluster.data.vsphere_datastore.vsphere_datastore_az1",
            "module.rke2_prod_cluster.data.vsphere_datastore.vsphere_datastore_az3",
            "module.rke2_prod_cluster.data.vsphere_host.vsphere_host_az1",
            "module.rke2_prod_cluster.data.vsphere_host.vsphere_host_az3",
            "module.rke2_prod_cluster.data.vsphere_network.vsphere_network_az1",
            "module.rke2_prod_cluster.data.vsphere_network.vsphere_network_az3",
            "module.rke2_prod_cluster.data.vsphere_ovf_vm_template.template",
            "module.rke2_prod_cluster.data.vsphere_ovf_vm_template.templateLocal",
            "module.rke2_prod_cluster.data.vsphere_resource_pool.vsphere_resource_pool_az1",
            "module.rke2_prod_cluster.data.vsphere_resource_pool.vsphere_resource_pool_az3",
            "module.rke2_prod_cluster.data.vsphere_virtual_machine.template",
            "module.rke2_prod_cluster.local_file.inventory_file",
            "module.rke2_prod_cluster.null_resource.ansible_add_hosts",
            "module.rke2_prod_cluster.null_resource.ansible_install_rke2",
            "module.rke2_prod_cluster.null_resource.ansible_update_apt_packages",
            "module.rke2_prod_cluster.time_sleep.wait_3_minutes_for_node_ready",
            "module.rke2_prod_cluster.time_static.current",
            "module.rke2_prod_cluster.vsphere_virtual_machine.master_nodes_az1",
            "module.rke2_prod_cluster.vsphere_virtual_machine.master_nodes_az3",
            "module.rke2_prod_cluster.vsphere_virtual_machine.nfs_storage",
            "module.rke2_prod_cluster.vsphere_virtual_machine.template",
            "module.rke2_prod_cluster.vsphere_virtual_machine.worker_nodes_az1",
            "module.rke2_prod_cluster.vsphere_virtual_machine.worker_nodes_az3"
          ]
        }
      ]
    },
    {
      "module": "module.k8s_provisioner_prod",
      "mode": "managed",
      "type": "kubernetes_namespace",
      "name": "istio",
      "provider": "provider[\"registry.terraform.io/hashicorp/kubernetes\"].prod",
      "instances": [
        {
          "index_key": 0,
          "schema_version": 0,
          "attributes": {
            "id": "istio-system",
            "metadata": [
              {
                "annotations": {},
                "generate_name": "",
                "generation": 0,
                "labels": {
                  "k8s-balancer": "true",
                  "kubernetes.io/environment": "prod",
                  "kubernetes.io/managed-by": "Terraform",
                  "kubernetes.io/owner": "Devops"
                },
                "name": "istio-system",
                "resource_version": "3439135",
                "uid": "59e8c4b9-c3c3-49dd-ac6c-5bdf07668051"
              }
            ],
            "timeouts": null,
            "wait_for_default_service_account": false
          },
          "sensitive_attributes": [],
          "private": "eyJlMmJmYjczMC1lY2FhLTExZTYtOGY4OC0zNDM2M2JjN2M0YzAiOnsiZGVsZXRlIjozMDAwMDAwMDAwMDB9fQ==",
          "dependencies": [
            "module.rke2_prod_cluster.data.vsphere_datacenter.vsphere_datacenter_az1",
            "module.rke2_prod_cluster.data.vsphere_datacenter.vsphere_datacenter_az3",
            "module.rke2_prod_cluster.data.vsphere_datastore.vsphere_datastore_az1",
            "module.rke2_prod_cluster.data.vsphere_datastore.vsphere_datastore_az3",
            "module.rke2_prod_cluster.data.vsphere_host.vsphere_host_az1",
            "module.rke2_prod_cluster.data.vsphere_host.vsphere_host_az3",
            "module.rke2_prod_cluster.data.vsphere_network.vsphere_network_az1",
            "module.rke2_prod_cluster.data.vsphere_network.vsphere_network_az3",
            "module.rke2_prod_cluster.data.vsphere_ovf_vm_template.template",
            "module.rke2_prod_cluster.data.vsphere_ovf_vm_template.templateLocal",
            "module.rke2_prod_cluster.data.vsphere_resource_pool.vsphere_resource_pool_az1",
            "module.rke2_prod_cluster.data.vsphere_resource_pool.vsphere_resource_pool_az3",
            "module.rke2_prod_cluster.data.vsphere_virtual_machine.template",
            "module.rke2_prod_cluster.local_file.inventory_file",
            "module.rke2_prod_cluster.null_resource.ansible_add_hosts",
            "module.rke2_prod_cluster.null_resource.ansible_install_rke2",
            "module.rke2_prod_cluster.null_resource.ansible_update_apt_packages",
            "module.rke2_prod_cluster.time_sleep.wait_3_minutes_for_node_ready",
            "module.rke2_prod_cluster.time_static.current",
            "module.rke2_prod_cluster.vsphere_virtual_machine.master_nodes_az1",
            "module.rke2_prod_cluster.vsphere_virtual_machine.master_nodes_az3",
            "module.rke2_prod_cluster.vsphere_virtual_machine.nfs_storage",
            "module.rke2_prod_cluster.vsphere_virtual_machine.template",
            "module.rke2_prod_cluster.vsphere_virtual_machine.worker_nodes_az1",
            "module.rke2_prod_cluster.vsphere_virtual_machine.worker_nodes_az3"
          ]
        }
      ]
    },
    {
      "module": "module.k8s_provisioner_prod",
      "mode": "managed",
      "type": "kubernetes_namespace",
      "name": "longhorn",
      "provider": "provider[\"registry.terraform.io/hashicorp/kubernetes\"].prod",
      "instances": [
        {
          "index_key": 0,
          "schema_version": 0,
          "attributes": {
            "id": "longhorn-system",
            "metadata": [
              {
                "annotations": {},
                "generate_name": "",
                "generation": 0,
                "labels": {},
                "name": "longhorn-system",
                "resource_version": "3334500",
                "uid": "1b33247d-175d-44ec-a227-2917834d0d41"
              }
            ],
            "timeouts": null,
            "wait_for_default_service_account": false
          },
          "sensitive_attributes": [],
          "private": "eyJlMmJmYjczMC1lY2FhLTExZTYtOGY4OC0zNDM2M2JjN2M0YzAiOnsiZGVsZXRlIjozMDAwMDAwMDAwMDB9fQ==",
          "dependencies": [
            "module.rke2_prod_cluster.data.vsphere_datacenter.vsphere_datacenter_az1",
            "module.rke2_prod_cluster.data.vsphere_datacenter.vsphere_datacenter_az3",
            "module.rke2_prod_cluster.data.vsphere_datastore.vsphere_datastore_az1",
            "module.rke2_prod_cluster.data.vsphere_datastore.vsphere_datastore_az3",
            "module.rke2_prod_cluster.data.vsphere_host.vsphere_host_az1",
            "module.rke2_prod_cluster.data.vsphere_host.vsphere_host_az3",
            "module.rke2_prod_cluster.data.vsphere_network.vsphere_network_az1",
            "module.rke2_prod_cluster.data.vsphere_network.vsphere_network_az3",
            "module.rke2_prod_cluster.data.vsphere_ovf_vm_template.template",
            "module.rke2_prod_cluster.data.vsphere_ovf_vm_template.templateLocal",
            "module.rke2_prod_cluster.data.vsphere_resource_pool.vsphere_resource_pool_az1",
            "module.rke2_prod_cluster.data.vsphere_resource_pool.vsphere_resource_pool_az3",
            "module.rke2_prod_cluster.data.vsphere_virtual_machine.template",
            "module.rke2_prod_cluster.local_file.inventory_file",
            "module.rke2_prod_cluster.null_resource.ansible_add_hosts",
            "module.rke2_prod_cluster.null_resource.ansible_install_rke2",
            "module.rke2_prod_cluster.null_resource.ansible_update_apt_packages",
            "module.rke2_prod_cluster.time_sleep.wait_3_minutes_for_node_ready",
            "module.rke2_prod_cluster.time_static.current",
            "module.rke2_prod_cluster.vsphere_virtual_machine.master_nodes_az1",
            "module.rke2_prod_cluster.vsphere_virtual_machine.master_nodes_az3",
            "module.rke2_prod_cluster.vsphere_virtual_machine.nfs_storage",
            "module.rke2_prod_cluster.vsphere_virtual_machine.template",
            "module.rke2_prod_cluster.vsphere_virtual_machine.worker_nodes_az1",
            "module.rke2_prod_cluster.vsphere_virtual_machine.worker_nodes_az3"
          ]
        }
      ]
    },
    {
      "module": "module.k8s_provisioner_prod",
      "mode": "managed",
      "type": "kubernetes_namespace",
      "name": "prometheus",
      "provider": "provider[\"registry.terraform.io/hashicorp/kubernetes\"].prod",
      "instances": [
        {
          "index_key": 0,
          "schema_version": 0,
          "attributes": {
            "id": "prometheus",
            "metadata": [
              {
                "annotations": {},
                "generate_name": "",
                "generation": 0,
                "labels": {},
                "name": "prometheus",
                "resource_version": "3345659",
                "uid": "1e364b10-ad45-44ed-94d5-cc1d3ade9bd6"
              }
            ],
            "timeouts": null,
            "wait_for_default_service_account": false
          },
          "sensitive_attributes": [],
          "private": "eyJlMmJmYjczMC1lY2FhLTExZTYtOGY4OC0zNDM2M2JjN2M0YzAiOnsiZGVsZXRlIjozMDAwMDAwMDAwMDB9fQ==",
          "dependencies": [
            "module.rke2_prod_cluster.data.vsphere_datacenter.vsphere_datacenter_az1",
            "module.rke2_prod_cluster.data.vsphere_datacenter.vsphere_datacenter_az3",
            "module.rke2_prod_cluster.data.vsphere_datastore.vsphere_datastore_az1",
            "module.rke2_prod_cluster.data.vsphere_datastore.vsphere_datastore_az3",
            "module.rke2_prod_cluster.data.vsphere_host.vsphere_host_az1",
            "module.rke2_prod_cluster.data.vsphere_host.vsphere_host_az3",
            "module.rke2_prod_cluster.data.vsphere_network.vsphere_network_az1",
            "module.rke2_prod_cluster.data.vsphere_network.vsphere_network_az3",
            "module.rke2_prod_cluster.data.vsphere_ovf_vm_template.template",
            "module.rke2_prod_cluster.data.vsphere_ovf_vm_template.templateLocal",
            "module.rke2_prod_cluster.data.vsphere_resource_pool.vsphere_resource_pool_az1",
            "module.rke2_prod_cluster.data.vsphere_resource_pool.vsphere_resource_pool_az3",
            "module.rke2_prod_cluster.data.vsphere_virtual_machine.template",
            "module.rke2_prod_cluster.local_file.inventory_file",
            "module.rke2_prod_cluster.null_resource.ansible_add_hosts",
            "module.rke2_prod_cluster.null_resource.ansible_install_rke2",
            "module.rke2_prod_cluster.null_resource.ansible_update_apt_packages",
            "module.rke2_prod_cluster.time_sleep.wait_3_minutes_for_node_ready",
            "module.rke2_prod_cluster.time_static.current",
            "module.rke2_prod_cluster.vsphere_virtual_machine.master_nodes_az1",
            "module.rke2_prod_cluster.vsphere_virtual_machine.master_nodes_az3",
            "module.rke2_prod_cluster.vsphere_virtual_machine.nfs_storage",
            "module.rke2_prod_cluster.vsphere_virtual_machine.template",
            "module.rke2_prod_cluster.vsphere_virtual_machine.worker_nodes_az1",
            "module.rke2_prod_cluster.vsphere_virtual_machine.worker_nodes_az3"
          ]
        }
      ]
    },
    {
      "module": "module.k8s_provisioner_prod",
      "mode": "managed",
      "type": "kubernetes_secret",
      "name": "cert_manager_root_ca",
      "provider": "provider[\"registry.terraform.io/hashicorp/kubernetes\"].prod",
      "instances": [
        {
          "index_key": 0,
          "schema_version": 0,
          "attributes": {
            "binary_data": null,
            "data": {
              "ca.crt": "-----BEGIN CERTIFICATE-----\nMIIF9jCCA96gAwIBAgIUeOsredL9SkrmPz+VvFj9qHknNAwwDQYJKoZIhvcNAQEL\nBQAwgYMxCzAJBgNVBAYTAkFaMQ0wCwYDVQQIDARCYWt1MQ0wCwYDVQQHDARCYWt1\nMRQwEgYDVQQKDAtIb3N0YXJ0IExMQzELMAkGA1UECwwCSVQxEDAOBgNVBAMMB2hv\nc3RhcnQxITAfBgkqhkiG9w0BCQEWEmEua2FuYW5AaG9zdGFydC5hejAeFw0yNDEx\nMDIxMTQ5MjRaFw0zNDEwMzExMTQ5MjRaMIGDMQswCQYDVQQGEwJBWjENMAsGA1UE\nCAwEQmFrdTENMAsGA1UEBwwEQmFrdTEUMBIGA1UECgwLSG9zdGFydCBMTEMxCzAJ\nBgNVBAsMAklUMRAwDgYDVQQDDAdob3N0YXJ0MSEwHwYJKoZIhvcNAQkBFhJhLmth\nbmFuQGhvc3RhcnQuYXowggIiMA0GCSqGSIb3DQEBAQUAA4ICDwAwggIKAoICAQCz\nupPAkfS8R7/DjmnSuEJ4xvl4TNPFCJF3n8lDgiygTFJtDEsmdwtiYiH78PEZBE47\ngHWWR6r5a64XGkyqAmzTzynKyKxj7R27sQ/CzL//+xglMsB5NvSKCrn2yNEAMLIN\nnGPy8raD5STTR1y5Wx7E5AOptXsaxbrhJAk4DkJog61P9wfpZsxplQCoiqk6cmVW\nRgTQ25SfjDHUXU0b4XTTCvhvoy6DK3gETe8IpwCtZJ+6QhiXqoBYi0U/xuV0cg6v\ntv1at3ES6x4IJ0kt2FkX+Trg2c0lUamLvo0sPRZRysTThTlX/k/PI3SrTzUsaL57\nNQrc/9OzjdjskvMwv2VB4Y8INuJDiOmP9jgc/zPM7LnDoou4LL+AXF1DHAiskngH\ncTTIq/e1upOVEQ508BNneVdeTZtZNz6c5ntwMvOUClw0/DZ+AG7m/NbYhRZhhj2l\nqBQf3QUP4SEtuUveMplklWXDOewmNmthlOM7uT6xqke2c0XxspOpfzuEFjQ8VfqF\nXRWCl87rgkeG77PxiSl4yeAiudvR2/64hHMUFty1Zp6kPQBBi2covkPaPUIhrDOF\nq8IzvKr0BuA1zROZkl5uEghWAtI56F0QWQL4YpDdDod6+xeXenvQIl0EZoWPl4cO\n99eu+hbZlnudezHvv790kYEoD9t9wpEfdv+OCWboEQIDAQABo2AwXjAdBgNVHQ4E\nFgQUTUHQz3KLkfy5NJrjV/bdh3eItJYwHwYDVR0jBBgwFoAUTUHQz3KLkfy5NJrj\nV/bdh3eItJYwDwYDVR0TAQH/BAUwAwEB/zALBgNVHQ8EBAMCAQYwDQYJKoZIhvcN\nAQELBQADggIBAI56lAD7oV2pMVoBtEK0f8ly9El6dqOBb1HhKV9GjQU19RxIzFiT\n3zqpjOMQ0Zr/wdOVyX33CrTXkBvw+BJBV23d304Mn1Wa2ZWefEdKGGiikMDq+3GS\n8UwzWNsgwswsGrfWoiryMmZ6eDN3cC953ggm7JtH2Q0xqZScu52SFY7YZlaBl490\nbhmqOgnLib7lIfsF2fsXEvrKYq4Xk2WUDR0388gK8jxSy4OA+X01hqVTM2xjucvz\n6X1ZRgahuz4S+HQrwahzyOTsYmVY9X48HoAFLc3fIzuIulzap66pHZBFaUAyfdri\nyeEjkp6PGTLhvBh3KNnBmj6FPw5cj0pZq+0lbHmItwkcXYQl7E4S9D9ooTZPiXQr\nGhVcXAaE66MqxNExsOm6BmSvkOA7Qe8gj9yalUam9SfaMOMt4Wdl0omz5y6qO/y4\nOVdcP9yYaR0+KR6yML7bdi3EB8DAysbzFndwWkWMQQh5UEidyjlhemyHDd3zDMCD\nIbiRcQs3mUjyU1sswtVAv5BfEBMNJhIvOXVzKQeX9s2QvjkpRRmXZI3XUhVH1AoM\nJxah/6vfRo/c2DdthBYWcbN0PEADLGhoEUCMlId7+QakW+IzWsSZpJvOnXILiGC5\nTXrMoNx2hw1dBh1N9d6VGPJUw1Fk4UMcfhpUVMXq0g7e+F8xvCE3N5GV\n-----END CERTIFICATE-----\n",
              "tls.crt": "-----BEGIN CERTIFICATE-----\nMIIF9jCCA96gAwIBAgIUeOsredL9SkrmPz+VvFj9qHknNAwwDQYJKoZIhvcNAQEL\nBQAwgYMxCzAJBgNVBAYTAkFaMQ0wCwYDVQQIDARCYWt1MQ0wCwYDVQQHDARCYWt1\nMRQwEgYDVQQKDAtIb3N0YXJ0IExMQzELMAkGA1UECwwCSVQxEDAOBgNVBAMMB2hv\nc3RhcnQxITAfBgkqhkiG9w0BCQEWEmEua2FuYW5AaG9zdGFydC5hejAeFw0yNDEx\nMDIxMTQ5MjRaFw0zNDEwMzExMTQ5MjRaMIGDMQswCQYDVQQGEwJBWjENMAsGA1UE\nCAwEQmFrdTENMAsGA1UEBwwEQmFrdTEUMBIGA1UECgwLSG9zdGFydCBMTEMxCzAJ\nBgNVBAsMAklUMRAwDgYDVQQDDAdob3N0YXJ0MSEwHwYJKoZIhvcNAQkBFhJhLmth\nbmFuQGhvc3RhcnQuYXowggIiMA0GCSqGSIb3DQEBAQUAA4ICDwAwggIKAoICAQCz\nupPAkfS8R7/DjmnSuEJ4xvl4TNPFCJF3n8lDgiygTFJtDEsmdwtiYiH78PEZBE47\ngHWWR6r5a64XGkyqAmzTzynKyKxj7R27sQ/CzL//+xglMsB5NvSKCrn2yNEAMLIN\nnGPy8raD5STTR1y5Wx7E5AOptXsaxbrhJAk4DkJog61P9wfpZsxplQCoiqk6cmVW\nRgTQ25SfjDHUXU0b4XTTCvhvoy6DK3gETe8IpwCtZJ+6QhiXqoBYi0U/xuV0cg6v\ntv1at3ES6x4IJ0kt2FkX+Trg2c0lUamLvo0sPRZRysTThTlX/k/PI3SrTzUsaL57\nNQrc/9OzjdjskvMwv2VB4Y8INuJDiOmP9jgc/zPM7LnDoou4LL+AXF1DHAiskngH\ncTTIq/e1upOVEQ508BNneVdeTZtZNz6c5ntwMvOUClw0/DZ+AG7m/NbYhRZhhj2l\nqBQf3QUP4SEtuUveMplklWXDOewmNmthlOM7uT6xqke2c0XxspOpfzuEFjQ8VfqF\nXRWCl87rgkeG77PxiSl4yeAiudvR2/64hHMUFty1Zp6kPQBBi2covkPaPUIhrDOF\nq8IzvKr0BuA1zROZkl5uEghWAtI56F0QWQL4YpDdDod6+xeXenvQIl0EZoWPl4cO\n99eu+hbZlnudezHvv790kYEoD9t9wpEfdv+OCWboEQIDAQABo2AwXjAdBgNVHQ4E\nFgQUTUHQz3KLkfy5NJrjV/bdh3eItJYwHwYDVR0jBBgwFoAUTUHQz3KLkfy5NJrj\nV/bdh3eItJYwDwYDVR0TAQH/BAUwAwEB/zALBgNVHQ8EBAMCAQYwDQYJKoZIhvcN\nAQELBQADggIBAI56lAD7oV2pMVoBtEK0f8ly9El6dqOBb1HhKV9GjQU19RxIzFiT\n3zqpjOMQ0Zr/wdOVyX33CrTXkBvw+BJBV23d304Mn1Wa2ZWefEdKGGiikMDq+3GS\n8UwzWNsgwswsGrfWoiryMmZ6eDN3cC953ggm7JtH2Q0xqZScu52SFY7YZlaBl490\nbhmqOgnLib7lIfsF2fsXEvrKYq4Xk2WUDR0388gK8jxSy4OA+X01hqVTM2xjucvz\n6X1ZRgahuz4S+HQrwahzyOTsYmVY9X48HoAFLc3fIzuIulzap66pHZBFaUAyfdri\nyeEjkp6PGTLhvBh3KNnBmj6FPw5cj0pZq+0lbHmItwkcXYQl7E4S9D9ooTZPiXQr\nGhVcXAaE66MqxNExsOm6BmSvkOA7Qe8gj9yalUam9SfaMOMt4Wdl0omz5y6qO/y4\nOVdcP9yYaR0+KR6yML7bdi3EB8DAysbzFndwWkWMQQh5UEidyjlhemyHDd3zDMCD\nIbiRcQs3mUjyU1sswtVAv5BfEBMNJhIvOXVzKQeX9s2QvjkpRRmXZI3XUhVH1AoM\nJxah/6vfRo/c2DdthBYWcbN0PEADLGhoEUCMlId7+QakW+IzWsSZpJvOnXILiGC5\nTXrMoNx2hw1dBh1N9d6VGPJUw1Fk4UMcfhpUVMXq0g7e+F8xvCE3N5GV\n-----END CERTIFICATE-----\n",
              "tls.key": "-----BEGIN RSA PRIVATE KEY-----\nMIIJKgIBAAKCAgEAs7qTwJH0vEe/w45p0rhCeMb5eEzTxQiRd5/JQ4IsoExSbQxL\nJncLYmIh+/DxGQROO4B1lkeq+WuuFxpMqgJs088pysisY+0du7EPwsy///sYJTLA\neTb0igq59sjRADCyDZxj8vK2g+Uk00dcuVsexOQDqbV7GsW64SQJOA5CaIOtT/cH\n6WbMaZUAqIqpOnJlVkYE0NuUn4wx1F1NG+F00wr4b6Mugyt4BE3vCKcArWSfukIY\nl6qAWItFP8bldHIOr7b9WrdxEuseCCdJLdhZF/k64NnNJVGpi76NLD0WUcrE04U5\nV/5PzyN0q081LGi+ezUK3P/Ts43Y7JLzML9lQeGPCDbiQ4jpj/Y4HP8zzOy5w6KL\nuCy/gFxdQxwIrJJ4B3E0yKv3tbqTlREOdPATZ3lXXk2bWTc+nOZ7cDLzlApcNPw2\nfgBu5vzW2IUWYYY9pagUH90FD+EhLblL3jKZZJVlwznsJjZrYZTjO7k+sapHtnNF\n8bKTqX87hBY0PFX6hV0VgpfO64JHhu+z8YkpeMngIrnb0dv+uIRzFBbctWaepD0A\nQYtnKL5D2j1CIawzhavCM7yq9AbgNc0TmZJebhIIVgLSOehdEFkC+GKQ3Q6HevsX\nl3p70CJdBGaFj5eHDvfXrvoW2ZZ7nXsx77+/dJGBKA/bfcKRH3b/jglm6BECAwEA\nAQKCAgEAo17Rt5X01MCTe3sUjkqXgZm8YrHTPaMQN6CzHf5R+lPmCOHH3esQGhoB\nsjXNsmPLiSK3wCbdL2PGF5H8Zf1WVyJUZtQKf7ql8Fp+bSAY1uKzi/yaIJTnrCMb\n70uTT4z0DJM/9zLQ3QuJcdPIYWSGj4qEGduxTyC1Qrmy95VeoAoxnCJ8upiK7t5W\nft2r/kjF/Kog7ojqjCyvjs5QrSs/OicatL+sI+d7bM46na7QWszAtFooaJS/nbza\n8aImKLcUynyXx8I/smauIdM0HcwvEC+oaYMRiv60EybexHuysh6S04KiIW41taAR\nCTcyqm971hrdCQ4yrWAe8syQ6prPupELcG9OZFtA3TzbuHunQ3ywSMI/2AGTSs4X\n7kR0yioGKiZht+QAqfSWNECQ0tGcST1AUWJsBRu7eFCZrR4j1s17fLk/rXpo0q5y\n/zXFwgy5m/fau6pmItDmHqbawUd4low0LhqUww7FsJsuY5q1S58yznxeSc91QWYv\nW7GS3CyxySAlWm922kql0tiBwsmYbhfIBcPK8V27XT2IZZA+u6qGZ7Vz251VvCZc\nZrEe3gSyXqbL6/sXqjRZpluUeqjAZwIvZbljKib9QPXkc/XDW0YNMau/m0vUvCoA\ndD6zVkK9z8mYbZ0Q99dKjsvYeR21weRtzFMmcDjKIRtFJXW03MECggEBANby73d+\n5fDEIlwl9ZFpQFjrULiclGtjZ7ja0JvVnqr/C2/I0U9npXOsjBXBNASAFmGiukvr\nWvNSL4NdKZb+tQ0ZjiLbt4zskN1Y94iZ4Zb2xQTmBb5p/sTHVbpkL6Rxq0zL4xVl\njYrTKluCvhInZyYHyaSn+xlEjab2ZsnUFfmGPS/oDHF2gO9iZIjGQGEpZBi/pme1\nCEOyIz5bdgS3iZcw5nlykhrBKWRPm5rMWeeauvTHkC4szABTcYKZqT1Yssuc7UZx\nWZzQnnaJa/mrv6EESdF+cuaYLailbfoC1d1QnwYPtDUWtvAJJI+08ml2uEy9pcRK\nbrQo0qCoU66s660CggEBANYNsbzU/PvFIbQo/ij7zNTEBqUSP2giGRRlovBCqwlZ\n7DBmjx5M//EXx8DsHp38o/SdmH7EkiDsdiLflEEFZzEGTtHOiIbEt3x6gKvhsZ5D\n5piHP2pZ5aSob2Cnh+d616u8tVRZ6hSrYmrEG6J6+pn71L7isaDBiL3HLXyUnwgm\nSU17l8kjuT4iWy95JtY7+Dm8/Mb3gxB7xahkBxg6m0cBcG4OSnt0ZmaV+V9Yrr4C\n/XPYBmHNW+ccfe4N9pnVyqph0WF+rzF5mwobckXDVWPZnvatlcWDt+7ga2/mE08b\nHNY5z3abNpJKf4/SKIqhXXXXJzAafWXJool6TuIiOnUCggEAFR5jRsNSBjjPA2y7\nVuEXcGUWVj0UHAT1QOVGz7jKURSj5ATAA+Q0DkxqqwyDdtm62TbqxODH29Y8UtTJ\nbEt0MGhNXcFmpFLt3MGL+IDd+D4gl12ePNofLOhE1P5Y6/g7E12I3yZOJNCgfcM3\nt4LlkIf9WM8kTZQ9sqTM7pGG4zA8PMO4zUEOY/av1/xagPFXI1NZHyFbQYN0EQFd\ndBMwUol8a3xFPJmz3mYv7KKdRrMeIUSmNtMx6+pG4cUFKsDXOEgfy+cBHfYlS5Iu\n6KXmOwS31/xrf5p+Ce7PAlxa9Nah+S97zieAK89KJ1Bo7NG8Q9XyPnntrIfCQgSn\nzCazNQKCAQEA0Hi95j85tKuly6UxBBFYyM+x+Qrwnia3bloeewkzMwRVOD5qnQQ5\nMUIL1iUhHJV1yUPDxZMFDvO9ivFdnoX4npKaKVSRO1BTs/RLZRuGtbFD4MG4TYgI\nVHmHIAeKITRO4IAFyoVXqZHRZFJi57gGYfoWlWKLxRk4aDyYXIES8gj303LPvaIB\nRDaJwI6p+HSnqPQa7F0bVO527y2ci0ho+pq4OTfJ6rrPEJJ4MRhZ981Js41tictL\n+qaRL0yCJAlIPPDPz7hmQDVDfnCEttUrUPgeDfm5qIhEl24StQTLQXwSdcIQAF/i\nok/UNOpleb73G1HUZNEn1/6tQl/QfAUCEQKCAQEAuqDVatN9eOEd0VsdBxZYIjxR\ndNwEpQcLSjfHhg4bkONt4UVVW8ivgXGaKlpB6eoe3dA6C1i/tGo2LFkRascxM6k+\n6Fve4vIr0b0rNYIknaIjhLeAB3CQZIoaH/hKlkUXxKUxzQ9OO/OxO90/sAt6xpzu\nlnpeBbzEyc+9VmF7wtclwBt30+X9xhaYugA9j1/ljuQjpci54tBVUlBd4+OXndcO\nnUDVUntGxKcXcD/5Per66C2MbdwHLgHWdU4VoDLJbLyFJe69HHj7GNn3PAcBwdSq\nrSdKfubLACrXoGRqLRLs1mtXMXTONGlfMMf+1+4WUkUzdU+Qz5XBuD7JVLMFCw==\n-----END RSA PRIVATE KEY-----\n"
            },
            "id": "cert-manager/domain-root-crt",
            "immutable": false,
            "metadata": [
              {
                "annotations": {},
                "generate_name": "",
                "generation": 0,
                "labels": {},
                "name": "domain-root-crt",
                "namespace": "cert-manager",
                "resource_version": "4684354",
                "uid": "12ced47c-0c09-407d-8e46-cb82092fef80"
              }
            ],
            "timeouts": null,
            "type": "Opaque",
            "wait_for_service_account_token": true
          },
          "sensitive_attributes": [
            [
              {
                "type": "get_attr",
                "value": "binary_data"
              }
            ],
            [
              {
                "type": "get_attr",
                "value": "data"
              }
            ],
            [
              {
                "type": "get_attr",
                "value": "data"
              },
              {
                "type": "index",
                "value": {
                  "value": "ca.crt",
                  "type": "string"
                }
              }
            ],
            [
              {
                "type": "get_attr",
                "value": "data"
              },
              {
                "type": "index",
                "value": {
                  "value": "tls.crt",
                  "type": "string"
                }
              }
            ],
            [
              {
                "type": "get_attr",
                "value": "data"
              },
              {
                "type": "index",
                "value": {
                  "value": "tls.key",
                  "type": "string"
                }
              }
            ]
          ],
          "private": "eyJlMmJmYjczMC1lY2FhLTExZTYtOGY4OC0zNDM2M2JjN2M0YzAiOnsiY3JlYXRlIjo2MDAwMDAwMDAwMH19",
          "dependencies": [
            "module.k8s_provisioner_prod.helm_release.cert_manager",
            "module.k8s_provisioner_prod.kubernetes_namespace.cert_manager",
            "module.rke2_prod_cluster.data.vsphere_datacenter.vsphere_datacenter_az1",
            "module.rke2_prod_cluster.data.vsphere_datacenter.vsphere_datacenter_az3",
            "module.rke2_prod_cluster.data.vsphere_datastore.vsphere_datastore_az1",
            "module.rke2_prod_cluster.data.vsphere_datastore.vsphere_datastore_az3",
            "module.rke2_prod_cluster.data.vsphere_host.vsphere_host_az1",
            "module.rke2_prod_cluster.data.vsphere_host.vsphere_host_az3",
            "module.rke2_prod_cluster.data.vsphere_network.vsphere_network_az1",
            "module.rke2_prod_cluster.data.vsphere_network.vsphere_network_az3",
            "module.rke2_prod_cluster.data.vsphere_ovf_vm_template.template",
            "module.rke2_prod_cluster.data.vsphere_ovf_vm_template.templateLocal",
            "module.rke2_prod_cluster.data.vsphere_resource_pool.vsphere_resource_pool_az1",
            "module.rke2_prod_cluster.data.vsphere_resource_pool.vsphere_resource_pool_az3",
            "module.rke2_prod_cluster.data.vsphere_virtual_machine.template",
            "module.rke2_prod_cluster.local_file.inventory_file",
            "module.rke2_prod_cluster.null_resource.ansible_add_hosts",
            "module.rke2_prod_cluster.null_resource.ansible_install_rke2",
            "module.rke2_prod_cluster.null_resource.ansible_update_apt_packages",
            "module.rke2_prod_cluster.time_sleep.wait_3_minutes_for_node_ready",
            "module.rke2_prod_cluster.time_static.current",
            "module.rke2_prod_cluster.vsphere_virtual_machine.master_nodes_az1",
            "module.rke2_prod_cluster.vsphere_virtual_machine.master_nodes_az3",
            "module.rke2_prod_cluster.vsphere_virtual_machine.nfs_storage",
            "module.rke2_prod_cluster.vsphere_virtual_machine.template",
            "module.rke2_prod_cluster.vsphere_virtual_machine.worker_nodes_az1",
            "module.rke2_prod_cluster.vsphere_virtual_machine.worker_nodes_az3"
          ]
        }
      ]
    },
    {
      "module": "module.k8s_provisioner_prod",
      "mode": "managed",
      "type": "kubernetes_secret",
      "name": "domain_root_crt",
      "provider": "provider[\"registry.terraform.io/hashicorp/kubernetes\"].prod",
      "instances": [
        {
          "schema_version": 0,
          "attributes": {
            "binary_data": null,
            "data": {
              "root-ca.crt": "-----BEGIN CERTIFICATE-----\nMIIF9jCCA96gAwIBAgIUeOsredL9SkrmPz+VvFj9qHknNAwwDQYJKoZIhvcNAQEL\nBQAwgYMxCzAJBgNVBAYTAkFaMQ0wCwYDVQQIDARCYWt1MQ0wCwYDVQQHDARCYWt1\nMRQwEgYDVQQKDAtIb3N0YXJ0IExMQzELMAkGA1UECwwCSVQxEDAOBgNVBAMMB2hv\nc3RhcnQxITAfBgkqhkiG9w0BCQEWEmEua2FuYW5AaG9zdGFydC5hejAeFw0yNDEx\nMDIxMTQ5MjRaFw0zNDEwMzExMTQ5MjRaMIGDMQswCQYDVQQGEwJBWjENMAsGA1UE\nCAwEQmFrdTENMAsGA1UEBwwEQmFrdTEUMBIGA1UECgwLSG9zdGFydCBMTEMxCzAJ\nBgNVBAsMAklUMRAwDgYDVQQDDAdob3N0YXJ0MSEwHwYJKoZIhvcNAQkBFhJhLmth\nbmFuQGhvc3RhcnQuYXowggIiMA0GCSqGSIb3DQEBAQUAA4ICDwAwggIKAoICAQCz\nupPAkfS8R7/DjmnSuEJ4xvl4TNPFCJF3n8lDgiygTFJtDEsmdwtiYiH78PEZBE47\ngHWWR6r5a64XGkyqAmzTzynKyKxj7R27sQ/CzL//+xglMsB5NvSKCrn2yNEAMLIN\nnGPy8raD5STTR1y5Wx7E5AOptXsaxbrhJAk4DkJog61P9wfpZsxplQCoiqk6cmVW\nRgTQ25SfjDHUXU0b4XTTCvhvoy6DK3gETe8IpwCtZJ+6QhiXqoBYi0U/xuV0cg6v\ntv1at3ES6x4IJ0kt2FkX+Trg2c0lUamLvo0sPRZRysTThTlX/k/PI3SrTzUsaL57\nNQrc/9OzjdjskvMwv2VB4Y8INuJDiOmP9jgc/zPM7LnDoou4LL+AXF1DHAiskngH\ncTTIq/e1upOVEQ508BNneVdeTZtZNz6c5ntwMvOUClw0/DZ+AG7m/NbYhRZhhj2l\nqBQf3QUP4SEtuUveMplklWXDOewmNmthlOM7uT6xqke2c0XxspOpfzuEFjQ8VfqF\nXRWCl87rgkeG77PxiSl4yeAiudvR2/64hHMUFty1Zp6kPQBBi2covkPaPUIhrDOF\nq8IzvKr0BuA1zROZkl5uEghWAtI56F0QWQL4YpDdDod6+xeXenvQIl0EZoWPl4cO\n99eu+hbZlnudezHvv790kYEoD9t9wpEfdv+OCWboEQIDAQABo2AwXjAdBgNVHQ4E\nFgQUTUHQz3KLkfy5NJrjV/bdh3eItJYwHwYDVR0jBBgwFoAUTUHQz3KLkfy5NJrj\nV/bdh3eItJYwDwYDVR0TAQH/BAUwAwEB/zALBgNVHQ8EBAMCAQYwDQYJKoZIhvcN\nAQELBQADggIBAI56lAD7oV2pMVoBtEK0f8ly9El6dqOBb1HhKV9GjQU19RxIzFiT\n3zqpjOMQ0Zr/wdOVyX33CrTXkBvw+BJBV23d304Mn1Wa2ZWefEdKGGiikMDq+3GS\n8UwzWNsgwswsGrfWoiryMmZ6eDN3cC953ggm7JtH2Q0xqZScu52SFY7YZlaBl490\nbhmqOgnLib7lIfsF2fsXEvrKYq4Xk2WUDR0388gK8jxSy4OA+X01hqVTM2xjucvz\n6X1ZRgahuz4S+HQrwahzyOTsYmVY9X48HoAFLc3fIzuIulzap66pHZBFaUAyfdri\nyeEjkp6PGTLhvBh3KNnBmj6FPw5cj0pZq+0lbHmItwkcXYQl7E4S9D9ooTZPiXQr\nGhVcXAaE66MqxNExsOm6BmSvkOA7Qe8gj9yalUam9SfaMOMt4Wdl0omz5y6qO/y4\nOVdcP9yYaR0+KR6yML7bdi3EB8DAysbzFndwWkWMQQh5UEidyjlhemyHDd3zDMCD\nIbiRcQs3mUjyU1sswtVAv5BfEBMNJhIvOXVzKQeX9s2QvjkpRRmXZI3XUhVH1AoM\nJxah/6vfRo/c2DdthBYWcbN0PEADLGhoEUCMlId7+QakW+IzWsSZpJvOnXILiGC5\nTXrMoNx2hw1dBh1N9d6VGPJUw1Fk4UMcfhpUVMXq0g7e+F8xvCE3N5GV\n-----END CERTIFICATE-----\n"
            },
            "id": "kube-system/domain-root-crt",
            "immutable": false,
            "metadata": [
              {
                "annotations": {},
                "generate_name": "",
                "generation": 0,
                "labels": {},
                "name": "domain-root-crt",
                "namespace": "kube-system",
                "resource_version": "4684352",
                "uid": "59cef0bd-8328-40ba-aa71-9ef1dde1c3f8"
              }
            ],
            "timeouts": null,
            "type": "Opaque",
            "wait_for_service_account_token": true
          },
          "sensitive_attributes": [
            [
              {
                "type": "get_attr",
                "value": "binary_data"
              }
            ],
            [
              {
                "type": "get_attr",
                "value": "data"
              }
            ],
            [
              {
                "type": "get_attr",
                "value": "data"
              },
              {
                "type": "index",
                "value": {
                  "value": "root-ca.crt",
                  "type": "string"
                }
              }
            ]
          ],
          "private": "eyJlMmJmYjczMC1lY2FhLTExZTYtOGY4OC0zNDM2M2JjN2M0YzAiOnsiY3JlYXRlIjo2MDAwMDAwMDAwMH19",
          "dependencies": [
            "module.rke2_prod_cluster.data.vsphere_datacenter.vsphere_datacenter_az1",
            "module.rke2_prod_cluster.data.vsphere_datacenter.vsphere_datacenter_az3",
            "module.rke2_prod_cluster.data.vsphere_datastore.vsphere_datastore_az1",
            "module.rke2_prod_cluster.data.vsphere_datastore.vsphere_datastore_az3",
            "module.rke2_prod_cluster.data.vsphere_host.vsphere_host_az1",
            "module.rke2_prod_cluster.data.vsphere_host.vsphere_host_az3",
            "module.rke2_prod_cluster.data.vsphere_network.vsphere_network_az1",
            "module.rke2_prod_cluster.data.vsphere_network.vsphere_network_az3",
            "module.rke2_prod_cluster.data.vsphere_ovf_vm_template.template",
            "module.rke2_prod_cluster.data.vsphere_ovf_vm_template.templateLocal",
            "module.rke2_prod_cluster.data.vsphere_resource_pool.vsphere_resource_pool_az1",
            "module.rke2_prod_cluster.data.vsphere_resource_pool.vsphere_resource_pool_az3",
            "module.rke2_prod_cluster.data.vsphere_virtual_machine.template",
            "module.rke2_prod_cluster.local_file.inventory_file",
            "module.rke2_prod_cluster.null_resource.ansible_add_hosts",
            "module.rke2_prod_cluster.null_resource.ansible_install_rke2",
            "module.rke2_prod_cluster.null_resource.ansible_update_apt_packages",
            "module.rke2_prod_cluster.time_sleep.wait_3_minutes_for_node_ready",
            "module.rke2_prod_cluster.time_static.current",
            "module.rke2_prod_cluster.vsphere_virtual_machine.master_nodes_az1",
            "module.rke2_prod_cluster.vsphere_virtual_machine.master_nodes_az3",
            "module.rke2_prod_cluster.vsphere_virtual_machine.nfs_storage",
            "module.rke2_prod_cluster.vsphere_virtual_machine.template",
            "module.rke2_prod_cluster.vsphere_virtual_machine.worker_nodes_az1",
            "module.rke2_prod_cluster.vsphere_virtual_machine.worker_nodes_az3"
          ]
        }
      ]
    },
    {
      "module": "module.k8s_provisioner_prod",
      "mode": "managed",
      "type": "kubernetes_secret",
      "name": "grafana_domain_root_crt",
      "provider": "provider[\"registry.terraform.io/hashicorp/kubernetes\"].prod",
      "instances": [
        {
          "index_key": 0,
          "schema_version": 0,
          "attributes": {
            "binary_data": null,
            "data": {
              "root-ca.crt": "-----BEGIN CERTIFICATE-----\nMIIF9jCCA96gAwIBAgIUeOsredL9SkrmPz+VvFj9qHknNAwwDQYJKoZIhvcNAQEL\nBQAwgYMxCzAJBgNVBAYTAkFaMQ0wCwYDVQQIDARCYWt1MQ0wCwYDVQQHDARCYWt1\nMRQwEgYDVQQKDAtIb3N0YXJ0IExMQzELMAkGA1UECwwCSVQxEDAOBgNVBAMMB2hv\nc3RhcnQxITAfBgkqhkiG9w0BCQEWEmEua2FuYW5AaG9zdGFydC5hejAeFw0yNDEx\nMDIxMTQ5MjRaFw0zNDEwMzExMTQ5MjRaMIGDMQswCQYDVQQGEwJBWjENMAsGA1UE\nCAwEQmFrdTENMAsGA1UEBwwEQmFrdTEUMBIGA1UECgwLSG9zdGFydCBMTEMxCzAJ\nBgNVBAsMAklUMRAwDgYDVQQDDAdob3N0YXJ0MSEwHwYJKoZIhvcNAQkBFhJhLmth\nbmFuQGhvc3RhcnQuYXowggIiMA0GCSqGSIb3DQEBAQUAA4ICDwAwggIKAoICAQCz\nupPAkfS8R7/DjmnSuEJ4xvl4TNPFCJF3n8lDgiygTFJtDEsmdwtiYiH78PEZBE47\ngHWWR6r5a64XGkyqAmzTzynKyKxj7R27sQ/CzL//+xglMsB5NvSKCrn2yNEAMLIN\nnGPy8raD5STTR1y5Wx7E5AOptXsaxbrhJAk4DkJog61P9wfpZsxplQCoiqk6cmVW\nRgTQ25SfjDHUXU0b4XTTCvhvoy6DK3gETe8IpwCtZJ+6QhiXqoBYi0U/xuV0cg6v\ntv1at3ES6x4IJ0kt2FkX+Trg2c0lUamLvo0sPRZRysTThTlX/k/PI3SrTzUsaL57\nNQrc/9OzjdjskvMwv2VB4Y8INuJDiOmP9jgc/zPM7LnDoou4LL+AXF1DHAiskngH\ncTTIq/e1upOVEQ508BNneVdeTZtZNz6c5ntwMvOUClw0/DZ+AG7m/NbYhRZhhj2l\nqBQf3QUP4SEtuUveMplklWXDOewmNmthlOM7uT6xqke2c0XxspOpfzuEFjQ8VfqF\nXRWCl87rgkeG77PxiSl4yeAiudvR2/64hHMUFty1Zp6kPQBBi2covkPaPUIhrDOF\nq8IzvKr0BuA1zROZkl5uEghWAtI56F0QWQL4YpDdDod6+xeXenvQIl0EZoWPl4cO\n99eu+hbZlnudezHvv790kYEoD9t9wpEfdv+OCWboEQIDAQABo2AwXjAdBgNVHQ4E\nFgQUTUHQz3KLkfy5NJrjV/bdh3eItJYwHwYDVR0jBBgwFoAUTUHQz3KLkfy5NJrj\nV/bdh3eItJYwDwYDVR0TAQH/BAUwAwEB/zALBgNVHQ8EBAMCAQYwDQYJKoZIhvcN\nAQELBQADggIBAI56lAD7oV2pMVoBtEK0f8ly9El6dqOBb1HhKV9GjQU19RxIzFiT\n3zqpjOMQ0Zr/wdOVyX33CrTXkBvw+BJBV23d304Mn1Wa2ZWefEdKGGiikMDq+3GS\n8UwzWNsgwswsGrfWoiryMmZ6eDN3cC953ggm7JtH2Q0xqZScu52SFY7YZlaBl490\nbhmqOgnLib7lIfsF2fsXEvrKYq4Xk2WUDR0388gK8jxSy4OA+X01hqVTM2xjucvz\n6X1ZRgahuz4S+HQrwahzyOTsYmVY9X48HoAFLc3fIzuIulzap66pHZBFaUAyfdri\nyeEjkp6PGTLhvBh3KNnBmj6FPw5cj0pZq+0lbHmItwkcXYQl7E4S9D9ooTZPiXQr\nGhVcXAaE66MqxNExsOm6BmSvkOA7Qe8gj9yalUam9SfaMOMt4Wdl0omz5y6qO/y4\nOVdcP9yYaR0+KR6yML7bdi3EB8DAysbzFndwWkWMQQh5UEidyjlhemyHDd3zDMCD\nIbiRcQs3mUjyU1sswtVAv5BfEBMNJhIvOXVzKQeX9s2QvjkpRRmXZI3XUhVH1AoM\nJxah/6vfRo/c2DdthBYWcbN0PEADLGhoEUCMlId7+QakW+IzWsSZpJvOnXILiGC5\nTXrMoNx2hw1dBh1N9d6VGPJUw1Fk4UMcfhpUVMXq0g7e+F8xvCE3N5GV\n-----END CERTIFICATE-----\n"
            },
            "id": "grafana/domain-root-crt",
            "immutable": false,
            "metadata": [
              {
                "annotations": {},
                "generate_name": "",
                "generation": 0,
                "labels": {},
                "name": "domain-root-crt",
                "namespace": "grafana",
                "resource_version": "4684350",
                "uid": "2f359b05-3258-439f-9485-5621025fa2e1"
              }
            ],
            "timeouts": null,
            "type": "Opaque",
            "wait_for_service_account_token": true
          },
          "sensitive_attributes": [
            [
              {
                "type": "get_attr",
                "value": "binary_data"
              }
            ],
            [
              {
                "type": "get_attr",
                "value": "data"
              }
            ],
            [
              {
                "type": "get_attr",
                "value": "data"
              },
              {
                "type": "index",
                "value": {
                  "value": "root-ca.crt",
                  "type": "string"
                }
              }
            ]
          ],
          "private": "eyJlMmJmYjczMC1lY2FhLTExZTYtOGY4OC0zNDM2M2JjN2M0YzAiOnsiY3JlYXRlIjo2MDAwMDAwMDAwMH19",
          "dependencies": [
            "module.k8s_provisioner_prod.kubernetes_namespace.grafana",
            "module.rke2_prod_cluster.data.vsphere_datacenter.vsphere_datacenter_az1",
            "module.rke2_prod_cluster.data.vsphere_datacenter.vsphere_datacenter_az3",
            "module.rke2_prod_cluster.data.vsphere_datastore.vsphere_datastore_az1",
            "module.rke2_prod_cluster.data.vsphere_datastore.vsphere_datastore_az3",
            "module.rke2_prod_cluster.data.vsphere_host.vsphere_host_az1",
            "module.rke2_prod_cluster.data.vsphere_host.vsphere_host_az3",
            "module.rke2_prod_cluster.data.vsphere_network.vsphere_network_az1",
            "module.rke2_prod_cluster.data.vsphere_network.vsphere_network_az3",
            "module.rke2_prod_cluster.data.vsphere_ovf_vm_template.template",
            "module.rke2_prod_cluster.data.vsphere_ovf_vm_template.templateLocal",
            "module.rke2_prod_cluster.data.vsphere_resource_pool.vsphere_resource_pool_az1",
            "module.rke2_prod_cluster.data.vsphere_resource_pool.vsphere_resource_pool_az3",
            "module.rke2_prod_cluster.data.vsphere_virtual_machine.template",
            "module.rke2_prod_cluster.local_file.inventory_file",
            "module.rke2_prod_cluster.null_resource.ansible_add_hosts",
            "module.rke2_prod_cluster.null_resource.ansible_install_rke2",
            "module.rke2_prod_cluster.null_resource.ansible_update_apt_packages",
            "module.rke2_prod_cluster.time_sleep.wait_3_minutes_for_node_ready",
            "module.rke2_prod_cluster.time_static.current",
            "module.rke2_prod_cluster.vsphere_virtual_machine.master_nodes_az1",
            "module.rke2_prod_cluster.vsphere_virtual_machine.master_nodes_az3",
            "module.rke2_prod_cluster.vsphere_virtual_machine.nfs_storage",
            "module.rke2_prod_cluster.vsphere_virtual_machine.template",
            "module.rke2_prod_cluster.vsphere_virtual_machine.worker_nodes_az1",
            "module.rke2_prod_cluster.vsphere_virtual_machine.worker_nodes_az3"
          ]
        }
      ]
    },
    {
      "module": "module.k8s_provisioner_prod",
      "mode": "managed",
      "type": "kubernetes_secret",
      "name": "ingress_gw_domain_server_crt",
      "provider": "provider[\"registry.terraform.io/hashicorp/kubernetes\"].prod",
      "instances": [
        {
          "index_key": 0,
          "schema_version": 0,
          "attributes": {
            "binary_data": null,
            "data": {
              "tls.crt": "-----BEGIN CERTIFICATE-----\nMIIExjCCAq6gAwIBAgIUF1Ft2MKKM6BDOTP6kqMTvLmKN24wDQYJKoZIhvcNAQEL\nBQAwgYMxCzAJBgNVBAYTAkFaMQ0wCwYDVQQIDARCYWt1MQ0wCwYDVQQHDARCYWt1\nMRQwEgYDVQQKDAtIb3N0YXJ0IExMQzELMAkGA1UECwwCSVQxEDAOBgNVBAMMB2hv\nc3RhcnQxITAfBgkqhkiG9w0BCQEWEmEua2FuYW5AaG9zdGFydC5hejAeFw0yNDEx\nMDIxMTQ5MjRaFw0yNzA4MjMxMTQ5MjRaMFsxFTATBgNVBAMMDCouaG9zdGFydC5h\nejELMAkGA1UEBhMCQVoxDTALBgNVBAgMBEJha3UxDTALBgNVBAcMBEJha3UxFzAV\nBgNVBAoMDmhvc3RhcnQuYXogTExDMIIBIjANBgkqhkiG9w0BAQEFAAOCAQ8AMIIB\nCgKCAQEAwv2Az1DUrBRWBOU/D9KlFvfgWTIC2qzMZSmf//k1T7/LZHIhOkMATf4R\nCalum4Z5xXtWg+iE8fVg2OnyUDWfRoU723bbpF9g4vhh7PanFK8pQLehMiZBA3ZD\nD6bNE2pnyKhghH/8dTQwQSg4Y7aET0Uq0ychqdz5LY2vdr9zxL8BDemNziqPX+Yo\nau5Zq6RPcSQvK6iUB5pXENk7MDBZuzYgFPXrSuAETVg5Q7AuB1GxnVQdTXxWAXBY\nKr2khuGGoejOzRhYPA2VbmdGxg47DiTIcsBa9zsvOCQ3QxXi07NIPykU+3uz5dSB\nrR2pC72D3pPIEqwQUagP/LTEmRa0zwIDAQABo1kwVzAOBgNVHQ8BAf8EBAMCBaAw\nIAYDVR0lAQH/BBYwFAYIKwYBBQUHAwEGCCsGAQUFBwMCMCMGA1UdEQQcMBqCCmhv\nc3RhcnQuYXqCDCouaG9zdGFydC5hejANBgkqhkiG9w0BAQsFAAOCAgEAb37PJ+hK\nMRwfrCF3NchqYCVhW6mZzQjSlWfXQtGwxTq8xr73PtWPhHjfe3iq0PbvFoMDqWB0\nY3V6ZBDpPBIAxDcv8MDhiESbf2sbAY4T6KX48sOeFo9oAWvzTutydFy0O509A5UW\noANEfc2n8tocaL1tRZdC/2/WPdboRHVS3QN/EgFPCpDTmZ0Pb9i0CEJSO64IoyU9\n7VnsxC6lGr0AQT6l7peA5icXnSqd7IsFCHak0qTIj7I0N7+xJ2Hh7ueplhK9Z1Z0\nKLjICyYPgMbGGPS7mWigP14Yr/IQv3gibWfjQ4VoZcJStPaveBOmxDGEx+yEfnbD\n1I06UjTuLvWT+tPM9ByfyhcoF1g3Vb0l79pLL7ask22gAgt0bRXPNb19z5uG25B2\nQKwsqeG830Fk93wEPp2ZyTqSinEPTqmW7WowZ9/bAu7FHdJSGrj82Kd9Sv11WIrf\nMVjHtGbw8FSsGRleMebtddnHS6I6BCqG1CfRGpWu1RXDwWx4Z1KEZDTbocsLsXNT\nnk+vkQHsWgbldW1yUPOXl/IObgtRLN8daTusAjn0HlHM4k3shg0KV8iNUBU3PTV0\nJ27YhhiNuFXjz36GyuVz/hK63Vgxk0G0lvb2H38auG4+Yq0wR8U3KLpkrxX+JWde\nju9lDg5nyuKMVyIHAh2jDL+RH7xyNNj2xfc=\n-----END CERTIFICATE-----\n",
              "tls.key": "-----BEGIN RSA PRIVATE KEY-----\nMIIEowIBAAKCAQEAwv2Az1DUrBRWBOU/D9KlFvfgWTIC2qzMZSmf//k1T7/LZHIh\nOkMATf4RCalum4Z5xXtWg+iE8fVg2OnyUDWfRoU723bbpF9g4vhh7PanFK8pQLeh\nMiZBA3ZDD6bNE2pnyKhghH/8dTQwQSg4Y7aET0Uq0ychqdz5LY2vdr9zxL8BDemN\nziqPX+Yoau5Zq6RPcSQvK6iUB5pXENk7MDBZuzYgFPXrSuAETVg5Q7AuB1GxnVQd\nTXxWAXBYKr2khuGGoejOzRhYPA2VbmdGxg47DiTIcsBa9zsvOCQ3QxXi07NIPykU\n+3uz5dSBrR2pC72D3pPIEqwQUagP/LTEmRa0zwIDAQABAoIBAAg299tEE4GgZbNV\nGSAIhs396WS4l6gwyXellkkJbbaLZP05Va8HrZabkoouqitBMhYgyRdLj3ZGGStq\nR7wbVjd5W3k2e7BkGEfXoQCDr6xOaNWCJvde5zRHIjIhm9gqjm7EsTRD1BX3+eR0\n1lNVGCPizRgSOPfYCGNj6bV+AVmTg5tYbvIHG16ofedqJdIEJVuTA+9EoF0bBqJX\nYI5P6gHgExENzaTKVf/gA/9qS+KCsOzHI10ONtSicMRpbmOmXRZcfd8LNR4V5glZ\nVu1SV1xCnEyvgl+MyPf2SMmx55bWAW07oIZDemuUJmn8mbQRDUFc3Eovsu+FrOeF\nQl1tm8ECgYEA4ZYhCPNUaZ3CHzlbz38FyGoRzPokv8Q6wb+gJgkCYIWIvDhaltyD\ns5Y70iOUScNg7jHPDMj1ZdTGa7dVLrFETYMr6t7h9SQYcbsbvrh7wkLsT5mqrguz\n4xVUk/NNSbGK6Fd2eGH4fakCl8d3I9p/miMDsdRHW2JXMIj4BRZ5gCECgYEA3Udh\nM66arVY6PJG34lX5urLY8VOtN2fecsqXqqWDboUhex9gksbRQTYiz/OrNYGLwDla\nNvqBkiueY5wX/2xmW3O1W8SS6B6hxdhBZj3auvCuo2EHq1aa/6pYJR8iUydjOj0W\nfmIQ0x1VwyCee3zU1NUM09oSRHHm2rSIjqz9Vu8CgYEAilM+aniamDCuKetICtH+\nv8eapq/z/MrcpJVWJDx+AqWfFJsRoVQSRfqnL9G1Sg3N0AEmztYi85AnI0HFr93u\n3gDC20BUGbdKbeKnvqjs6k+TC7RUXmi6o1IfDKGyELAXVyTadjLM5nDOMDeVLJz8\nhY1W5KIgJz8D67TxMF15n0ECgYBeNUue81GLRtDYhLmjNTNzVz2h0RxIIILGoJZd\n4sXIQgn1H3DATME+YEwF+RoFV7gmCMTt701G7CctBYH6Dy6s9OBbx588D/6T+vQt\nEVyUhm/zwxW+zsqC2wVYGJ9Gg9htLSDsgdfj6fNfdf3DWWxLiMFDWO66ETxWFNKm\n2+OoJQKBgG6xp9LjmDb3wAi1Nk5jhYs/ksoR7n2VE2pUDqgd4rRpY4+qt2avxHi4\nBd46hrC+nHjrTyUEqnMMSYjK0ayztzETJJqFF0C8KaIoZKuml+fYw4H+MvFcOkjI\nivm+H3wH/mc8+/0O4P6N4v8XZ26dxLfOzJYbyuIf6QblhUwf3j+P\n-----END RSA PRIVATE KEY-----\n"
            },
            "id": "istio-system/domain-server-crt",
            "immutable": false,
            "metadata": [
              {
                "annotations": {},
                "generate_name": "",
                "generation": 0,
                "labels": {
                  "kubernetes.io/environment": "prod",
                  "kubernetes.io/managed-by": "Terraform",
                  "kubernetes.io/owner": "Devops"
                },
                "name": "domain-server-crt",
                "namespace": "istio-system",
                "resource_version": "4684356",
                "uid": "18d7d183-0fe0-4ffc-a5e8-381714f3fb19"
              }
            ],
            "timeouts": null,
            "type": "kubernetes.io/tls",
            "wait_for_service_account_token": true
          },
          "sensitive_attributes": [
            [
              {
                "type": "get_attr",
                "value": "binary_data"
              }
            ],
            [
              {
                "type": "get_attr",
                "value": "data"
              }
            ],
            [
              {
                "type": "get_attr",
                "value": "data"
              },
              {
                "type": "index",
                "value": {
                  "value": "tls.crt",
                  "type": "string"
                }
              }
            ],
            [
              {
                "type": "get_attr",
                "value": "data"
              },
              {
                "type": "index",
                "value": {
                  "value": "tls.key",
                  "type": "string"
                }
              }
            ]
          ],
          "private": "eyJlMmJmYjczMC1lY2FhLTExZTYtOGY4OC0zNDM2M2JjN2M0YzAiOnsiY3JlYXRlIjo2MDAwMDAwMDAwMH19",
          "dependencies": [
            "module.k8s_provisioner_prod.kubernetes_namespace.istio",
            "module.rke2_prod_cluster.data.vsphere_datacenter.vsphere_datacenter_az1",
            "module.rke2_prod_cluster.data.vsphere_datacenter.vsphere_datacenter_az3",
            "module.rke2_prod_cluster.data.vsphere_datastore.vsphere_datastore_az1",
            "module.rke2_prod_cluster.data.vsphere_datastore.vsphere_datastore_az3",
            "module.rke2_prod_cluster.data.vsphere_host.vsphere_host_az1",
            "module.rke2_prod_cluster.data.vsphere_host.vsphere_host_az3",
            "module.rke2_prod_cluster.data.vsphere_network.vsphere_network_az1",
            "module.rke2_prod_cluster.data.vsphere_network.vsphere_network_az3",
            "module.rke2_prod_cluster.data.vsphere_ovf_vm_template.template",
            "module.rke2_prod_cluster.data.vsphere_ovf_vm_template.templateLocal",
            "module.rke2_prod_cluster.data.vsphere_resource_pool.vsphere_resource_pool_az1",
            "module.rke2_prod_cluster.data.vsphere_resource_pool.vsphere_resource_pool_az3",
            "module.rke2_prod_cluster.data.vsphere_virtual_machine.template",
            "module.rke2_prod_cluster.local_file.inventory_file",
            "module.rke2_prod_cluster.null_resource.ansible_add_hosts",
            "module.rke2_prod_cluster.null_resource.ansible_install_rke2",
            "module.rke2_prod_cluster.null_resource.ansible_update_apt_packages",
            "module.rke2_prod_cluster.time_sleep.wait_3_minutes_for_node_ready",
            "module.rke2_prod_cluster.time_static.current",
            "module.rke2_prod_cluster.vsphere_virtual_machine.master_nodes_az1",
            "module.rke2_prod_cluster.vsphere_virtual_machine.master_nodes_az3",
            "module.rke2_prod_cluster.vsphere_virtual_machine.nfs_storage",
            "module.rke2_prod_cluster.vsphere_virtual_machine.template",
            "module.rke2_prod_cluster.vsphere_virtual_machine.worker_nodes_az1",
            "module.rke2_prod_cluster.vsphere_virtual_machine.worker_nodes_az3"
          ]
        }
      ]
    },
    {
      "module": "module.k8s_provisioner_prod",
      "mode": "managed",
      "type": "kubernetes_secret",
      "name": "kiali_basic_auth",
      "provider": "provider[\"registry.terraform.io/hashicorp/kubernetes\"].prod",
      "instances": [
        {
          "index_key": 0,
          "schema_version": 0,
          "attributes": {
            "binary_data": null,
            "data": {
              "auth": "devops:$6$ICcCh29M20WyDfHf$nQsarjccnyfa/rSktgzWdA/0OaiNtN/lMBd3c1abJBgfQ0wn53jcmKGwaAOrDROTjHcQKVfH/.WGKicwzy5zj/"
            },
            "id": "istio-system/kiali-basic-auth",
            "immutable": false,
            "metadata": [
              {
                "annotations": {},
                "generate_name": "",
                "generation": 0,
                "labels": {},
                "name": "kiali-basic-auth",
                "namespace": "istio-system",
                "resource_version": "3439152",
                "uid": "d074daea-43c1-45ac-a92b-329b5430bf14"
              }
            ],
            "timeouts": null,
            "type": "Opaque",
            "wait_for_service_account_token": true
          },
          "sensitive_attributes": [
            [
              {
                "type": "get_attr",
                "value": "binary_data"
              }
            ],
            [
              {
                "type": "get_attr",
                "value": "data"
              }
            ],
            [
              {
                "type": "get_attr",
                "value": "data"
              },
              {
                "type": "index",
                "value": {
                  "value": "auth",
                  "type": "string"
                }
              }
            ]
          ],
          "private": "eyJlMmJmYjczMC1lY2FhLTExZTYtOGY4OC0zNDM2M2JjN2M0YzAiOnsiY3JlYXRlIjo2MDAwMDAwMDAwMH19",
          "dependencies": [
            "module.k8s_provisioner_prod.kubernetes_namespace.istio",
            "module.rke2_prod_cluster.data.vsphere_datacenter.vsphere_datacenter_az1",
            "module.rke2_prod_cluster.data.vsphere_datacenter.vsphere_datacenter_az3",
            "module.rke2_prod_cluster.data.vsphere_datastore.vsphere_datastore_az1",
            "module.rke2_prod_cluster.data.vsphere_datastore.vsphere_datastore_az3",
            "module.rke2_prod_cluster.data.vsphere_host.vsphere_host_az1",
            "module.rke2_prod_cluster.data.vsphere_host.vsphere_host_az3",
            "module.rke2_prod_cluster.data.vsphere_network.vsphere_network_az1",
            "module.rke2_prod_cluster.data.vsphere_network.vsphere_network_az3",
            "module.rke2_prod_cluster.data.vsphere_ovf_vm_template.template",
            "module.rke2_prod_cluster.data.vsphere_ovf_vm_template.templateLocal",
            "module.rke2_prod_cluster.data.vsphere_resource_pool.vsphere_resource_pool_az1",
            "module.rke2_prod_cluster.data.vsphere_resource_pool.vsphere_resource_pool_az3",
            "module.rke2_prod_cluster.data.vsphere_virtual_machine.template",
            "module.rke2_prod_cluster.local_file.inventory_file",
            "module.rke2_prod_cluster.null_resource.ansible_add_hosts",
            "module.rke2_prod_cluster.null_resource.ansible_install_rke2",
            "module.rke2_prod_cluster.null_resource.ansible_update_apt_packages",
            "module.rke2_prod_cluster.time_sleep.wait_3_minutes_for_node_ready",
            "module.rke2_prod_cluster.time_static.current",
            "module.rke2_prod_cluster.vsphere_virtual_machine.master_nodes_az1",
            "module.rke2_prod_cluster.vsphere_virtual_machine.master_nodes_az3",
            "module.rke2_prod_cluster.vsphere_virtual_machine.nfs_storage",
            "module.rke2_prod_cluster.vsphere_virtual_machine.template",
            "module.rke2_prod_cluster.vsphere_virtual_machine.worker_nodes_az1",
            "module.rke2_prod_cluster.vsphere_virtual_machine.worker_nodes_az3"
          ]
        }
      ]
    },
    {
      "module": "module.k8s_provisioner_prod",
      "mode": "managed",
      "type": "kubernetes_secret",
      "name": "longhorn_ingress_basic_auth",
      "provider": "provider[\"registry.terraform.io/hashicorp/kubernetes\"].prod",
      "instances": [
        {
          "index_key": 0,
          "schema_version": 0,
          "attributes": {
            "binary_data": null,
            "data": {
              "auth": "devops:$6$ICcCh29M20WyDfHf$nQsarjccnyfa/rSktgzWdA/0OaiNtN/lMBd3c1abJBgfQ0wn53jcmKGwaAOrDROTjHcQKVfH/.WGKicwzy5zj/"
            },
            "id": "longhorn-system/basic-auth",
            "immutable": false,
            "metadata": [
              {
                "annotations": {},
                "generate_name": "",
                "generation": 0,
                "labels": {},
                "name": "basic-auth",
                "namespace": "longhorn-system",
                "resource_version": "3334505",
                "uid": "d60e9dfa-cb8c-4cd7-8e22-84f348455593"
              }
            ],
            "timeouts": null,
            "type": "Opaque",
            "wait_for_service_account_token": true
          },
          "sensitive_attributes": [
            [
              {
                "type": "get_attr",
                "value": "binary_data"
              }
            ],
            [
              {
                "type": "get_attr",
                "value": "data"
              }
            ],
            [
              {
                "type": "get_attr",
                "value": "data"
              },
              {
                "type": "index",
                "value": {
                  "value": "auth",
                  "type": "string"
                }
              }
            ]
          ],
          "private": "eyJlMmJmYjczMC1lY2FhLTExZTYtOGY4OC0zNDM2M2JjN2M0YzAiOnsiY3JlYXRlIjo2MDAwMDAwMDAwMH19",
          "dependencies": [
            "module.k8s_provisioner_prod.kubernetes_namespace.longhorn",
            "module.rke2_prod_cluster.data.vsphere_datacenter.vsphere_datacenter_az1",
            "module.rke2_prod_cluster.data.vsphere_datacenter.vsphere_datacenter_az3",
            "module.rke2_prod_cluster.data.vsphere_datastore.vsphere_datastore_az1",
            "module.rke2_prod_cluster.data.vsphere_datastore.vsphere_datastore_az3",
            "module.rke2_prod_cluster.data.vsphere_host.vsphere_host_az1",
            "module.rke2_prod_cluster.data.vsphere_host.vsphere_host_az3",
            "module.rke2_prod_cluster.data.vsphere_network.vsphere_network_az1",
            "module.rke2_prod_cluster.data.vsphere_network.vsphere_network_az3",
            "module.rke2_prod_cluster.data.vsphere_ovf_vm_template.template",
            "module.rke2_prod_cluster.data.vsphere_ovf_vm_template.templateLocal",
            "module.rke2_prod_cluster.data.vsphere_resource_pool.vsphere_resource_pool_az1",
            "module.rke2_prod_cluster.data.vsphere_resource_pool.vsphere_resource_pool_az3",
            "module.rke2_prod_cluster.data.vsphere_virtual_machine.template",
            "module.rke2_prod_cluster.local_file.inventory_file",
            "module.rke2_prod_cluster.null_resource.ansible_add_hosts",
            "module.rke2_prod_cluster.null_resource.ansible_install_rke2",
            "module.rke2_prod_cluster.null_resource.ansible_update_apt_packages",
            "module.rke2_prod_cluster.time_sleep.wait_3_minutes_for_node_ready",
            "module.rke2_prod_cluster.time_static.current",
            "module.rke2_prod_cluster.vsphere_virtual_machine.master_nodes_az1",
            "module.rke2_prod_cluster.vsphere_virtual_machine.master_nodes_az3",
            "module.rke2_prod_cluster.vsphere_virtual_machine.nfs_storage",
            "module.rke2_prod_cluster.vsphere_virtual_machine.template",
            "module.rke2_prod_cluster.vsphere_virtual_machine.worker_nodes_az1",
            "module.rke2_prod_cluster.vsphere_virtual_machine.worker_nodes_az3"
          ]
        }
      ]
    },
    {
      "module": "module.k8s_provisioner_prod",
      "mode": "managed",
      "type": "kubernetes_secret",
      "name": "prometheus_basic_auth",
      "provider": "provider[\"registry.terraform.io/hashicorp/kubernetes\"].prod",
      "instances": [
        {
          "index_key": 0,
          "schema_version": 0,
          "attributes": {
            "binary_data": null,
            "data": {
              "auth": "devops:$6$ICcCh29M20WyDfHf$nQsarjccnyfa/rSktgzWdA/0OaiNtN/lMBd3c1abJBgfQ0wn53jcmKGwaAOrDROTjHcQKVfH/.WGKicwzy5zj/"
            },
            "id": "prometheus/basic-auth",
            "immutable": false,
            "metadata": [
              {
                "annotations": {},
                "generate_name": "",
                "generation": 0,
                "labels": {},
                "name": "basic-auth",
                "namespace": "prometheus",
                "resource_version": "3345676",
                "uid": "7b2582c0-7402-4de3-b569-1ce5f7aa4cf2"
              }
            ],
            "timeouts": null,
            "type": "Opaque",
            "wait_for_service_account_token": true
          },
          "sensitive_attributes": [
            [
              {
                "type": "get_attr",
                "value": "binary_data"
              }
            ],
            [
              {
                "type": "get_attr",
                "value": "data"
              }
            ],
            [
              {
                "type": "get_attr",
                "value": "data"
              },
              {
                "type": "index",
                "value": {
                  "value": "auth",
                  "type": "string"
                }
              }
            ]
          ],
          "private": "eyJlMmJmYjczMC1lY2FhLTExZTYtOGY4OC0zNDM2M2JjN2M0YzAiOnsiY3JlYXRlIjo2MDAwMDAwMDAwMH19",
          "dependencies": [
            "module.k8s_provisioner_prod.kubernetes_namespace.prometheus",
            "module.rke2_prod_cluster.data.vsphere_datacenter.vsphere_datacenter_az1",
            "module.rke2_prod_cluster.data.vsphere_datacenter.vsphere_datacenter_az3",
            "module.rke2_prod_cluster.data.vsphere_datastore.vsphere_datastore_az1",
            "module.rke2_prod_cluster.data.vsphere_datastore.vsphere_datastore_az3",
            "module.rke2_prod_cluster.data.vsphere_host.vsphere_host_az1",
            "module.rke2_prod_cluster.data.vsphere_host.vsphere_host_az3",
            "module.rke2_prod_cluster.data.vsphere_network.vsphere_network_az1",
            "module.rke2_prod_cluster.data.vsphere_network.vsphere_network_az3",
            "module.rke2_prod_cluster.data.vsphere_ovf_vm_template.template",
            "module.rke2_prod_cluster.data.vsphere_ovf_vm_template.templateLocal",
            "module.rke2_prod_cluster.data.vsphere_resource_pool.vsphere_resource_pool_az1",
            "module.rke2_prod_cluster.data.vsphere_resource_pool.vsphere_resource_pool_az3",
            "module.rke2_prod_cluster.data.vsphere_virtual_machine.template",
            "module.rke2_prod_cluster.local_file.inventory_file",
            "module.rke2_prod_cluster.null_resource.ansible_add_hosts",
            "module.rke2_prod_cluster.null_resource.ansible_install_rke2",
            "module.rke2_prod_cluster.null_resource.ansible_update_apt_packages",
            "module.rke2_prod_cluster.time_sleep.wait_3_minutes_for_node_ready",
            "module.rke2_prod_cluster.time_static.current",
            "module.rke2_prod_cluster.vsphere_virtual_machine.master_nodes_az1",
            "module.rke2_prod_cluster.vsphere_virtual_machine.master_nodes_az3",
            "module.rke2_prod_cluster.vsphere_virtual_machine.nfs_storage",
            "module.rke2_prod_cluster.vsphere_virtual_machine.template",
            "module.rke2_prod_cluster.vsphere_virtual_machine.worker_nodes_az1",
            "module.rke2_prod_cluster.vsphere_virtual_machine.worker_nodes_az3"
          ]
        }
      ]
    },
    {
      "module": "module.k8s_provisioner_prod",
      "mode": "managed",
      "type": "kubernetes_secret",
      "name": "slack_template",
      "provider": "provider[\"registry.terraform.io/hashicorp/kubernetes\"].prod",
      "instances": [
        {
          "index_key": 0,
          "schema_version": 0,
          "attributes": {
            "binary_data": null,
            "data": {
              "slack-templates.tmpl": "{{ define \"__alert_silence_link\" -}}\r\n    https://alertmanager.azintelecom.az/#/silences/new?filter=%7B\r\n    {{- range .CommonLabels.SortedPairs -}}\r\n        {{- if ne .Name \"alertname\" -}}\r\n            {{- .Name }}%3D\"{{- .Value -}}\"%2C%20\r\n        {{- end -}}\r\n    {{- end -}}\r\n    alertname%3D\"{{ .CommonLabels.alertname }}\"%7D\r\n{{- end }}"
            },
            "id": "prometheus/slack-template",
            "immutable": false,
            "metadata": [
              {
                "annotations": {},
                "generate_name": "",
                "generation": 0,
                "labels": {},
                "name": "slack-template",
                "namespace": "prometheus",
                "resource_version": "3345681",
                "uid": "018ef7f0-bc78-4f73-a315-16fb191f0766"
              }
            ],
            "timeouts": null,
            "type": "Opaque",
            "wait_for_service_account_token": true
          },
          "sensitive_attributes": [
            [
              {
                "type": "get_attr",
                "value": "binary_data"
              }
            ],
            [
              {
                "type": "get_attr",
                "value": "data"
              }
            ]
          ],
          "private": "eyJlMmJmYjczMC1lY2FhLTExZTYtOGY4OC0zNDM2M2JjN2M0YzAiOnsiY3JlYXRlIjo2MDAwMDAwMDAwMH19",
          "dependencies": [
            "module.k8s_provisioner_prod.kubernetes_namespace.prometheus",
            "module.rke2_prod_cluster.data.vsphere_datacenter.vsphere_datacenter_az1",
            "module.rke2_prod_cluster.data.vsphere_datacenter.vsphere_datacenter_az3",
            "module.rke2_prod_cluster.data.vsphere_datastore.vsphere_datastore_az1",
            "module.rke2_prod_cluster.data.vsphere_datastore.vsphere_datastore_az3",
            "module.rke2_prod_cluster.data.vsphere_host.vsphere_host_az1",
            "module.rke2_prod_cluster.data.vsphere_host.vsphere_host_az3",
            "module.rke2_prod_cluster.data.vsphere_network.vsphere_network_az1",
            "module.rke2_prod_cluster.data.vsphere_network.vsphere_network_az3",
            "module.rke2_prod_cluster.data.vsphere_ovf_vm_template.template",
            "module.rke2_prod_cluster.data.vsphere_ovf_vm_template.templateLocal",
            "module.rke2_prod_cluster.data.vsphere_resource_pool.vsphere_resource_pool_az1",
            "module.rke2_prod_cluster.data.vsphere_resource_pool.vsphere_resource_pool_az3",
            "module.rke2_prod_cluster.data.vsphere_virtual_machine.template",
            "module.rke2_prod_cluster.local_file.inventory_file",
            "module.rke2_prod_cluster.null_resource.ansible_add_hosts",
            "module.rke2_prod_cluster.null_resource.ansible_install_rke2",
            "module.rke2_prod_cluster.null_resource.ansible_update_apt_packages",
            "module.rke2_prod_cluster.time_sleep.wait_3_minutes_for_node_ready",
            "module.rke2_prod_cluster.time_static.current",
            "module.rke2_prod_cluster.vsphere_virtual_machine.master_nodes_az1",
            "module.rke2_prod_cluster.vsphere_virtual_machine.master_nodes_az3",
            "module.rke2_prod_cluster.vsphere_virtual_machine.nfs_storage",
            "module.rke2_prod_cluster.vsphere_virtual_machine.template",
            "module.rke2_prod_cluster.vsphere_virtual_machine.worker_nodes_az1",
            "module.rke2_prod_cluster.vsphere_virtual_machine.worker_nodes_az3"
          ]
        }
      ]
    },
    {
      "module": "module.k8s_provisioner_prod",
      "mode": "managed",
      "type": "kubernetes_service",
      "name": "rke2_ingress_nginx_controller_lb",
      "provider": "provider[\"registry.terraform.io/hashicorp/kubernetes\"].prod",
      "instances": [
        {
          "schema_version": 1,
          "attributes": {
            "id": "kube-system/rke2-ingress-nginx-controller-lb",
            "metadata": [
              {
                "annotations": {
                  "kube-vip.io/vipHost": "prod-az1-master-node-2"
                },
                "generate_name": "",
                "generation": 0,
                "labels": {
                  "implementation": "kube-vip",
                  "ipam-address": "10.100.104.20"
                },
                "name": "rke2-ingress-nginx-controller-lb",
                "namespace": "kube-system",
                "resource_version": "6847611",
                "uid": "9b9f67fd-e66a-4b59-878e-72b3193dc7c2"
              }
            ],
            "spec": [
              {
                "allocate_load_balancer_node_ports": true,
                "cluster_ip": "10.254.160.251",
                "cluster_ips": [
                  "10.254.160.251"
                ],
                "external_ips": [],
                "external_name": "",
                "external_traffic_policy": "Local",
                "health_check_node_port": 30262,
                "internal_traffic_policy": "Cluster",
                "ip_families": [
                  "IPv4"
                ],
                "ip_family_policy": "SingleStack",
                "load_balancer_class": "",
                "load_balancer_ip": "10.100.104.20",
                "load_balancer_source_ranges": [],
                "port": [
                  {
                    "app_protocol": "",
                    "name": "http",
                    "node_port": 30080,
                    "port": 80,
                    "protocol": "TCP",
                    "target_port": "80"
                  },
                  {
                    "app_protocol": "",
                    "name": "https",
                    "node_port": 30443,
                    "port": 443,
                    "protocol": "TCP",
                    "target_port": "443"
                  },
                  {
                    "app_protocol": "",
                    "name": "webhook",
                    "node_port": 31243,
                    "port": 8443,
                    "protocol": "TCP",
                    "target_port": "8443"
                  }
                ],
                "publish_not_ready_addresses": false,
                "selector": {
                  "app.kubernetes.io/instance": "rke2-ingress-nginx"
                },
                "session_affinity": "None",
                "session_affinity_config": [],
                "type": "LoadBalancer"
              }
            ],
            "status": [
              {
                "load_balancer": [
                  {
                    "ingress": [
                      {
                        "hostname": "",
                        "ip": "10.100.104.20"
                      }
                    ]
                  }
                ]
              }
            ],
            "timeouts": null,
            "wait_for_load_balancer": true
          },
          "sensitive_attributes": [],
          "private": "eyJlMmJmYjczMC1lY2FhLTExZTYtOGY4OC0zNDM2M2JjN2M0YzAiOnsiY3JlYXRlIjo2MDAwMDAwMDAwMDB9LCJzY2hlbWFfdmVyc2lvbiI6IjEifQ==",
          "dependencies": [
            "module.rke2_prod_cluster.data.vsphere_datacenter.vsphere_datacenter_az1",
            "module.rke2_prod_cluster.data.vsphere_datacenter.vsphere_datacenter_az3",
            "module.rke2_prod_cluster.data.vsphere_datastore.vsphere_datastore_az1",
            "module.rke2_prod_cluster.data.vsphere_datastore.vsphere_datastore_az3",
            "module.rke2_prod_cluster.data.vsphere_host.vsphere_host_az1",
            "module.rke2_prod_cluster.data.vsphere_host.vsphere_host_az3",
            "module.rke2_prod_cluster.data.vsphere_network.vsphere_network_az1",
            "module.rke2_prod_cluster.data.vsphere_network.vsphere_network_az3",
            "module.rke2_prod_cluster.data.vsphere_ovf_vm_template.template",
            "module.rke2_prod_cluster.data.vsphere_ovf_vm_template.templateLocal",
            "module.rke2_prod_cluster.data.vsphere_resource_pool.vsphere_resource_pool_az1",
            "module.rke2_prod_cluster.data.vsphere_resource_pool.vsphere_resource_pool_az3",
            "module.rke2_prod_cluster.data.vsphere_virtual_machine.template",
            "module.rke2_prod_cluster.local_file.inventory_file",
            "module.rke2_prod_cluster.null_resource.ansible_add_hosts",
            "module.rke2_prod_cluster.null_resource.ansible_install_rke2",
            "module.rke2_prod_cluster.null_resource.ansible_update_apt_packages",
            "module.rke2_prod_cluster.time_sleep.wait_3_minutes_for_node_ready",
            "module.rke2_prod_cluster.time_static.current",
            "module.rke2_prod_cluster.vsphere_virtual_machine.master_nodes_az1",
            "module.rke2_prod_cluster.vsphere_virtual_machine.master_nodes_az3",
            "module.rke2_prod_cluster.vsphere_virtual_machine.nfs_storage",
            "module.rke2_prod_cluster.vsphere_virtual_machine.template",
            "module.rke2_prod_cluster.vsphere_virtual_machine.worker_nodes_az1",
            "module.rke2_prod_cluster.vsphere_virtual_machine.worker_nodes_az3"
          ]
        }
      ]
    },
    {
      "module": "module.rke2_prod_cluster",
      "mode": "data",
      "type": "vsphere_datacenter",
      "name": "vsphere_datacenter_az1",
      "provider": "provider[\"registry.terraform.io/hashicorp/vsphere\"]",
      "instances": [
        {
          "schema_version": 0,
          "attributes": {
            "id": "datacenter-3",
            "name": "Hostart",
            "virtual_machines": [
              "10.100.101.4_KredAgro_Maliyye",
              "10.100.101.6_KredAgro_GrayLog",
              "10.100.104.100_logstash",
              "10.100.104.101_elastik",
              "10.100.104.102_elastik",
              "10.100.104.103_kibana",
              "10.100.80.110_kassa_db_new",
              "10.100.80.120_iqlimmusahibe_riib",
              "10.100.80.163_nextcloud_silme",
              "10.100.80.179 %2f Graylog",
              "10.100.80.206 - Almarket NVME",
              "10.100.80.208 - lent.az app",
              "10.100.80.209 - lent.az db",
              "10.100.80.214_Alik_test",
              "10.100.80.246 %2f Ubuntu",
              "10.100.80.247 %2f rocky",
              "10.100.80.248 %2f rocky",
              "10.100.80.249 %2f rocky",
              "10.100.80.250 %2f rocky",
              "10.100.80.251 %2f rocky",
              "10.100.80.252 %2f rocky",
              "10.100.80.254",
              "101 - Disk Speed Checker",
              "145Group New Stream Test Mursal %2f 94.20.88.189",
              "151 - Disk Speed Checker",
              "161 - Disk Speed Checker",
              "171 - Disk Speed Checker",
              "172.20.87.10 - Ubuntu",
              "172.20.87.11 - Ubuntu",
              "172.20.87.12 - Ubuntu",
              "172.20.87.13 - Ubuntu",
              "172.20.87.19 - Rocky Linux suspend",
              "172.20.87.20 - Rocky Linux",
              "172.20.87.21 - Rocky Linux",
              "172.20.87.22 - Rocky Linux",
              "172.20.87.5 - Ubuntu",
              "172.20.87.6 - Ubuntu",
              "172.20.87.7 - Ubuntu",
              "172.20.87.8 - Ubuntu",
              "172.20.87.87_msloution_temporary (1gunluk sil)",
              "172.20.87.9 - Ubuntu",
              "181 - Disk Speed Checker",
              "1C - EconomicZones",
              "201 - Disk Speed Checker",
              "211 - Disk Speed Checker",
              "221 - Disk Speed Checker",
              "61 - Disk Speed Checker",
              "94.20.59.132_KredAgro_WAF (Proxy)",
              "94.20.59.137 - Mursal",
              "94.20.59.139 - cafetap.az terminate",
              "94.20.59.141 - [Hostimul Sale]",
              "94.20.59.149%2f152%2f169%2f208 - Hostimul Sale check",
              "94.20.59.151%2f154 - Saiq Hostart Sale",
              "94.20.59.154%2f151 - Saiq Hostart Sale",
              "94.20.59.155-156-157 Squid",
              "94.20.59.161 %2f safi.construction BCP",
              "94.20.59.162 - [Hostimul Sale] Fif.Az",
              "94.20.59.170 - Emil TEST",
              "94.20.59.176 - [Hostimul Sale] [LAMP]",
              "94.20.59.180%2f181%2f182%2f227 - Hostimul Sale Suspend",
              "94.20.59.182  - Hostimul Webcoder",
              "94.20.59.184_Mursal",
              "94.20.59.189 Squid",
              "94.20.59.193  - Alverdiyev BCP",
              "94.20.59.201, 10.100.80.173 - lent.az proxy",
              "94.20.59.209%2f210%2f211%2f212 - Hostimul Sale",
              "94.20.59.213_hostimul_sale terminate",
              "94.20.59.215-216-217-218 Squid",
              "94.20.59.219_10.100.80.213_Alik_test",
              "94.20.59.234 - FAM",
              "94.20.59.235 -FAM",
              "94.20.59.245_hostimul_sale terminate",
              "94.20.59.248 - FAM",
              "94.20.59.249 - FAM",
              "94.20.59.250 - FAM",
              "94.20.59.251 - FAM",
              "94.20.88.10-11-12-13 Squid",
              "94.20.88.107_BCP",
              "94.20.88.108 - XDP test",
              "94.20.88.112 - Hostimul Sale- terminate",
              "94.20.88.114 Node Mysql",
              "94.20.88.114_hostimul_sale_terminated",
              "94.20.88.115 - Hostimul Sale",
              "94.20.88.116_hostimul",
              "94.20.88.116_hostimul_sale_terminated",
              "94.20.88.120_hostimul_sale",
              "94.20.88.123 - Seaweed HAProxy",
              "94.20.88.129_sale_Hostart",
              "94.20.88.130 - Hostimul Sale Supertoys",
              "94.20.88.133 - 1fit.app",
              "94.20.88.138 - [Hostimul Sale]",
              "94.20.88.14-15-16-17 Squid",
              "94.20.88.143 %2fBCP",
              "94.20.88.145 - [Hostimul Sale]",
              "94.20.88.149 - Hostimul Sale",
              "94.20.88.151_hostimul_sale terminate",
              "94.20.88.153_hostimul_sale terminate",
              "94.20.88.153_hostimul_sale_terminate",
              "94.20.88.157 - Hostimul Sale [Ubuntu]",
              "94.20.88.159 - Hostimul Sale terminate",
              "94.20.88.159_oneclick-cop29",
              "94.20.88.160 - Royal",
              "94.20.88.161_hostimul_sale",
              "94.20.88.163_hostimul_sale",
              "94.20.88.166",
              "94.20.88.168_hostimul_sale",
              "94.20.88.170_hostimul_sale_10.100.104.170",
              "94.20.88.171_hostimul_sale_10.100.104.171",
              "94.20.88.172 - Hostimul Sale",
              "94.20.88.173_hostimul_sale",
              "94.20.88.177 - Mursal",
              "94.20.88.179 - for Tunar (Mursal)",
              "94.20.88.181 %2f Demo Muhasib",
              "94.20.88.187_hostimul_sale",
              "94.20.88.191 [Hamza]",
              "94.20.88.192 [Hamza]",
              "94.20.88.193 - Hamza [Windows]",
              "94.20.88.195_hostimul_sale",
              "94.20.88.197_hostimul_sale",
              "94.20.88.19_hostimul_sale",
              "94.20.88.2",
              "94.20.88.201_hostimul_sale",
              "94.20.88.206 - Hostimul Sale",
              "94.20.88.207_hostimul_sale",
              "94.20.88.20_hostimul_sale",
              "94.20.88.211,217,188,214_hostimul_sale",
              "94.20.88.213_Rajdbir",
              "94.20.88.214 [Hamza] (illik) 22.11.22 terminate",
              "94.20.88.218_hostimul_sale",
              "94.20.88.219 - [Hostimul Webcoder]",
              "94.20.88.21_hostimul_sale",
              "94.20.88.21_hostimul_sale_terminate",
              "94.20.88.222 [Hamza]",
              "94.20.88.233_hostart_mursel",
              "94.20.88.235_hostimul_sale terminate",
              "94.20.88.247 - [Hostimul Webcoder]",
              "94.20.88.25 - Emin Alizade",
              "94.20.88.29_hostimul_sale terminate",
              "94.20.88.30_hostimul_sale",
              "94.20.88.34 %2f PassBolt",
              "94.20.88.41 [Hamza]",
              "94.20.88.42_hostimul_sale",
              "94.20.88.42_hostimul_sale_terminated",
              "94.20.88.5",
              "94.20.88.51,53,54,55_hostimul_sale",
              "94.20.88.56 - Hostimul Sale",
              "94.20.88.57 - Hostimul Sale",
              "94.20.88.58_hostimul_sale",
              "94.20.88.59_hostimul_sale",
              "94.20.88.6 - Akram",
              "94.20.88.63_Hostimul_Sale",
              "94.20.88.64_hostimul_sale_terminate",
              "94.20.88.66 [Hamza]",
              "94.20.88.70 %2f HotelPro",
              "94.20.88.71 %2f alibala.com",
              "94.20.88.73_hostimul_sale_terminate",
              "94.20.88.81_hostimul_sale",
              "94.20.88.81_hostimul_terminate",
              "94.20.88.82_hostimul_sale",
              "94.20.88.84_BCP_new",
              "94.20.88.85",
              "94.20.88.8_hostimul_sale - suspend",
              "94.20.88.95_hostimul_sale_suspend_terminate",
              "94.20.88.96_BCP_new2",
              "APA LIVE %2f 94.20.88.198",
              "Agarza - Söndürdüm qalsın siləcəm",
              "Agarza Automation - Oneclick",
              "Agarza RDP - JumpHost",
              "Agarza Remote Service 94.20.88.39",
              "Agarza VPS 88.32",
              "Agarza VPS illik %2f Prem Rocky 16.01.2024 Bitir",
              "Agarza_test_94.20.88.31_new",
              "Al Market 1 %2f 94.20.88.75 - [Hostimul Sale]",
              "Al Market 2 %2f 94.20.88.76 [Hostimul Sale]",
              "Al Market 3 %2f 94.20.88.77 [Hostimul Sale]",
              "Al Market TB %2f 94.20.88.78 - [Hostimul Sale]",
              "Alik_10.100.80.219",
              "Anar_Amazon_Backup",
              "Ansible Server %2f 10.100.80.157",
              "Anti-Abuse - 94.20.88.127",
              "Asetto %2f 94.20.88.225",
              "AutoVM",
              "AutoVM New",
              "AutoVM Nginx Proxy",
              "Automation Test  %2f 94.20.88.161",
              "Avarchekme_Emil",
              "Avia-TourMailServer- NurayzaMailServer",
              "Azinpay",
              "BCP %2f94.20.59.233",
              "BCP Astrology %2f 94.20.88.211 - whm backup",
              "BCP Server 3 %2f 94.20.88.74",
              "BCP Server 3 %2f 94.20.88.741_Restored_terminated",
              "BCP [Hostart Sale] %2f 94.20.88.106",
              "BCP-Mer",
              "BIGIP-17.1.1.1-Device-1",
              "Bantik - APP 1 - 10.100.80.199",
              "Bantik - APP 2 - 10.100.80.200",
              "Bantik - DB Backup - 10.100.80.31",
              "Bantik - DB1 - 10.100.80.201, 207",
              "Bantik - DB2 - 10.100.80.202",
              "Bantik - HAPROXY - 10.100.80.203",
              "Bantik - LB - 94.20.88.101",
              "Bantik - Postgresql - 94.20.88.216",
              "Bantik - Telegram Bot - 94.20.88.134",
              "Bantik Dev Backend - 10.100.80.166 %2f 245",
              "Bantik Dev | DB1 10.100.80.217",
              "Bantik Dev | DB2 10.100.80.218",
              "Bantik Dev | Haproxy 10.100.80.222",
              "Bantik.Az - WebServer - 94.20.59.173",
              "Billing_mas_ubunru",
              "Call Center - 94.20.88.209",
              "Carpet Museum",
              "Clone (94.20.88.34) - 94.20.88.97",
              "D3004 - 94.20.88.110 - Hostimul Sale",
              "DBServer - Samir -10.100.80.16",
              "DNS Server 1",
              "DNS Server 2",
              "E-Kassam - Mail %2f 94.20.59.196",
              "ELK %2f 10.100.80.221",
              "ELK_01_agarza",
              "ELK_02_agarza",
              "Eduaz %2f 94.20.88.164",
              "Eduaz - Backup Server  %2f 10.100.80.88",
              "Elsen FireBirdDB - 94.20.88.183",
              "Elsenin Vpsi",
              "Elshen - Test VM %2f 94.20.88.244",
              "Emil - Docker Engine %2f 94.20.88.144",
              "Emil Ismayilli -  94.20.88.94",
              "Emil WEB",
              "Emil WINDOWS",
              "Emil_test_94.20.88.205",
              "Emilxan Site - 94.20.88.236",
              "Emilxan Site2 - 94.20.88.234[Delete]",
              "Emin Ilgar %2f 94.20.88.137",
              "Exmo - Clone - 94.20.88.162",
              "Exmo BackEnd Test %2f 94.20.88.178",
              "Exmo HAProxy %2f 10.100.80.8",
              "Exmo Nginx %2f 94.20.59.158",
              "Exmo Node 1 %2f 10.100.80.2",
              "Exmo Node 2 %2f 10.100.80.3",
              "Exmo Node 3 %2f 10.100.80.4",
              "Exmo PSGL master %2f 10.100.80.9",
              "Exmo PSGL slave %2f 10.100.80.10",
              "Exmo Redis Master %2f 10.100.80.5",
              "Exmo Redis Worker 1 %2f 10.100.80.6",
              "Exmo Redis Worker 2 %2f 10.100.80.7",
              "Exmo Webserver Test %2f 94.20.88.33",
              "FAM Reverse Proxy %2f 94.20.88.194",
              "FRONT APP - 94.20.88.154 +",
              "FRONT DB %2f Hostimul %2f 10.100.80.159 +",
              "FRONT DB - 10.100.80.155 +",
              "Ferid - 94.20.88.221",
              "Fikrat-VPS - 94.20.88.93",
              "Fikret_Temporary - 94.20.88.136",
              "Fikretin VPSi %2f 94.20.88.158",
              "FilmLAB %2f 94.20.88.249",
              "Firebird Clone - 94.20.88.95",
              "Gitlab Hostart Dev",
              "Gloriaparfum.az",
              "GoldenPay_vCenter",
              "GoldenPay_vCenter_DC",
              "HOSTIMUL 25.02.2022 RZZZZZ - 94.20.88.238 terminate",
              "HaProxy",
              "HaProxyVIP_10.100.105.99 94.20.88.99",
              "Hebib - Asterisk - 94.20.88.212",
              "Hebib Server %2f 10.100.80.240- AZTRUST DC",
              "Hebib Server %2f 10.100.80.241 AZTRUST SQL",
              "Hebib Server %2f 10.100.80.242",
              "Hebib Server %2f 10.100.80.243 AZTRUST BE",
              "Hebib Server %2f 10.100.80.244",
              "Hebib Server %2f Win19 10.100.80.168",
              "Hebib Server - Win22 %2f 10.100.80.176",
              "Hebib Server [TEST] - 10.100.80.186",
              "Heydar Aliyev Center - 94.20.59.167",
              "HeydarAliyevCenter_CLONE - 94.20.88.23",
              "HeydarAliyevCenter_PROXY - 94.20.88.2",
              "Hoppscotch%2f94.20.88.7",
              "Hostart",
              "Hostart Billing",
              "Hostart Billing %2f 94.20.59.178",
              "Hostart WHMCS",
              "Hostart-AutomationNewTest (Kritik) 2",
              "Hostart.az",
              "Hostart.az - APP1 %2f 10.100.90.3",
              "Hostart.az - Load Balancer %2f 94.20.59.254",
              "Hostimul Sale %2f 94.20.88.251",
              "Hostimul Sale - 94.20.88.180",
              "Hostimul WHMCS Clone -  94.20.88.176 test",
              "Hytalk - 1",
              "Hytera - 94.20.88.229",
              "Hytera - 94.20.88.61",
              "Hytera Windows - 94.20.88.227",
              "HyteraAzerbaycan - 10.100.80.11",
              "IIS-server(ALL)",
              "IZI CRM %2f 94.20.88.246",
              "Kassa.Az [APP1] %2f  10.100.80.229 (Restore edilen)",
              "Kassa.Az [APP2] %2f 10.100.80.230",
              "Kassa.Az [APP3] %2f 10.100.80.231",
              "Kassa.Az [APP4] %2f 10.100.80.234",
              "Kassa.Az [DB2] %2f  10.100.80.228",
              "Kassa.Az [DB3] %2f 10.100.80.224",
              "Kassa.Az [DB4] %2f 10.100.80.232",
              "Kassa.Az [DB5] %2f 10.100.80.233",
              "Kassa.Az [DB6] %2f 10.100.80.235",
              "Kassa.Az[APP5]%2f10.100.80.236",
              "Kassa.az [DB1] %2f 10.100.80.226 %2f 94.20.59.200",
              "Kassa.az [DB7] %2f 10.100.80.237",
              "Kassa.az [WAF, NGINX]  %2f 94.20.88.141",
              "Kassa.az new %2f 10.100.80.76",
              "Kenan Kubernetes %2f 94.20.88.102",
              "KredAgro - 10.100.101.2 restore",
              "KredAgro - 10.100.101.3",
              "KredAgro - 10.100.101.5_kohne",
              "LAP (edu.az)",
              "LVM_test(jey)",
              "Lotfi Zadeh - 94.20.88.147",
              "LotfiZadeh-94.20.88.146 new",
              "MAS - Windows Server 2019 %2f 10.100.80.210",
              "MASBilling %2f 10.100.80.211",
              "MASSTest -  94.20.88.9",
              "MAS_BILLING 94.20.88.67",
              "Managengine Netflow",
              "Mas IIS",
              "Mass Test VM %2f 94.20.88.220",
              "MassBilling Dotnet Core",
              "MassBilling-DB01 -  10.100.80.130",
              "MassBilling-DB02",
              "MassBilling_HaProxy01",
              "MassBilling_HaProxy02",
              "MassBilling_Radius",
              "MassBilling_Zabbix",
              "MassDotnetCOre New",
              "MassNginx New",
              "MassolutionMailServer",
              "Masssolution",
              "MotorhouseMail - 10.100.80.57",
              "Mssql DB (All Project) - 10.100.80.19",
              "Mursal Win %2f 94.20.88.182",
              "Mursal Windows 94.20.88.90",
              "Mursal-Digi",
              "Mursel Rocky - 94.20.88.190",
              "MyGold BCP %2f 94.20.88.69",
              "MyTicket.az - 10.100.80.19",
              "NS1 Hostart %2f 94.20.59.181",
              "NS1_Mas_Emil",
              "NS2 %2f 94.20.59.182",
              "NS2_Mas_Emil",
              "NetFlow POC for Hostart",
              "Nginx_1_10.100.105.88",
              "Nginx_2_10.100.105.89",
              "Nicat Kafka Postgres - 10.100.105.77",
              "Nicat VPS %2f 10.100.80.69",
              "OPNSense - Rza",
              "Oneclick %2f 94.20.88.125",
              "Oneclick New",
              "OwnCloud-NEW [Emil] - Jeyhun",
              "POSKassam %2f 94.20.88.4",
              "PathNet Backend API - 10.100.80.92",
              "PhpIPAM - Hostart -  10.100.80.12",
              "Poskassa %2f 94.20.59.51",
              "Postgre (eduaz db) - 10.100.80.59",
              "PowerDNS",
              "Premier Computers - Cavad %2f 94.20.88.142",
              "Prometheus OFFICE Proxy - 105",
              "Provide Solutions | 94.20.59.226(PRE-PROD) check",
              "Provide Solutions | 94.20.88.140(DEV)",
              "ProxyServer - 10.100.80.14",
              "Pterodactyl Panel 88.250 - Kenan",
              "Qarabagh.com - 94.20.88.18",
              "RMTP Server ( - )",
              "RS_lab CTF - 94.20.88.124",
              "RZA Windows SİL GETSİN",
              "RabbitMQ - MAS -  10.100.80.146",
              "Rahman - Radio",
              "Rahman - kitaylar ucun - 94.20.59.138",
              "Rahman_Remote",
              "RiiBWebServer-Samir %2f 10.100.80.71-94.20.59.80",
              "Rocky Linux %2f 94.20.88.117 Onemlidir!",
              "Rocky Linux 9 1. - 10.100.80.116",
              "Rocky Linux 9 2. - 10.100.80.117",
              "Rocky Linux 9 3. - 10.100.80.118",
              "Rocky Linux 9 4. - 10.100.80.119",
              "Rocky Linux 9 5. - 10.100.80.133",
              "Rocky Linux 9 6. - 10.100.80.134",
              "RockyLinux  9 10.- 10.100.80.139",
              "RockyLinux  9 7. - 10.100.80.135",
              "RockyLinux  9 8. - 10.100.80.136",
              "RockyLinux  9 9. - 10.100.80.138",
              "RockyLinux 9.11 - 10.100.80.142",
              "RockyLinux 9.12 - 10.100.80.143",
              "SMB",
              "SeaWeed %2f 94.20.88.122",
              "SeaWeed %2f 94.20.88.24",
              "SeaWeed %2f 94.20.88.3",
              "SonarQube - Hostart %2f 94.20.88.165",
              "Squid Proxy - Emil",
              "Supertoys - 94.20.59.166 - Hostimul",
              "Supertoys 94.20.88.128 - Hostimul Sale",
              "Support.Hostart.Az %2f 94.20.59.148",
              "Suret Kargo %2f 94.20.59.143",
              "TFS2012  - 10.100.80.36",
              "Tool Tech Mail Server %2f 94.20.59.153",
              "ToolTech - 1C",
              "TrueNas %2f 10.100.80.216",
              "UNBOUND %2f 94.20.88.169",
              "UNBOUND %2f 94.20.88.98",
              "Ubuntu - 10.100.80.180 %2f Nicat",
              "Ubuntu 22.04 OpenAPPSec  - 94.20.59.181 pacco 10.100.80.150",
              "Ubuntu Rza 88888",
              "VPS Agarza %2f 94.20.59.148",
              "VPS-128 %2f 94.20.59.34 - [Hostimul Sale]",
              "VPS128(2) ALMARKET - 94.20.59.252 Hostimul Sale",
              "VPS129 - [Hostimul Sale] %2f 94.20.59.35 - Almarket",
              "VPS26 %2f 94.20.88.35 - [Hostimul Sale]",
              "VPS263 %2f 94.20.88.126 - [Hostimul Sale]",
              "VPS51-Win - [Hostimul Sale]",
              "VPS90 %2f 94.20.88.36 - [Hostimul Sale]",
              "VPS91 %2f 94.20.88.43 - [Hostimul Sale]",
              "VPS92 %2f 94.20.88.45 - [Hostimul Sale]",
              "VitaMed -  94.20.59.179",
              "Voice Encrypt %2f  94.20.88.245 - Kritik",
              "WAZUH Hostart %2f 94.20.88.89",
              "WHM",
              "WHMCS  - Hostimul %2f 94.20.88.152 +",
              "WHMCS DB (2) %2f Hostimul %2f 10.100.80.154 +",
              "WHMCS DB (3) %2f Hostimul %2f 10.100.80.156 +",
              "WHMCS DB - 10.100.80.153 +",
              "Wazuh - 10.100.80.149",
              "WebRTC %2f 94.20.88.135",
              "WebServer-Samir %2f 94.20.59.15, 10.100.80.15",
              "Win_2019_Mssql - 10.100.80.80",
              "Windows 10",
              "Windows 10  %2f  94.20.88.230, 10.100.105.9",
              "Xeberoxu - Mursal%2fElvin",
              "Zabbix",
              "[MS] - 94.20.88.175 Ubuntu",
              "[MS] 172.20.87.16 - Ubuntu",
              "[MS] 172.20.87.24 - Ubuntu",
              "[MS] Backup - 172.20.87.2",
              "[MS] Rocky Linux - 172.20.87.100",
              "arka.culture.az -  94.20.88.72",
              "e-kassam 10.100.80.172",
              "e-kassam signos %2f 94.20.88.186",
              "e-kassam test %2f 94.20.88.185",
              "edu.az [Clone]",
              "edu_az_app1_ 10.100.80.37 - new",
              "edu_az_app2_ 10.100.80.38",
              "edu_az_db2_ 10.100.80.40",
              "edu_az_db_1_ 10.100.80.39",
              "edu_az_ha_proxy 10.100.80.41",
              "edu_az_nginx_94.20.88.50_10.100.80.50",
              "elsen_exmo_test_94.20.88.105",
              "faa.azMailServer - 10.100.80.94",
              "heimwall az 1 %2f 10.100.91.2 %2f 94.20.59.131",
              "heimwall az 2 %2f 10.100.91.3 %2f 94.20.88.131",
              "heimwall az 3 %2f 10.100.91.4",
              "heimwall az 4 %2f 10.100.91.5",
              "hostart_shared_hosting",
              "hostart_shared_ns1",
              "hostart_shared_ns2",
              "hostimul_sale_10.100.104.104",
              "hostimul_sale_94.20.88.132",
              "hostimul_sale_94.20.88.201_terminate",
              "hostimul_sale_94.20.88.73 terminate",
              "hostimul_sale_94.20.88.73_terminate",
              "hostimul_sale_94.20.88.91",
              "hostimul_sale_ubuntu_94.20.88.100",
              "hostimul_sale_win_94.20.88.96_terminated",
              "hytera.az - Mail Server - 94.20.59.136",
              "iguideMailServer -  10.100.80.99",
              "ilovebakuMailServer - 10.100.80.83",
              "jammy-server-cloudimg-amd64",
              "k8s - 94.20.88.208",
              "mail.heydaraliyevcenter.az - 94.20.59.241",
              "mail.heydaraliyevcenter.az-invert(RESTORED)",
              "mursal proxy test",
              "mursel-docker-1 171 IP conficlit verir",
              "netcom.az ( - )",
              "pacco-lb-1",
              "pacco-patroni-1-10.100.80.238",
              "pacco-patroni-2",
              "pacco-patroni-haproxy-1",
              "pacco-prod-master-node-1",
              "pacco-prod-master-node-2",
              "pacco-prod-master-node-3",
              "pacco-prod-mongodb-1",
              "pacco-prod-nfs-storage",
              "pacco-prod-worker-node-1",
              "pacco-prod-worker-node-2",
              "pacco-prod-worker-node-3",
              "pacco-prod-worker-node-4",
              "pacco-prod-worker-node-5",
              "pacco-prod-worker-node-6",
              "pass - 94.20.88.40",
              "pms.riib.az %2f 94.20.59.177",
              "prod-az1-master-node-1",
              "prod-az1-master-node-1-21[Delete]",
              "prod-az1-master-node-1[Delete2]",
              "prod-az1-master-node-1[Delete]",
              "prod-az1-master-node-1[delete1]",
              "prod-az1-master-node-2",
              "prod-az1-worker-node-1",
              "prod-az1-worker-node-1[Delete2]",
              "prod-az1-worker-node-1[Delete]",
              "prod-az1-worker-node-1[delete1]",
              "prod-az1-worker-node-2",
              "prod-az3-master-node-1",
              "prod-az3-master-node-1[Delete]",
              "prod-az3-master-node-2",
              "prod-az3-worker-node-1",
              "prod-az3-worker-node-1[Delete]",
              "prod-az3-worker-node-2",
              "prod-bastion-1",
              "prod-haproxy-1",
              "prod-haproxy-2",
              "prod-master-node-1",
              "prod-master-node-2",
              "prod-master-node-3",
              "prod-nfs-storage",
              "prod-worker-node-1",
              "prod-worker-node-2",
              "prod-worker-node-3",
              "qarabagh.com - 94.20.88.111 - Hostimul Sale",
              "riib.azMailServer - 59.9 - 10.100.80.89",
              "riibProxy",
              "samirkachayev.az - 94.20.59.228 check",
              "survey.heydaraliyevcenter.az - 94.20.88.242",
              "ted.az - 10.100.80.42",
              "tedazMailServer - 10.100.80.95",
              "teklifimvarMailServer - 10.100.80.96",
              "terminated",
              "texno - 94.20.88.174",
              "ubuntu-2204-Template-Thin",
              "ubuntu24-cloudimg-amd64[Delete]",
              "vCenter -  10.100.70.250",
              "vCenter - DC [vcsa.hostart.local]",
              "whmcs emil user - diaspora",
              "winserver222",
              "www.heydaraliyevcenter.az (1) - 10.100.80.144",
              "yaradici.live"
            ]
          },
          "sensitive_attributes": [
            [
              {
                "type": "get_attr",
                "value": "name"
              }
            ]
          ]
        }
      ]
    },
    {
      "module": "module.rke2_prod_cluster",
      "mode": "data",
      "type": "vsphere_datacenter",
      "name": "vsphere_datacenter_az3",
      "provider": "provider[\"registry.terraform.io/hashicorp/vsphere\"]",
      "instances": [
        {
          "index_key": 0,
          "schema_version": 0,
          "attributes": {
            "id": "datacenter-3",
            "name": "Hostart",
            "virtual_machines": [
              "10.100.101.4_KredAgro_Maliyye",
              "10.100.101.6_KredAgro_GrayLog",
              "10.100.104.100_logstash",
              "10.100.104.101_elastik",
              "10.100.104.102_elastik",
              "10.100.104.103_kibana",
              "10.100.80.110_kassa_db_new",
              "10.100.80.120_iqlimmusahibe_riib",
              "10.100.80.163_nextcloud_silme",
              "10.100.80.179 %2f Graylog",
              "10.100.80.206 - Almarket NVME",
              "10.100.80.208 - lent.az app",
              "10.100.80.209 - lent.az db",
              "10.100.80.214_Alik_test",
              "10.100.80.246 %2f Ubuntu",
              "10.100.80.247 %2f rocky",
              "10.100.80.248 %2f rocky",
              "10.100.80.249 %2f rocky",
              "10.100.80.250 %2f rocky",
              "10.100.80.251 %2f rocky",
              "10.100.80.252 %2f rocky",
              "10.100.80.254",
              "101 - Disk Speed Checker",
              "145Group New Stream Test Mursal %2f 94.20.88.189",
              "151 - Disk Speed Checker",
              "161 - Disk Speed Checker",
              "171 - Disk Speed Checker",
              "172.20.87.10 - Ubuntu",
              "172.20.87.11 - Ubuntu",
              "172.20.87.12 - Ubuntu",
              "172.20.87.13 - Ubuntu",
              "172.20.87.19 - Rocky Linux suspend",
              "172.20.87.20 - Rocky Linux",
              "172.20.87.21 - Rocky Linux",
              "172.20.87.22 - Rocky Linux",
              "172.20.87.5 - Ubuntu",
              "172.20.87.6 - Ubuntu",
              "172.20.87.7 - Ubuntu",
              "172.20.87.8 - Ubuntu",
              "172.20.87.87_msloution_temporary (1gunluk sil)",
              "172.20.87.9 - Ubuntu",
              "181 - Disk Speed Checker",
              "1C - EconomicZones",
              "201 - Disk Speed Checker",
              "211 - Disk Speed Checker",
              "221 - Disk Speed Checker",
              "61 - Disk Speed Checker",
              "94.20.59.132_KredAgro_WAF (Proxy)",
              "94.20.59.137 - Mursal",
              "94.20.59.139 - cafetap.az terminate",
              "94.20.59.141 - [Hostimul Sale]",
              "94.20.59.149%2f152%2f169%2f208 - Hostimul Sale check",
              "94.20.59.151%2f154 - Saiq Hostart Sale",
              "94.20.59.154%2f151 - Saiq Hostart Sale",
              "94.20.59.155-156-157 Squid",
              "94.20.59.161 %2f safi.construction BCP",
              "94.20.59.162 - [Hostimul Sale] Fif.Az",
              "94.20.59.170 - Emil TEST",
              "94.20.59.176 - [Hostimul Sale] [LAMP]",
              "94.20.59.180%2f181%2f182%2f227 - Hostimul Sale Suspend",
              "94.20.59.182  - Hostimul Webcoder",
              "94.20.59.184_Mursal",
              "94.20.59.189 Squid",
              "94.20.59.193  - Alverdiyev BCP",
              "94.20.59.201, 10.100.80.173 - lent.az proxy",
              "94.20.59.209%2f210%2f211%2f212 - Hostimul Sale",
              "94.20.59.213_hostimul_sale terminate",
              "94.20.59.215-216-217-218 Squid",
              "94.20.59.219_10.100.80.213_Alik_test",
              "94.20.59.234 - FAM",
              "94.20.59.235 -FAM",
              "94.20.59.245_hostimul_sale terminate",
              "94.20.59.248 - FAM",
              "94.20.59.249 - FAM",
              "94.20.59.250 - FAM",
              "94.20.59.251 - FAM",
              "94.20.88.10-11-12-13 Squid",
              "94.20.88.107_BCP",
              "94.20.88.108 - XDP test",
              "94.20.88.112 - Hostimul Sale- terminate",
              "94.20.88.114 Node Mysql",
              "94.20.88.114_hostimul_sale_terminated",
              "94.20.88.115 - Hostimul Sale",
              "94.20.88.116_hostimul",
              "94.20.88.116_hostimul_sale_terminated",
              "94.20.88.120_hostimul_sale",
              "94.20.88.123 - Seaweed HAProxy",
              "94.20.88.129_sale_Hostart",
              "94.20.88.130 - Hostimul Sale Supertoys",
              "94.20.88.133 - 1fit.app",
              "94.20.88.138 - [Hostimul Sale]",
              "94.20.88.14-15-16-17 Squid",
              "94.20.88.143 %2fBCP",
              "94.20.88.145 - [Hostimul Sale]",
              "94.20.88.149 - Hostimul Sale",
              "94.20.88.151_hostimul_sale terminate",
              "94.20.88.153_hostimul_sale terminate",
              "94.20.88.153_hostimul_sale_terminate",
              "94.20.88.157 - Hostimul Sale [Ubuntu]",
              "94.20.88.159 - Hostimul Sale terminate",
              "94.20.88.159_oneclick-cop29",
              "94.20.88.160 - Royal",
              "94.20.88.161_hostimul_sale",
              "94.20.88.163_hostimul_sale",
              "94.20.88.166",
              "94.20.88.168_hostimul_sale",
              "94.20.88.170_hostimul_sale_10.100.104.170",
              "94.20.88.171_hostimul_sale_10.100.104.171",
              "94.20.88.172 - Hostimul Sale",
              "94.20.88.173_hostimul_sale",
              "94.20.88.177 - Mursal",
              "94.20.88.179 - for Tunar (Mursal)",
              "94.20.88.181 %2f Demo Muhasib",
              "94.20.88.187_hostimul_sale",
              "94.20.88.191 [Hamza]",
              "94.20.88.192 [Hamza]",
              "94.20.88.193 - Hamza [Windows]",
              "94.20.88.195_hostimul_sale",
              "94.20.88.197_hostimul_sale",
              "94.20.88.19_hostimul_sale",
              "94.20.88.2",
              "94.20.88.201_hostimul_sale",
              "94.20.88.206 - Hostimul Sale",
              "94.20.88.207_hostimul_sale",
              "94.20.88.20_hostimul_sale",
              "94.20.88.211,217,188,214_hostimul_sale",
              "94.20.88.213_Rajdbir",
              "94.20.88.214 [Hamza] (illik) 22.11.22 terminate",
              "94.20.88.218_hostimul_sale",
              "94.20.88.219 - [Hostimul Webcoder]",
              "94.20.88.21_hostimul_sale",
              "94.20.88.21_hostimul_sale_terminate",
              "94.20.88.222 [Hamza]",
              "94.20.88.233_hostart_mursel",
              "94.20.88.235_hostimul_sale terminate",
              "94.20.88.247 - [Hostimul Webcoder]",
              "94.20.88.25 - Emin Alizade",
              "94.20.88.29_hostimul_sale terminate",
              "94.20.88.30_hostimul_sale",
              "94.20.88.34 %2f PassBolt",
              "94.20.88.41 [Hamza]",
              "94.20.88.42_hostimul_sale",
              "94.20.88.42_hostimul_sale_terminated",
              "94.20.88.5",
              "94.20.88.51,53,54,55_hostimul_sale",
              "94.20.88.56 - Hostimul Sale",
              "94.20.88.57 - Hostimul Sale",
              "94.20.88.58_hostimul_sale",
              "94.20.88.59_hostimul_sale",
              "94.20.88.6 - Akram",
              "94.20.88.63_Hostimul_Sale",
              "94.20.88.64_hostimul_sale_terminate",
              "94.20.88.66 [Hamza]",
              "94.20.88.70 %2f HotelPro",
              "94.20.88.71 %2f alibala.com",
              "94.20.88.73_hostimul_sale_terminate",
              "94.20.88.81_hostimul_sale",
              "94.20.88.81_hostimul_terminate",
              "94.20.88.82_hostimul_sale",
              "94.20.88.84_BCP_new",
              "94.20.88.85",
              "94.20.88.8_hostimul_sale - suspend",
              "94.20.88.95_hostimul_sale_suspend_terminate",
              "94.20.88.96_BCP_new2",
              "APA LIVE %2f 94.20.88.198",
              "Agarza - Söndürdüm qalsın siləcəm",
              "Agarza Automation - Oneclick",
              "Agarza RDP - JumpHost",
              "Agarza Remote Service 94.20.88.39",
              "Agarza VPS 88.32",
              "Agarza VPS illik %2f Prem Rocky 16.01.2024 Bitir",
              "Agarza_test_94.20.88.31_new",
              "Al Market 1 %2f 94.20.88.75 - [Hostimul Sale]",
              "Al Market 2 %2f 94.20.88.76 [Hostimul Sale]",
              "Al Market 3 %2f 94.20.88.77 [Hostimul Sale]",
              "Al Market TB %2f 94.20.88.78 - [Hostimul Sale]",
              "Alik_10.100.80.219",
              "Anar_Amazon_Backup",
              "Ansible Server %2f 10.100.80.157",
              "Anti-Abuse - 94.20.88.127",
              "Asetto %2f 94.20.88.225",
              "AutoVM",
              "AutoVM New",
              "AutoVM Nginx Proxy",
              "Automation Test  %2f 94.20.88.161",
              "Avarchekme_Emil",
              "Avia-TourMailServer- NurayzaMailServer",
              "Azinpay",
              "BCP %2f94.20.59.233",
              "BCP Astrology %2f 94.20.88.211 - whm backup",
              "BCP Server 3 %2f 94.20.88.74",
              "BCP Server 3 %2f 94.20.88.741_Restored_terminated",
              "BCP [Hostart Sale] %2f 94.20.88.106",
              "BCP-Mer",
              "BIGIP-17.1.1.1-Device-1",
              "Bantik - APP 1 - 10.100.80.199",
              "Bantik - APP 2 - 10.100.80.200",
              "Bantik - DB Backup - 10.100.80.31",
              "Bantik - DB1 - 10.100.80.201, 207",
              "Bantik - DB2 - 10.100.80.202",
              "Bantik - HAPROXY - 10.100.80.203",
              "Bantik - LB - 94.20.88.101",
              "Bantik - Postgresql - 94.20.88.216",
              "Bantik - Telegram Bot - 94.20.88.134",
              "Bantik Dev Backend - 10.100.80.166 %2f 245",
              "Bantik Dev | DB1 10.100.80.217",
              "Bantik Dev | DB2 10.100.80.218",
              "Bantik Dev | Haproxy 10.100.80.222",
              "Bantik.Az - WebServer - 94.20.59.173",
              "Billing_mas_ubunru",
              "Call Center - 94.20.88.209",
              "Carpet Museum",
              "Clone (94.20.88.34) - 94.20.88.97",
              "D3004 - 94.20.88.110 - Hostimul Sale",
              "DBServer - Samir -10.100.80.16",
              "DNS Server 1",
              "DNS Server 2",
              "E-Kassam - Mail %2f 94.20.59.196",
              "ELK %2f 10.100.80.221",
              "ELK_01_agarza",
              "ELK_02_agarza",
              "Eduaz %2f 94.20.88.164",
              "Eduaz - Backup Server  %2f 10.100.80.88",
              "Elsen FireBirdDB - 94.20.88.183",
              "Elsenin Vpsi",
              "Elshen - Test VM %2f 94.20.88.244",
              "Emil - Docker Engine %2f 94.20.88.144",
              "Emil Ismayilli -  94.20.88.94",
              "Emil WEB",
              "Emil WINDOWS",
              "Emil_test_94.20.88.205",
              "Emilxan Site - 94.20.88.236",
              "Emilxan Site2 - 94.20.88.234[Delete]",
              "Emin Ilgar %2f 94.20.88.137",
              "Exmo - Clone - 94.20.88.162",
              "Exmo BackEnd Test %2f 94.20.88.178",
              "Exmo HAProxy %2f 10.100.80.8",
              "Exmo Nginx %2f 94.20.59.158",
              "Exmo Node 1 %2f 10.100.80.2",
              "Exmo Node 2 %2f 10.100.80.3",
              "Exmo Node 3 %2f 10.100.80.4",
              "Exmo PSGL master %2f 10.100.80.9",
              "Exmo PSGL slave %2f 10.100.80.10",
              "Exmo Redis Master %2f 10.100.80.5",
              "Exmo Redis Worker 1 %2f 10.100.80.6",
              "Exmo Redis Worker 2 %2f 10.100.80.7",
              "Exmo Webserver Test %2f 94.20.88.33",
              "FAM Reverse Proxy %2f 94.20.88.194",
              "FRONT APP - 94.20.88.154 +",
              "FRONT DB %2f Hostimul %2f 10.100.80.159 +",
              "FRONT DB - 10.100.80.155 +",
              "Ferid - 94.20.88.221",
              "Fikrat-VPS - 94.20.88.93",
              "Fikret_Temporary - 94.20.88.136",
              "Fikretin VPSi %2f 94.20.88.158",
              "FilmLAB %2f 94.20.88.249",
              "Firebird Clone - 94.20.88.95",
              "Gitlab Hostart Dev",
              "Gloriaparfum.az",
              "GoldenPay_vCenter",
              "GoldenPay_vCenter_DC",
              "HOSTIMUL 25.02.2022 RZZZZZ - 94.20.88.238 terminate",
              "HaProxy",
              "HaProxyVIP_10.100.105.99 94.20.88.99",
              "Hebib - Asterisk - 94.20.88.212",
              "Hebib Server %2f 10.100.80.240- AZTRUST DC",
              "Hebib Server %2f 10.100.80.241 AZTRUST SQL",
              "Hebib Server %2f 10.100.80.242",
              "Hebib Server %2f 10.100.80.243 AZTRUST BE",
              "Hebib Server %2f 10.100.80.244",
              "Hebib Server %2f Win19 10.100.80.168",
              "Hebib Server - Win22 %2f 10.100.80.176",
              "Hebib Server [TEST] - 10.100.80.186",
              "Heydar Aliyev Center - 94.20.59.167",
              "HeydarAliyevCenter_CLONE - 94.20.88.23",
              "HeydarAliyevCenter_PROXY - 94.20.88.2",
              "Hoppscotch%2f94.20.88.7",
              "Hostart",
              "Hostart Billing",
              "Hostart Billing %2f 94.20.59.178",
              "Hostart WHMCS",
              "Hostart-AutomationNewTest (Kritik) 2",
              "Hostart.az",
              "Hostart.az - APP1 %2f 10.100.90.3",
              "Hostart.az - Load Balancer %2f 94.20.59.254",
              "Hostimul Sale %2f 94.20.88.251",
              "Hostimul Sale - 94.20.88.180",
              "Hostimul WHMCS Clone -  94.20.88.176 test",
              "Hytalk - 1",
              "Hytera - 94.20.88.229",
              "Hytera - 94.20.88.61",
              "Hytera Windows - 94.20.88.227",
              "HyteraAzerbaycan - 10.100.80.11",
              "IIS-server(ALL)",
              "IZI CRM %2f 94.20.88.246",
              "Kassa.Az [APP1] %2f  10.100.80.229 (Restore edilen)",
              "Kassa.Az [APP2] %2f 10.100.80.230",
              "Kassa.Az [APP3] %2f 10.100.80.231",
              "Kassa.Az [APP4] %2f 10.100.80.234",
              "Kassa.Az [DB2] %2f  10.100.80.228",
              "Kassa.Az [DB3] %2f 10.100.80.224",
              "Kassa.Az [DB4] %2f 10.100.80.232",
              "Kassa.Az [DB5] %2f 10.100.80.233",
              "Kassa.Az [DB6] %2f 10.100.80.235",
              "Kassa.Az[APP5]%2f10.100.80.236",
              "Kassa.az [DB1] %2f 10.100.80.226 %2f 94.20.59.200",
              "Kassa.az [DB7] %2f 10.100.80.237",
              "Kassa.az [WAF, NGINX]  %2f 94.20.88.141",
              "Kassa.az new %2f 10.100.80.76",
              "Kenan Kubernetes %2f 94.20.88.102",
              "KredAgro - 10.100.101.2 restore",
              "KredAgro - 10.100.101.3",
              "KredAgro - 10.100.101.5_kohne",
              "LAP (edu.az)",
              "LVM_test(jey)",
              "Lotfi Zadeh - 94.20.88.147",
              "LotfiZadeh-94.20.88.146 new",
              "MAS - Windows Server 2019 %2f 10.100.80.210",
              "MASBilling %2f 10.100.80.211",
              "MASSTest -  94.20.88.9",
              "MAS_BILLING 94.20.88.67",
              "Managengine Netflow",
              "Mas IIS",
              "Mass Test VM %2f 94.20.88.220",
              "MassBilling Dotnet Core",
              "MassBilling-DB01 -  10.100.80.130",
              "MassBilling-DB02",
              "MassBilling_HaProxy01",
              "MassBilling_HaProxy02",
              "MassBilling_Radius",
              "MassBilling_Zabbix",
              "MassDotnetCOre New",
              "MassNginx New",
              "MassolutionMailServer",
              "Masssolution",
              "MotorhouseMail - 10.100.80.57",
              "Mssql DB (All Project) - 10.100.80.19",
              "Mursal Win %2f 94.20.88.182",
              "Mursal Windows 94.20.88.90",
              "Mursal-Digi",
              "Mursel Rocky - 94.20.88.190",
              "MyGold BCP %2f 94.20.88.69",
              "MyTicket.az - 10.100.80.19",
              "NS1 Hostart %2f 94.20.59.181",
              "NS1_Mas_Emil",
              "NS2 %2f 94.20.59.182",
              "NS2_Mas_Emil",
              "NetFlow POC for Hostart",
              "Nginx_1_10.100.105.88",
              "Nginx_2_10.100.105.89",
              "Nicat Kafka Postgres - 10.100.105.77",
              "Nicat VPS %2f 10.100.80.69",
              "OPNSense - Rza",
              "Oneclick %2f 94.20.88.125",
              "Oneclick New",
              "OwnCloud-NEW [Emil] - Jeyhun",
              "POSKassam %2f 94.20.88.4",
              "PathNet Backend API - 10.100.80.92",
              "PhpIPAM - Hostart -  10.100.80.12",
              "Poskassa %2f 94.20.59.51",
              "Postgre (eduaz db) - 10.100.80.59",
              "PowerDNS",
              "Premier Computers - Cavad %2f 94.20.88.142",
              "Prometheus OFFICE Proxy - 105",
              "Provide Solutions | 94.20.59.226(PRE-PROD) check",
              "Provide Solutions | 94.20.88.140(DEV)",
              "ProxyServer - 10.100.80.14",
              "Pterodactyl Panel 88.250 - Kenan",
              "Qarabagh.com - 94.20.88.18",
              "RMTP Server ( - )",
              "RS_lab CTF - 94.20.88.124",
              "RZA Windows SİL GETSİN",
              "RabbitMQ - MAS -  10.100.80.146",
              "Rahman - Radio",
              "Rahman - kitaylar ucun - 94.20.59.138",
              "Rahman_Remote",
              "RiiBWebServer-Samir %2f 10.100.80.71-94.20.59.80",
              "Rocky Linux %2f 94.20.88.117 Onemlidir!",
              "Rocky Linux 9 1. - 10.100.80.116",
              "Rocky Linux 9 2. - 10.100.80.117",
              "Rocky Linux 9 3. - 10.100.80.118",
              "Rocky Linux 9 4. - 10.100.80.119",
              "Rocky Linux 9 5. - 10.100.80.133",
              "Rocky Linux 9 6. - 10.100.80.134",
              "RockyLinux  9 10.- 10.100.80.139",
              "RockyLinux  9 7. - 10.100.80.135",
              "RockyLinux  9 8. - 10.100.80.136",
              "RockyLinux  9 9. - 10.100.80.138",
              "RockyLinux 9.11 - 10.100.80.142",
              "RockyLinux 9.12 - 10.100.80.143",
              "SMB",
              "SeaWeed %2f 94.20.88.122",
              "SeaWeed %2f 94.20.88.24",
              "SeaWeed %2f 94.20.88.3",
              "SonarQube - Hostart %2f 94.20.88.165",
              "Squid Proxy - Emil",
              "Supertoys - 94.20.59.166 - Hostimul",
              "Supertoys 94.20.88.128 - Hostimul Sale",
              "Support.Hostart.Az %2f 94.20.59.148",
              "Suret Kargo %2f 94.20.59.143",
              "TFS2012  - 10.100.80.36",
              "Tool Tech Mail Server %2f 94.20.59.153",
              "ToolTech - 1C",
              "TrueNas %2f 10.100.80.216",
              "UNBOUND %2f 94.20.88.169",
              "UNBOUND %2f 94.20.88.98",
              "Ubuntu - 10.100.80.180 %2f Nicat",
              "Ubuntu 22.04 OpenAPPSec  - 94.20.59.181 pacco 10.100.80.150",
              "Ubuntu Rza 88888",
              "VPS Agarza %2f 94.20.59.148",
              "VPS-128 %2f 94.20.59.34 - [Hostimul Sale]",
              "VPS128(2) ALMARKET - 94.20.59.252 Hostimul Sale",
              "VPS129 - [Hostimul Sale] %2f 94.20.59.35 - Almarket",
              "VPS26 %2f 94.20.88.35 - [Hostimul Sale]",
              "VPS263 %2f 94.20.88.126 - [Hostimul Sale]",
              "VPS51-Win - [Hostimul Sale]",
              "VPS90 %2f 94.20.88.36 - [Hostimul Sale]",
              "VPS91 %2f 94.20.88.43 - [Hostimul Sale]",
              "VPS92 %2f 94.20.88.45 - [Hostimul Sale]",
              "VitaMed -  94.20.59.179",
              "Voice Encrypt %2f  94.20.88.245 - Kritik",
              "WAZUH Hostart %2f 94.20.88.89",
              "WHM",
              "WHMCS  - Hostimul %2f 94.20.88.152 +",
              "WHMCS DB (2) %2f Hostimul %2f 10.100.80.154 +",
              "WHMCS DB (3) %2f Hostimul %2f 10.100.80.156 +",
              "WHMCS DB - 10.100.80.153 +",
              "Wazuh - 10.100.80.149",
              "WebRTC %2f 94.20.88.135",
              "WebServer-Samir %2f 94.20.59.15, 10.100.80.15",
              "Win_2019_Mssql - 10.100.80.80",
              "Windows 10",
              "Windows 10  %2f  94.20.88.230, 10.100.105.9",
              "Xeberoxu - Mursal%2fElvin",
              "Zabbix",
              "[MS] - 94.20.88.175 Ubuntu",
              "[MS] 172.20.87.16 - Ubuntu",
              "[MS] 172.20.87.24 - Ubuntu",
              "[MS] Backup - 172.20.87.2",
              "[MS] Rocky Linux - 172.20.87.100",
              "arka.culture.az -  94.20.88.72",
              "e-kassam 10.100.80.172",
              "e-kassam signos %2f 94.20.88.186",
              "e-kassam test %2f 94.20.88.185",
              "edu.az [Clone]",
              "edu_az_app1_ 10.100.80.37 - new",
              "edu_az_app2_ 10.100.80.38",
              "edu_az_db2_ 10.100.80.40",
              "edu_az_db_1_ 10.100.80.39",
              "edu_az_ha_proxy 10.100.80.41",
              "edu_az_nginx_94.20.88.50_10.100.80.50",
              "elsen_exmo_test_94.20.88.105",
              "faa.azMailServer - 10.100.80.94",
              "heimwall az 1 %2f 10.100.91.2 %2f 94.20.59.131",
              "heimwall az 2 %2f 10.100.91.3 %2f 94.20.88.131",
              "heimwall az 3 %2f 10.100.91.4",
              "heimwall az 4 %2f 10.100.91.5",
              "hostart_shared_hosting",
              "hostart_shared_ns1",
              "hostart_shared_ns2",
              "hostimul_sale_10.100.104.104",
              "hostimul_sale_94.20.88.132",
              "hostimul_sale_94.20.88.201_terminate",
              "hostimul_sale_94.20.88.73 terminate",
              "hostimul_sale_94.20.88.73_terminate",
              "hostimul_sale_94.20.88.91",
              "hostimul_sale_ubuntu_94.20.88.100",
              "hostimul_sale_win_94.20.88.96_terminated",
              "hytera.az - Mail Server - 94.20.59.136",
              "iguideMailServer -  10.100.80.99",
              "ilovebakuMailServer - 10.100.80.83",
              "jammy-server-cloudimg-amd64",
              "k8s - 94.20.88.208",
              "mail.heydaraliyevcenter.az - 94.20.59.241",
              "mail.heydaraliyevcenter.az-invert(RESTORED)",
              "mursal proxy test",
              "mursel-docker-1 171 IP conficlit verir",
              "netcom.az ( - )",
              "pacco-lb-1",
              "pacco-patroni-1-10.100.80.238",
              "pacco-patroni-2",
              "pacco-patroni-haproxy-1",
              "pacco-prod-master-node-1",
              "pacco-prod-master-node-2",
              "pacco-prod-master-node-3",
              "pacco-prod-mongodb-1",
              "pacco-prod-nfs-storage",
              "pacco-prod-worker-node-1",
              "pacco-prod-worker-node-2",
              "pacco-prod-worker-node-3",
              "pacco-prod-worker-node-4",
              "pacco-prod-worker-node-5",
              "pacco-prod-worker-node-6",
              "pass - 94.20.88.40",
              "pms.riib.az %2f 94.20.59.177",
              "prod-az1-master-node-1",
              "prod-az1-master-node-1-21[Delete]",
              "prod-az1-master-node-1[Delete2]",
              "prod-az1-master-node-1[Delete]",
              "prod-az1-master-node-1[delete1]",
              "prod-az1-master-node-2",
              "prod-az1-worker-node-1",
              "prod-az1-worker-node-1[Delete2]",
              "prod-az1-worker-node-1[Delete]",
              "prod-az1-worker-node-1[delete1]",
              "prod-az1-worker-node-2",
              "prod-az3-master-node-1",
              "prod-az3-master-node-1[Delete]",
              "prod-az3-master-node-2",
              "prod-az3-worker-node-1",
              "prod-az3-worker-node-1[Delete]",
              "prod-az3-worker-node-2",
              "prod-bastion-1",
              "prod-haproxy-1",
              "prod-haproxy-2",
              "prod-master-node-1",
              "prod-master-node-2",
              "prod-master-node-3",
              "prod-nfs-storage",
              "prod-worker-node-1",
              "prod-worker-node-2",
              "prod-worker-node-3",
              "qarabagh.com - 94.20.88.111 - Hostimul Sale",
              "riib.azMailServer - 59.9 - 10.100.80.89",
              "riibProxy",
              "samirkachayev.az - 94.20.59.228 check",
              "survey.heydaraliyevcenter.az - 94.20.88.242",
              "ted.az - 10.100.80.42",
              "tedazMailServer - 10.100.80.95",
              "teklifimvarMailServer - 10.100.80.96",
              "terminated",
              "texno - 94.20.88.174",
              "ubuntu-2204-Template-Thin",
              "ubuntu24-cloudimg-amd64[Delete]",
              "vCenter -  10.100.70.250",
              "vCenter - DC [vcsa.hostart.local]",
              "whmcs emil user - diaspora",
              "winserver222",
              "www.heydaraliyevcenter.az (1) - 10.100.80.144",
              "yaradici.live"
            ]
          },
          "sensitive_attributes": [
            [
              {
                "type": "get_attr",
                "value": "name"
              }
            ]
          ]
        }
      ]
    },
    {
      "module": "module.rke2_prod_cluster",
      "mode": "data",
      "type": "vsphere_datastore",
      "name": "vsphere_datastore_az1",
      "provider": "provider[\"registry.terraform.io/hashicorp/vsphere\"]",
      "instances": [
        {
          "schema_version": 0,
          "attributes": {
            "datacenter_id": "datacenter-3",
            "id": "datastore-63879",
            "name": "181 - 8TB Sas Hdd",
            "stats": {
              "capacity": "8401224466432",
              "free": "4738881945600"
            }
          },
          "sensitive_attributes": [
            [
              {
                "type": "get_attr",
                "value": "name"
              }
            ]
          ]
        }
      ]
    },
    {
      "module": "module.rke2_prod_cluster",
      "mode": "data",
      "type": "vsphere_datastore",
      "name": "vsphere_datastore_az3",
      "provider": "provider[\"registry.terraform.io/hashicorp/vsphere\"]",
      "instances": [
        {
          "index_key": 0,
          "schema_version": 0,
          "attributes": {
            "datacenter_id": "datacenter-3",
            "id": "datastore-120001",
            "name": "191 - 15.28TB Sas Hdd",
            "stats": {
              "capacity": "16802717368320",
              "free": "16167083180032"
            }
          },
          "sensitive_attributes": [
            [
              {
                "type": "get_attr",
                "value": "name"
              }
            ]
          ]
        }
      ]
    },
    {
      "module": "module.rke2_prod_cluster",
      "mode": "data",
      "type": "vsphere_host",
      "name": "vsphere_host_az1",
      "provider": "provider[\"registry.terraform.io/hashicorp/vsphere\"]",
      "instances": [
        {
          "schema_version": 0,
          "attributes": {
            "datacenter_id": "datacenter-3",
            "id": "host-63878",
            "name": "10.100.70.181",
            "resource_pool_id": "resgroup-63877"
          },
          "sensitive_attributes": [
            [
              {
                "type": "get_attr",
                "value": "name"
              }
            ]
          ]
        }
      ]
    },
    {
      "module": "module.rke2_prod_cluster",
      "mode": "data",
      "type": "vsphere_host",
      "name": "vsphere_host_az3",
      "provider": "provider[\"registry.terraform.io/hashicorp/vsphere\"]",
      "instances": [
        {
          "index_key": 0,
          "schema_version": 0,
          "attributes": {
            "datacenter_id": "datacenter-3",
            "id": "host-120000",
            "name": "10.100.70.191",
            "resource_pool_id": "resgroup-119999"
          },
          "sensitive_attributes": [
            [
              {
                "type": "get_attr",
                "value": "name"
              }
            ]
          ]
        }
      ]
    },
    {
      "module": "module.rke2_prod_cluster",
      "mode": "data",
      "type": "vsphere_network",
      "name": "vsphere_network_az1",
      "provider": "provider[\"registry.terraform.io/hashicorp/vsphere\"]",
      "instances": [
        {
          "schema_version": 0,
          "attributes": {
            "datacenter_id": "datacenter-3",
            "distributed_virtual_switch_uuid": null,
            "filter": null,
            "id": "network-119256",
            "name": "181VLAN-104",
            "type": "Network"
          },
          "sensitive_attributes": [
            [
              {
                "type": "get_attr",
                "value": "name"
              }
            ]
          ]
        }
      ]
    },
    {
      "module": "module.rke2_prod_cluster",
      "mode": "data",
      "type": "vsphere_network",
      "name": "vsphere_network_az3",
      "provider": "provider[\"registry.terraform.io/hashicorp/vsphere\"]",
      "instances": [
        {
          "index_key": 0,
          "schema_version": 0,
          "attributes": {
            "datacenter_id": "datacenter-3",
            "distributed_virtual_switch_uuid": null,
            "filter": null,
            "id": "network-120005",
            "name": "191VLAN-104",
            "type": "Network"
          },
          "sensitive_attributes": [
            [
              {
                "type": "get_attr",
                "value": "name"
              }
            ]
          ]
        }
      ]
    },
    {
      "module": "module.rke2_prod_cluster",
      "mode": "data",
      "type": "vsphere_ovf_vm_template",
      "name": "template",
      "provider": "provider[\"registry.terraform.io/hashicorp/vsphere\"]",
      "instances": [
        {
          "schema_version": 0,
          "attributes": {
            "allow_unverified_ssl_cert": false,
            "alternate_guest_name": "",
            "annotation": "",
            "cpu_hot_add_enabled": false,
            "cpu_hot_remove_enabled": false,
            "cpu_performance_counters_enabled": null,
            "datastore_id": "datastore-63879",
            "deployment_option": null,
            "disk_provisioning": "thin",
            "enable_hidden_properties": false,
            "firmware": "bios",
            "folder": null,
            "guest_id": "ubuntu64Guest",
            "host_system_id": "host-63878",
            "id": "jammy-server-cloudimg-amd64",
            "ide_controller_count": 2,
            "ip_allocation_policy": null,
            "ip_protocol": null,
            "local_ovf_path": null,
            "memory": 1024,
            "memory_hot_add_enabled": false,
            "name": "jammy-server-cloudimg-amd64",
            "nested_hv_enabled": false,
            "num_cores_per_socket": 1,
            "num_cpus": 2,
            "ovf_network_map": {
              "VM Network": "network-119256"
            },
            "remote_ovf_url": "https://cloud-images.ubuntu.com/jammy/current/jammy-server-cloudimg-amd64.ova",
            "resource_pool_id": "resgroup-63877",
            "sata_controller_count": 0,
            "scsi_controller_count": 1,
            "scsi_type": "pvscsi",
            "swap_placement_policy": ""
          },
          "sensitive_attributes": []
        }
      ]
    },
    {
      "module": "module.rke2_prod_cluster",
      "mode": "data",
      "type": "vsphere_ovf_vm_template",
      "name": "templateLocal",
      "provider": "provider[\"registry.terraform.io/hashicorp/vsphere\"]",
      "instances": [
        {
          "schema_version": 0,
          "attributes": {
            "allow_unverified_ssl_cert": false,
            "alternate_guest_name": "",
            "annotation": "",
            "cpu_hot_add_enabled": false,
            "cpu_hot_remove_enabled": false,
            "cpu_performance_counters_enabled": null,
            "datastore_id": "datastore-63879",
            "deployment_option": null,
            "disk_provisioning": "thin",
            "enable_hidden_properties": false,
            "firmware": "bios",
            "folder": null,
            "guest_id": "ubuntu64Guest",
            "host_system_id": "host-63878",
            "id": "jammy-server-cloudimg-amd64",
            "ide_controller_count": 2,
            "ip_allocation_policy": null,
            "ip_protocol": null,
            "local_ovf_path": "./files/ova/jammy-server-cloudimg-amd64.ova",
            "memory": 1024,
            "memory_hot_add_enabled": false,
            "name": "jammy-server-cloudimg-amd64",
            "nested_hv_enabled": false,
            "num_cores_per_socket": 1,
            "num_cpus": 2,
            "ovf_network_map": {
              "VM Network": "network-119256"
            },
            "remote_ovf_url": null,
            "resource_pool_id": "resgroup-63877",
            "sata_controller_count": 0,
            "scsi_controller_count": 1,
            "scsi_type": "pvscsi",
            "swap_placement_policy": ""
          },
          "sensitive_attributes": []
        }
      ]
    },
    {
      "module": "module.rke2_prod_cluster",
      "mode": "data",
      "type": "vsphere_resource_pool",
      "name": "vsphere_resource_pool_az1",
      "provider": "provider[\"registry.terraform.io/hashicorp/vsphere\"]",
      "instances": [
        {
          "schema_version": 0,
          "attributes": {
            "datacenter_id": "datacenter-3",
            "id": "resgroup-143489",
            "name": "RKE2_AZ1"
          },
          "sensitive_attributes": [
            [
              {
                "type": "get_attr",
                "value": "name"
              }
            ]
          ]
        }
      ]
    },
    {
      "module": "module.rke2_prod_cluster",
      "mode": "data",
      "type": "vsphere_resource_pool",
      "name": "vsphere_resource_pool_az3",
      "provider": "provider[\"registry.terraform.io/hashicorp/vsphere\"]",
      "instances": [
        {
          "index_key": 0,
          "schema_version": 0,
          "attributes": {
            "datacenter_id": "datacenter-3",
            "id": "resgroup-143490",
            "name": "RKE2_AZ3"
          },
          "sensitive_attributes": [
            [
              {
                "type": "get_attr",
                "value": "name"
              }
            ]
          ]
        }
      ]
    },
    {
      "module": "module.rke2_prod_cluster",
      "mode": "data",
      "type": "vsphere_virtual_machine",
      "name": "template",
      "provider": "provider[\"registry.terraform.io/hashicorp/vsphere\"]",
      "instances": [
        {
          "schema_version": 0,
          "attributes": {
            "alternate_guest_name": "",
            "annotation": "",
            "boot_delay": 0,
            "boot_retry_delay": 10000,
            "boot_retry_enabled": false,
            "change_version": "2024-10-27T00:10:53.596724Z",
            "cpu_hot_add_enabled": false,
            "cpu_hot_remove_enabled": false,
            "cpu_limit": -1,
            "cpu_performance_counters_enabled": false,
            "cpu_reservation": 0,
            "cpu_share_count": 2000,
            "cpu_share_level": "normal",
            "datacenter_id": "datacenter-3",
            "default_ip_address": "10.100.104.99",
            "disks": [
              {
                "eagerly_scrub": false,
                "label": "Hard disk 1",
                "size": 10,
                "thin_provisioned": true,
                "unit_number": 0
              }
            ],
            "efi_secure_boot_enabled": false,
            "enable_disk_uuid": true,
            "enable_logging": false,
            "ept_rvi_mode": "automatic",
            "extra_config": {},
            "extra_config_reboot_required": true,
            "firmware": "bios",
            "folder": null,
            "guest_id": "ubuntu64Guest",
            "guest_ip_addresses": [
              "10.100.104.99",
              "fe80::250:56ff:fea4:a4cc"
            ],
            "hardware_version": 10,
            "hv_mode": "hvAuto",
            "id": "422439a8-adc2-c6c4-aa69-16f96fa7923d",
            "ide_controller_scan_count": 2,
            "instance_uuid": "5024dbda-2389-7f99-8e29-f654424749dd",
            "latency_sensitivity": "normal",
            "memory": 1024,
            "memory_hot_add_enabled": false,
            "memory_limit": -1,
            "memory_reservation": 0,
            "memory_reservation_locked_to_max": false,
            "memory_share_count": 10240,
            "memory_share_level": "normal",
            "moid": "vm-143503",
            "name": "jammy-server-cloudimg-amd64",
            "nested_hv_enabled": false,
            "network_interface_types": [
              "vmxnet3"
            ],
            "network_interfaces": [
              {
                "adapter_type": "vmxnet3",
                "bandwidth_limit": -1,
                "bandwidth_reservation": 0,
                "bandwidth_share_count": 50,
                "bandwidth_share_level": "normal",
                "mac_address": "00:50:56:a4:a4:cc",
                "network_id": "network-119256",
                "physical_function": ""
              }
            ],
            "num_cores_per_socket": 1,
            "num_cpus": 2,
            "replace_trigger": null,
            "run_tools_scripts_after_power_on": true,
            "run_tools_scripts_after_resume": true,
            "run_tools_scripts_before_guest_reboot": false,
            "run_tools_scripts_before_guest_shutdown": true,
            "run_tools_scripts_before_guest_standby": true,
            "sata_controller_scan_count": 0,
            "scsi_bus_sharing": "noSharing",
            "scsi_controller_scan_count": 1,
            "scsi_type": "pvscsi",
            "storage_policy_id": null,
            "swap_placement_policy": "inherit",
            "sync_time_with_host": false,
            "sync_time_with_host_periodically": false,
            "tools_upgrade_policy": "manual",
            "uuid": "422439a8-adc2-c6c4-aa69-16f96fa7923d",
            "vapp": null,
            "vapp_transport": [],
            "vbs_enabled": false,
            "vtpm": null,
            "vvtd_enabled": false
          },
          "sensitive_attributes": []
        }
      ]
    },
    {
      "module": "module.rke2_prod_cluster",
      "mode": "managed",
      "type": "local_file",
      "name": "inventory_file",
      "provider": "provider[\"registry.terraform.io/hashicorp/local\"]",
      "instances": [
        {
          "index_key": 0,
          "schema_version": 0,
          "attributes": {
            "content": "[masters]\r\nprod-az1-master-node-1 ansible_host=10.100.104.61 rke2_type=server ansible_ssh_user=ci-user\r\nprod-az1-master-node-2 ansible_host=10.100.104.62 rke2_type=server ansible_ssh_user=ci-user\r\nprod-az3-master-node-1 ansible_host=10.100.104.81 rke2_type=server ansible_ssh_user=ci-user\r\nprod-az3-master-node-2 ansible_host=10.100.104.82 rke2_type=server ansible_ssh_user=ci-user\r\n\r\n[workers]\r\nprod-az1-worker-node-1 ansible_host=10.100.104.71 rke2_type=agent ansible_ssh_user=ci-user\r\nprod-az1-worker-node-2 ansible_host=10.100.104.72 rke2_type=agent ansible_ssh_user=ci-user\r\nprod-az3-worker-node-1 ansible_host=10.100.104.91 rke2_type=agent ansible_ssh_user=ci-user\r\nprod-az3-worker-node-2 ansible_host=10.100.104.92 rke2_type=agent ansible_ssh_user=ci-user\r\n\r\n[k8s_cluster:children]\r\nmasters\r\nworkers",
            "content_base64": null,
            "content_base64sha256": "2o7yNya6P/SNgMBfbCsqlTV1H3duL+ejz7F5yvGGq1c=",
            "content_base64sha512": "gV6NUoqkyLEivNYE1U6YVZgB6HMUTEaR3hArleknXsK0plH1TN5eZOx2gnr+L9MySI8by5bk91cYBf6EhQ4ztw==",
            "content_md5": "47cc5186af444e6d9784204d9a7826b9",
            "content_sha1": "ba0e8ae81f20938f9057e1da6063751b381bd992",
            "content_sha256": "da8ef23726ba3ff48d80c05f6c2b2a9535751f776e2fe7a3cfb179caf186ab57",
            "content_sha512": "815e8d528aa4c8b122bcd604d54e98559801e873144c4691de102b95e9275ec2b4a651f54cde5e64ec76827afe2fd332488f1bcb96e4f7571805fe84850e33b7",
            "directory_permission": "0777",
            "file_permission": "0777",
            "filename": "./files/ansible/inventory_prod.ini",
            "id": "ba0e8ae81f20938f9057e1da6063751b381bd992",
            "sensitive_content": null,
            "source": null
          },
          "sensitive_attributes": [
            [
              {
                "type": "get_attr",
                "value": "sensitive_content"
              }
            ],
            [
              {
                "type": "get_attr",
                "value": "content"
              }
            ]
          ]
        }
      ]
    },
    {
      "module": "module.rke2_prod_cluster",
      "mode": "managed",
      "type": "null_resource",
      "name": "ansible_add_hosts",
      "provider": "provider[\"registry.terraform.io/hashicorp/null\"]",
      "instances": [
        {
          "index_key": 0,
          "schema_version": 0,
          "attributes": {
            "id": "8529530652359243318",
            "triggers": {
              "inventory_file": "./files/ansible/inventory_prod.ini",
              "nodes": "10.100.104.61,10.100.104.62,10.100.104.81,10.100.104.82,10.100.104.71,10.100.104.72,10.100.104.91,10.100.104.92"
            }
          },
          "sensitive_attributes": [
            [
              {
                "type": "get_attr",
                "value": "triggers"
              },
              {
                "type": "index",
                "value": {
                  "value": "nodes",
                  "type": "string"
                }
              }
            ]
          ],
          "dependencies": [
            "module.rke2_prod_cluster.data.vsphere_datacenter.vsphere_datacenter_az1",
            "module.rke2_prod_cluster.data.vsphere_datacenter.vsphere_datacenter_az3",
            "module.rke2_prod_cluster.data.vsphere_datastore.vsphere_datastore_az1",
            "module.rke2_prod_cluster.data.vsphere_datastore.vsphere_datastore_az3",
            "module.rke2_prod_cluster.data.vsphere_host.vsphere_host_az1",
            "module.rke2_prod_cluster.data.vsphere_host.vsphere_host_az3",
            "module.rke2_prod_cluster.data.vsphere_network.vsphere_network_az1",
            "module.rke2_prod_cluster.data.vsphere_network.vsphere_network_az3",
            "module.rke2_prod_cluster.data.vsphere_ovf_vm_template.template",
            "module.rke2_prod_cluster.data.vsphere_ovf_vm_template.templateLocal",
            "module.rke2_prod_cluster.data.vsphere_resource_pool.vsphere_resource_pool_az1",
            "module.rke2_prod_cluster.data.vsphere_resource_pool.vsphere_resource_pool_az3",
            "module.rke2_prod_cluster.data.vsphere_virtual_machine.template",
            "module.rke2_prod_cluster.local_file.inventory_file",
            "module.rke2_prod_cluster.time_sleep.wait_3_minutes_for_node_ready",
            "module.rke2_prod_cluster.vsphere_virtual_machine.master_nodes_az1",
            "module.rke2_prod_cluster.vsphere_virtual_machine.master_nodes_az3",
            "module.rke2_prod_cluster.vsphere_virtual_machine.template",
            "module.rke2_prod_cluster.vsphere_virtual_machine.worker_nodes_az1",
            "module.rke2_prod_cluster.vsphere_virtual_machine.worker_nodes_az3"
          ]
        }
      ]
    },
    {
      "module": "module.rke2_prod_cluster",
      "mode": "managed",
      "type": "null_resource",
      "name": "ansible_install_rke2",
      "provider": "provider[\"registry.terraform.io/hashicorp/null\"]",
      "instances": [
        {
          "index_key": 0,
          "schema_version": 0,
          "attributes": {
            "id": "6410386898548914309",
            "triggers": {
              "nodes": "10.100.104.61,10.100.104.62,10.100.104.81,10.100.104.82,10.100.104.71,10.100.104.72,10.100.104.91,10.100.104.92",
              "playbook_changes": "96bb5e1a68cc76adee8807f5deda02ecbefa469aa612ede278e22524b13dd671"
            }
          },
          "sensitive_attributes": [
            [
              {
                "type": "get_attr",
                "value": "triggers"
              },
              {
                "type": "index",
                "value": {
                  "value": "nodes",
                  "type": "string"
                }
              }
            ]
          ],
          "dependencies": [
            "module.rke2_prod_cluster.data.vsphere_datacenter.vsphere_datacenter_az1",
            "module.rke2_prod_cluster.data.vsphere_datacenter.vsphere_datacenter_az3",
            "module.rke2_prod_cluster.data.vsphere_datastore.vsphere_datastore_az1",
            "module.rke2_prod_cluster.data.vsphere_datastore.vsphere_datastore_az3",
            "module.rke2_prod_cluster.data.vsphere_host.vsphere_host_az1",
            "module.rke2_prod_cluster.data.vsphere_host.vsphere_host_az3",
            "module.rke2_prod_cluster.data.vsphere_network.vsphere_network_az1",
            "module.rke2_prod_cluster.data.vsphere_network.vsphere_network_az3",
            "module.rke2_prod_cluster.data.vsphere_ovf_vm_template.template",
            "module.rke2_prod_cluster.data.vsphere_ovf_vm_template.templateLocal",
            "module.rke2_prod_cluster.data.vsphere_resource_pool.vsphere_resource_pool_az1",
            "module.rke2_prod_cluster.data.vsphere_resource_pool.vsphere_resource_pool_az3",
            "module.rke2_prod_cluster.data.vsphere_virtual_machine.template",
            "module.rke2_prod_cluster.local_file.inventory_file",
            "module.rke2_prod_cluster.null_resource.ansible_add_hosts",
            "module.rke2_prod_cluster.time_sleep.wait_3_minutes_for_node_ready",
            "module.rke2_prod_cluster.vsphere_virtual_machine.master_nodes_az1",
            "module.rke2_prod_cluster.vsphere_virtual_machine.master_nodes_az3",
            "module.rke2_prod_cluster.vsphere_virtual_machine.template",
            "module.rke2_prod_cluster.vsphere_virtual_machine.worker_nodes_az1",
            "module.rke2_prod_cluster.vsphere_virtual_machine.worker_nodes_az3"
          ]
        }
      ]
    },
    {
      "module": "module.rke2_prod_cluster",
      "mode": "managed",
      "type": "time_sleep",
      "name": "wait_3_minutes_for_node_ready",
      "provider": "provider[\"registry.terraform.io/hashicorp/time\"]",
      "instances": [
        {
          "index_key": 0,
          "schema_version": 0,
          "attributes": {
            "create_duration": "180s",
            "destroy_duration": null,
            "id": "2024-11-03T10:42:36Z",
            "triggers": {
              "nodes": "10.100.104.61,10.100.104.62,10.100.104.81,10.100.104.82,10.100.104.71,10.100.104.72,10.100.104.91,10.100.104.92"
            }
          },
          "sensitive_attributes": [
            [
              {
                "type": "get_attr",
                "value": "triggers"
              },
              {
                "type": "index",
                "value": {
                  "value": "nodes",
                  "type": "string"
                }
              }
            ]
          ],
          "dependencies": [
            "module.rke2_prod_cluster.data.vsphere_datacenter.vsphere_datacenter_az1",
            "module.rke2_prod_cluster.data.vsphere_datacenter.vsphere_datacenter_az3",
            "module.rke2_prod_cluster.data.vsphere_datastore.vsphere_datastore_az1",
            "module.rke2_prod_cluster.data.vsphere_datastore.vsphere_datastore_az3",
            "module.rke2_prod_cluster.data.vsphere_host.vsphere_host_az1",
            "module.rke2_prod_cluster.data.vsphere_host.vsphere_host_az3",
            "module.rke2_prod_cluster.data.vsphere_network.vsphere_network_az1",
            "module.rke2_prod_cluster.data.vsphere_network.vsphere_network_az3",
            "module.rke2_prod_cluster.data.vsphere_ovf_vm_template.template",
            "module.rke2_prod_cluster.data.vsphere_ovf_vm_template.templateLocal",
            "module.rke2_prod_cluster.data.vsphere_resource_pool.vsphere_resource_pool_az1",
            "module.rke2_prod_cluster.data.vsphere_resource_pool.vsphere_resource_pool_az3",
            "module.rke2_prod_cluster.data.vsphere_virtual_machine.template",
            "module.rke2_prod_cluster.vsphere_virtual_machine.master_nodes_az1",
            "module.rke2_prod_cluster.vsphere_virtual_machine.master_nodes_az3",
            "module.rke2_prod_cluster.vsphere_virtual_machine.template",
            "module.rke2_prod_cluster.vsphere_virtual_machine.worker_nodes_az1",
            "module.rke2_prod_cluster.vsphere_virtual_machine.worker_nodes_az3"
          ]
        }
      ]
    },
    {
      "module": "module.rke2_prod_cluster",
      "mode": "managed",
      "type": "time_static",
      "name": "current",
      "provider": "provider[\"registry.terraform.io/hashicorp/time\"]",
      "instances": [
        {
          "schema_version": 0,
          "attributes": {
            "day": 26,
            "hour": 19,
            "id": "2024-10-26T19:19:49Z",
            "minute": 19,
            "month": 10,
            "rfc3339": "2024-10-26T19:19:49Z",
            "second": 49,
            "triggers": null,
            "unix": 1729970389,
            "year": 2024
          },
          "sensitive_attributes": []
        }
      ]
    },
    {
      "module": "module.rke2_prod_cluster",
      "mode": "managed",
      "type": "vsphere_virtual_machine",
      "name": "master_nodes_az1",
      "provider": "provider[\"registry.terraform.io/hashicorp/vsphere\"]",
      "instances": [
        {
          "index_key": 0,
          "schema_version": 3,
          "attributes": {
            "alternate_guest_name": "",
            "annotation": "",
            "boot_delay": 0,
            "boot_retry_delay": 10000,
            "boot_retry_enabled": false,
            "cdrom": [],
            "change_version": "2024-11-03T14:28:24.129014Z",
            "clone": [
              {
                "customization_spec": [],
                "customize": [
                  {
                    "dns_server_list": [
                      "8.8.8.8",
                      "8.8.4.4"
                    ],
                    "dns_suffix_list": [],
                    "ipv4_gateway": "10.100.104.1",
                    "ipv6_gateway": "",
                    "linux_options": [
                      {
                        "domain": "hostart.az",
                        "host_name": "prod-az1-master-node-1",
                        "hw_clock_utc": true,
                        "script_text": "",
                        "time_zone": "Asia/Baku"
                      }
                    ],
                    "network_interface": [
                      {
                        "dns_domain": "",
                        "dns_server_list": [],
                        "ipv4_address": "10.100.104.61",
                        "ipv4_netmask": 24,
                        "ipv6_address": "",
                        "ipv6_netmask": 0
                      }
                    ],
                    "timeout": 10,
                    "windows_options": [],
                    "windows_sysprep_text": ""
                  }
                ],
                "linked_clone": false,
                "ovf_network_map": {},
                "ovf_storage_map": {},
                "template_uuid": "422439a8-adc2-c6c4-aa69-16f96fa7923d",
                "timeout": 30
              }
            ],
            "cpu_hot_add_enabled": false,
            "cpu_hot_remove_enabled": false,
            "cpu_limit": -1,
            "cpu_performance_counters_enabled": false,
            "cpu_reservation": 0,
            "cpu_share_count": 8000,
            "cpu_share_level": "normal",
            "custom_attributes": {},
            "datacenter_id": null,
            "datastore_cluster_id": null,
            "datastore_id": "datastore-63879",
            "default_ip_address": "10.100.104.61",
            "disk": [
              {
                "attach": false,
                "controller_type": "scsi",
                "datastore_id": "datastore-63879",
                "device_address": "scsi:0:0",
                "disk_mode": "persistent",
                "disk_sharing": "sharingNone",
                "eagerly_scrub": false,
                "io_limit": -1,
                "io_reservation": 0,
                "io_share_count": 1000,
                "io_share_level": "normal",
                "keep_on_remove": false,
                "key": 2000,
                "label": "Hard disk 1",
                "path": "prod-az1-master-node-1_4/prod-az1-master-node-1.vmdk",
                "size": 50,
                "storage_policy_id": "",
                "thin_provisioned": true,
                "unit_number": 0,
                "uuid": "6000C295-16bf-eebd-43df-3b6b2f58f7ff",
                "write_through": false
              }
            ],
            "efi_secure_boot_enabled": false,
            "enable_disk_uuid": false,
            "enable_logging": false,
            "ept_rvi_mode": "automatic",
            "extra_config": {
              "guestinfo.userdata": "I2Nsb3VkLWNvbmZpZw0KZ3JvdXBzOg0KICAtIHVidW50dTogW3Jvb3Qsc3lzXQ0KICAtIGRldm9wcw0KDQp1c2VyczoNCiAgLSBkZWZhdWx0DQogIC0gbmFtZTogZGV2b3BzDQogICAgcHJpbWFyeV9ncm91cDogZGV2b3BzDQogICAgZ3JvdXBzOiBzdWRvDQogICAgc3VkbzogWydBTEw9KEFMTCkgTk9QQVNTV0Q6QUxMJ10NCiAgICBsb2NrX3Bhc3N3ZDogZmFsc2UNCiAgICBwYXNzd2Q6ICIkNiRUQlRwMVpHSjd3QUJsUGJHJHZ5bXVvbjdiR3FFQ0h0MVdGVUZUYzlUejF3dkpQRDZtMGNNZGZkWEl1NVZoNXp2alFjQ2dxckMweEdUYXBnZ0lGSmVBT3ZNLnh5T1djQWxIVDJWcmkxIg0KICAtIG5hbWU6IGNpLXVzZXINCiAgICBwcmltYXJ5X2dyb3VwOiBjaS11c2VyDQogICAgZ3JvdXBzOiBzdWRvDQogICAgc3VkbzogIkFMTD0oQUxMKSBOT1BBU1NXRDpBTEwiDQogICAgbG9ja19wYXNzd2Q6IGZhbHNlDQogICAgcGFzc3dkOiAkNiRUQlRwMVpHSjd3QUJsUGJHJHZ5bXVvbjdiR3FFQ0h0MVdGVUZUYzlUejF3dkpQRDZtMGNNZGZkWEl1NVZoNXp2alFjQ2dxckMweEdUYXBnZ0lGSmVBT3ZNLnh5T1djQWxIVDJWcmkxDQoNCg0KbWFuYWdlX2V0Y19ob3N0czogdHJ1ZQ0KDQp3cml0ZV9maWxlczoNCiAgLSBwYXRoOiAvZXRjL211bHRpcGF0aC5jb25mDQogICAgY29udGVudDogfA0KICAgICAgZGVmYXVsdHMgew0KICAgICAgICAgIHVzZXJfZnJpZW5kbHlfbmFtZXMgeWVzDQogICAgICB9DQogICAgICBibGFja2xpc3Qgew0KICAgICAgICAgIGRldm5vZGUgIl5zZFthLXowLTldKyINCiAgICAgIH0NCg0KICAtIHBhdGg6IC9ldGMvY2xvdWQvdGVtcGxhdGVzL2hvc3RzLmRlYmlhbi50bXBsDQogICAgY29udGVudDogfA0KICAgICAgMTI3LjAuMC4xIGxvY2FsaG9zdA0KICAgICAgMTI3LjAuMS4xICRmcWRuDQogICAgICAxMjcuMC4xLjEgaGFyYm9yLmhvc3RhcnQuYXoNCiAgICAgIDEwLjEwMC43MC4yNTAgdmNzYS5ob3N0YXJ0LmxvY2FsDQogICAgICAxMC4xMDAuMTA0LjEwIHByb2QtcmFuY2hlci5ob3N0YXJ0LmF6DQoNCmJvb3RjbWQ6DQogIC0gcHJpbnRmICJbUmVzb2x2ZV1cbkROUz04LjguOC44IDguOC40LjQiID4gL2V0Yy9zeXN0ZW1kL3Jlc29sdmVkLmNvbmYNCiAgLSBbIHN5c3RlbWN0bCwgcmVzdGFydCwgc3lzdGVtZC1yZXNvbHZlZCBdDQoNCnJ1bmNtZDoNCiAgLSBbIHNoLCAtYywgJ3N5c3RlbWN0bCByZXN0YXJ0IG11bHRpcGF0aGQuc2VydmljZScgXQ0KICAtIFsgc2gsIC1jLCAnc3lzY3RsIC1wJyBdDQogIC0gWyBzaCwgLWMsICdzeXN0ZW1jdGwgZW5hYmxlIC0tbm93IGlzY3NpZC5zZXJ2aWNlJyBdDQogIC0gWyBiYXNoLCAtYywgJ2VjaG8gImV4cG9ydCBQQVRIPSRQQVRIOi92YXIvbGliL3JhbmNoZXIvcmtlMi9iaW4vIiA+PiB+Ly5iYXNocmMnIF0NCiAgLSBbIGJhc2gsIC1jLCAnZWNobyBhbGlhcyBrPSJrdWJlY3RsIiA+PiB+Ly5iYXNocmMnIF0NCg0K",
              "guestinfo.userdata.encoding": "base64"
            },
            "extra_config_reboot_required": true,
            "firmware": "bios",
            "folder": "",
            "force_power_off": true,
            "guest_id": "ubuntu64Guest",
            "guest_ip_addresses": [
              "10.253.0.0",
              "10.100.104.61",
              "10.100.104.50",
              "fe80::250:56ff:fea4:cc47"
            ],
            "hardware_version": 10,
            "host_system_id": "host-63878",
            "hv_mode": "hvAuto",
            "id": "422427a4-aba2-0294-f87f-99710804c854",
            "ide_controller_count": 2,
            "ignored_guest_ips": null,
            "imported": null,
            "latency_sensitivity": "normal",
            "memory": 8192,
            "memory_hot_add_enabled": false,
            "memory_limit": -1,
            "memory_reservation": 0,
            "memory_reservation_locked_to_max": false,
            "memory_share_count": 81920,
            "memory_share_level": "normal",
            "migrate_wait_timeout": 30,
            "moid": "vm-143536",
            "name": "prod-az1-master-node-1",
            "nested_hv_enabled": false,
            "network_interface": [
              {
                "adapter_type": "vmxnet3",
                "bandwidth_limit": -1,
                "bandwidth_reservation": 0,
                "bandwidth_share_count": 50,
                "bandwidth_share_level": "normal",
                "device_address": "pci:0:7",
                "key": 4000,
                "mac_address": "00:50:56:a4:cc:47",
                "network_id": "network-119256",
                "ovf_mapping": "",
                "physical_function": "",
                "use_static_mac": false
              }
            ],
            "num_cores_per_socket": 1,
            "num_cpus": 8,
            "ovf_deploy": [],
            "pci_device_id": [],
            "power_state": "on",
            "poweron_timeout": 300,
            "reboot_required": false,
            "replace_trigger": null,
            "resource_pool_id": "resgroup-143489",
            "run_tools_scripts_after_power_on": true,
            "run_tools_scripts_after_resume": true,
            "run_tools_scripts_before_guest_reboot": false,
            "run_tools_scripts_before_guest_shutdown": true,
            "run_tools_scripts_before_guest_standby": true,
            "sata_controller_count": 0,
            "scsi_bus_sharing": "noSharing",
            "scsi_controller_count": 1,
            "scsi_type": "pvscsi",
            "shutdown_wait_timeout": 3,
            "storage_policy_id": "",
            "swap_placement_policy": "inherit",
            "sync_time_with_host": false,
            "sync_time_with_host_periodically": false,
            "tags": [],
            "tools_upgrade_policy": "manual",
            "uuid": "422427a4-aba2-0294-f87f-99710804c854",
            "vapp": [],
            "vapp_transport": [],
            "vbs_enabled": false,
            "vmware_tools_status": "guestToolsRunning",
            "vmx_path": "prod-az1-master-node-1_4/prod-az1-master-node-1.vmx",
            "vtpm": [],
            "vvtd_enabled": false,
            "wait_for_guest_ip_timeout": 0,
            "wait_for_guest_net_routable": true,
            "wait_for_guest_net_timeout": 0
          },
          "sensitive_attributes": [
            [
              {
                "type": "get_attr",
                "value": "clone"
              },
              {
                "type": "index",
                "value": {
                  "value": 0,
                  "type": "number"
                }
              },
              {
                "type": "get_attr",
                "value": "customize"
              },
              {
                "type": "index",
                "value": {
                  "value": 0,
                  "type": "number"
                }
              },
              {
                "type": "get_attr",
                "value": "network_interface"
              },
              {
                "type": "index",
                "value": {
                  "value": 0,
                  "type": "number"
                }
              },
              {
                "type": "get_attr",
                "value": "ipv4_address"
              }
            ],
            [
              {
                "type": "get_attr",
                "value": "clone"
              },
              {
                "type": "index",
                "value": {
                  "value": 0,
                  "type": "number"
                }
              },
              {
                "type": "get_attr",
                "value": "customize"
              },
              {
                "type": "index",
                "value": {
                  "value": 0,
                  "type": "number"
                }
              },
              {
                "type": "get_attr",
                "value": "windows_sysprep_text"
              }
            ],
            [
              {
                "type": "get_attr",
                "value": "clone"
              },
              {
                "type": "index",
                "value": {
                  "value": 0,
                  "type": "number"
                }
              },
              {
                "type": "get_attr",
                "value": "customize"
              },
              {
                "type": "index",
                "value": {
                  "value": 0,
                  "type": "number"
                }
              },
              {
                "type": "get_attr",
                "value": "ipv4_gateway"
              }
            ],
            [
              {
                "type": "get_attr",
                "value": "clone"
              },
              {
                "type": "index",
                "value": {
                  "value": 0,
                  "type": "number"
                }
              },
              {
                "type": "get_attr",
                "value": "customize"
              },
              {
                "type": "index",
                "value": {
                  "value": 0,
                  "type": "number"
                }
              },
              {
                "type": "get_attr",
                "value": "linux_options"
              },
              {
                "type": "index",
                "value": {
                  "value": 0,
                  "type": "number"
                }
              },
              {
                "type": "get_attr",
                "value": "script_text"
              }
            ],
            [
              {
                "type": "get_attr",
                "value": "extra_config"
              },
              {
                "type": "index",
                "value": {
                  "value": "guestinfo.userdata",
                  "type": "string"
                }
              }
            ]
          ],
          "private": "eyJzY2hlbWFfdmVyc2lvbiI6IjMifQ==",
          "dependencies": [
            "module.rke2_prod_cluster.data.vsphere_datacenter.vsphere_datacenter_az1",
            "module.rke2_prod_cluster.data.vsphere_datastore.vsphere_datastore_az1",
            "module.rke2_prod_cluster.data.vsphere_host.vsphere_host_az1",
            "module.rke2_prod_cluster.data.vsphere_network.vsphere_network_az1",
            "module.rke2_prod_cluster.data.vsphere_ovf_vm_template.template",
            "module.rke2_prod_cluster.data.vsphere_ovf_vm_template.templateLocal",
            "module.rke2_prod_cluster.data.vsphere_resource_pool.vsphere_resource_pool_az1",
            "module.rke2_prod_cluster.data.vsphere_virtual_machine.template",
            "module.rke2_prod_cluster.vsphere_virtual_machine.template"
          ]
        },
        {
          "index_key": 1,
          "schema_version": 3,
          "attributes": {
            "alternate_guest_name": "",
            "annotation": "",
            "boot_delay": 0,
            "boot_retry_delay": 10000,
            "boot_retry_enabled": false,
            "cdrom": [],
            "change_version": "2024-11-03T14:28:23.991469Z",
            "clone": [
              {
                "customization_spec": [],
                "customize": [
                  {
                    "dns_server_list": [
                      "8.8.8.8",
                      "8.8.4.4"
                    ],
                    "dns_suffix_list": [],
                    "ipv4_gateway": "10.100.104.1",
                    "ipv6_gateway": "",
                    "linux_options": [
                      {
                        "domain": "hostart.az",
                        "host_name": "prod-az1-master-node-2",
                        "hw_clock_utc": true,
                        "script_text": "",
                        "time_zone": "Asia/Baku"
                      }
                    ],
                    "network_interface": [
                      {
                        "dns_domain": "",
                        "dns_server_list": [],
                        "ipv4_address": "10.100.104.62",
                        "ipv4_netmask": 24,
                        "ipv6_address": "",
                        "ipv6_netmask": 0
                      }
                    ],
                    "timeout": 10,
                    "windows_options": [],
                    "windows_sysprep_text": ""
                  }
                ],
                "linked_clone": false,
                "ovf_network_map": {},
                "ovf_storage_map": {},
                "template_uuid": "422439a8-adc2-c6c4-aa69-16f96fa7923d",
                "timeout": 30
              }
            ],
            "cpu_hot_add_enabled": false,
            "cpu_hot_remove_enabled": false,
            "cpu_limit": -1,
            "cpu_performance_counters_enabled": false,
            "cpu_reservation": 0,
            "cpu_share_count": 8000,
            "cpu_share_level": "normal",
            "custom_attributes": {},
            "datacenter_id": null,
            "datastore_cluster_id": null,
            "datastore_id": "datastore-63879",
            "default_ip_address": "10.100.104.62",
            "disk": [
              {
                "attach": false,
                "controller_type": "scsi",
                "datastore_id": "datastore-63879",
                "device_address": "scsi:0:0",
                "disk_mode": "persistent",
                "disk_sharing": "sharingNone",
                "eagerly_scrub": false,
                "io_limit": -1,
                "io_reservation": 0,
                "io_share_count": 1000,
                "io_share_level": "normal",
                "keep_on_remove": false,
                "key": 2000,
                "label": "Hard disk 1",
                "path": "prod-az1-master-node-2/prod-az1-master-node-2.vmdk",
                "size": 50,
                "storage_policy_id": "",
                "thin_provisioned": true,
                "unit_number": 0,
                "uuid": "6000C296-446c-c6ad-dcfa-67938ed81620",
                "write_through": false
              }
            ],
            "efi_secure_boot_enabled": false,
            "enable_disk_uuid": false,
            "enable_logging": false,
            "ept_rvi_mode": "automatic",
            "extra_config": {
              "guestinfo.userdata": "I2Nsb3VkLWNvbmZpZw0KZ3JvdXBzOg0KICAtIHVidW50dTogW3Jvb3Qsc3lzXQ0KICAtIGRldm9wcw0KdXNlcnM6DQogIC0gZGVmYXVsdA0KICAtIG5hbWU6IGRldm9wcw0KICAgIHByaW1hcnlfZ3JvdXA6IGRldm9wcw0KICAgIGdyb3Vwczogc3Vkbw0KICAgIHN1ZG86IFsnQUxMPShBTEwpIE5PUEFTU1dEOkFMTCddDQogICAgbG9ja19wYXNzd2Q6IGZhbHNlDQogICAgcGFzc3dkOiAiJDYkVEJUcDFaR0o3d0FCbFBiRyR2eW11b243YkdxRUNIdDFXRlVGVGM5VHoxd3ZKUEQ2bTBjTWRmZFhJdTVWaDV6dmpRY0NncXJDMHhHVGFwZ2dJRkplQU92TS54eU9XY0FsSFQyVnJpMSINCiAgLSBuYW1lOiBjaS11c2VyDQogICAgcHJpbWFyeV9ncm91cDogY2ktdXNlcg0KICAgIGdyb3Vwczogc3Vkbw0KICAgIHN1ZG86ICJBTEw9KEFMTCkgTk9QQVNTV0Q6QUxMIg0KICAgIGxvY2tfcGFzc3dkOiBmYWxzZQ0KICAgIHBhc3N3ZDogJDYkVEJUcDFaR0o3d0FCbFBiRyR2eW11b243YkdxRUNIdDFXRlVGVGM5VHoxd3ZKUEQ2bTBjTWRmZFhJdTVWaDV6dmpRY0NncXJDMHhHVGFwZ2dJRkplQU92TS54eU9XY0FsSFQyVnJpMQ0KDQptYW5hZ2VfZXRjX2hvc3RzOiB0cnVlDQoNCndyaXRlX2ZpbGVzOg0KICAtIHBhdGg6IC9ldGMvbXVsdGlwYXRoLmNvbmYNCiAgICBjb250ZW50OiB8DQogICAgICBkZWZhdWx0cyB7DQogICAgICAgICAgdXNlcl9mcmllbmRseV9uYW1lcyB5ZXMNCiAgICAgIH0NCiAgICAgIGJsYWNrbGlzdCB7DQogICAgICAgICAgZGV2bm9kZSAiXnNkW2EtejAtOV0rIg0KICAgICAgfQ0KDQogIC0gcGF0aDogL2V0Yy9jbG91ZC90ZW1wbGF0ZXMvaG9zdHMuZGViaWFuLnRtcGwNCiAgICBjb250ZW50OiB8DQogICAgICAxMjcuMC4wLjEgbG9jYWxob3N0DQogICAgICAxMjcuMC4xLjEgJGZxZG4NCiAgICAgIDEyNy4wLjEuMSBoYXJib3IuaG9zdGFydC5heg0KICAgICAgMTAuMTAwLjEwNC4xMCBwcm9kLXJhbmNoZXIuaG9zdGFydC5heg0KDQpib290Y21kOg0KICAtIHByaW50ZiAiW1Jlc29sdmVdXG5ETlM9OC44LjguOCA4LjguNC40IiA+IC9ldGMvc3lzdGVtZC9yZXNvbHZlZC5jb25mDQogIC0gWyBzeXN0ZW1jdGwsIHJlc3RhcnQsIHN5c3RlbWQtcmVzb2x2ZWQgXQ0KDQpydW5jbWQ6DQogIC0gWyBzaCwgLWMsICdzeXN0ZW1jdGwgcmVzdGFydCBtdWx0aXBhdGhkLnNlcnZpY2UnIF0NCiAgLSBbIHNoLCAtYywgJ3N5c2N0bCAtcCcgXQ0KICAtIFsgc2gsIC1jLCAnc3lzdGVtY3RsIGVuYWJsZSAtLW5vdyBpc2NzaWQuc2VydmljZScgXQ0KICAtIFsgYmFzaCwgLWMsICdlY2hvICJleHBvcnQgUEFUSD0kUEFUSDovdmFyL2xpYi9yYW5jaGVyL3JrZTIvYmluLyIgPj4gfi8uYmFzaHJjJyBdDQogIC0gWyBiYXNoLCAtYywgJ2VjaG8gYWxpYXMgaz0ia3ViZWN0bCIgPj4gfi8uYmFzaHJjJyBd",
              "guestinfo.userdata.encoding": "base64"
            },
            "extra_config_reboot_required": true,
            "firmware": "bios",
            "folder": "",
            "force_power_off": true,
            "guest_id": "ubuntu64Guest",
            "guest_ip_addresses": [
              "10.253.7.0",
              "10.100.104.62",
              "10.100.104.10",
              "10.100.104.20"
            ],
            "hardware_version": 10,
            "host_system_id": "host-63878",
            "hv_mode": "hvAuto",
            "id": "4224c4d8-8d00-241d-6ac9-d6d6ed47b6d4",
            "ide_controller_count": 2,
            "ignored_guest_ips": null,
            "imported": null,
            "latency_sensitivity": "normal",
            "memory": 8192,
            "memory_hot_add_enabled": false,
            "memory_limit": -1,
            "memory_reservation": 0,
            "memory_reservation_locked_to_max": false,
            "memory_share_count": 81920,
            "memory_share_level": "normal",
            "migrate_wait_timeout": 30,
            "moid": "vm-146827",
            "name": "prod-az1-master-node-2",
            "nested_hv_enabled": false,
            "network_interface": [
              {
                "adapter_type": "vmxnet3",
                "bandwidth_limit": -1,
                "bandwidth_reservation": 0,
                "bandwidth_share_count": 50,
                "bandwidth_share_level": "normal",
                "device_address": "pci:0:7",
                "key": 4000,
                "mac_address": "00:50:56:a4:c0:eb",
                "network_id": "network-119256",
                "ovf_mapping": "",
                "physical_function": "",
                "use_static_mac": false
              }
            ],
            "num_cores_per_socket": 1,
            "num_cpus": 8,
            "ovf_deploy": [],
            "pci_device_id": [],
            "power_state": "on",
            "poweron_timeout": 300,
            "reboot_required": false,
            "replace_trigger": null,
            "resource_pool_id": "resgroup-143489",
            "run_tools_scripts_after_power_on": true,
            "run_tools_scripts_after_resume": true,
            "run_tools_scripts_before_guest_reboot": false,
            "run_tools_scripts_before_guest_shutdown": true,
            "run_tools_scripts_before_guest_standby": true,
            "sata_controller_count": 0,
            "scsi_bus_sharing": "noSharing",
            "scsi_controller_count": 1,
            "scsi_type": "pvscsi",
            "shutdown_wait_timeout": 3,
            "storage_policy_id": "",
            "swap_placement_policy": "inherit",
            "sync_time_with_host": false,
            "sync_time_with_host_periodically": false,
            "tags": [],
            "tools_upgrade_policy": "manual",
            "uuid": "4224c4d8-8d00-241d-6ac9-d6d6ed47b6d4",
            "vapp": [],
            "vapp_transport": [],
            "vbs_enabled": false,
            "vmware_tools_status": "guestToolsRunning",
            "vmx_path": "prod-az1-master-node-2/prod-az1-master-node-2.vmx",
            "vtpm": [],
            "vvtd_enabled": false,
            "wait_for_guest_ip_timeout": 0,
            "wait_for_guest_net_routable": true,
            "wait_for_guest_net_timeout": 0
          },
          "sensitive_attributes": [
            [
              {
                "type": "get_attr",
                "value": "extra_config"
              },
              {
                "type": "index",
                "value": {
                  "value": "guestinfo.userdata",
                  "type": "string"
                }
              }
            ],
            [
              {
                "type": "get_attr",
                "value": "clone"
              },
              {
                "type": "index",
                "value": {
                  "value": 0,
                  "type": "number"
                }
              },
              {
                "type": "get_attr",
                "value": "customize"
              },
              {
                "type": "index",
                "value": {
                  "value": 0,
                  "type": "number"
                }
              },
              {
                "type": "get_attr",
                "value": "linux_options"
              },
              {
                "type": "index",
                "value": {
                  "value": 0,
                  "type": "number"
                }
              },
              {
                "type": "get_attr",
                "value": "script_text"
              }
            ],
            [
              {
                "type": "get_attr",
                "value": "clone"
              },
              {
                "type": "index",
                "value": {
                  "value": 0,
                  "type": "number"
                }
              },
              {
                "type": "get_attr",
                "value": "customize"
              },
              {
                "type": "index",
                "value": {
                  "value": 0,
                  "type": "number"
                }
              },
              {
                "type": "get_attr",
                "value": "ipv4_gateway"
              }
            ],
            [
              {
                "type": "get_attr",
                "value": "clone"
              },
              {
                "type": "index",
                "value": {
                  "value": 0,
                  "type": "number"
                }
              },
              {
                "type": "get_attr",
                "value": "customize"
              },
              {
                "type": "index",
                "value": {
                  "value": 0,
                  "type": "number"
                }
              },
              {
                "type": "get_attr",
                "value": "windows_sysprep_text"
              }
            ],
            [
              {
                "type": "get_attr",
                "value": "clone"
              },
              {
                "type": "index",
                "value": {
                  "value": 0,
                  "type": "number"
                }
              },
              {
                "type": "get_attr",
                "value": "customize"
              },
              {
                "type": "index",
                "value": {
                  "value": 0,
                  "type": "number"
                }
              },
              {
                "type": "get_attr",
                "value": "network_interface"
              },
              {
                "type": "index",
                "value": {
                  "value": 0,
                  "type": "number"
                }
              },
              {
                "type": "get_attr",
                "value": "ipv4_address"
              }
            ]
          ],
          "private": "eyJzY2hlbWFfdmVyc2lvbiI6IjMifQ==",
          "dependencies": [
            "module.rke2_prod_cluster.data.vsphere_datacenter.vsphere_datacenter_az1",
            "module.rke2_prod_cluster.data.vsphere_datastore.vsphere_datastore_az1",
            "module.rke2_prod_cluster.data.vsphere_host.vsphere_host_az1",
            "module.rke2_prod_cluster.data.vsphere_network.vsphere_network_az1",
            "module.rke2_prod_cluster.data.vsphere_ovf_vm_template.template",
            "module.rke2_prod_cluster.data.vsphere_ovf_vm_template.templateLocal",
            "module.rke2_prod_cluster.data.vsphere_resource_pool.vsphere_resource_pool_az1",
            "module.rke2_prod_cluster.data.vsphere_virtual_machine.template",
            "module.rke2_prod_cluster.vsphere_virtual_machine.template"
          ]
        }
      ]
    },
    {
      "module": "module.rke2_prod_cluster",
      "mode": "managed",
      "type": "vsphere_virtual_machine",
      "name": "master_nodes_az3",
      "provider": "provider[\"registry.terraform.io/hashicorp/vsphere\"]",
      "instances": [
        {
          "index_key": 0,
          "schema_version": 3,
          "attributes": {
            "alternate_guest_name": "",
            "annotation": "",
            "boot_delay": 0,
            "boot_retry_delay": 10000,
            "boot_retry_enabled": false,
            "cdrom": [],
            "change_version": "2024-11-03T14:24:44.469172Z",
            "clone": [
              {
                "customization_spec": [],
                "customize": [
                  {
                    "dns_server_list": [
                      "8.8.8.8",
                      "8.8.4.4"
                    ],
                    "dns_suffix_list": [],
                    "ipv4_gateway": "10.100.104.1",
                    "ipv6_gateway": "",
                    "linux_options": [
                      {
                        "domain": "hostart.az",
                        "host_name": "prod-az3-master-node-1",
                        "hw_clock_utc": true,
                        "script_text": "",
                        "time_zone": "Asia/Baku"
                      }
                    ],
                    "network_interface": [
                      {
                        "dns_domain": "",
                        "dns_server_list": [],
                        "ipv4_address": "10.100.104.81",
                        "ipv4_netmask": 24,
                        "ipv6_address": "",
                        "ipv6_netmask": 0
                      }
                    ],
                    "timeout": 10,
                    "windows_options": [],
                    "windows_sysprep_text": ""
                  }
                ],
                "linked_clone": false,
                "ovf_network_map": {},
                "ovf_storage_map": {},
                "template_uuid": "422439a8-adc2-c6c4-aa69-16f96fa7923d",
                "timeout": 30
              }
            ],
            "cpu_hot_add_enabled": false,
            "cpu_hot_remove_enabled": false,
            "cpu_limit": -1,
            "cpu_performance_counters_enabled": false,
            "cpu_reservation": 0,
            "cpu_share_count": 8000,
            "cpu_share_level": "normal",
            "custom_attributes": {},
            "datacenter_id": null,
            "datastore_cluster_id": null,
            "datastore_id": "datastore-120001",
            "default_ip_address": "10.100.104.81",
            "disk": [
              {
                "attach": false,
                "controller_type": "scsi",
                "datastore_id": "datastore-120001",
                "device_address": "scsi:0:0",
                "disk_mode": "persistent",
                "disk_sharing": "sharingNone",
                "eagerly_scrub": false,
                "io_limit": -1,
                "io_reservation": 0,
                "io_share_count": 1000,
                "io_share_level": "normal",
                "keep_on_remove": false,
                "key": 2000,
                "label": "Hard disk 1",
                "path": "prod-az3-master-node-1_1/prod-az3-master-node-1.vmdk",
                "size": 50,
                "storage_policy_id": "",
                "thin_provisioned": true,
                "unit_number": 0,
                "uuid": "6000C294-4772-698b-1b2f-ff916eb1c173",
                "write_through": false
              }
            ],
            "efi_secure_boot_enabled": false,
            "enable_disk_uuid": false,
            "enable_logging": false,
            "ept_rvi_mode": "automatic",
            "extra_config": {
              "guestinfo.userdata": "I2Nsb3VkLWNvbmZpZw0KZ3JvdXBzOg0KICAtIHVidW50dTogW3Jvb3Qsc3lzXQ0KICAtIGRldm9wcw0KdXNlcnM6DQogIC0gZGVmYXVsdA0KICAtIG5hbWU6IGRldm9wcw0KICAgIHByaW1hcnlfZ3JvdXA6IGRldm9wcw0KICAgIGdyb3Vwczogc3Vkbw0KICAgIHN1ZG86IFsnQUxMPShBTEwpIE5PUEFTU1dEOkFMTCddDQogICAgbG9ja19wYXNzd2Q6IGZhbHNlDQogICAgcGFzc3dkOiAiJDYkVEJUcDFaR0o3d0FCbFBiRyR2eW11b243YkdxRUNIdDFXRlVGVGM5VHoxd3ZKUEQ2bTBjTWRmZFhJdTVWaDV6dmpRY0NncXJDMHhHVGFwZ2dJRkplQU92TS54eU9XY0FsSFQyVnJpMSINCiAgLSBuYW1lOiBjaS11c2VyDQogICAgcHJpbWFyeV9ncm91cDogY2ktdXNlcg0KICAgIGdyb3Vwczogc3Vkbw0KICAgIHN1ZG86ICJBTEw9KEFMTCkgTk9QQVNTV0Q6QUxMIg0KICAgIGxvY2tfcGFzc3dkOiBmYWxzZQ0KICAgIHBhc3N3ZDogJDYkVEJUcDFaR0o3d0FCbFBiRyR2eW11b243YkdxRUNIdDFXRlVGVGM5VHoxd3ZKUEQ2bTBjTWRmZFhJdTVWaDV6dmpRY0NncXJDMHhHVGFwZ2dJRkplQU92TS54eU9XY0FsSFQyVnJpMQ0KDQptYW5hZ2VfZXRjX2hvc3RzOiB0cnVlDQoNCndyaXRlX2ZpbGVzOg0KICAtIHBhdGg6IC9ldGMvbXVsdGlwYXRoLmNvbmYNCiAgICBjb250ZW50OiB8DQogICAgICBkZWZhdWx0cyB7DQogICAgICAgICAgdXNlcl9mcmllbmRseV9uYW1lcyB5ZXMNCiAgICAgIH0NCiAgICAgIGJsYWNrbGlzdCB7DQogICAgICAgICAgZGV2bm9kZSAiXnNkW2EtejAtOV0rIg0KICAgICAgfQ0KDQogIC0gcGF0aDogL2V0Yy9jbG91ZC90ZW1wbGF0ZXMvaG9zdHMuZGViaWFuLnRtcGwNCiAgICBjb250ZW50OiB8DQogICAgICAxMjcuMC4wLjEgbG9jYWxob3N0DQogICAgICAxMjcuMC4xLjEgJGZxZG4NCiAgICAgIDEyNy4wLjEuMSBoYXJib3IuaG9zdGFydC5heg0KICAgICAgMTAuMTAwLjEwNC4xMCBwcm9kLXJhbmNoZXIuaG9zdGFydC5heg0KDQpib290Y21kOg0KICAtIHByaW50ZiAiW1Jlc29sdmVdXG5ETlM9OC44LjguOCA4LjguNC40IiA+IC9ldGMvc3lzdGVtZC9yZXNvbHZlZC5jb25mDQogIC0gWyBzeXN0ZW1jdGwsIHJlc3RhcnQsIHN5c3RlbWQtcmVzb2x2ZWQgXQ0KDQpydW5jbWQ6DQogIC0gWyBzaCwgLWMsICdzeXN0ZW1jdGwgcmVzdGFydCBtdWx0aXBhdGhkLnNlcnZpY2UnIF0NCiAgLSBbIHNoLCAtYywgJ3N5c2N0bCAtcCcgXQ0KICAtIFsgc2gsIC1jLCAnc3lzdGVtY3RsIGVuYWJsZSAtLW5vdyBpc2NzaWQuc2VydmljZScgXQ0KICAtIFsgYmFzaCwgLWMsICdlY2hvICJleHBvcnQgUEFUSD0kUEFUSDovdmFyL2xpYi9yYW5jaGVyL3JrZTIvYmluLyIgPj4gfi8uYmFzaHJjJyBdDQogIC0gWyBiYXNoLCAtYywgJ2VjaG8gYWxpYXMgaz0ia3ViZWN0bCIgPj4gfi8uYmFzaHJjJyBd",
              "guestinfo.userdata.encoding": "base64"
            },
            "extra_config_reboot_required": true,
            "firmware": "bios",
            "folder": "",
            "force_power_off": true,
            "guest_id": "ubuntu64Guest",
            "guest_ip_addresses": [
              "10.253.5.0",
              "10.100.104.81",
              "fe80::250:56ff:fea4:b823"
            ],
            "hardware_version": 10,
            "host_system_id": "host-120000",
            "hv_mode": "hvAuto",
            "id": "4224d3de-6120-0a79-eade-a5612b131eca",
            "ide_controller_count": 2,
            "ignored_guest_ips": null,
            "imported": null,
            "latency_sensitivity": "normal",
            "memory": 8192,
            "memory_hot_add_enabled": false,
            "memory_limit": -1,
            "memory_reservation": 0,
            "memory_reservation_locked_to_max": false,
            "memory_share_count": 81920,
            "memory_share_level": "normal",
            "migrate_wait_timeout": 30,
            "moid": "vm-143538",
            "name": "prod-az3-master-node-1",
            "nested_hv_enabled": false,
            "network_interface": [
              {
                "adapter_type": "vmxnet3",
                "bandwidth_limit": -1,
                "bandwidth_reservation": 0,
                "bandwidth_share_count": 50,
                "bandwidth_share_level": "normal",
                "device_address": "pci:0:7",
                "key": 4000,
                "mac_address": "00:50:56:a4:b8:23",
                "network_id": "network-120005",
                "ovf_mapping": "",
                "physical_function": "",
                "use_static_mac": false
              }
            ],
            "num_cores_per_socket": 1,
            "num_cpus": 8,
            "ovf_deploy": [],
            "pci_device_id": [],
            "power_state": "on",
            "poweron_timeout": 300,
            "reboot_required": false,
            "replace_trigger": null,
            "resource_pool_id": "resgroup-143490",
            "run_tools_scripts_after_power_on": true,
            "run_tools_scripts_after_resume": true,
            "run_tools_scripts_before_guest_reboot": false,
            "run_tools_scripts_before_guest_shutdown": true,
            "run_tools_scripts_before_guest_standby": true,
            "sata_controller_count": 0,
            "scsi_bus_sharing": "noSharing",
            "scsi_controller_count": 1,
            "scsi_type": "pvscsi",
            "shutdown_wait_timeout": 3,
            "storage_policy_id": "",
            "swap_placement_policy": "inherit",
            "sync_time_with_host": true,
            "sync_time_with_host_periodically": false,
            "tags": [],
            "tools_upgrade_policy": "manual",
            "uuid": "4224d3de-6120-0a79-eade-a5612b131eca",
            "vapp": [],
            "vapp_transport": [],
            "vbs_enabled": false,
            "vmware_tools_status": "guestToolsRunning",
            "vmx_path": "prod-az3-master-node-1_1/prod-az3-master-node-1.vmx",
            "vtpm": [],
            "vvtd_enabled": false,
            "wait_for_guest_ip_timeout": 0,
            "wait_for_guest_net_routable": true,
            "wait_for_guest_net_timeout": 5
          },
          "sensitive_attributes": [
            [
              {
                "type": "get_attr",
                "value": "extra_config"
              },
              {
                "type": "index",
                "value": {
                  "value": "guestinfo.userdata",
                  "type": "string"
                }
              }
            ],
            [
              {
                "type": "get_attr",
                "value": "clone"
              },
              {
                "type": "index",
                "value": {
                  "value": 0,
                  "type": "number"
                }
              },
              {
                "type": "get_attr",
                "value": "customize"
              },
              {
                "type": "index",
                "value": {
                  "value": 0,
                  "type": "number"
                }
              },
              {
                "type": "get_attr",
                "value": "ipv4_gateway"
              }
            ],
            [
              {
                "type": "get_attr",
                "value": "clone"
              },
              {
                "type": "index",
                "value": {
                  "value": 0,
                  "type": "number"
                }
              },
              {
                "type": "get_attr",
                "value": "customize"
              },
              {
                "type": "index",
                "value": {
                  "value": 0,
                  "type": "number"
                }
              },
              {
                "type": "get_attr",
                "value": "network_interface"
              },
              {
                "type": "index",
                "value": {
                  "value": 0,
                  "type": "number"
                }
              },
              {
                "type": "get_attr",
                "value": "ipv4_address"
              }
            ],
            [
              {
                "type": "get_attr",
                "value": "clone"
              },
              {
                "type": "index",
                "value": {
                  "value": 0,
                  "type": "number"
                }
              },
              {
                "type": "get_attr",
                "value": "customize"
              },
              {
                "type": "index",
                "value": {
                  "value": 0,
                  "type": "number"
                }
              },
              {
                "type": "get_attr",
                "value": "linux_options"
              },
              {
                "type": "index",
                "value": {
                  "value": 0,
                  "type": "number"
                }
              },
              {
                "type": "get_attr",
                "value": "script_text"
              }
            ],
            [
              {
                "type": "get_attr",
                "value": "clone"
              },
              {
                "type": "index",
                "value": {
                  "value": 0,
                  "type": "number"
                }
              },
              {
                "type": "get_attr",
                "value": "customize"
              },
              {
                "type": "index",
                "value": {
                  "value": 0,
                  "type": "number"
                }
              },
              {
                "type": "get_attr",
                "value": "windows_sysprep_text"
              }
            ]
          ],
          "private": "eyJzY2hlbWFfdmVyc2lvbiI6IjMifQ==",
          "dependencies": [
            "module.rke2_prod_cluster.data.vsphere_datacenter.vsphere_datacenter_az1",
            "module.rke2_prod_cluster.data.vsphere_datacenter.vsphere_datacenter_az3",
            "module.rke2_prod_cluster.data.vsphere_datastore.vsphere_datastore_az1",
            "module.rke2_prod_cluster.data.vsphere_datastore.vsphere_datastore_az3",
            "module.rke2_prod_cluster.data.vsphere_host.vsphere_host_az1",
            "module.rke2_prod_cluster.data.vsphere_host.vsphere_host_az3",
            "module.rke2_prod_cluster.data.vsphere_network.vsphere_network_az1",
            "module.rke2_prod_cluster.data.vsphere_network.vsphere_network_az3",
            "module.rke2_prod_cluster.data.vsphere_ovf_vm_template.template",
            "module.rke2_prod_cluster.data.vsphere_ovf_vm_template.templateLocal",
            "module.rke2_prod_cluster.data.vsphere_resource_pool.vsphere_resource_pool_az1",
            "module.rke2_prod_cluster.data.vsphere_resource_pool.vsphere_resource_pool_az3",
            "module.rke2_prod_cluster.data.vsphere_virtual_machine.template",
            "module.rke2_prod_cluster.vsphere_virtual_machine.master_nodes_az1",
            "module.rke2_prod_cluster.vsphere_virtual_machine.template"
          ]
        },
        {
          "index_key": 1,
          "schema_version": 3,
          "attributes": {
            "alternate_guest_name": "",
            "annotation": "",
            "boot_delay": 0,
            "boot_retry_delay": 10000,
            "boot_retry_enabled": false,
            "cdrom": [],
            "change_version": "2024-11-03T14:25:50.610027Z",
            "clone": [
              {
                "customization_spec": [],
                "customize": [
                  {
                    "dns_server_list": [
                      "8.8.8.8",
                      "8.8.4.4"
                    ],
                    "dns_suffix_list": [],
                    "ipv4_gateway": "10.100.104.1",
                    "ipv6_gateway": "",
                    "linux_options": [
                      {
                        "domain": "hostart.az",
                        "host_name": "prod-az3-master-node-2",
                        "hw_clock_utc": true,
                        "script_text": "",
                        "time_zone": "Asia/Baku"
                      }
                    ],
                    "network_interface": [
                      {
                        "dns_domain": "",
                        "dns_server_list": [],
                        "ipv4_address": "10.100.104.82",
                        "ipv4_netmask": 24,
                        "ipv6_address": "",
                        "ipv6_netmask": 0
                      }
                    ],
                    "timeout": 10,
                    "windows_options": [],
                    "windows_sysprep_text": ""
                  }
                ],
                "linked_clone": false,
                "ovf_network_map": {},
                "ovf_storage_map": {},
                "template_uuid": "422439a8-adc2-c6c4-aa69-16f96fa7923d",
                "timeout": 30
              }
            ],
            "cpu_hot_add_enabled": false,
            "cpu_hot_remove_enabled": false,
            "cpu_limit": -1,
            "cpu_performance_counters_enabled": false,
            "cpu_reservation": 0,
            "cpu_share_count": 8000,
            "cpu_share_level": "normal",
            "custom_attributes": {},
            "datacenter_id": null,
            "datastore_cluster_id": null,
            "datastore_id": "datastore-120001",
            "default_ip_address": "10.100.104.82",
            "disk": [
              {
                "attach": false,
                "controller_type": "scsi",
                "datastore_id": "datastore-120001",
                "device_address": "scsi:0:0",
                "disk_mode": "persistent",
                "disk_sharing": "sharingNone",
                "eagerly_scrub": false,
                "io_limit": -1,
                "io_reservation": 0,
                "io_share_count": 1000,
                "io_share_level": "normal",
                "keep_on_remove": false,
                "key": 2000,
                "label": "Hard disk 1",
                "path": "prod-az3-master-node-2/prod-az3-master-node-2.vmdk",
                "size": 50,
                "storage_policy_id": "",
                "thin_provisioned": true,
                "unit_number": 0,
                "uuid": "6000C294-4772-698b-1b2f-ff916eb1c173",
                "write_through": false
              }
            ],
            "efi_secure_boot_enabled": false,
            "enable_disk_uuid": false,
            "enable_logging": false,
            "ept_rvi_mode": "automatic",
            "extra_config": {
              "guestinfo.userdata": "I2Nsb3VkLWNvbmZpZw0KZ3JvdXBzOg0KICAtIHVidW50dTogW3Jvb3Qsc3lzXQ0KICAtIGRldm9wcw0KdXNlcnM6DQogIC0gZGVmYXVsdA0KICAtIG5hbWU6IGRldm9wcw0KICAgIHByaW1hcnlfZ3JvdXA6IGRldm9wcw0KICAgIGdyb3Vwczogc3Vkbw0KICAgIHN1ZG86IFsnQUxMPShBTEwpIE5PUEFTU1dEOkFMTCddDQogICAgbG9ja19wYXNzd2Q6IGZhbHNlDQogICAgcGFzc3dkOiAiJDYkVEJUcDFaR0o3d0FCbFBiRyR2eW11b243YkdxRUNIdDFXRlVGVGM5VHoxd3ZKUEQ2bTBjTWRmZFhJdTVWaDV6dmpRY0NncXJDMHhHVGFwZ2dJRkplQU92TS54eU9XY0FsSFQyVnJpMSINCiAgLSBuYW1lOiBjaS11c2VyDQogICAgcHJpbWFyeV9ncm91cDogY2ktdXNlcg0KICAgIGdyb3Vwczogc3Vkbw0KICAgIHN1ZG86ICJBTEw9KEFMTCkgTk9QQVNTV0Q6QUxMIg0KICAgIGxvY2tfcGFzc3dkOiBmYWxzZQ0KICAgIHBhc3N3ZDogJDYkVEJUcDFaR0o3d0FCbFBiRyR2eW11b243YkdxRUNIdDFXRlVGVGM5VHoxd3ZKUEQ2bTBjTWRmZFhJdTVWaDV6dmpRY0NncXJDMHhHVGFwZ2dJRkplQU92TS54eU9XY0FsSFQyVnJpMQ0KDQptYW5hZ2VfZXRjX2hvc3RzOiB0cnVlDQoNCndyaXRlX2ZpbGVzOg0KICAtIHBhdGg6IC9ldGMvbXVsdGlwYXRoLmNvbmYNCiAgICBjb250ZW50OiB8DQogICAgICBkZWZhdWx0cyB7DQogICAgICAgICAgdXNlcl9mcmllbmRseV9uYW1lcyB5ZXMNCiAgICAgIH0NCiAgICAgIGJsYWNrbGlzdCB7DQogICAgICAgICAgZGV2bm9kZSAiXnNkW2EtejAtOV0rIg0KICAgICAgfQ0KDQogIC0gcGF0aDogL2V0Yy9jbG91ZC90ZW1wbGF0ZXMvaG9zdHMuZGViaWFuLnRtcGwNCiAgICBjb250ZW50OiB8DQogICAgICAxMjcuMC4wLjEgbG9jYWxob3N0DQogICAgICAxMjcuMC4xLjEgJGZxZG4NCiAgICAgIDEyNy4wLjEuMSBoYXJib3IuaG9zdGFydC5heg0KICAgICAgMTAuMTAwLjEwNC4xMCBwcm9kLXJhbmNoZXIuaG9zdGFydC5heg0KDQpib290Y21kOg0KICAtIHByaW50ZiAiW1Jlc29sdmVdXG5ETlM9OC44LjguOCA4LjguNC40IiA+IC9ldGMvc3lzdGVtZC9yZXNvbHZlZC5jb25mDQogIC0gWyBzeXN0ZW1jdGwsIHJlc3RhcnQsIHN5c3RlbWQtcmVzb2x2ZWQgXQ0KDQpydW5jbWQ6DQogIC0gWyBzaCwgLWMsICdzeXN0ZW1jdGwgcmVzdGFydCBtdWx0aXBhdGhkLnNlcnZpY2UnIF0NCiAgLSBbIHNoLCAtYywgJ3N5c2N0bCAtcCcgXQ0KICAtIFsgc2gsIC1jLCAnc3lzdGVtY3RsIGVuYWJsZSAtLW5vdyBpc2NzaWQuc2VydmljZScgXQ0KICAtIFsgYmFzaCwgLWMsICdlY2hvICJleHBvcnQgUEFUSD0kUEFUSDovdmFyL2xpYi9yYW5jaGVyL3JrZTIvYmluLyIgPj4gfi8uYmFzaHJjJyBdDQogIC0gWyBiYXNoLCAtYywgJ2VjaG8gYWxpYXMgaz0ia3ViZWN0bCIgPj4gfi8uYmFzaHJjJyBd",
              "guestinfo.userdata.encoding": "base64"
            },
            "extra_config_reboot_required": true,
            "firmware": "bios",
            "folder": "",
            "force_power_off": true,
            "guest_id": "ubuntu64Guest",
            "guest_ip_addresses": [
              "10.253.6.0",
              "10.100.104.82"
            ],
            "hardware_version": 10,
            "host_system_id": "host-120000",
            "hv_mode": "hvAuto",
            "id": "42246874-01dc-65f4-59be-64434c9207d3",
            "ide_controller_count": 2,
            "ignored_guest_ips": null,
            "imported": null,
            "latency_sensitivity": "normal",
            "memory": 8192,
            "memory_hot_add_enabled": false,
            "memory_limit": -1,
            "memory_reservation": 0,
            "memory_reservation_locked_to_max": false,
            "memory_share_count": 81920,
            "memory_share_level": "normal",
            "migrate_wait_timeout": 30,
            "moid": "vm-146829",
            "name": "prod-az3-master-node-2",
            "nested_hv_enabled": false,
            "network_interface": [
              {
                "adapter_type": "vmxnet3",
                "bandwidth_limit": -1,
                "bandwidth_reservation": 0,
                "bandwidth_share_count": 50,
                "bandwidth_share_level": "normal",
                "device_address": "pci:0:7",
                "key": 4000,
                "mac_address": "00:50:56:a4:52:a2",
                "network_id": "network-120005",
                "ovf_mapping": "",
                "physical_function": "",
                "use_static_mac": false
              }
            ],
            "num_cores_per_socket": 1,
            "num_cpus": 8,
            "ovf_deploy": [],
            "pci_device_id": [],
            "power_state": "on",
            "poweron_timeout": 300,
            "reboot_required": false,
            "replace_trigger": null,
            "resource_pool_id": "resgroup-143490",
            "run_tools_scripts_after_power_on": true,
            "run_tools_scripts_after_resume": true,
            "run_tools_scripts_before_guest_reboot": false,
            "run_tools_scripts_before_guest_shutdown": true,
            "run_tools_scripts_before_guest_standby": true,
            "sata_controller_count": 0,
            "scsi_bus_sharing": "noSharing",
            "scsi_controller_count": 1,
            "scsi_type": "pvscsi",
            "shutdown_wait_timeout": 3,
            "storage_policy_id": "",
            "swap_placement_policy": "inherit",
            "sync_time_with_host": true,
            "sync_time_with_host_periodically": false,
            "tags": [],
            "tools_upgrade_policy": "manual",
            "uuid": "42246874-01dc-65f4-59be-64434c9207d3",
            "vapp": [],
            "vapp_transport": [],
            "vbs_enabled": false,
            "vmware_tools_status": "guestToolsRunning",
            "vmx_path": "prod-az3-master-node-2/prod-az3-master-node-2.vmx",
            "vtpm": [],
            "vvtd_enabled": false,
            "wait_for_guest_ip_timeout": 0,
            "wait_for_guest_net_routable": true,
            "wait_for_guest_net_timeout": 5
          },
          "sensitive_attributes": [
            [
              {
                "type": "get_attr",
                "value": "clone"
              },
              {
                "type": "index",
                "value": {
                  "value": 0,
                  "type": "number"
                }
              },
              {
                "type": "get_attr",
                "value": "customize"
              },
              {
                "type": "index",
                "value": {
                  "value": 0,
                  "type": "number"
                }
              },
              {
                "type": "get_attr",
                "value": "network_interface"
              },
              {
                "type": "index",
                "value": {
                  "value": 0,
                  "type": "number"
                }
              },
              {
                "type": "get_attr",
                "value": "ipv4_address"
              }
            ],
            [
              {
                "type": "get_attr",
                "value": "clone"
              },
              {
                "type": "index",
                "value": {
                  "value": 0,
                  "type": "number"
                }
              },
              {
                "type": "get_attr",
                "value": "customize"
              },
              {
                "type": "index",
                "value": {
                  "value": 0,
                  "type": "number"
                }
              },
              {
                "type": "get_attr",
                "value": "linux_options"
              },
              {
                "type": "index",
                "value": {
                  "value": 0,
                  "type": "number"
                }
              },
              {
                "type": "get_attr",
                "value": "script_text"
              }
            ],
            [
              {
                "type": "get_attr",
                "value": "clone"
              },
              {
                "type": "index",
                "value": {
                  "value": 0,
                  "type": "number"
                }
              },
              {
                "type": "get_attr",
                "value": "customize"
              },
              {
                "type": "index",
                "value": {
                  "value": 0,
                  "type": "number"
                }
              },
              {
                "type": "get_attr",
                "value": "windows_sysprep_text"
              }
            ],
            [
              {
                "type": "get_attr",
                "value": "clone"
              },
              {
                "type": "index",
                "value": {
                  "value": 0,
                  "type": "number"
                }
              },
              {
                "type": "get_attr",
                "value": "customize"
              },
              {
                "type": "index",
                "value": {
                  "value": 0,
                  "type": "number"
                }
              },
              {
                "type": "get_attr",
                "value": "ipv4_gateway"
              }
            ],
            [
              {
                "type": "get_attr",
                "value": "extra_config"
              },
              {
                "type": "index",
                "value": {
                  "value": "guestinfo.userdata",
                  "type": "string"
                }
              }
            ]
          ],
          "private": "eyJzY2hlbWFfdmVyc2lvbiI6IjMifQ==",
          "dependencies": [
            "module.rke2_prod_cluster.data.vsphere_datacenter.vsphere_datacenter_az1",
            "module.rke2_prod_cluster.data.vsphere_datacenter.vsphere_datacenter_az3",
            "module.rke2_prod_cluster.data.vsphere_datastore.vsphere_datastore_az1",
            "module.rke2_prod_cluster.data.vsphere_datastore.vsphere_datastore_az3",
            "module.rke2_prod_cluster.data.vsphere_host.vsphere_host_az1",
            "module.rke2_prod_cluster.data.vsphere_host.vsphere_host_az3",
            "module.rke2_prod_cluster.data.vsphere_network.vsphere_network_az1",
            "module.rke2_prod_cluster.data.vsphere_network.vsphere_network_az3",
            "module.rke2_prod_cluster.data.vsphere_ovf_vm_template.template",
            "module.rke2_prod_cluster.data.vsphere_ovf_vm_template.templateLocal",
            "module.rke2_prod_cluster.data.vsphere_resource_pool.vsphere_resource_pool_az1",
            "module.rke2_prod_cluster.data.vsphere_resource_pool.vsphere_resource_pool_az3",
            "module.rke2_prod_cluster.data.vsphere_virtual_machine.template",
            "module.rke2_prod_cluster.vsphere_virtual_machine.master_nodes_az1",
            "module.rke2_prod_cluster.vsphere_virtual_machine.template"
          ]
        }
      ]
    },
    {
      "module": "module.rke2_prod_cluster",
      "mode": "managed",
      "type": "vsphere_virtual_machine",
      "name": "template",
      "provider": "provider[\"registry.terraform.io/hashicorp/vsphere\"]",
      "instances": [
        {
          "index_key": 0,
          "schema_version": 3,
          "attributes": {
            "alternate_guest_name": "",
            "annotation": "",
            "boot_delay": 0,
            "boot_retry_delay": 10000,
            "boot_retry_enabled": false,
            "cdrom": [],
            "change_version": "2024-10-27T00:10:53.596724Z",
            "clone": [],
            "cpu_hot_add_enabled": false,
            "cpu_hot_remove_enabled": false,
            "cpu_limit": -1,
            "cpu_performance_counters_enabled": false,
            "cpu_reservation": 0,
            "cpu_share_count": 2000,
            "cpu_share_level": "normal",
            "custom_attributes": {},
            "datacenter_id": "datacenter-3",
            "datastore_cluster_id": null,
            "datastore_id": "datastore-63879",
            "default_ip_address": "10.100.104.99",
            "disk": [
              {
                "attach": false,
                "controller_type": "scsi",
                "datastore_id": "datastore-63879",
                "device_address": "scsi:0:0",
                "disk_mode": "persistent",
                "disk_sharing": "sharingNone",
                "eagerly_scrub": false,
                "io_limit": -1,
                "io_reservation": 0,
                "io_share_count": 1000,
                "io_share_level": "normal",
                "keep_on_remove": false,
                "key": 2000,
                "label": "disk0",
                "path": "jammy-server-cloudimg-amd64/jammy-server-cloudimg-amd64.vmdk",
                "size": 10,
                "storage_policy_id": "",
                "thin_provisioned": true,
                "unit_number": 0,
                "uuid": "6000C294-4772-698b-1b2f-ff916eb1c173",
                "write_through": false
              }
            ],
            "efi_secure_boot_enabled": false,
            "enable_disk_uuid": true,
            "enable_logging": false,
            "ept_rvi_mode": "automatic",
            "extra_config": {
              "guestinfo.userdata": "I2Nsb3VkLWNvbmZpZw0KZ3JvdXBzOg0KICAtIHVidW50dTogW3Jvb3Qsc3lzXQ0KICAtIGRldm9wcw0KDQp1c2VyczoNCiAgLSBkZWZhdWx0DQogIC0gbmFtZTogZGV2b3BzDQogICAgcHJpbWFyeV9ncm91cDogZGV2b3BzDQogICAgZ3JvdXBzOiBzdWRvDQogICAgc3VkbzogWydBTEw9KEFMTCkgTk9QQVNTV0Q6QUxMJ10NCiAgICBsb2NrX3Bhc3N3ZDogZmFsc2UNCiAgICBwYXNzd2Q6ICIkNiRUQlRwMVpHSjd3QUJsUGJHJHZ5bXVvbjdiR3FFQ0h0MVdGVUZUYzlUejF3dkpQRDZtMGNNZGZkWEl1NVZoNXp2alFjQ2dxckMweEdUYXBnZ0lGSmVBT3ZNLnh5T1djQWxIVDJWcmkxIg0KICAtIG5hbWU6IGNpLXVzZXINCiAgICBwcmltYXJ5X2dyb3VwOiBjaS11c2VyDQogICAgZ3JvdXBzOiBzdWRvDQogICAgc3VkbzogIkFMTD0oQUxMKSBOT1BBU1NXRDpBTEwiDQogICAgbG9ja19wYXNzd2Q6IGZhbHNlDQogICAgcGFzc3dkOiAkNiRUQlRwMVpHSjd3QUJsUGJHJHZ5bXVvbjdiR3FFQ0h0MVdGVUZUYzlUejF3dkpQRDZtMGNNZGZkWEl1NVZoNXp2alFjQ2dxckMweEdUYXBnZ0lGSmVBT3ZNLnh5T1djQWxIVDJWcmkxDQoNCg0KbWFuYWdlX2V0Y19ob3N0czogdHJ1ZQ0KDQp3cml0ZV9maWxlczoNCiAgLSBwYXRoOiAvZXRjL211bHRpcGF0aC5jb25mDQogICAgY29udGVudDogfA0KICAgICAgZGVmYXVsdHMgew0KICAgICAgICAgIHVzZXJfZnJpZW5kbHlfbmFtZXMgeWVzDQogICAgICB9DQogICAgICBibGFja2xpc3Qgew0KICAgICAgICAgIGRldm5vZGUgIl5zZFthLXowLTldKyINCiAgICAgIH0NCg0KICAtIHBhdGg6IC9ldGMvbmV0cGxhbi85OS1uZXRjZmctdm13YXJlLnlhbWwNCiAgICBwZXJtaXNzaW9uczogJzA2NDQnDQogICAgY29udGVudDogfA0KICAgICAgIyBHZW5lcmF0ZWQgYnkgVk1XYXJlIGN1c3RvbWl6YXRpb24gZW5naW5lLg0KICAgICAgbmV0d29yazoNCiAgICAgICAgdmVyc2lvbjogMg0KICAgICAgICByZW5kZXJlcjogbmV0d29ya2QNCiAgICAgICAgZXRoZXJuZXRzOg0KICAgICAgICAgIGVuczE5MjoNCiAgICAgICAgICAgIGRoY3A0OiBubw0KICAgICAgICAgICAgZGhjcDY6IG5vDQogICAgICAgICAgICBhZGRyZXNzZXM6DQogICAgICAgICAgICAgIC0gMTAuMTAwLjEwNS45OS8yNA0KICAgICAgICAgICAgZ2F0ZXdheTQ6IDEwLjEwMC4xMDQuMQ0KDQogIC0gcGF0aDogL3Jvb3QvdGVtcGxhdGUtcmVhZHkuc2gNCiAgICBwZXJtaXNzaW9uczogJzA3NTUnDQogICAgY29udGVudDogfA0KICAgICAgIyEvYmluL2Jhc2gNCiAgICAgIHN3YXBvZmYgLS1hbGwNCiAgICAgIHNlZCAtcmkgJy9cc3N3YXBccy9zL14jPy8jLycgL2V0Yy9mc3RhYg0KICAgICAgc3VkbyBhcHQgcmVtb3ZlIHVuYXR0ZW5kZWQtdXBncmFkZXMNCiAgICAgIHN1ZG8gYXB0IHVwZGF0ZQ0KICAgICAgc3VkbyBhcHQgdXBncmFkZSAteQ0KICAgICAgc3VkbyBhcHQgaW5zdGFsbCB2aW0gbmZzLWNvbW1vbiAteQ0KDQoNCmJvb3RjbWQ6DQogIC0gcHJpbnRmICJbUmVzb2x2ZV1cbkROUz04LjguOC44IDguOC40LjQiID4gL2V0Yy9zeXN0ZW1kL3Jlc29sdmVkLmNvbmYNCiAgLSBbIHN5c3RlbWN0bCwgcmVzdGFydCwgc3lzdGVtZC1yZXNvbHZlZCBdDQoNCnJ1bmNtZDoNCiAgLSBbIHNoLCAtYywgJ3N1ZG8gYXB0IHJlbW92ZSB1bmF0dGVuZGVkLXVwZ3JhZGVzJyBdDQogIC0gWyBzaCwgLWMsICdzeXN0ZW1jdGwgcmVzdGFydCBtdWx0aXBhdGhkLnNlcnZpY2UnIF0NCiAgLSBbIHNoLCAtYywgJ3N1ZG8gcm1tb2QgZmxvcHB5JyBdDQogIC0gWyBzaCwgLWMsICdlY2hvICJibGFja2xpc3QgZmxvcHB5IiB8IHN1ZG8gdGVlIC9ldGMvbW9kcHJvYmUuZC9ibGFja2xpc3QtZmxvcHB5LmNvbmYnIF0NCiAgLSBbIHNoLCAtYywgJ3N1ZG8gZHBrZy1yZWNvbmZpZ3VyZSBpbml0cmFtZnMtdG9vbHMnIF0NCiAgLSBbIHNoLCAtYywgJ3NlZCAtaSAicy9eUGFzc3dvcmRBdXRoZW50aWNhdGlvbiBuby9QYXNzd29yZEF1dGhlbnRpY2F0aW9uIHllcy8iIC9ldGMvc3NoL3NzaGRfY29uZmlnLmQvNjAtY2xvdWRpbWctc2V0dGluZ3MuY29uZicgXQ0KICAtIFsgc2gsIC1jLCAnc3lzdGVtY3RsIHJlc3RhcnQgc3NoJyBdDQogIC0gWyBzaCwgLWMsICdlY2hvICJuZXQuaXB2Ni5jb25mLmFsbC5kaXNhYmxlX2lwdjYgPSAxIiA+PiAvZXRjL3N5c2N0bC5jb25mJyBdDQogIC0gWyBzaCwgLWMsICdzeXNjdGwgLXAnIF0NCiAgLSBbIHNoLCAtYywgJ25ldHBsYW4gYXBwbHknIF0NCiAgLSBbIHNoLCAtYywgJy9yb290L3RlbXBsYXRlLXJlYWR5LnNoJyBdDQogIC0gWyBzaCwgLWMsICd0aW1lZGF0ZWN0bCBzZXQtdGltZXpvbmUgQXNpYS9CYWt1JyBdDQo=",
              "guestinfo.userdata.encoding": "base64"
            },
            "extra_config_reboot_required": true,
            "firmware": "bios",
            "folder": "",
            "force_power_off": true,
            "guest_id": "ubuntu64Guest",
            "guest_ip_addresses": [
              "10.100.104.99",
              "fe80::250:56ff:fea4:a4cc"
            ],
            "hardware_version": 10,
            "host_system_id": "host-63878",
            "hv_mode": "hvAuto",
            "id": "422439a8-adc2-c6c4-aa69-16f96fa7923d",
            "ide_controller_count": 2,
            "ignored_guest_ips": null,
            "imported": null,
            "latency_sensitivity": "normal",
            "memory": 1024,
            "memory_hot_add_enabled": false,
            "memory_limit": -1,
            "memory_reservation": 0,
            "memory_reservation_locked_to_max": false,
            "memory_share_count": 10240,
            "memory_share_level": "normal",
            "migrate_wait_timeout": 30,
            "moid": "vm-143503",
            "name": "jammy-server-cloudimg-amd64",
            "nested_hv_enabled": false,
            "network_interface": [
              {
                "adapter_type": "vmxnet3",
                "bandwidth_limit": -1,
                "bandwidth_reservation": 0,
                "bandwidth_share_count": 50,
                "bandwidth_share_level": "normal",
                "device_address": "pci:0:7",
                "key": 4000,
                "mac_address": "00:50:56:a4:a4:cc",
                "network_id": "network-119256",
                "ovf_mapping": "",
                "physical_function": "",
                "use_static_mac": false
              }
            ],
            "num_cores_per_socket": 1,
            "num_cpus": 2,
            "ovf_deploy": [
              {
                "allow_unverified_ssl_cert": false,
                "deployment_option": "",
                "disk_provisioning": "thin",
                "enable_hidden_properties": false,
                "ip_allocation_policy": "",
                "ip_protocol": "",
                "local_ovf_path": "./files/ova/jammy-server-cloudimg-amd64.ova",
                "ovf_network_map": {
                  "VM Network": "network-119256"
                },
                "remote_ovf_url": ""
              }
            ],
            "pci_device_id": [],
            "power_state": "on",
            "poweron_timeout": 300,
            "reboot_required": false,
            "replace_trigger": null,
            "resource_pool_id": "resgroup-143489",
            "run_tools_scripts_after_power_on": true,
            "run_tools_scripts_after_resume": true,
            "run_tools_scripts_before_guest_reboot": false,
            "run_tools_scripts_before_guest_shutdown": true,
            "run_tools_scripts_before_guest_standby": true,
            "sata_controller_count": 0,
            "scsi_bus_sharing": "noSharing",
            "scsi_controller_count": 1,
            "scsi_type": "pvscsi",
            "shutdown_wait_timeout": 3,
            "storage_policy_id": "",
            "swap_placement_policy": "inherit",
            "sync_time_with_host": false,
            "sync_time_with_host_periodically": false,
            "tags": [],
            "tools_upgrade_policy": "manual",
            "uuid": "422439a8-adc2-c6c4-aa69-16f96fa7923d",
            "vapp": [],
            "vapp_transport": [],
            "vbs_enabled": false,
            "vmware_tools_status": "guestToolsRunning",
            "vmx_path": "jammy-server-cloudimg-amd64/jammy-server-cloudimg-amd64.vmx",
            "vtpm": [],
            "vvtd_enabled": false,
            "wait_for_guest_ip_timeout": 0,
            "wait_for_guest_net_routable": true,
            "wait_for_guest_net_timeout": 0
          },
          "sensitive_attributes": [
            [
              {
                "type": "get_attr",
                "value": "extra_config"
              },
              {
                "type": "index",
                "value": {
                  "value": "guestinfo.userdata",
                  "type": "string"
                }
              }
            ]
          ],
          "private": "eyJzY2hlbWFfdmVyc2lvbiI6IjMifQ==",
          "dependencies": [
            "module.rke2_prod_cluster.data.vsphere_datacenter.vsphere_datacenter_az1",
            "module.rke2_prod_cluster.data.vsphere_datastore.vsphere_datastore_az1",
            "module.rke2_prod_cluster.data.vsphere_host.vsphere_host_az1",
            "module.rke2_prod_cluster.data.vsphere_network.vsphere_network_az1",
            "module.rke2_prod_cluster.data.vsphere_ovf_vm_template.templateLocal",
            "module.rke2_prod_cluster.data.vsphere_resource_pool.vsphere_resource_pool_az1"
          ]
        }
      ]
    },
    {
      "module": "module.rke2_prod_cluster",
      "mode": "managed",
      "type": "vsphere_virtual_machine",
      "name": "worker_nodes_az1",
      "provider": "provider[\"registry.terraform.io/hashicorp/vsphere\"]",
      "instances": [
        {
          "index_key": 0,
          "schema_version": 3,
          "attributes": {
            "alternate_guest_name": "",
            "annotation": "",
            "boot_delay": 0,
            "boot_retry_delay": 10000,
            "boot_retry_enabled": false,
            "cdrom": [],
            "change_version": "2024-11-03T14:30:24.220928Z",
            "clone": [
              {
                "customization_spec": [],
                "customize": [
                  {
                    "dns_server_list": [
                      "8.8.8.8",
                      "8.8.4.4"
                    ],
                    "dns_suffix_list": [],
                    "ipv4_gateway": "10.100.104.1",
                    "ipv6_gateway": "",
                    "linux_options": [
                      {
                        "domain": "hostart.az",
                        "host_name": "prod-az1-worker-node-1",
                        "hw_clock_utc": true,
                        "script_text": "",
                        "time_zone": "Asia/Baku"
                      }
                    ],
                    "network_interface": [
                      {
                        "dns_domain": "",
                        "dns_server_list": [],
                        "ipv4_address": "10.100.104.71",
                        "ipv4_netmask": 24,
                        "ipv6_address": "",
                        "ipv6_netmask": 0
                      }
                    ],
                    "timeout": 10,
                    "windows_options": [],
                    "windows_sysprep_text": ""
                  }
                ],
                "linked_clone": false,
                "ovf_network_map": {},
                "ovf_storage_map": {},
                "template_uuid": "422439a8-adc2-c6c4-aa69-16f96fa7923d",
                "timeout": 30
              }
            ],
            "cpu_hot_add_enabled": false,
            "cpu_hot_remove_enabled": false,
            "cpu_limit": -1,
            "cpu_performance_counters_enabled": false,
            "cpu_reservation": 0,
            "cpu_share_count": 8000,
            "cpu_share_level": "normal",
            "custom_attributes": {},
            "datacenter_id": null,
            "datastore_cluster_id": null,
            "datastore_id": "datastore-63879",
            "default_ip_address": "10.100.104.71",
            "disk": [
              {
                "attach": false,
                "controller_type": "scsi",
                "datastore_id": "datastore-63879",
                "device_address": "scsi:0:0",
                "disk_mode": "persistent",
                "disk_sharing": "sharingNone",
                "eagerly_scrub": false,
                "io_limit": -1,
                "io_reservation": 0,
                "io_share_count": 1000,
                "io_share_level": "normal",
                "keep_on_remove": false,
                "key": 2000,
                "label": "Hard disk 1",
                "path": "prod-az1-worker-node-1_3/prod-az1-worker-node-1.vmdk",
                "size": 100,
                "storage_policy_id": "",
                "thin_provisioned": true,
                "unit_number": 0,
                "uuid": "6000C297-d09b-643c-aebc-7782b40322c1",
                "write_through": false
              },
              {
                "attach": false,
                "controller_type": "scsi",
                "datastore_id": "datastore-63879",
                "device_address": "scsi:0:1",
                "disk_mode": "persistent",
                "disk_sharing": "sharingNone",
                "eagerly_scrub": false,
                "io_limit": -1,
                "io_reservation": 0,
                "io_share_count": 1000,
                "io_share_level": "normal",
                "keep_on_remove": false,
                "key": 2001,
                "label": "Hard disk 2",
                "path": "prod-az1-worker-node-1_3/prod-az1-worker-node-1_1.vmdk",
                "size": 100,
                "storage_policy_id": "",
                "thin_provisioned": true,
                "unit_number": 1,
                "uuid": "6000C29b-19f8-5d7a-d1f6-38b984f15f10",
                "write_through": false
              }
            ],
            "efi_secure_boot_enabled": false,
            "enable_disk_uuid": false,
            "enable_logging": false,
            "ept_rvi_mode": "automatic",
            "extra_config": {
              "guestinfo.userdata": "I2Nsb3VkLWNvbmZpZw0KZ3JvdXBzOg0KICAtIHVidW50dTogW3Jvb3Qsc3lzXQ0KICAtIGRldm9wcw0KbWFuYWdlX2V0Y19ob3N0czogdHJ1ZQ0KDQp1c2VyczoNCiAgLSBkZWZhdWx0DQogIC0gbmFtZTogZGV2b3BzDQogICAgcHJpbWFyeV9ncm91cDogZGV2b3BzDQogICAgZ3JvdXBzOiBzdWRvDQogICAgc3VkbzogWydBTEw9KEFMTCkgTk9QQVNTV0Q6QUxMJ10NCiAgICBsb2NrX3Bhc3N3ZDogZmFsc2UNCiAgICBwYXNzd2Q6ICIkNiRUQlRwMVpHSjd3QUJsUGJHJHZ5bXVvbjdiR3FFQ0h0MVdGVUZUYzlUejF3dkpQRDZtMGNNZGZkWEl1NVZoNXp2alFjQ2dxckMweEdUYXBnZ0lGSmVBT3ZNLnh5T1djQWxIVDJWcmkxIg0KICAtIG5hbWU6IGNpLXVzZXINCiAgICBwcmltYXJ5X2dyb3VwOiBjaS11c2VyDQogICAgZ3JvdXBzOiBzdWRvDQogICAgc3VkbzogIkFMTD0oQUxMKSBOT1BBU1NXRDpBTEwiDQogICAgbG9ja19wYXNzd2Q6IGZhbHNlDQogICAgcGFzc3dkOiAkNiRUQlRwMVpHSjd3QUJsUGJHJHZ5bXVvbjdiR3FFQ0h0MVdGVUZUYzlUejF3dkpQRDZtMGNNZGZkWEl1NVZoNXp2alFjQ2dxckMweEdUYXBnZ0lGSmVBT3ZNLnh5T1djQWxIVDJWcmkxDQoNCndyaXRlX2ZpbGVzOg0KICAtIHBhdGg6IC9ldGMvbXVsdGlwYXRoLmNvbmYNCiAgICBjb250ZW50OiB8DQogICAgICBkZWZhdWx0cyB7DQogICAgICAgICAgdXNlcl9mcmllbmRseV9uYW1lcyB5ZXMNCiAgICAgIH0NCiAgICAgIGJsYWNrbGlzdCB7DQogICAgICAgICAgZGV2bm9kZSAiXnNkW2EtejAtOV0rIg0KICAgICAgfQ0KDQogIC0gcGF0aDogL2V0Yy9jbG91ZC90ZW1wbGF0ZXMvaG9zdHMuZGViaWFuLnRtcGwNCiAgICBjb250ZW50OiB8DQogICAgICAxMjcuMC4wLjEgbG9jYWxob3N0DQogICAgICAxMjcuMC4xLjEgJGZxZG4gJGhvc3RuYW1lDQogICAgICAxMjcuMC4xLjEgaGFyYm9yLmhvc3RhcnQuYXoNCiAgICAgIDEwLjEwMC4xMDQuMTAgcHJvZC1ya2UyLmhvc3RhcnQuYXoNCg0KYm9vdGNtZDoNCiAgLSBwcmludGYgIltSZXNvbHZlXVxuRE5TPTguOC44LjggOC44LjQuNCIgPiAvZXRjL3N5c3RlbWQvcmVzb2x2ZWQuY29uZg0KICAtIFsgc3lzdGVtY3RsLCByZXN0YXJ0LCBzeXN0ZW1kLXJlc29sdmVkIF0NCg0KcnVuY21kOg0KICAtIFsgc2gsIC1jLCAnc3lzdGVtY3RsIHJlc3RhcnQgbXVsdGlwYXRoZC5zZXJ2aWNlJyBdDQogIC0gWyBzaCwgLWMsICdzeXNjdGwgLXAnIF0NCiAgLSBbIHNoLCAtYywgJ21rZGlyIC1wIC92YXIvbGliL2xvbmdob3JuJyBdDQogIC0gWyBzaCwgLWMsICdwYXJ0ZWQgLS1zY3JpcHQgLWEgb3B0aW1hbCAtLSAvZGV2L3NkYiBta2xhYmVsIGdwdCBta3BhcnQgcHJpbWFyeSA1MTJNaUIgLTEnIF0NCiAgLSBbIHNoLCAtYywgJ3NsZWVwIDYwJyBdDQogIC0gWyBzaCwgLWMsICdta2ZzLmV4dDQgL2Rldi9zZGIxJyBdDQogIC0gWyBzaCwgLWMsICdzbGVlcCAzMCcgXQ0KICAtIFsgc2gsIC1jLCAnZTJsYWJlbCAvZGV2L3NkYjEgIkxPTkdIT1JOIicgXQ0KICAtIFsgc2gsIC1jLCAnZWNobyAiTEFCRUw9TE9OR0hPUk4gL3Zhci9saWIvbG9uZ2hvcm4gZXh0NCBydyxub2F0aW1lIDAgMiIgfCB0ZWUgLWEgL2V0Yy9mc3RhYicgXQ0KICAtIFsgc2gsIC1jLCAnbW91bnQgL3Zhci9saWIvbG9uZ2hvcm4nIF0=",
              "guestinfo.userdata.encoding": "base64"
            },
            "extra_config_reboot_required": true,
            "firmware": "bios",
            "folder": "",
            "force_power_off": true,
            "guest_id": "ubuntu64Guest",
            "guest_ip_addresses": [
              "10.253.3.0",
              "10.100.104.71",
              "fe80::250:56ff:fea4:21af"
            ],
            "hardware_version": 10,
            "host_system_id": "host-63878",
            "hv_mode": "hvAuto",
            "id": "4224000e-e4e2-32e7-e6ad-ebb2afd6f37c",
            "ide_controller_count": 2,
            "ignored_guest_ips": null,
            "imported": null,
            "latency_sensitivity": "normal",
            "memory": 8192,
            "memory_hot_add_enabled": false,
            "memory_limit": -1,
            "memory_reservation": 0,
            "memory_reservation_locked_to_max": false,
            "memory_share_count": 81920,
            "memory_share_level": "normal",
            "migrate_wait_timeout": 30,
            "moid": "vm-143541",
            "name": "prod-az1-worker-node-1",
            "nested_hv_enabled": false,
            "network_interface": [
              {
                "adapter_type": "vmxnet3",
                "bandwidth_limit": -1,
                "bandwidth_reservation": 0,
                "bandwidth_share_count": 50,
                "bandwidth_share_level": "normal",
                "device_address": "pci:0:7",
                "key": 4000,
                "mac_address": "00:50:56:a4:21:af",
                "network_id": "network-119256",
                "ovf_mapping": "",
                "physical_function": "",
                "use_static_mac": false
              }
            ],
            "num_cores_per_socket": 1,
            "num_cpus": 8,
            "ovf_deploy": [],
            "pci_device_id": [],
            "power_state": "on",
            "poweron_timeout": 300,
            "reboot_required": false,
            "replace_trigger": null,
            "resource_pool_id": "resgroup-143489",
            "run_tools_scripts_after_power_on": true,
            "run_tools_scripts_after_resume": true,
            "run_tools_scripts_before_guest_reboot": false,
            "run_tools_scripts_before_guest_shutdown": true,
            "run_tools_scripts_before_guest_standby": true,
            "sata_controller_count": 0,
            "scsi_bus_sharing": "noSharing",
            "scsi_controller_count": 1,
            "scsi_type": "pvscsi",
            "shutdown_wait_timeout": 3,
            "storage_policy_id": "",
            "swap_placement_policy": "inherit",
            "sync_time_with_host": false,
            "sync_time_with_host_periodically": false,
            "tags": [],
            "tools_upgrade_policy": "manual",
            "uuid": "4224000e-e4e2-32e7-e6ad-ebb2afd6f37c",
            "vapp": [],
            "vapp_transport": [],
            "vbs_enabled": false,
            "vmware_tools_status": "guestToolsRunning",
            "vmx_path": "prod-az1-worker-node-1_3/prod-az1-worker-node-1.vmx",
            "vtpm": [],
            "vvtd_enabled": false,
            "wait_for_guest_ip_timeout": 0,
            "wait_for_guest_net_routable": true,
            "wait_for_guest_net_timeout": 0
          },
          "sensitive_attributes": [
            [
              {
                "type": "get_attr",
                "value": "extra_config"
              },
              {
                "type": "index",
                "value": {
                  "value": "guestinfo.userdata",
                  "type": "string"
                }
              }
            ],
            [
              {
                "type": "get_attr",
                "value": "clone"
              },
              {
                "type": "index",
                "value": {
                  "value": 0,
                  "type": "number"
                }
              },
              {
                "type": "get_attr",
                "value": "customize"
              },
              {
                "type": "index",
                "value": {
                  "value": 0,
                  "type": "number"
                }
              },
              {
                "type": "get_attr",
                "value": "windows_sysprep_text"
              }
            ],
            [
              {
                "type": "get_attr",
                "value": "clone"
              },
              {
                "type": "index",
                "value": {
                  "value": 0,
                  "type": "number"
                }
              },
              {
                "type": "get_attr",
                "value": "customize"
              },
              {
                "type": "index",
                "value": {
                  "value": 0,
                  "type": "number"
                }
              },
              {
                "type": "get_attr",
                "value": "linux_options"
              },
              {
                "type": "index",
                "value": {
                  "value": 0,
                  "type": "number"
                }
              },
              {
                "type": "get_attr",
                "value": "script_text"
              }
            ],
            [
              {
                "type": "get_attr",
                "value": "clone"
              },
              {
                "type": "index",
                "value": {
                  "value": 0,
                  "type": "number"
                }
              },
              {
                "type": "get_attr",
                "value": "customize"
              },
              {
                "type": "index",
                "value": {
                  "value": 0,
                  "type": "number"
                }
              },
              {
                "type": "get_attr",
                "value": "network_interface"
              },
              {
                "type": "index",
                "value": {
                  "value": 0,
                  "type": "number"
                }
              },
              {
                "type": "get_attr",
                "value": "ipv4_address"
              }
            ],
            [
              {
                "type": "get_attr",
                "value": "clone"
              },
              {
                "type": "index",
                "value": {
                  "value": 0,
                  "type": "number"
                }
              },
              {
                "type": "get_attr",
                "value": "customize"
              },
              {
                "type": "index",
                "value": {
                  "value": 0,
                  "type": "number"
                }
              },
              {
                "type": "get_attr",
                "value": "ipv4_gateway"
              }
            ]
          ],
          "private": "eyJzY2hlbWFfdmVyc2lvbiI6IjMifQ==",
          "dependencies": [
            "module.rke2_prod_cluster.data.vsphere_datacenter.vsphere_datacenter_az1",
            "module.rke2_prod_cluster.data.vsphere_datastore.vsphere_datastore_az1",
            "module.rke2_prod_cluster.data.vsphere_host.vsphere_host_az1",
            "module.rke2_prod_cluster.data.vsphere_network.vsphere_network_az1",
            "module.rke2_prod_cluster.data.vsphere_ovf_vm_template.template",
            "module.rke2_prod_cluster.data.vsphere_ovf_vm_template.templateLocal",
            "module.rke2_prod_cluster.data.vsphere_resource_pool.vsphere_resource_pool_az1",
            "module.rke2_prod_cluster.data.vsphere_virtual_machine.template",
            "module.rke2_prod_cluster.vsphere_virtual_machine.master_nodes_az1",
            "module.rke2_prod_cluster.vsphere_virtual_machine.template"
          ]
        },
        {
          "index_key": 1,
          "schema_version": 3,
          "attributes": {
            "alternate_guest_name": "",
            "annotation": "",
            "boot_delay": 0,
            "boot_retry_delay": 10000,
            "boot_retry_enabled": false,
            "cdrom": [],
            "change_version": "2024-11-03T14:30:24.470715Z",
            "clone": [
              {
                "customization_spec": [],
                "customize": [
                  {
                    "dns_server_list": [
                      "8.8.8.8",
                      "8.8.4.4"
                    ],
                    "dns_suffix_list": [],
                    "ipv4_gateway": "10.100.104.1",
                    "ipv6_gateway": "",
                    "linux_options": [
                      {
                        "domain": "hostart.az",
                        "host_name": "prod-az1-worker-node-2",
                        "hw_clock_utc": true,
                        "script_text": "",
                        "time_zone": "Asia/Baku"
                      }
                    ],
                    "network_interface": [
                      {
                        "dns_domain": "",
                        "dns_server_list": [],
                        "ipv4_address": "10.100.104.72",
                        "ipv4_netmask": 24,
                        "ipv6_address": "",
                        "ipv6_netmask": 0
                      }
                    ],
                    "timeout": 10,
                    "windows_options": [],
                    "windows_sysprep_text": ""
                  }
                ],
                "linked_clone": false,
                "ovf_network_map": {},
                "ovf_storage_map": {},
                "template_uuid": "422439a8-adc2-c6c4-aa69-16f96fa7923d",
                "timeout": 30
              }
            ],
            "cpu_hot_add_enabled": false,
            "cpu_hot_remove_enabled": false,
            "cpu_limit": -1,
            "cpu_performance_counters_enabled": false,
            "cpu_reservation": 0,
            "cpu_share_count": 8000,
            "cpu_share_level": "normal",
            "custom_attributes": {},
            "datacenter_id": null,
            "datastore_cluster_id": null,
            "datastore_id": "datastore-63879",
            "default_ip_address": "10.100.104.72",
            "disk": [
              {
                "attach": false,
                "controller_type": "scsi",
                "datastore_id": "datastore-63879",
                "device_address": "scsi:0:0",
                "disk_mode": "persistent",
                "disk_sharing": "sharingNone",
                "eagerly_scrub": false,
                "io_limit": -1,
                "io_reservation": 0,
                "io_share_count": 1000,
                "io_share_level": "normal",
                "keep_on_remove": false,
                "key": 2000,
                "label": "Hard disk 1",
                "path": "prod-az1-worker-node-2/prod-az1-worker-node-2.vmdk",
                "size": 100,
                "storage_policy_id": "",
                "thin_provisioned": true,
                "unit_number": 0,
                "uuid": "6000C29a-53ac-4741-332a-a6918dabdf76",
                "write_through": false
              }
            ],
            "efi_secure_boot_enabled": false,
            "enable_disk_uuid": false,
            "enable_logging": false,
            "ept_rvi_mode": "automatic",
            "extra_config": {
              "guestinfo.userdata": "I2Nsb3VkLWNvbmZpZw0KZ3JvdXBzOg0KICAtIHVidW50dTogW3Jvb3Qsc3lzXQ0KICAtIGRldm9wcw0KDQp1c2VyczoNCiAgLSBkZWZhdWx0DQogIC0gbmFtZTogZGV2b3BzDQogICAgcHJpbWFyeV9ncm91cDogZGV2b3BzDQogICAgZ3JvdXBzOiBzdWRvDQogICAgc3VkbzogWydBTEw9KEFMTCkgTk9QQVNTV0Q6QUxMJ10NCiAgICBsb2NrX3Bhc3N3ZDogZmFsc2UNCiAgICBwYXNzd2Q6ICIkNiRUQlRwMVpHSjd3QUJsUGJHJHZ5bXVvbjdiR3FFQ0h0MVdGVUZUYzlUejF3dkpQRDZtMGNNZGZkWEl1NVZoNXp2alFjQ2dxckMweEdUYXBnZ0lGSmVBT3ZNLnh5T1djQWxIVDJWcmkxIg0KICAtIG5hbWU6IGNpLXVzZXINCiAgICBwcmltYXJ5X2dyb3VwOiBjaS11c2VyDQogICAgZ3JvdXBzOiBzdWRvDQogICAgc3VkbzogIkFMTD0oQUxMKSBOT1BBU1NXRDpBTEwiDQogICAgbG9ja19wYXNzd2Q6IGZhbHNlDQogICAgcGFzc3dkOiAkNiRUQlRwMVpHSjd3QUJsUGJHJHZ5bXVvbjdiR3FFQ0h0MVdGVUZUYzlUejF3dkpQRDZtMGNNZGZkWEl1NVZoNXp2alFjQ2dxckMweEdUYXBnZ0lGSmVBT3ZNLnh5T1djQWxIVDJWcmkxDQoNCg0KbWFuYWdlX2V0Y19ob3N0czogdHJ1ZQ0KDQp3cml0ZV9maWxlczoNCiAgLSBwYXRoOiAvZXRjL211bHRpcGF0aC5jb25mDQogICAgY29udGVudDogfA0KICAgICAgZGVmYXVsdHMgew0KICAgICAgICAgIHVzZXJfZnJpZW5kbHlfbmFtZXMgeWVzDQogICAgICB9DQogICAgICBibGFja2xpc3Qgew0KICAgICAgICAgIGRldm5vZGUgIl5zZFthLXowLTldKyINCiAgICAgIH0NCg0KICAtIHBhdGg6IC9ldGMvY2xvdWQvdGVtcGxhdGVzL2hvc3RzLmRlYmlhbi50bXBsDQogICAgY29udGVudDogfA0KICAgICAgMTI3LjAuMC4xIGxvY2FsaG9zdA0KICAgICAgMTI3LjAuMS4xICRmcWRuDQogICAgICAxMjcuMC4xLjEgaGFyYm9yLmhvc3RhcnQuYXoNCiAgICAgIDEwLjEwMC43MC4yNTAgdmNzYS5ob3N0YXJ0LmxvY2FsDQogICAgICAxMC4xMDAuMTA0LjEwIHByb2QtcmFuY2hlci5ob3N0YXJ0LmF6DQoNCmJvb3RjbWQ6DQogIC0gcHJpbnRmICJbUmVzb2x2ZV1cbkROUz04LjguOC44IDguOC40LjQiID4gL2V0Yy9zeXN0ZW1kL3Jlc29sdmVkLmNvbmYNCiAgLSBbIHN5c3RlbWN0bCwgcmVzdGFydCwgc3lzdGVtZC1yZXNvbHZlZCBdDQoNCnJ1bmNtZDoNCiAgLSBbIHNoLCAtYywgJ3N5c3RlbWN0bCByZXN0YXJ0IG11bHRpcGF0aGQuc2VydmljZScgXQ0KICAtIFsgc2gsIC1jLCAnc3lzY3RsIC1wJyBdDQogIC0gWyBzaCwgLWMsICdzeXN0ZW1jdGwgZW5hYmxlIC0tbm93IGlzY3NpZC5zZXJ2aWNlJyBd",
              "guestinfo.userdata.encoding": "base64"
            },
            "extra_config_reboot_required": true,
            "firmware": "bios",
            "folder": "",
            "force_power_off": true,
            "guest_id": "ubuntu64Guest",
            "guest_ip_addresses": [
              "10.253.4.0",
              "10.100.104.72",
              "fe80::250:56ff:fea4:eee"
            ],
            "hardware_version": 10,
            "host_system_id": "host-63878",
            "hv_mode": "hvAuto",
            "id": "422438b9-a1ea-ccd3-2aaa-8481da5afd36",
            "ide_controller_count": 2,
            "ignored_guest_ips": null,
            "imported": null,
            "latency_sensitivity": "normal",
            "memory": 8192,
            "memory_hot_add_enabled": false,
            "memory_limit": -1,
            "memory_reservation": 0,
            "memory_reservation_locked_to_max": false,
            "memory_share_count": 81920,
            "memory_share_level": "normal",
            "migrate_wait_timeout": 30,
            "moid": "vm-143547",
            "name": "prod-az1-worker-node-2",
            "nested_hv_enabled": false,
            "network_interface": [
              {
                "adapter_type": "vmxnet3",
                "bandwidth_limit": -1,
                "bandwidth_reservation": 0,
                "bandwidth_share_count": 50,
                "bandwidth_share_level": "normal",
                "device_address": "pci:0:7",
                "key": 4000,
                "mac_address": "00:50:56:a4:0e:ee",
                "network_id": "network-119256",
                "ovf_mapping": "",
                "physical_function": "",
                "use_static_mac": false
              }
            ],
            "num_cores_per_socket": 1,
            "num_cpus": 8,
            "ovf_deploy": [],
            "pci_device_id": [],
            "power_state": "on",
            "poweron_timeout": 300,
            "reboot_required": false,
            "replace_trigger": null,
            "resource_pool_id": "resgroup-143489",
            "run_tools_scripts_after_power_on": true,
            "run_tools_scripts_after_resume": true,
            "run_tools_scripts_before_guest_reboot": false,
            "run_tools_scripts_before_guest_shutdown": true,
            "run_tools_scripts_before_guest_standby": true,
            "sata_controller_count": 0,
            "scsi_bus_sharing": "noSharing",
            "scsi_controller_count": 1,
            "scsi_type": "pvscsi",
            "shutdown_wait_timeout": 3,
            "storage_policy_id": "",
            "swap_placement_policy": "inherit",
            "sync_time_with_host": false,
            "sync_time_with_host_periodically": false,
            "tags": [],
            "tools_upgrade_policy": "manual",
            "uuid": "422438b9-a1ea-ccd3-2aaa-8481da5afd36",
            "vapp": [],
            "vapp_transport": [],
            "vbs_enabled": false,
            "vmware_tools_status": "guestToolsRunning",
            "vmx_path": "prod-az1-worker-node-2/prod-az1-worker-node-2.vmx",
            "vtpm": [],
            "vvtd_enabled": false,
            "wait_for_guest_ip_timeout": 0,
            "wait_for_guest_net_routable": true,
            "wait_for_guest_net_timeout": 0
          },
          "sensitive_attributes": [
            [
              {
                "type": "get_attr",
                "value": "extra_config"
              },
              {
                "type": "index",
                "value": {
                  "value": "guestinfo.userdata",
                  "type": "string"
                }
              }
            ],
            [
              {
                "type": "get_attr",
                "value": "clone"
              },
              {
                "type": "index",
                "value": {
                  "value": 0,
                  "type": "number"
                }
              },
              {
                "type": "get_attr",
                "value": "customize"
              },
              {
                "type": "index",
                "value": {
                  "value": 0,
                  "type": "number"
                }
              },
              {
                "type": "get_attr",
                "value": "windows_sysprep_text"
              }
            ],
            [
              {
                "type": "get_attr",
                "value": "clone"
              },
              {
                "type": "index",
                "value": {
                  "value": 0,
                  "type": "number"
                }
              },
              {
                "type": "get_attr",
                "value": "customize"
              },
              {
                "type": "index",
                "value": {
                  "value": 0,
                  "type": "number"
                }
              },
              {
                "type": "get_attr",
                "value": "network_interface"
              },
              {
                "type": "index",
                "value": {
                  "value": 0,
                  "type": "number"
                }
              },
              {
                "type": "get_attr",
                "value": "ipv4_address"
              }
            ],
            [
              {
                "type": "get_attr",
                "value": "clone"
              },
              {
                "type": "index",
                "value": {
                  "value": 0,
                  "type": "number"
                }
              },
              {
                "type": "get_attr",
                "value": "customize"
              },
              {
                "type": "index",
                "value": {
                  "value": 0,
                  "type": "number"
                }
              },
              {
                "type": "get_attr",
                "value": "ipv4_gateway"
              }
            ],
            [
              {
                "type": "get_attr",
                "value": "clone"
              },
              {
                "type": "index",
                "value": {
                  "value": 0,
                  "type": "number"
                }
              },
              {
                "type": "get_attr",
                "value": "customize"
              },
              {
                "type": "index",
                "value": {
                  "value": 0,
                  "type": "number"
                }
              },
              {
                "type": "get_attr",
                "value": "linux_options"
              },
              {
                "type": "index",
                "value": {
                  "value": 0,
                  "type": "number"
                }
              },
              {
                "type": "get_attr",
                "value": "script_text"
              }
            ]
          ],
          "private": "eyJzY2hlbWFfdmVyc2lvbiI6IjMifQ==",
          "dependencies": [
            "module.rke2_prod_cluster.data.vsphere_datacenter.vsphere_datacenter_az1",
            "module.rke2_prod_cluster.data.vsphere_datastore.vsphere_datastore_az1",
            "module.rke2_prod_cluster.data.vsphere_host.vsphere_host_az1",
            "module.rke2_prod_cluster.data.vsphere_network.vsphere_network_az1",
            "module.rke2_prod_cluster.data.vsphere_ovf_vm_template.template",
            "module.rke2_prod_cluster.data.vsphere_ovf_vm_template.templateLocal",
            "module.rke2_prod_cluster.data.vsphere_resource_pool.vsphere_resource_pool_az1",
            "module.rke2_prod_cluster.data.vsphere_virtual_machine.template",
            "module.rke2_prod_cluster.vsphere_virtual_machine.master_nodes_az1",
            "module.rke2_prod_cluster.vsphere_virtual_machine.template"
          ]
        }
      ]
    },
    {
      "module": "module.rke2_prod_cluster",
      "mode": "managed",
      "type": "vsphere_virtual_machine",
      "name": "worker_nodes_az3",
      "provider": "provider[\"registry.terraform.io/hashicorp/vsphere\"]",
      "instances": [
        {
          "index_key": 0,
          "schema_version": 3,
          "attributes": {
            "alternate_guest_name": "",
            "annotation": "",
            "boot_delay": 0,
            "boot_retry_delay": 10000,
            "boot_retry_enabled": false,
            "cdrom": [],
            "change_version": "2024-11-03T14:24:44.519426Z",
            "clone": [
              {
                "customization_spec": [],
                "customize": [
                  {
                    "dns_server_list": [
                      "8.8.8.8",
                      "8.8.4.4"
                    ],
                    "dns_suffix_list": [],
                    "ipv4_gateway": "10.100.104.1",
                    "ipv6_gateway": "",
                    "linux_options": [
                      {
                        "domain": "hostart.az",
                        "host_name": "prod-az3-worker-node-1",
                        "hw_clock_utc": true,
                        "script_text": "",
                        "time_zone": "Asia/Baku"
                      }
                    ],
                    "network_interface": [
                      {
                        "dns_domain": "",
                        "dns_server_list": [],
                        "ipv4_address": "10.100.104.91",
                        "ipv4_netmask": 24,
                        "ipv6_address": "",
                        "ipv6_netmask": 0
                      }
                    ],
                    "timeout": 10,
                    "windows_options": [],
                    "windows_sysprep_text": ""
                  }
                ],
                "linked_clone": false,
                "ovf_network_map": {},
                "ovf_storage_map": {},
                "template_uuid": "422439a8-adc2-c6c4-aa69-16f96fa7923d",
                "timeout": 30
              }
            ],
            "cpu_hot_add_enabled": false,
            "cpu_hot_remove_enabled": false,
            "cpu_limit": -1,
            "cpu_performance_counters_enabled": false,
            "cpu_reservation": 0,
            "cpu_share_count": 8000,
            "cpu_share_level": "normal",
            "custom_attributes": {},
            "datacenter_id": null,
            "datastore_cluster_id": null,
            "datastore_id": "datastore-120001",
            "default_ip_address": "10.100.104.91",
            "disk": [
              {
                "attach": false,
                "controller_type": "scsi",
                "datastore_id": "datastore-120001",
                "device_address": "scsi:0:0",
                "disk_mode": "persistent",
                "disk_sharing": "sharingNone",
                "eagerly_scrub": false,
                "io_limit": -1,
                "io_reservation": 0,
                "io_share_count": 1000,
                "io_share_level": "normal",
                "keep_on_remove": false,
                "key": 2000,
                "label": "Hard disk 1",
                "path": "prod-az3-worker-node-1_1/prod-az3-worker-node-1.vmdk",
                "size": 100,
                "storage_policy_id": "",
                "thin_provisioned": true,
                "unit_number": 0,
                "uuid": "6000C294-4772-698b-1b2f-ff916eb1c173",
                "write_through": false
              },
              {
                "attach": false,
                "controller_type": "scsi",
                "datastore_id": "datastore-120001",
                "device_address": "scsi:0:1",
                "disk_mode": "persistent",
                "disk_sharing": "sharingNone",
                "eagerly_scrub": false,
                "io_limit": -1,
                "io_reservation": 0,
                "io_share_count": 1000,
                "io_share_level": "normal",
                "keep_on_remove": false,
                "key": 2001,
                "label": "Hard disk 2",
                "path": "prod-az3-worker-node-1_1/prod-az3-worker-node-1_1.vmdk",
                "size": 100,
                "storage_policy_id": "",
                "thin_provisioned": true,
                "unit_number": 1,
                "uuid": "6000C29d-70f6-fb16-03d4-e4fc4ca40ca0",
                "write_through": false
              }
            ],
            "efi_secure_boot_enabled": false,
            "enable_disk_uuid": false,
            "enable_logging": false,
            "ept_rvi_mode": "automatic",
            "extra_config": {
              "guestinfo.userdata": "I2Nsb3VkLWNvbmZpZw0KZ3JvdXBzOg0KICAtIHVidW50dTogW3Jvb3Qsc3lzXQ0KICAtIGRldm9wcw0KbWFuYWdlX2V0Y19ob3N0czogdHJ1ZQ0KDQp1c2VyczoNCiAgLSBkZWZhdWx0DQogIC0gbmFtZTogZGV2b3BzDQogICAgcHJpbWFyeV9ncm91cDogZGV2b3BzDQogICAgZ3JvdXBzOiBzdWRvDQogICAgc3VkbzogWydBTEw9KEFMTCkgTk9QQVNTV0Q6QUxMJ10NCiAgICBsb2NrX3Bhc3N3ZDogZmFsc2UNCiAgICBwYXNzd2Q6ICIkNiRUQlRwMVpHSjd3QUJsUGJHJHZ5bXVvbjdiR3FFQ0h0MVdGVUZUYzlUejF3dkpQRDZtMGNNZGZkWEl1NVZoNXp2alFjQ2dxckMweEdUYXBnZ0lGSmVBT3ZNLnh5T1djQWxIVDJWcmkxIg0KICAtIG5hbWU6IGNpLXVzZXINCiAgICBwcmltYXJ5X2dyb3VwOiBjaS11c2VyDQogICAgZ3JvdXBzOiBzdWRvDQogICAgc3VkbzogIkFMTD0oQUxMKSBOT1BBU1NXRDpBTEwiDQogICAgbG9ja19wYXNzd2Q6IGZhbHNlDQogICAgcGFzc3dkOiAkNiRUQlRwMVpHSjd3QUJsUGJHJHZ5bXVvbjdiR3FFQ0h0MVdGVUZUYzlUejF3dkpQRDZtMGNNZGZkWEl1NVZoNXp2alFjQ2dxckMweEdUYXBnZ0lGSmVBT3ZNLnh5T1djQWxIVDJWcmkxDQoNCndyaXRlX2ZpbGVzOg0KICAtIHBhdGg6IC9ldGMvbXVsdGlwYXRoLmNvbmYNCiAgICBjb250ZW50OiB8DQogICAgICBkZWZhdWx0cyB7DQogICAgICAgICAgdXNlcl9mcmllbmRseV9uYW1lcyB5ZXMNCiAgICAgIH0NCiAgICAgIGJsYWNrbGlzdCB7DQogICAgICAgICAgZGV2bm9kZSAiXnNkW2EtejAtOV0rIg0KICAgICAgfQ0KDQogIC0gcGF0aDogL2V0Yy9jbG91ZC90ZW1wbGF0ZXMvaG9zdHMuZGViaWFuLnRtcGwNCiAgICBjb250ZW50OiB8DQogICAgICAxMjcuMC4wLjEgbG9jYWxob3N0DQogICAgICAxMjcuMC4xLjEgJGZxZG4gJGhvc3RuYW1lDQogICAgICAxMjcuMC4xLjEgaGFyYm9yLmhvc3RhcnQuYXoNCiAgICAgIDEwLjEwMC4xMDQuMTAgcHJvZC1ya2UyLmhvc3RhcnQuYXoNCg0KYm9vdGNtZDoNCiAgLSBwcmludGYgIltSZXNvbHZlXVxuRE5TPTguOC44LjggOC44LjQuNCIgPiAvZXRjL3N5c3RlbWQvcmVzb2x2ZWQuY29uZg0KICAtIFsgc3lzdGVtY3RsLCByZXN0YXJ0LCBzeXN0ZW1kLXJlc29sdmVkIF0NCg0KcnVuY21kOg0KICAtIFsgc2gsIC1jLCAnc3lzdGVtY3RsIHJlc3RhcnQgbXVsdGlwYXRoZC5zZXJ2aWNlJyBdDQogIC0gWyBzaCwgLWMsICdzeXNjdGwgLXAnIF0NCiAgLSBbIHNoLCAtYywgJ21rZGlyIC1wIC92YXIvbGliL2xvbmdob3JuJyBdDQogIC0gWyBzaCwgLWMsICdwYXJ0ZWQgLS1zY3JpcHQgLWEgb3B0aW1hbCAtLSAvZGV2L3NkYiBta2xhYmVsIGdwdCBta3BhcnQgcHJpbWFyeSA1MTJNaUIgLTEnIF0NCiAgLSBbIHNoLCAtYywgJ3NsZWVwIDYwJyBdDQogIC0gWyBzaCwgLWMsICdta2ZzLmV4dDQgL2Rldi9zZGIxJyBdDQogIC0gWyBzaCwgLWMsICdzbGVlcCAzMCcgXQ0KICAtIFsgc2gsIC1jLCAnZTJsYWJlbCAvZGV2L3NkYjEgIkxPTkdIT1JOIicgXQ0KICAtIFsgc2gsIC1jLCAnZWNobyAiTEFCRUw9TE9OR0hPUk4gL3Zhci9saWIvbG9uZ2hvcm4gZXh0NCBydyxub2F0aW1lIDAgMiIgfCB0ZWUgLWEgL2V0Yy9mc3RhYicgXQ0KICAtIFsgc2gsIC1jLCAnbW91bnQgL3Zhci9saWIvbG9uZ2hvcm4nIF0=",
              "guestinfo.userdata.encoding": "base64"
            },
            "extra_config_reboot_required": true,
            "firmware": "bios",
            "folder": "",
            "force_power_off": true,
            "guest_id": "ubuntu64Guest",
            "guest_ip_addresses": [
              "10.253.1.0",
              "10.100.104.91",
              "fe80::250:56ff:fea4:80de"
            ],
            "hardware_version": 10,
            "host_system_id": "host-120000",
            "hv_mode": "hvAuto",
            "id": "42246f3a-4d5d-5f34-48b9-b6e8703dd82d",
            "ide_controller_count": 2,
            "ignored_guest_ips": null,
            "imported": null,
            "latency_sensitivity": "normal",
            "memory": 8192,
            "memory_hot_add_enabled": false,
            "memory_limit": -1,
            "memory_reservation": 0,
            "memory_reservation_locked_to_max": false,
            "memory_share_count": 81920,
            "memory_share_level": "normal",
            "migrate_wait_timeout": 30,
            "moid": "vm-143545",
            "name": "prod-az3-worker-node-1",
            "nested_hv_enabled": false,
            "network_interface": [
              {
                "adapter_type": "vmxnet3",
                "bandwidth_limit": -1,
                "bandwidth_reservation": 0,
                "bandwidth_share_count": 50,
                "bandwidth_share_level": "normal",
                "device_address": "pci:0:7",
                "key": 4000,
                "mac_address": "00:50:56:a4:80:de",
                "network_id": "network-120005",
                "ovf_mapping": "",
                "physical_function": "",
                "use_static_mac": false
              }
            ],
            "num_cores_per_socket": 1,
            "num_cpus": 8,
            "ovf_deploy": [],
            "pci_device_id": [],
            "power_state": "on",
            "poweron_timeout": 300,
            "reboot_required": false,
            "replace_trigger": null,
            "resource_pool_id": "resgroup-143490",
            "run_tools_scripts_after_power_on": true,
            "run_tools_scripts_after_resume": true,
            "run_tools_scripts_before_guest_reboot": false,
            "run_tools_scripts_before_guest_shutdown": true,
            "run_tools_scripts_before_guest_standby": true,
            "sata_controller_count": 0,
            "scsi_bus_sharing": "noSharing",
            "scsi_controller_count": 1,
            "scsi_type": "pvscsi",
            "shutdown_wait_timeout": 3,
            "storage_policy_id": "",
            "swap_placement_policy": "inherit",
            "sync_time_with_host": false,
            "sync_time_with_host_periodically": false,
            "tags": [],
            "tools_upgrade_policy": "manual",
            "uuid": "42246f3a-4d5d-5f34-48b9-b6e8703dd82d",
            "vapp": [],
            "vapp_transport": [],
            "vbs_enabled": false,
            "vmware_tools_status": "guestToolsRunning",
            "vmx_path": "prod-az3-worker-node-1_1/prod-az3-worker-node-1.vmx",
            "vtpm": [],
            "vvtd_enabled": false,
            "wait_for_guest_ip_timeout": 0,
            "wait_for_guest_net_routable": true,
            "wait_for_guest_net_timeout": 0
          },
          "sensitive_attributes": [
            [
              {
                "type": "get_attr",
                "value": "clone"
              },
              {
                "type": "index",
                "value": {
                  "value": 0,
                  "type": "number"
                }
              },
              {
                "type": "get_attr",
                "value": "customize"
              },
              {
                "type": "index",
                "value": {
                  "value": 0,
                  "type": "number"
                }
              },
              {
                "type": "get_attr",
                "value": "linux_options"
              },
              {
                "type": "index",
                "value": {
                  "value": 0,
                  "type": "number"
                }
              },
              {
                "type": "get_attr",
                "value": "script_text"
              }
            ],
            [
              {
                "type": "get_attr",
                "value": "clone"
              },
              {
                "type": "index",
                "value": {
                  "value": 0,
                  "type": "number"
                }
              },
              {
                "type": "get_attr",
                "value": "customize"
              },
              {
                "type": "index",
                "value": {
                  "value": 0,
                  "type": "number"
                }
              },
              {
                "type": "get_attr",
                "value": "windows_sysprep_text"
              }
            ],
            [
              {
                "type": "get_attr",
                "value": "clone"
              },
              {
                "type": "index",
                "value": {
                  "value": 0,
                  "type": "number"
                }
              },
              {
                "type": "get_attr",
                "value": "customize"
              },
              {
                "type": "index",
                "value": {
                  "value": 0,
                  "type": "number"
                }
              },
              {
                "type": "get_attr",
                "value": "network_interface"
              },
              {
                "type": "index",
                "value": {
                  "value": 0,
                  "type": "number"
                }
              },
              {
                "type": "get_attr",
                "value": "ipv4_address"
              }
            ],
            [
              {
                "type": "get_attr",
                "value": "clone"
              },
              {
                "type": "index",
                "value": {
                  "value": 0,
                  "type": "number"
                }
              },
              {
                "type": "get_attr",
                "value": "customize"
              },
              {
                "type": "index",
                "value": {
                  "value": 0,
                  "type": "number"
                }
              },
              {
                "type": "get_attr",
                "value": "ipv4_gateway"
              }
            ],
            [
              {
                "type": "get_attr",
                "value": "extra_config"
              },
              {
                "type": "index",
                "value": {
                  "value": "guestinfo.userdata",
                  "type": "string"
                }
              }
            ]
          ],
          "private": "eyJzY2hlbWFfdmVyc2lvbiI6IjMifQ==",
          "dependencies": [
            "module.rke2_prod_cluster.data.vsphere_datacenter.vsphere_datacenter_az1",
            "module.rke2_prod_cluster.data.vsphere_datacenter.vsphere_datacenter_az3",
            "module.rke2_prod_cluster.data.vsphere_datastore.vsphere_datastore_az1",
            "module.rke2_prod_cluster.data.vsphere_datastore.vsphere_datastore_az3",
            "module.rke2_prod_cluster.data.vsphere_host.vsphere_host_az1",
            "module.rke2_prod_cluster.data.vsphere_host.vsphere_host_az3",
            "module.rke2_prod_cluster.data.vsphere_network.vsphere_network_az1",
            "module.rke2_prod_cluster.data.vsphere_network.vsphere_network_az3",
            "module.rke2_prod_cluster.data.vsphere_ovf_vm_template.template",
            "module.rke2_prod_cluster.data.vsphere_ovf_vm_template.templateLocal",
            "module.rke2_prod_cluster.data.vsphere_resource_pool.vsphere_resource_pool_az1",
            "module.rke2_prod_cluster.data.vsphere_resource_pool.vsphere_resource_pool_az3",
            "module.rke2_prod_cluster.data.vsphere_virtual_machine.template",
            "module.rke2_prod_cluster.vsphere_virtual_machine.master_nodes_az1",
            "module.rke2_prod_cluster.vsphere_virtual_machine.template"
          ]
        },
        {
          "index_key": 1,
          "schema_version": 3,
          "attributes": {
            "alternate_guest_name": "",
            "annotation": "",
            "boot_delay": 0,
            "boot_retry_delay": 10000,
            "boot_retry_enabled": false,
            "cdrom": [],
            "change_version": "2024-11-03T14:24:44.468542Z",
            "clone": [
              {
                "customization_spec": [],
                "customize": [
                  {
                    "dns_server_list": [
                      "8.8.8.8",
                      "8.8.4.4"
                    ],
                    "dns_suffix_list": [],
                    "ipv4_gateway": "10.100.104.1",
                    "ipv6_gateway": "",
                    "linux_options": [
                      {
                        "domain": "hostart.az",
                        "host_name": "prod-az3-worker-node-2",
                        "hw_clock_utc": true,
                        "script_text": "",
                        "time_zone": "Asia/Baku"
                      }
                    ],
                    "network_interface": [
                      {
                        "dns_domain": "",
                        "dns_server_list": [],
                        "ipv4_address": "10.100.104.92",
                        "ipv4_netmask": 24,
                        "ipv6_address": "",
                        "ipv6_netmask": 0
                      }
                    ],
                    "timeout": 10,
                    "windows_options": [],
                    "windows_sysprep_text": ""
                  }
                ],
                "linked_clone": false,
                "ovf_network_map": {},
                "ovf_storage_map": {},
                "template_uuid": "422439a8-adc2-c6c4-aa69-16f96fa7923d",
                "timeout": 30
              }
            ],
            "cpu_hot_add_enabled": false,
            "cpu_hot_remove_enabled": false,
            "cpu_limit": -1,
            "cpu_performance_counters_enabled": false,
            "cpu_reservation": 0,
            "cpu_share_count": 8000,
            "cpu_share_level": "normal",
            "custom_attributes": {},
            "datacenter_id": null,
            "datastore_cluster_id": null,
            "datastore_id": "datastore-120001",
            "default_ip_address": "10.100.104.92",
            "disk": [
              {
                "attach": false,
                "controller_type": "scsi",
                "datastore_id": "datastore-120001",
                "device_address": "scsi:0:0",
                "disk_mode": "persistent",
                "disk_sharing": "sharingNone",
                "eagerly_scrub": false,
                "io_limit": -1,
                "io_reservation": 0,
                "io_share_count": 1000,
                "io_share_level": "normal",
                "keep_on_remove": false,
                "key": 2000,
                "label": "Hard disk 1",
                "path": "prod-az3-worker-node-2/prod-az3-worker-node-2.vmdk",
                "size": 100,
                "storage_policy_id": "",
                "thin_provisioned": true,
                "unit_number": 0,
                "uuid": "6000C294-4772-698b-1b2f-ff916eb1c173",
                "write_through": false
              }
            ],
            "efi_secure_boot_enabled": false,
            "enable_disk_uuid": false,
            "enable_logging": false,
            "ept_rvi_mode": "automatic",
            "extra_config": {
              "guestinfo.userdata": "I2Nsb3VkLWNvbmZpZw0KZ3JvdXBzOg0KICAtIHVidW50dTogW3Jvb3Qsc3lzXQ0KICAtIGRldm9wcw0KDQp1c2VyczoNCiAgLSBkZWZhdWx0DQogIC0gbmFtZTogZGV2b3BzDQogICAgcHJpbWFyeV9ncm91cDogZGV2b3BzDQogICAgZ3JvdXBzOiBzdWRvDQogICAgc3VkbzogWydBTEw9KEFMTCkgTk9QQVNTV0Q6QUxMJ10NCiAgICBsb2NrX3Bhc3N3ZDogZmFsc2UNCiAgICBwYXNzd2Q6ICIkNiRUQlRwMVpHSjd3QUJsUGJHJHZ5bXVvbjdiR3FFQ0h0MVdGVUZUYzlUejF3dkpQRDZtMGNNZGZkWEl1NVZoNXp2alFjQ2dxckMweEdUYXBnZ0lGSmVBT3ZNLnh5T1djQWxIVDJWcmkxIg0KICAtIG5hbWU6IGNpLXVzZXINCiAgICBwcmltYXJ5X2dyb3VwOiBjaS11c2VyDQogICAgZ3JvdXBzOiBzdWRvDQogICAgc3VkbzogIkFMTD0oQUxMKSBOT1BBU1NXRDpBTEwiDQogICAgbG9ja19wYXNzd2Q6IGZhbHNlDQogICAgcGFzc3dkOiAkNiRUQlRwMVpHSjd3QUJsUGJHJHZ5bXVvbjdiR3FFQ0h0MVdGVUZUYzlUejF3dkpQRDZtMGNNZGZkWEl1NVZoNXp2alFjQ2dxckMweEdUYXBnZ0lGSmVBT3ZNLnh5T1djQWxIVDJWcmkxDQoNCg0KbWFuYWdlX2V0Y19ob3N0czogdHJ1ZQ0KDQp3cml0ZV9maWxlczoNCiAgLSBwYXRoOiAvZXRjL211bHRpcGF0aC5jb25mDQogICAgY29udGVudDogfA0KICAgICAgZGVmYXVsdHMgew0KICAgICAgICAgIHVzZXJfZnJpZW5kbHlfbmFtZXMgeWVzDQogICAgICB9DQogICAgICBibGFja2xpc3Qgew0KICAgICAgICAgIGRldm5vZGUgIl5zZFthLXowLTldKyINCiAgICAgIH0NCg0KICAtIHBhdGg6IC9ldGMvY2xvdWQvdGVtcGxhdGVzL2hvc3RzLmRlYmlhbi50bXBsDQogICAgY29udGVudDogfA0KICAgICAgMTI3LjAuMC4xIGxvY2FsaG9zdA0KICAgICAgMTI3LjAuMS4xICRmcWRuDQogICAgICAxMjcuMC4xLjEgaGFyYm9yLmhvc3RhcnQuYXoNCiAgICAgIDEwLjEwMC43MC4yNTAgdmNzYS5ob3N0YXJ0LmxvY2FsDQogICAgICAxMC4xMDAuMTA0LjEwIHByb2QtcmFuY2hlci5ob3N0YXJ0LmF6DQoNCmJvb3RjbWQ6DQogIC0gcHJpbnRmICJbUmVzb2x2ZV1cbkROUz04LjguOC44IDguOC40LjQiID4gL2V0Yy9zeXN0ZW1kL3Jlc29sdmVkLmNvbmYNCiAgLSBbIHN5c3RlbWN0bCwgcmVzdGFydCwgc3lzdGVtZC1yZXNvbHZlZCBdDQoNCnJ1bmNtZDoNCiAgLSBbIHNoLCAtYywgJ3N5c3RlbWN0bCByZXN0YXJ0IG11bHRpcGF0aGQuc2VydmljZScgXQ0KICAtIFsgc2gsIC1jLCAnc3lzY3RsIC1wJyBdDQogIC0gWyBzaCwgLWMsICdzeXN0ZW1jdGwgZW5hYmxlIC0tbm93IGlzY3NpZC5zZXJ2aWNlJyBd",
              "guestinfo.userdata.encoding": "base64"
            },
            "extra_config_reboot_required": true,
            "firmware": "bios",
            "folder": "",
            "force_power_off": true,
            "guest_id": "ubuntu64Guest",
            "guest_ip_addresses": [
              "10.253.2.0",
              "10.100.104.92",
              "fe80::250:56ff:fea4:c8d"
            ],
            "hardware_version": 10,
            "host_system_id": "host-120000",
            "hv_mode": "hvAuto",
            "id": "4224e355-3dc8-f318-593d-4f6a6646a53f",
            "ide_controller_count": 2,
            "ignored_guest_ips": null,
            "imported": null,
            "latency_sensitivity": "normal",
            "memory": 8192,
            "memory_hot_add_enabled": false,
            "memory_limit": -1,
            "memory_reservation": 0,
            "memory_reservation_locked_to_max": false,
            "memory_share_count": 81920,
            "memory_share_level": "normal",
            "migrate_wait_timeout": 30,
            "moid": "vm-143543",
            "name": "prod-az3-worker-node-2",
            "nested_hv_enabled": false,
            "network_interface": [
              {
                "adapter_type": "vmxnet3",
                "bandwidth_limit": -1,
                "bandwidth_reservation": 0,
                "bandwidth_share_count": 50,
                "bandwidth_share_level": "normal",
                "device_address": "pci:0:7",
                "key": 4000,
                "mac_address": "00:50:56:a4:0c:8d",
                "network_id": "network-120005",
                "ovf_mapping": "",
                "physical_function": "",
                "use_static_mac": false
              }
            ],
            "num_cores_per_socket": 1,
            "num_cpus": 8,
            "ovf_deploy": [],
            "pci_device_id": [],
            "power_state": "on",
            "poweron_timeout": 300,
            "reboot_required": false,
            "replace_trigger": null,
            "resource_pool_id": "resgroup-143490",
            "run_tools_scripts_after_power_on": true,
            "run_tools_scripts_after_resume": true,
            "run_tools_scripts_before_guest_reboot": false,
            "run_tools_scripts_before_guest_shutdown": true,
            "run_tools_scripts_before_guest_standby": true,
            "sata_controller_count": 0,
            "scsi_bus_sharing": "noSharing",
            "scsi_controller_count": 1,
            "scsi_type": "pvscsi",
            "shutdown_wait_timeout": 3,
            "storage_policy_id": "",
            "swap_placement_policy": "inherit",
            "sync_time_with_host": false,
            "sync_time_with_host_periodically": false,
            "tags": [],
            "tools_upgrade_policy": "manual",
            "uuid": "4224e355-3dc8-f318-593d-4f6a6646a53f",
            "vapp": [],
            "vapp_transport": [],
            "vbs_enabled": false,
            "vmware_tools_status": "guestToolsRunning",
            "vmx_path": "prod-az3-worker-node-2/prod-az3-worker-node-2.vmx",
            "vtpm": [],
            "vvtd_enabled": false,
            "wait_for_guest_ip_timeout": 0,
            "wait_for_guest_net_routable": true,
            "wait_for_guest_net_timeout": 0
          },
          "sensitive_attributes": [
            [
              {
                "type": "get_attr",
                "value": "extra_config"
              },
              {
                "type": "index",
                "value": {
                  "value": "guestinfo.userdata",
                  "type": "string"
                }
              }
            ],
            [
              {
                "type": "get_attr",
                "value": "clone"
              },
              {
                "type": "index",
                "value": {
                  "value": 0,
                  "type": "number"
                }
              },
              {
                "type": "get_attr",
                "value": "customize"
              },
              {
                "type": "index",
                "value": {
                  "value": 0,
                  "type": "number"
                }
              },
              {
                "type": "get_attr",
                "value": "linux_options"
              },
              {
                "type": "index",
                "value": {
                  "value": 0,
                  "type": "number"
                }
              },
              {
                "type": "get_attr",
                "value": "script_text"
              }
            ],
            [
              {
                "type": "get_attr",
                "value": "clone"
              },
              {
                "type": "index",
                "value": {
                  "value": 0,
                  "type": "number"
                }
              },
              {
                "type": "get_attr",
                "value": "customize"
              },
              {
                "type": "index",
                "value": {
                  "value": 0,
                  "type": "number"
                }
              },
              {
                "type": "get_attr",
                "value": "ipv4_gateway"
              }
            ],
            [
              {
                "type": "get_attr",
                "value": "clone"
              },
              {
                "type": "index",
                "value": {
                  "value": 0,
                  "type": "number"
                }
              },
              {
                "type": "get_attr",
                "value": "customize"
              },
              {
                "type": "index",
                "value": {
                  "value": 0,
                  "type": "number"
                }
              },
              {
                "type": "get_attr",
                "value": "network_interface"
              },
              {
                "type": "index",
                "value": {
                  "value": 0,
                  "type": "number"
                }
              },
              {
                "type": "get_attr",
                "value": "ipv4_address"
              }
            ],
            [
              {
                "type": "get_attr",
                "value": "clone"
              },
              {
                "type": "index",
                "value": {
                  "value": 0,
                  "type": "number"
                }
              },
              {
                "type": "get_attr",
                "value": "customize"
              },
              {
                "type": "index",
                "value": {
                  "value": 0,
                  "type": "number"
                }
              },
              {
                "type": "get_attr",
                "value": "windows_sysprep_text"
              }
            ]
          ],
          "private": "eyJzY2hlbWFfdmVyc2lvbiI6IjMifQ==",
          "dependencies": [
            "module.rke2_prod_cluster.data.vsphere_datacenter.vsphere_datacenter_az1",
            "module.rke2_prod_cluster.data.vsphere_datacenter.vsphere_datacenter_az3",
            "module.rke2_prod_cluster.data.vsphere_datastore.vsphere_datastore_az1",
            "module.rke2_prod_cluster.data.vsphere_datastore.vsphere_datastore_az3",
            "module.rke2_prod_cluster.data.vsphere_host.vsphere_host_az1",
            "module.rke2_prod_cluster.data.vsphere_host.vsphere_host_az3",
            "module.rke2_prod_cluster.data.vsphere_network.vsphere_network_az1",
            "module.rke2_prod_cluster.data.vsphere_network.vsphere_network_az3",
            "module.rke2_prod_cluster.data.vsphere_ovf_vm_template.template",
            "module.rke2_prod_cluster.data.vsphere_ovf_vm_template.templateLocal",
            "module.rke2_prod_cluster.data.vsphere_resource_pool.vsphere_resource_pool_az1",
            "module.rke2_prod_cluster.data.vsphere_resource_pool.vsphere_resource_pool_az3",
            "module.rke2_prod_cluster.data.vsphere_virtual_machine.template",
            "module.rke2_prod_cluster.vsphere_virtual_machine.master_nodes_az1",
            "module.rke2_prod_cluster.vsphere_virtual_machine.template"
          ]
        }
      ]
    }
  ],
  "check_results": [
    {
      "object_kind": "resource",
      "config_addr": "module.k8s_provisioner_prod.kubernetes_namespace.argocd",
      "status": "pass",
      "objects": null
    },
    {
      "object_kind": "resource",
      "config_addr": "module.k8s_provisioner_prod.kubernetes_namespace.grafana",
      "status": "pass",
      "objects": [
        {
          "object_addr": "module.k8s_provisioner_prod.kubernetes_namespace.grafana[0]",
          "status": "pass"
        }
      ]
    },
    {
      "object_kind": "resource",
      "config_addr": "module.rke2_prod_cluster.vsphere_virtual_machine.worker_nodes_az3",
      "status": "pass",
      "objects": [
        {
          "object_addr": "module.rke2_prod_cluster.vsphere_virtual_machine.worker_nodes_az3[1]",
          "status": "pass"
        },
        {
          "object_addr": "module.rke2_prod_cluster.vsphere_virtual_machine.worker_nodes_az3[0]",
          "status": "pass"
        }
      ]
    },
    {
      "object_kind": "resource",
      "config_addr": "module.k8s_provisioner_prod.kubernetes_namespace.sonarqube",
      "status": "pass",
      "objects": null
    },
    {
      "object_kind": "resource",
      "config_addr": "module.k8s_provisioner_prod.kubernetes_namespace.longhorn",
      "status": "pass",
      "objects": [
        {
          "object_addr": "module.k8s_provisioner_prod.kubernetes_namespace.longhorn[0]",
          "status": "pass"
        }
      ]
    },
    {
      "object_kind": "resource",
      "config_addr": "module.k8s_provisioner_prod.kubernetes_namespace.loki",
      "status": "pass",
      "objects": null
    },
    {
      "object_kind": "resource",
      "config_addr": "module.rke2_prod_cluster.vsphere_virtual_machine.worker_nodes_az1",
      "status": "pass",
      "objects": [
        {
          "object_addr": "module.rke2_prod_cluster.vsphere_virtual_machine.worker_nodes_az1[0]",
          "status": "pass"
        },
        {
          "object_addr": "module.rke2_prod_cluster.vsphere_virtual_machine.worker_nodes_az1[1]",
          "status": "pass"
        }
      ]
    },
    {
      "object_kind": "resource",
      "config_addr": "module.k8s_provisioner_prod.kubernetes_namespace.minio",
      "status": "pass",
      "objects": null
    },
    {
      "object_kind": "resource",
      "config_addr": "module.k8s_provisioner_prod.kubernetes_namespace.rabbitmq",
      "status": "pass",
      "objects": null
    },
    {
      "object_kind": "resource",
      "config_addr": "module.k8s_provisioner_prod.kubernetes_namespace.prometheus",
      "status": "pass",
      "objects": [
        {
          "object_addr": "module.k8s_provisioner_prod.kubernetes_namespace.prometheus[0]",
          "status": "pass"
        }
      ]
    }
  ]
}
