{
  "version": 4,
  "terraform_version": "1.9.8",
  "serial": 328,
  "lineage": "bda714f8-e690-5cfb-78ef-941d1954aef4",
  "outputs": {},
  "resources": [
    {
      "module": "module.rke2_prod_cluster",
      "mode": "data",
      "type": "vsphere_datacenter",
      "name": "vsphere_datacenter_az1",
      "provider": "provider[\"registry.terraform.io/hashicorp/vsphere\"]",
      "instances": [
        {
          "schema_version": 0,
          "attributes": {
            "id": "datacenter-3",
            "name": "New Datacenter",
            "virtual_machines": [
              "VMware vCenter Server",
              "jammy-server-cloudimg-amd64",
              "prod-az1-master-node-1",
              "prod-az1-master-node-2",
              "prod-az1-worker-node-1",
              "prod-az3-master-node-1",
              "prod-az3-master-node-2",
              "prod-az3-worker-node-1",
              "prod-bastion-1"
            ]
          },
          "sensitive_attributes": [
            [
              {
                "type": "get_attr",
                "value": "name"
              }
            ]
          ]
        }
      ]
    },
    {
      "module": "module.rke2_prod_cluster",
      "mode": "data",
      "type": "vsphere_datacenter",
      "name": "vsphere_datacenter_az3",
      "provider": "provider[\"registry.terraform.io/hashicorp/vsphere\"]",
      "instances": [
        {
          "index_key": 0,
          "schema_version": 0,
          "attributes": {
            "id": "datacenter-3",
            "name": "New Datacenter",
            "virtual_machines": [
              "VMware vCenter Server",
              "jammy-server-cloudimg-amd64",
              "prod-az1-master-node-1",
              "prod-az1-master-node-2",
              "prod-az1-worker-node-1",
              "prod-az3-master-node-1",
              "prod-az3-master-node-2",
              "prod-az3-worker-node-1",
              "prod-bastion-1"
            ]
          },
          "sensitive_attributes": [
            [
              {
                "type": "get_attr",
                "value": "name"
              }
            ]
          ]
        }
      ]
    },
    {
      "module": "module.rke2_prod_cluster",
      "mode": "data",
      "type": "vsphere_datastore",
      "name": "vsphere_datastore_az1",
      "provider": "provider[\"registry.terraform.io/hashicorp/vsphere\"]",
      "instances": [
        {
          "schema_version": 0,
          "attributes": {
            "datacenter_id": "datacenter-3",
            "id": "datastore-11",
            "name": "datastore1",
            "stats": {
              "capacity": "961804238848",
              "free": "899536650240"
            }
          },
          "sensitive_attributes": [
            [
              {
                "type": "get_attr",
                "value": "name"
              }
            ]
          ]
        }
      ]
    },
    {
      "module": "module.rke2_prod_cluster",
      "mode": "data",
      "type": "vsphere_datastore",
      "name": "vsphere_datastore_az3",
      "provider": "provider[\"registry.terraform.io/hashicorp/vsphere\"]",
      "instances": [
        {
          "index_key": 0,
          "schema_version": 0,
          "attributes": {
            "datacenter_id": "datacenter-3",
            "id": "datastore-16",
            "name": "datastore1 (1)",
            "stats": {
              "capacity": "961804238848",
              "free": "875549425664"
            }
          },
          "sensitive_attributes": [
            [
              {
                "type": "get_attr",
                "value": "name"
              }
            ]
          ]
        }
      ]
    },
    {
      "module": "module.rke2_prod_cluster",
      "mode": "data",
      "type": "vsphere_host",
      "name": "vsphere_host_az1",
      "provider": "provider[\"registry.terraform.io/hashicorp/vsphere\"]",
      "instances": [
        {
          "schema_version": 0,
          "attributes": {
            "datacenter_id": "datacenter-3",
            "id": "host-10",
            "name": "10.100.105.100",
            "resource_pool_id": "resgroup-9"
          },
          "sensitive_attributes": [
            [
              {
                "type": "get_attr",
                "value": "name"
              }
            ]
          ]
        }
      ]
    },
    {
      "module": "module.rke2_prod_cluster",
      "mode": "data",
      "type": "vsphere_host",
      "name": "vsphere_host_az3",
      "provider": "provider[\"registry.terraform.io/hashicorp/vsphere\"]",
      "instances": [
        {
          "index_key": 0,
          "schema_version": 0,
          "attributes": {
            "datacenter_id": "datacenter-3",
            "id": "host-15",
            "name": "10.100.105.101",
            "resource_pool_id": "resgroup-14"
          },
          "sensitive_attributes": [
            [
              {
                "type": "get_attr",
                "value": "name"
              }
            ]
          ]
        }
      ]
    },
    {
      "module": "module.rke2_prod_cluster",
      "mode": "data",
      "type": "vsphere_network",
      "name": "vsphere_network_az1",
      "provider": "provider[\"registry.terraform.io/hashicorp/vsphere\"]",
      "instances": [
        {
          "schema_version": 0,
          "attributes": {
            "datacenter_id": "datacenter-3",
            "distributed_virtual_switch_uuid": null,
            "filter": null,
            "id": "network-12",
            "name": "VM Network",
            "type": "Network"
          },
          "sensitive_attributes": [
            [
              {
                "type": "get_attr",
                "value": "name"
              }
            ]
          ]
        }
      ]
    },
    {
      "module": "module.rke2_prod_cluster",
      "mode": "data",
      "type": "vsphere_network",
      "name": "vsphere_network_az3",
      "provider": "provider[\"registry.terraform.io/hashicorp/vsphere\"]",
      "instances": [
        {
          "index_key": 0,
          "schema_version": 0,
          "attributes": {
            "datacenter_id": "datacenter-3",
            "distributed_virtual_switch_uuid": null,
            "filter": null,
            "id": "network-12",
            "name": "VM Network",
            "type": "Network"
          },
          "sensitive_attributes": [
            [
              {
                "type": "get_attr",
                "value": "name"
              }
            ]
          ]
        }
      ]
    },
    {
      "module": "module.rke2_prod_cluster",
      "mode": "data",
      "type": "vsphere_ovf_vm_template",
      "name": "template",
      "provider": "provider[\"registry.terraform.io/hashicorp/vsphere\"]",
      "instances": [
        {
          "schema_version": 0,
          "attributes": {
            "allow_unverified_ssl_cert": false,
            "alternate_guest_name": "",
            "annotation": "",
            "cpu_hot_add_enabled": false,
            "cpu_hot_remove_enabled": false,
            "cpu_performance_counters_enabled": null,
            "datastore_id": "datastore-11",
            "deployment_option": null,
            "disk_provisioning": "thin",
            "enable_hidden_properties": false,
            "firmware": "bios",
            "folder": null,
            "guest_id": "ubuntu64Guest",
            "host_system_id": "host-10",
            "id": "jammy-server-cloudimg-amd64",
            "ide_controller_count": 2,
            "ip_allocation_policy": null,
            "ip_protocol": null,
            "local_ovf_path": null,
            "memory": 1024,
            "memory_hot_add_enabled": false,
            "name": "jammy-server-cloudimg-amd64",
            "nested_hv_enabled": false,
            "num_cores_per_socket": 1,
            "num_cpus": 2,
            "ovf_network_map": {
              "VM Network": "network-12"
            },
            "remote_ovf_url": "https://cloud-images.ubuntu.com/jammy/current/jammy-server-cloudimg-amd64.ova",
            "resource_pool_id": "resgroup-9",
            "sata_controller_count": 0,
            "scsi_controller_count": 1,
            "scsi_type": "pvscsi",
            "swap_placement_policy": ""
          },
          "sensitive_attributes": []
        }
      ]
    },
    {
      "module": "module.rke2_prod_cluster",
      "mode": "data",
      "type": "vsphere_ovf_vm_template",
      "name": "templateLocal",
      "provider": "provider[\"registry.terraform.io/hashicorp/vsphere\"]",
      "instances": [
        {
          "schema_version": 0,
          "attributes": {
            "allow_unverified_ssl_cert": false,
            "alternate_guest_name": "",
            "annotation": "",
            "cpu_hot_add_enabled": false,
            "cpu_hot_remove_enabled": false,
            "cpu_performance_counters_enabled": null,
            "datastore_id": "datastore-11",
            "deployment_option": null,
            "disk_provisioning": "thin",
            "enable_hidden_properties": false,
            "firmware": "bios",
            "folder": null,
            "guest_id": "ubuntu64Guest",
            "host_system_id": "host-10",
            "id": "jammy-server-cloudimg-amd64",
            "ide_controller_count": 2,
            "ip_allocation_policy": null,
            "ip_protocol": null,
            "local_ovf_path": "./files/ova/jammy-server-cloudimg-amd64.ova",
            "memory": 1024,
            "memory_hot_add_enabled": false,
            "name": "jammy-server-cloudimg-amd64",
            "nested_hv_enabled": false,
            "num_cores_per_socket": 1,
            "num_cpus": 2,
            "ovf_network_map": {
              "VM Network": "network-12"
            },
            "remote_ovf_url": null,
            "resource_pool_id": "resgroup-9",
            "sata_controller_count": 0,
            "scsi_controller_count": 1,
            "scsi_type": "pvscsi",
            "swap_placement_policy": ""
          },
          "sensitive_attributes": []
        }
      ]
    },
    {
      "module": "module.rke2_prod_cluster",
      "mode": "data",
      "type": "vsphere_resource_pool",
      "name": "vsphere_resource_pool_az1",
      "provider": "provider[\"registry.terraform.io/hashicorp/vsphere\"]",
      "instances": [
        {
          "schema_version": 0,
          "attributes": {
            "datacenter_id": "datacenter-3",
            "id": "resgroup-22",
            "name": "RKE2_AZ1"
          },
          "sensitive_attributes": [
            [
              {
                "type": "get_attr",
                "value": "name"
              }
            ]
          ]
        }
      ]
    },
    {
      "module": "module.rke2_prod_cluster",
      "mode": "data",
      "type": "vsphere_resource_pool",
      "name": "vsphere_resource_pool_az3",
      "provider": "provider[\"registry.terraform.io/hashicorp/vsphere\"]",
      "instances": [
        {
          "index_key": 0,
          "schema_version": 0,
          "attributes": {
            "datacenter_id": "datacenter-3",
            "id": "resgroup-23",
            "name": "RKE2_AZ3"
          },
          "sensitive_attributes": [
            [
              {
                "type": "get_attr",
                "value": "name"
              }
            ]
          ]
        }
      ]
    },
    {
      "module": "module.rke2_prod_cluster",
      "mode": "data",
      "type": "vsphere_virtual_machine",
      "name": "template",
      "provider": "provider[\"registry.terraform.io/hashicorp/vsphere\"]",
      "instances": [
        {
          "schema_version": 0,
          "attributes": {
            "alternate_guest_name": "",
            "annotation": "",
            "boot_delay": 0,
            "boot_retry_delay": 10000,
            "boot_retry_enabled": false,
            "change_version": "2024-10-25T22:16:02.031047Z",
            "cpu_hot_add_enabled": false,
            "cpu_hot_remove_enabled": false,
            "cpu_limit": -1,
            "cpu_performance_counters_enabled": false,
            "cpu_reservation": 0,
            "cpu_share_count": 2000,
            "cpu_share_level": "normal",
            "datacenter_id": "datacenter-3",
            "default_ip_address": "10.100.105.99",
            "disks": [
              {
                "eagerly_scrub": false,
                "label": "Hard disk 1",
                "size": 10,
                "thin_provisioned": true,
                "unit_number": 0
              }
            ],
            "efi_secure_boot_enabled": false,
            "enable_disk_uuid": true,
            "enable_logging": false,
            "ept_rvi_mode": "automatic",
            "extra_config": {},
            "extra_config_reboot_required": true,
            "firmware": "bios",
            "folder": null,
            "guest_id": "ubuntu64Guest",
            "guest_ip_addresses": [
              "10.100.105.99",
              "fe80::250:56ff:feaf:f530"
            ],
            "hardware_version": 10,
            "hv_mode": "hvAuto",
            "id": "422f76b1-53f7-6e19-30d8-fe0b67143c22",
            "ide_controller_scan_count": 2,
            "instance_uuid": "502fff53-256f-b3af-36a8-bf8363eb24f8",
            "latency_sensitivity": "normal",
            "memory": 1024,
            "memory_hot_add_enabled": false,
            "memory_limit": -1,
            "memory_reservation": 0,
            "memory_reservation_locked_to_max": false,
            "memory_share_count": 10240,
            "memory_share_level": "normal",
            "moid": "vm-24",
            "name": "jammy-server-cloudimg-amd64",
            "nested_hv_enabled": false,
            "network_interface_types": [
              "vmxnet3"
            ],
            "network_interfaces": [
              {
                "adapter_type": "vmxnet3",
                "bandwidth_limit": -1,
                "bandwidth_reservation": 0,
                "bandwidth_share_count": 50,
                "bandwidth_share_level": "normal",
                "mac_address": "00:50:56:af:f5:30",
                "network_id": "network-12",
                "physical_function": ""
              }
            ],
            "num_cores_per_socket": 1,
            "num_cpus": 2,
            "replace_trigger": null,
            "run_tools_scripts_after_power_on": true,
            "run_tools_scripts_after_resume": true,
            "run_tools_scripts_before_guest_reboot": false,
            "run_tools_scripts_before_guest_shutdown": true,
            "run_tools_scripts_before_guest_standby": true,
            "sata_controller_scan_count": 0,
            "scsi_bus_sharing": "noSharing",
            "scsi_controller_scan_count": 1,
            "scsi_type": "pvscsi",
            "storage_policy_id": null,
            "swap_placement_policy": "inherit",
            "sync_time_with_host": false,
            "sync_time_with_host_periodically": false,
            "tools_upgrade_policy": "manual",
            "uuid": "422f76b1-53f7-6e19-30d8-fe0b67143c22",
            "vapp": null,
            "vapp_transport": [],
            "vbs_enabled": false,
            "vtpm": null,
            "vvtd_enabled": false
          },
          "sensitive_attributes": []
        }
      ]
    },
    {
      "module": "module.rke2_prod_cluster",
      "mode": "managed",
      "type": "local_file",
      "name": "inventory_file",
      "provider": "provider[\"registry.terraform.io/hashicorp/local\"]",
      "instances": [
        {
          "index_key": 0,
          "schema_version": 0,
          "attributes": {
            "content": "[masters]\r\n\r\n[workers]\r\n\r\n[k8s_cluster:children]\r\nmasters\r\nworkers",
            "content_base64": null,
            "content_base64sha256": "iEKTwe0kX4fllitqjjZnWTIoy1TEl3Daq/qxAeHeOA0=",
            "content_base64sha512": "V+Rd0eXxMocpSsImwEaWR0SJti90xSPI9AUAn+qG0ai6nXPXQ7jXftpWAa3t5FHx8HV9lYLMb+DncNR2p6vtGA==",
            "content_md5": "68862cc56517387e7c7ea6759fc623b5",
            "content_sha1": "b3e5709df4ae98c0e047041891c28f37d130b871",
            "content_sha256": "884293c1ed245f87e5962b6a8e3667593228cb54c49770daabfab101e1de380d",
            "content_sha512": "57e45dd1e5f13287294ac226c04696474489b62f74c523c8f405009fea86d1a8ba9d73d743b8d77eda5601adede451f1f0757d9582cc6fe0e770d476a7abed18",
            "directory_permission": "0777",
            "file_permission": "0777",
            "filename": "./files/ansible/inventory_prod.ini",
            "id": "b3e5709df4ae98c0e047041891c28f37d130b871",
            "sensitive_content": null,
            "source": null
          },
          "sensitive_attributes": [
            [
              {
                "type": "get_attr",
                "value": "sensitive_content"
              }
            ]
          ]
        }
      ]
    },
    {
      "module": "module.rke2_prod_cluster",
      "mode": "managed",
      "type": "null_resource",
      "name": "ansible_add_hosts",
      "provider": "provider[\"registry.terraform.io/hashicorp/null\"]",
      "instances": [
        {
          "index_key": 0,
          "schema_version": 0,
          "attributes": {
            "id": "5632914140159462227",
            "triggers": {
              "inventory_file": "./files/ansible/inventory_prod.ini",
              "nodes": ""
            }
          },
          "sensitive_attributes": [],
          "dependencies": [
            "module.rke2_prod_cluster.data.vsphere_datacenter.vsphere_datacenter_az1",
            "module.rke2_prod_cluster.data.vsphere_datacenter.vsphere_datacenter_az3",
            "module.rke2_prod_cluster.data.vsphere_datastore.vsphere_datastore_az1",
            "module.rke2_prod_cluster.data.vsphere_datastore.vsphere_datastore_az3",
            "module.rke2_prod_cluster.data.vsphere_host.vsphere_host_az1",
            "module.rke2_prod_cluster.data.vsphere_host.vsphere_host_az3",
            "module.rke2_prod_cluster.data.vsphere_network.vsphere_network_az1",
            "module.rke2_prod_cluster.data.vsphere_network.vsphere_network_az3",
            "module.rke2_prod_cluster.data.vsphere_ovf_vm_template.template",
            "module.rke2_prod_cluster.data.vsphere_ovf_vm_template.templateLocal",
            "module.rke2_prod_cluster.data.vsphere_resource_pool.vsphere_resource_pool_az1",
            "module.rke2_prod_cluster.data.vsphere_resource_pool.vsphere_resource_pool_az3",
            "module.rke2_prod_cluster.data.vsphere_virtual_machine.template",
            "module.rke2_prod_cluster.local_file.inventory_file",
            "module.rke2_prod_cluster.time_sleep.wait_3_minutes_for_node_ready",
            "module.rke2_prod_cluster.vsphere_virtual_machine.master_nodes_az1",
            "module.rke2_prod_cluster.vsphere_virtual_machine.master_nodes_az3",
            "module.rke2_prod_cluster.vsphere_virtual_machine.template",
            "module.rke2_prod_cluster.vsphere_virtual_machine.worker_nodes_az1",
            "module.rke2_prod_cluster.vsphere_virtual_machine.worker_nodes_az3"
          ]
        }
      ]
    },
    {
      "module": "module.rke2_prod_cluster",
      "mode": "managed",
      "type": "null_resource",
      "name": "ansible_install_rke2",
      "provider": "provider[\"registry.terraform.io/hashicorp/null\"]",
      "instances": [
        {
          "index_key": 0,
          "schema_version": 0,
          "attributes": {
            "id": "4468916555464963765",
            "triggers": {
              "nodes": "",
              "playbook_changes": "96bb5e1a68cc76adee8807f5deda02ecbefa469aa612ede278e22524b13dd671"
            }
          },
          "sensitive_attributes": [],
          "dependencies": [
            "module.rke2_prod_cluster.data.vsphere_datacenter.vsphere_datacenter_az1",
            "module.rke2_prod_cluster.data.vsphere_datacenter.vsphere_datacenter_az3",
            "module.rke2_prod_cluster.data.vsphere_datastore.vsphere_datastore_az1",
            "module.rke2_prod_cluster.data.vsphere_datastore.vsphere_datastore_az3",
            "module.rke2_prod_cluster.data.vsphere_host.vsphere_host_az1",
            "module.rke2_prod_cluster.data.vsphere_host.vsphere_host_az3",
            "module.rke2_prod_cluster.data.vsphere_network.vsphere_network_az1",
            "module.rke2_prod_cluster.data.vsphere_network.vsphere_network_az3",
            "module.rke2_prod_cluster.data.vsphere_ovf_vm_template.template",
            "module.rke2_prod_cluster.data.vsphere_ovf_vm_template.templateLocal",
            "module.rke2_prod_cluster.data.vsphere_resource_pool.vsphere_resource_pool_az1",
            "module.rke2_prod_cluster.data.vsphere_resource_pool.vsphere_resource_pool_az3",
            "module.rke2_prod_cluster.data.vsphere_virtual_machine.template",
            "module.rke2_prod_cluster.local_file.inventory_file",
            "module.rke2_prod_cluster.null_resource.ansible_add_hosts",
            "module.rke2_prod_cluster.time_sleep.wait_3_minutes_for_node_ready",
            "module.rke2_prod_cluster.vsphere_virtual_machine.master_nodes_az1",
            "module.rke2_prod_cluster.vsphere_virtual_machine.master_nodes_az3",
            "module.rke2_prod_cluster.vsphere_virtual_machine.template",
            "module.rke2_prod_cluster.vsphere_virtual_machine.worker_nodes_az1",
            "module.rke2_prod_cluster.vsphere_virtual_machine.worker_nodes_az3"
          ]
        }
      ]
    },
    {
      "module": "module.rke2_prod_cluster",
      "mode": "managed",
      "type": "time_sleep",
      "name": "wait_3_minutes_for_node_ready",
      "provider": "provider[\"registry.terraform.io/hashicorp/time\"]",
      "instances": [
        {
          "index_key": 0,
          "schema_version": 0,
          "attributes": {
            "create_duration": "180s",
            "destroy_duration": null,
            "id": "2024-10-26T14:21:16Z",
            "triggers": null
          },
          "sensitive_attributes": [],
          "dependencies": [
            "module.rke2_prod_cluster.data.vsphere_datacenter.vsphere_datacenter_az1",
            "module.rke2_prod_cluster.data.vsphere_datacenter.vsphere_datacenter_az3",
            "module.rke2_prod_cluster.data.vsphere_datastore.vsphere_datastore_az1",
            "module.rke2_prod_cluster.data.vsphere_datastore.vsphere_datastore_az3",
            "module.rke2_prod_cluster.data.vsphere_host.vsphere_host_az1",
            "module.rke2_prod_cluster.data.vsphere_host.vsphere_host_az3",
            "module.rke2_prod_cluster.data.vsphere_network.vsphere_network_az1",
            "module.rke2_prod_cluster.data.vsphere_network.vsphere_network_az3",
            "module.rke2_prod_cluster.data.vsphere_ovf_vm_template.template",
            "module.rke2_prod_cluster.data.vsphere_ovf_vm_template.templateLocal",
            "module.rke2_prod_cluster.data.vsphere_resource_pool.vsphere_resource_pool_az1",
            "module.rke2_prod_cluster.data.vsphere_resource_pool.vsphere_resource_pool_az3",
            "module.rke2_prod_cluster.data.vsphere_virtual_machine.template",
            "module.rke2_prod_cluster.vsphere_virtual_machine.master_nodes_az1",
            "module.rke2_prod_cluster.vsphere_virtual_machine.master_nodes_az3",
            "module.rke2_prod_cluster.vsphere_virtual_machine.template",
            "module.rke2_prod_cluster.vsphere_virtual_machine.worker_nodes_az1",
            "module.rke2_prod_cluster.vsphere_virtual_machine.worker_nodes_az3"
          ]
        }
      ]
    },
    {
      "module": "module.rke2_prod_cluster",
      "mode": "managed",
      "type": "time_static",
      "name": "current",
      "provider": "provider[\"registry.terraform.io/hashicorp/time\"]",
      "instances": [
        {
          "schema_version": 0,
          "attributes": {
            "day": 24,
            "hour": 19,
            "id": "2024-10-24T19:48:49Z",
            "minute": 48,
            "month": 10,
            "rfc3339": "2024-10-24T19:48:49Z",
            "second": 49,
            "triggers": null,
            "unix": 1729799329,
            "year": 2024
          },
          "sensitive_attributes": []
        }
      ]
    },
    {
      "module": "module.rke2_prod_cluster",
      "mode": "managed",
      "type": "vsphere_virtual_machine",
      "name": "bastion_node",
      "provider": "provider[\"registry.terraform.io/hashicorp/vsphere\"]",
      "instances": [
        {
          "index_key": 0,
          "schema_version": 3,
          "attributes": {
            "alternate_guest_name": "",
            "annotation": "",
            "boot_delay": 0,
            "boot_retry_delay": 10000,
            "boot_retry_enabled": false,
            "cdrom": [],
            "change_version": "2024-10-25T22:26:53.587931Z",
            "clone": [
              {
                "customization_spec": [],
                "customize": [
                  {
                    "dns_server_list": [
                      "8.8.8.8",
                      "8.8.4.4"
                    ],
                    "dns_suffix_list": [],
                    "ipv4_gateway": "10.100.105.1",
                    "ipv6_gateway": "",
                    "linux_options": [
                      {
                        "domain": "hostart.az",
                        "host_name": "prod-bastion-1",
                        "hw_clock_utc": true,
                        "script_text": "",
                        "time_zone": "Asia/Baku"
                      }
                    ],
                    "network_interface": [
                      {
                        "dns_domain": "",
                        "dns_server_list": [],
                        "ipv4_address": "10.100.105.3",
                        "ipv4_netmask": 24,
                        "ipv6_address": "",
                        "ipv6_netmask": 0
                      }
                    ],
                    "timeout": 10,
                    "windows_options": [],
                    "windows_sysprep_text": ""
                  }
                ],
                "linked_clone": false,
                "ovf_network_map": {},
                "ovf_storage_map": {},
                "template_uuid": "422f76b1-53f7-6e19-30d8-fe0b67143c22",
                "timeout": 30
              }
            ],
            "cpu_hot_add_enabled": false,
            "cpu_hot_remove_enabled": false,
            "cpu_limit": -1,
            "cpu_performance_counters_enabled": false,
            "cpu_reservation": 0,
            "cpu_share_count": 4000,
            "cpu_share_level": "normal",
            "custom_attributes": {},
            "datacenter_id": null,
            "datastore_cluster_id": null,
            "datastore_id": "datastore-11",
            "default_ip_address": "10.100.105.3",
            "disk": [
              {
                "attach": false,
                "controller_type": "scsi",
                "datastore_id": "datastore-11",
                "device_address": "scsi:0:0",
                "disk_mode": "persistent",
                "disk_sharing": "sharingNone",
                "eagerly_scrub": false,
                "io_limit": -1,
                "io_reservation": 0,
                "io_share_count": 1000,
                "io_share_level": "normal",
                "keep_on_remove": false,
                "key": 2000,
                "label": "Hard disk 1",
                "path": "prod-bastion-1/prod-bastion-1.vmdk",
                "size": 50,
                "storage_policy_id": "",
                "thin_provisioned": true,
                "unit_number": 0,
                "uuid": "6000C298-7934-3642-a28d-267098702ed7",
                "write_through": false
              }
            ],
            "efi_secure_boot_enabled": false,
            "enable_disk_uuid": false,
            "enable_logging": false,
            "ept_rvi_mode": "automatic",
            "extra_config": {
              "guestinfo.userdata": "I2Nsb3VkLWNvbmZpZw0KZ3JvdXBzOg0KICAtIHVidW50dTogW3Jvb3Qsc3lzXQ0KICAtIGRldm9wcw0KdXNlcnM6DQogIC0gZGVmYXVsdA0KICAtIG5hbWU6IGRldm9wcw0KICAgIHByaW1hcnlfZ3JvdXA6IGRldm9wcw0KICAgIGdyb3Vwczogc3Vkbw0KICAgIHN1ZG86IFsnQUxMPShBTEwpIE5PUEFTU1dEOkFMTCddDQogICAgbG9ja19wYXNzd2Q6IGZhbHNlDQogICAgcGFzc3dkOiAiJDYkVEJUcDFaR0o3d0FCbFBiRyR2eW11b243YkdxRUNIdDFXRlVGVGM5VHoxd3ZKUEQ2bTBjTWRmZFhJdTVWaDV6dmpRY0NncXJDMHhHVGFwZ2dJRkplQU92TS54eU9XY0FsSFQyVnJpMSINCiAgLSBuYW1lOiBjaS11c2VyDQogICAgcHJpbWFyeV9ncm91cDogY2ktdXNlcg0KICAgIGdyb3Vwczogc3Vkbw0KICAgIHN1ZG86ICJBTEw9KEFMTCkgTk9QQVNTV0Q6QUxMIg0KICAgIGxvY2tfcGFzc3dkOiBmYWxzZQ0KICAgIHBhc3N3ZDogJDYkVEJUcDFaR0o3d0FCbFBiRyR2eW11b243YkdxRUNIdDFXRlVGVGM5VHoxd3ZKUEQ2bTBjTWRmZFhJdTVWaDV6dmpRY0NncXJDMHhHVGFwZ2dJRkplQU92TS54eU9XY0FsSFQyVnJpMQ0KDQoNCm1hbmFnZV9ldGNfaG9zdHM6IHRydWUNCg0Kd3JpdGVfZmlsZXM6DQogIC0gcGF0aDogL2V0Yy9jbG91ZC90ZW1wbGF0ZXMvaG9zdHMuZGViaWFuLnRtcGwNCiAgICBjb250ZW50OiB8DQogICAgICAxMjcuMC4wLjEgbG9jYWxob3N0DQogICAgICAxMjcuMC4xLjEgJGZxZG4NCiAgICAgIDEwLjEwMC4xMDUuMTAgcHJvZC1yYW5jaGVyLmhvc3RhcnQuYXoNCiAgICAgIDEwLjEwMC43MC4yNTAgdmNzYS5ob3N0YXJ0LmxvY2FsDQoNCiAgLSBwYXRoOiAvaG9tZS9kZXZvcHMvaW5zdGFsbF9kZXZvcHNfdG9vbHMuc2gNCiAgICBwZXJtaXNzaW9uczogJzA3NTUnDQogICAgY29udGVudDogfA0KICAgICAgIyEvYmluL2Jhc2gNCiAgICAgIHdnZXQgLU8tIGh0dHBzOi8vYXB0LnJlbGVhc2VzLmhhc2hpY29ycC5jb20vZ3BnIHwgc3VkbyBncGcgLS1kZWFybW9yIC1vIC91c3Ivc2hhcmUva2V5cmluZ3MvaGFzaGljb3JwLWFyY2hpdmUta2V5cmluZy5ncGcNCiAgICAgIGVjaG8gImRlYiBbc2lnbmVkLWJ5PS91c3Ivc2hhcmUva2V5cmluZ3MvaGFzaGljb3JwLWFyY2hpdmUta2V5cmluZy5ncGddIGh0dHBzOi8vYXB0LnJlbGVhc2VzLmhhc2hpY29ycC5jb20gJChsc2JfcmVsZWFzZSAtY3MpIG1haW4iIHwgc3VkbyB0ZWUgL2V0Yy9hcHQvc291cmNlcy5saXN0LmQvaGFzaGljb3JwLmxpc3QNCiAgICAgIHN1ZG8gYXB0IHVwZGF0ZQ0KICAgICAgc3VkbyBhcHQgaW5zdGFsbCAteSBweXRob24zLXBpcCB0ZXJyYWZvcm0gc3NocGFzcyB3aG9pcw0KICAgICAgc3VkbyBwaXAzIGluc3RhbGwgYW5zaWJsZSBhbnNpYmxlLWNvcmUNCg0KYm9vdGNtZDoNCiAgLSBwcmludGYgIltSZXNvbHZlXVxuRE5TPTguOC44LjggOC44LjQuNCIgPiAvZXRjL3N5c3RlbWQvcmVzb2x2ZWQuY29uZg0KICAtIFsgc3lzdGVtY3RsLCByZXN0YXJ0LCBzeXN0ZW1kLXJlc29sdmVkIF0NCg0KcnVuY21kOg0KICAtIFsgc2gsIC1jLCAnL2hvbWUvZGV2b3BzL2luc3RhbGxfZGV2b3BzX3Rvb2xzLnNoJyBdDQogIC0gWyBiYXNoLCAtYywgJ2VjaG8gImV4cG9ydCBLVUJFQ09ORklHPS4uLy4vZmlsZXMva3ViZWNvbmZpZy8iID4+IH4vLmJhc2hyYycgXQ0KICAtIFsgYmFzaCwgLWMsICdlY2hvICJleHBvcnQgUEFUSD0kUEFUSDovdmFyL2xpYi9yYW5jaGVyL3JrZTIvYmluLyIgPj4gfi8uYmFzaHJjJyBdDQogIC0gWyBiYXNoLCAtYywgJ2VjaG8gYWxpYXMgaz0ia3ViZWN0bCIgPj4gfi8uYmFzaHJjJyBdDQo=",
              "guestinfo.userdata.encoding": "base64"
            },
            "extra_config_reboot_required": true,
            "firmware": "bios",
            "folder": "",
            "force_power_off": true,
            "guest_id": "ubuntu64Guest",
            "guest_ip_addresses": [
              "10.100.105.3",
              "fe80::250:56ff:feaf:70d1"
            ],
            "hardware_version": 10,
            "host_system_id": "host-10",
            "hv_mode": "hvAuto",
            "id": "422f319a-97d0-3eda-b3d2-4e86888f50ea",
            "ide_controller_count": 2,
            "ignored_guest_ips": null,
            "imported": null,
            "latency_sensitivity": "normal",
            "memory": 4096,
            "memory_hot_add_enabled": false,
            "memory_limit": -1,
            "memory_reservation": 0,
            "memory_reservation_locked_to_max": false,
            "memory_share_count": 40960,
            "memory_share_level": "normal",
            "migrate_wait_timeout": 30,
            "moid": "vm-26",
            "name": "prod-bastion-1",
            "nested_hv_enabled": false,
            "network_interface": [
              {
                "adapter_type": "vmxnet3",
                "bandwidth_limit": -1,
                "bandwidth_reservation": 0,
                "bandwidth_share_count": 50,
                "bandwidth_share_level": "normal",
                "device_address": "pci:0:7",
                "key": 4000,
                "mac_address": "00:50:56:af:70:d1",
                "network_id": "network-12",
                "ovf_mapping": "",
                "physical_function": "",
                "use_static_mac": false
              }
            ],
            "num_cores_per_socket": 1,
            "num_cpus": 4,
            "ovf_deploy": [],
            "pci_device_id": [],
            "power_state": "on",
            "poweron_timeout": 300,
            "reboot_required": false,
            "replace_trigger": null,
            "resource_pool_id": "resgroup-22",
            "run_tools_scripts_after_power_on": true,
            "run_tools_scripts_after_resume": true,
            "run_tools_scripts_before_guest_reboot": false,
            "run_tools_scripts_before_guest_shutdown": true,
            "run_tools_scripts_before_guest_standby": true,
            "sata_controller_count": 0,
            "scsi_bus_sharing": "noSharing",
            "scsi_controller_count": 1,
            "scsi_type": "pvscsi",
            "shutdown_wait_timeout": 3,
            "storage_policy_id": "",
            "swap_placement_policy": "inherit",
            "sync_time_with_host": false,
            "sync_time_with_host_periodically": false,
            "tags": [],
            "tools_upgrade_policy": "manual",
            "uuid": "422f319a-97d0-3eda-b3d2-4e86888f50ea",
            "vapp": [],
            "vapp_transport": [],
            "vbs_enabled": false,
            "vmware_tools_status": "guestToolsRunning",
            "vmx_path": "prod-bastion-1/prod-bastion-1.vmx",
            "vtpm": [],
            "vvtd_enabled": false,
            "wait_for_guest_ip_timeout": 0,
            "wait_for_guest_net_routable": true,
            "wait_for_guest_net_timeout": 0
          },
          "sensitive_attributes": [
            [
              {
                "type": "get_attr",
                "value": "extra_config"
              },
              {
                "type": "index",
                "value": {
                  "value": "guestinfo.userdata",
                  "type": "string"
                }
              }
            ],
            [
              {
                "type": "get_attr",
                "value": "clone"
              },
              {
                "type": "index",
                "value": {
                  "value": 0,
                  "type": "number"
                }
              },
              {
                "type": "get_attr",
                "value": "customize"
              },
              {
                "type": "index",
                "value": {
                  "value": 0,
                  "type": "number"
                }
              },
              {
                "type": "get_attr",
                "value": "ipv4_gateway"
              }
            ],
            [
              {
                "type": "get_attr",
                "value": "clone"
              },
              {
                "type": "index",
                "value": {
                  "value": 0,
                  "type": "number"
                }
              },
              {
                "type": "get_attr",
                "value": "customize"
              },
              {
                "type": "index",
                "value": {
                  "value": 0,
                  "type": "number"
                }
              },
              {
                "type": "get_attr",
                "value": "windows_sysprep_text"
              }
            ],
            [
              {
                "type": "get_attr",
                "value": "clone"
              },
              {
                "type": "index",
                "value": {
                  "value": 0,
                  "type": "number"
                }
              },
              {
                "type": "get_attr",
                "value": "customize"
              },
              {
                "type": "index",
                "value": {
                  "value": 0,
                  "type": "number"
                }
              },
              {
                "type": "get_attr",
                "value": "linux_options"
              },
              {
                "type": "index",
                "value": {
                  "value": 0,
                  "type": "number"
                }
              },
              {
                "type": "get_attr",
                "value": "script_text"
              }
            ]
          ],
          "private": "eyJzY2hlbWFfdmVyc2lvbiI6IjMifQ==",
          "dependencies": [
            "module.rke2_prod_cluster.data.vsphere_datacenter.vsphere_datacenter_az1",
            "module.rke2_prod_cluster.data.vsphere_datastore.vsphere_datastore_az1",
            "module.rke2_prod_cluster.data.vsphere_host.vsphere_host_az1",
            "module.rke2_prod_cluster.data.vsphere_network.vsphere_network_az1",
            "module.rke2_prod_cluster.data.vsphere_ovf_vm_template.template",
            "module.rke2_prod_cluster.data.vsphere_ovf_vm_template.templateLocal",
            "module.rke2_prod_cluster.data.vsphere_resource_pool.vsphere_resource_pool_az1",
            "module.rke2_prod_cluster.data.vsphere_virtual_machine.template",
            "module.rke2_prod_cluster.vsphere_virtual_machine.template"
          ]
        }
      ]
    },
    {
      "module": "module.rke2_prod_cluster",
      "mode": "managed",
      "type": "vsphere_virtual_machine",
      "name": "template",
      "provider": "provider[\"registry.terraform.io/hashicorp/vsphere\"]",
      "instances": [
        {
          "index_key": 0,
          "schema_version": 3,
          "attributes": {
            "alternate_guest_name": "",
            "annotation": "",
            "boot_delay": 0,
            "boot_retry_delay": 10000,
            "boot_retry_enabled": false,
            "cdrom": [],
            "change_version": "2024-10-25T22:16:02.031047Z",
            "clone": [],
            "cpu_hot_add_enabled": false,
            "cpu_hot_remove_enabled": false,
            "cpu_limit": -1,
            "cpu_performance_counters_enabled": false,
            "cpu_reservation": 0,
            "cpu_share_count": 2000,
            "cpu_share_level": "normal",
            "custom_attributes": {},
            "datacenter_id": "datacenter-3",
            "datastore_cluster_id": null,
            "datastore_id": "datastore-11",
            "default_ip_address": "10.100.105.99",
            "disk": [
              {
                "attach": false,
                "controller_type": "scsi",
                "datastore_id": "datastore-11",
                "device_address": "scsi:0:0",
                "disk_mode": "persistent",
                "disk_sharing": "sharingNone",
                "eagerly_scrub": false,
                "io_limit": -1,
                "io_reservation": 0,
                "io_share_count": 1000,
                "io_share_level": "normal",
                "keep_on_remove": false,
                "key": 2000,
                "label": "disk0",
                "path": "jammy-server-cloudimg-amd64/jammy-server-cloudimg-amd64.vmdk",
                "size": 10,
                "storage_policy_id": "",
                "thin_provisioned": true,
                "unit_number": 0,
                "uuid": "6000C291-4d22-2ea0-086d-fac8db8171b9",
                "write_through": false
              }
            ],
            "efi_secure_boot_enabled": false,
            "enable_disk_uuid": true,
            "enable_logging": false,
            "ept_rvi_mode": "automatic",
            "extra_config": {
              "guestinfo.userdata": "I2Nsb3VkLWNvbmZpZw0KZ3JvdXBzOg0KICAtIHVidW50dTogW3Jvb3Qsc3lzXQ0KICAtIGRldm9wcw0KDQp1c2VyczoNCiAgLSBkZWZhdWx0DQogIC0gbmFtZTogZGV2b3BzDQogICAgcHJpbWFyeV9ncm91cDogZGV2b3BzDQogICAgZ3JvdXBzOiBzdWRvDQogICAgc3VkbzogWydBTEw9KEFMTCkgTk9QQVNTV0Q6QUxMJ10NCiAgICBsb2NrX3Bhc3N3ZDogZmFsc2UNCiAgICBwYXNzd2Q6ICIkNiRUQlRwMVpHSjd3QUJsUGJHJHZ5bXVvbjdiR3FFQ0h0MVdGVUZUYzlUejF3dkpQRDZtMGNNZGZkWEl1NVZoNXp2alFjQ2dxckMweEdUYXBnZ0lGSmVBT3ZNLnh5T1djQWxIVDJWcmkxIg0KICAtIG5hbWU6IGNpLXVzZXINCiAgICBwcmltYXJ5X2dyb3VwOiBjaS11c2VyDQogICAgZ3JvdXBzOiBzdWRvDQogICAgc3VkbzogIkFMTD0oQUxMKSBOT1BBU1NXRDpBTEwiDQogICAgbG9ja19wYXNzd2Q6IGZhbHNlDQogICAgcGFzc3dkOiAkNiRUQlRwMVpHSjd3QUJsUGJHJHZ5bXVvbjdiR3FFQ0h0MVdGVUZUYzlUejF3dkpQRDZtMGNNZGZkWEl1NVZoNXp2alFjQ2dxckMweEdUYXBnZ0lGSmVBT3ZNLnh5T1djQWxIVDJWcmkxDQoNCg0KbWFuYWdlX2V0Y19ob3N0czogdHJ1ZQ0KDQp3cml0ZV9maWxlczoNCiAgLSBwYXRoOiAvZXRjL211bHRpcGF0aC5jb25mDQogICAgY29udGVudDogfA0KICAgICAgZGVmYXVsdHMgew0KICAgICAgICAgIHVzZXJfZnJpZW5kbHlfbmFtZXMgeWVzDQogICAgICB9DQogICAgICBibGFja2xpc3Qgew0KICAgICAgICAgIGRldm5vZGUgIl5zZFthLXowLTldKyINCiAgICAgIH0NCg0KICAtIHBhdGg6IC9ldGMvbmV0cGxhbi85OS1uZXRjZmctdm13YXJlLnlhbWwNCiAgICBwZXJtaXNzaW9uczogJzA2NDQnDQogICAgY29udGVudDogfA0KICAgICAgIyBHZW5lcmF0ZWQgYnkgVk1XYXJlIGN1c3RvbWl6YXRpb24gZW5naW5lLg0KICAgICAgbmV0d29yazoNCiAgICAgICAgdmVyc2lvbjogMg0KICAgICAgICByZW5kZXJlcjogbmV0d29ya2QNCiAgICAgICAgZXRoZXJuZXRzOg0KICAgICAgICAgIGVuczE5MjoNCiAgICAgICAgICAgIGRoY3A0OiBubw0KICAgICAgICAgICAgZGhjcDY6IG5vDQogICAgICAgICAgICBhZGRyZXNzZXM6DQogICAgICAgICAgICAgIC0gMTAuMTAwLjEwNS45OS8yNA0KICAgICAgICAgICAgZ2F0ZXdheTQ6IDEwLjEwMC4xMDUuMQ0KDQogIC0gcGF0aDogL3Jvb3QvdGVtcGxhdGUtcmVhZHkuc2gNCiAgICBwZXJtaXNzaW9uczogJzA3NTUnDQogICAgY29udGVudDogfA0KICAgICAgIyEvYmluL2Jhc2gNCiAgICAgIHN3YXBvZmYgLS1hbGwNCiAgICAgIHNlZCAtcmkgJy9cc3N3YXBccy9zL14jPy8jLycgL2V0Yy9mc3RhYg0KICAgICAgc3VkbyBhcHQgdXBkYXRlDQogICAgICBzdWRvIGFwdCB1cGdyYWRlIC15DQogICAgICBzdWRvIGFwdCBpbnN0YWxsIHZpbSBuZnMtY29tbW9uIC15DQogICAgICBzdWRvIGFwdCByZW1vdmUgdW5hdHRlbmRlZC11cGdyYWRlcw0KDQpib290Y21kOg0KICAtIHByaW50ZiAiW1Jlc29sdmVdXG5ETlM9OC44LjguOCA4LjguNC40IiA+IC9ldGMvc3lzdGVtZC9yZXNvbHZlZC5jb25mDQogIC0gWyBzeXN0ZW1jdGwsIHJlc3RhcnQsIHN5c3RlbWQtcmVzb2x2ZWQgXQ0KDQpydW5jbWQ6DQogIC0gWyBzaCwgLWMsICdzdWRvIGFwdCByZW1vdmUgdW5hdHRlbmRlZC11cGdyYWRlcycgXQ0KICAtIFsgc2gsIC1jLCAnc3lzdGVtY3RsIHJlc3RhcnQgbXVsdGlwYXRoZC5zZXJ2aWNlJyBdDQogIC0gWyBzaCwgLWMsICdzdWRvIHJtbW9kIGZsb3BweScgXQ0KICAtIFsgc2gsIC1jLCAnZWNobyAiYmxhY2tsaXN0IGZsb3BweSIgfCBzdWRvIHRlZSAvZXRjL21vZHByb2JlLmQvYmxhY2tsaXN0LWZsb3BweS5jb25mJyBdDQogIC0gWyBzaCwgLWMsICdzdWRvIGRwa2ctcmVjb25maWd1cmUgaW5pdHJhbWZzLXRvb2xzJyBdDQogIC0gWyBzaCwgLWMsICdzZWQgLWkgInMvXlBhc3N3b3JkQXV0aGVudGljYXRpb24gbm8vUGFzc3dvcmRBdXRoZW50aWNhdGlvbiB5ZXMvIiAvZXRjL3NzaC9zc2hkX2NvbmZpZy5kLzYwLWNsb3VkaW1nLXNldHRpbmdzLmNvbmYnIF0NCiAgLSBbIHNoLCAtYywgJ3N5c3RlbWN0bCByZXN0YXJ0IHNzaCcgXQ0KICAtIFsgc2gsIC1jLCAnZWNobyAibmV0LmlwdjYuY29uZi5hbGwuZGlzYWJsZV9pcHY2ID0gMSIgPj4gL2V0Yy9zeXNjdGwuY29uZicgXQ0KICAtIFsgc2gsIC1jLCAnc3lzY3RsIC1wJyBdDQogIC0gWyBzaCwgLWMsICduZXRwbGFuIGFwcGx5JyBdDQogIC0gWyBzaCwgLWMsICcvcm9vdC90ZW1wbGF0ZS1yZWFkeS5zaCcgXQ0KICAtIFsgc2gsIC1jLCAndGltZWRhdGVjdGwgc2V0LXRpbWV6b25lIEFzaWEvQmFrdScgXQ0K",
              "guestinfo.userdata.encoding": "base64"
            },
            "extra_config_reboot_required": true,
            "firmware": "bios",
            "folder": "",
            "force_power_off": true,
            "guest_id": "ubuntu64Guest",
            "guest_ip_addresses": [
              "10.100.105.99",
              "fe80::250:56ff:feaf:f530"
            ],
            "hardware_version": 10,
            "host_system_id": "host-10",
            "hv_mode": "hvAuto",
            "id": "422f76b1-53f7-6e19-30d8-fe0b67143c22",
            "ide_controller_count": 2,
            "ignored_guest_ips": null,
            "imported": null,
            "latency_sensitivity": "normal",
            "memory": 1024,
            "memory_hot_add_enabled": false,
            "memory_limit": -1,
            "memory_reservation": 0,
            "memory_reservation_locked_to_max": false,
            "memory_share_count": 10240,
            "memory_share_level": "normal",
            "migrate_wait_timeout": 30,
            "moid": "vm-24",
            "name": "jammy-server-cloudimg-amd64",
            "nested_hv_enabled": false,
            "network_interface": [
              {
                "adapter_type": "vmxnet3",
                "bandwidth_limit": -1,
                "bandwidth_reservation": 0,
                "bandwidth_share_count": 50,
                "bandwidth_share_level": "normal",
                "device_address": "pci:0:7",
                "key": 4000,
                "mac_address": "00:50:56:af:f5:30",
                "network_id": "network-12",
                "ovf_mapping": "",
                "physical_function": "",
                "use_static_mac": false
              }
            ],
            "num_cores_per_socket": 1,
            "num_cpus": 2,
            "ovf_deploy": [
              {
                "allow_unverified_ssl_cert": false,
                "deployment_option": "",
                "disk_provisioning": "thin",
                "enable_hidden_properties": false,
                "ip_allocation_policy": "",
                "ip_protocol": "",
                "local_ovf_path": "./files/ova/jammy-server-cloudimg-amd64.ova",
                "ovf_network_map": {
                  "VM Network": "network-12"
                },
                "remote_ovf_url": ""
              }
            ],
            "pci_device_id": [],
            "power_state": "on",
            "poweron_timeout": 300,
            "reboot_required": false,
            "replace_trigger": null,
            "resource_pool_id": "resgroup-22",
            "run_tools_scripts_after_power_on": true,
            "run_tools_scripts_after_resume": true,
            "run_tools_scripts_before_guest_reboot": false,
            "run_tools_scripts_before_guest_shutdown": true,
            "run_tools_scripts_before_guest_standby": true,
            "sata_controller_count": 0,
            "scsi_bus_sharing": "noSharing",
            "scsi_controller_count": 1,
            "scsi_type": "pvscsi",
            "shutdown_wait_timeout": 3,
            "storage_policy_id": "",
            "swap_placement_policy": "inherit",
            "sync_time_with_host": false,
            "sync_time_with_host_periodically": false,
            "tags": [],
            "tools_upgrade_policy": "manual",
            "uuid": "422f76b1-53f7-6e19-30d8-fe0b67143c22",
            "vapp": [],
            "vapp_transport": [],
            "vbs_enabled": false,
            "vmware_tools_status": "guestToolsRunning",
            "vmx_path": "jammy-server-cloudimg-amd64/jammy-server-cloudimg-amd64.vmx",
            "vtpm": [],
            "vvtd_enabled": false,
            "wait_for_guest_ip_timeout": 0,
            "wait_for_guest_net_routable": true,
            "wait_for_guest_net_timeout": 0
          },
          "sensitive_attributes": [
            [
              {
                "type": "get_attr",
                "value": "extra_config"
              },
              {
                "type": "index",
                "value": {
                  "value": "guestinfo.userdata",
                  "type": "string"
                }
              }
            ]
          ],
          "private": "eyJzY2hlbWFfdmVyc2lvbiI6IjMifQ==",
          "dependencies": [
            "module.rke2_prod_cluster.data.vsphere_datacenter.vsphere_datacenter_az1",
            "module.rke2_prod_cluster.data.vsphere_datastore.vsphere_datastore_az1",
            "module.rke2_prod_cluster.data.vsphere_host.vsphere_host_az1",
            "module.rke2_prod_cluster.data.vsphere_network.vsphere_network_az1",
            "module.rke2_prod_cluster.data.vsphere_ovf_vm_template.templateLocal",
            "module.rke2_prod_cluster.data.vsphere_resource_pool.vsphere_resource_pool_az1"
          ]
        }
      ]
    }
  ],
  "check_results": [
    {
      "object_kind": "resource",
      "config_addr": "module.rke2_prod_cluster.vsphere_virtual_machine.worker_nodes_az3",
      "status": "pass",
      "objects": null
    },
    {
      "object_kind": "resource",
      "config_addr": "module.rke2_prod_cluster.vsphere_virtual_machine.worker_nodes_az1",
      "status": "pass",
      "objects": null
    }
  ]
}
