{
  "version": 4,
  "terraform_version": "1.9.7",
  "serial": 6,
  "lineage": "e60149a8-682c-1a8a-20c3-38b9e4b3d2b0",
  "outputs": {},
  "resources": [
    {
      "module": "module.rke2_prod_cluster",
      "mode": "data",
      "type": "vsphere_datacenter",
      "name": "vsphere_datacenter_az1",
      "provider": "provider[\"registry.terraform.io/hashicorp/vsphere\"]",
      "instances": [
        {
          "schema_version": 0,
          "attributes": {
            "id": "datacenter-3",
            "name": "Hostart",
            "virtual_machines": [
              "10.100.101.4_KredAgro_Maliyye",
              "10.100.101.6_KredAgro_GrayLog",
              "10.100.104.100_logstash",
              "10.100.104.101_elastik",
              "10.100.104.102_elastik",
              "10.100.104.103_kibana",
              "10.100.80.110_kassa_db_new",
              "10.100.80.120_iqlimmusahibe_riib",
              "10.100.80.163_nextcloud_silme",
              "10.100.80.179 %2f Graylog",
              "10.100.80.206 - Almarket NVME",
              "10.100.80.208 - lent.az app",
              "10.100.80.209 - lent.az db",
              "10.100.80.214_Alik_test",
              "10.100.80.246 %2f Ubuntu",
              "10.100.80.247 %2f rocky",
              "10.100.80.248 %2f rocky",
              "10.100.80.249 %2f rocky",
              "10.100.80.250 %2f rocky",
              "10.100.80.251 %2f rocky",
              "10.100.80.252 %2f rocky",
              "10.100.80.254",
              "101 - Disk Speed Checker",
              "145Group New Stream Test Mursal %2f 94.20.88.189",
              "151 - Disk Speed Checker",
              "161 - Disk Speed Checker",
              "171 - Disk Speed Checker",
              "172.20.87.10 - Ubuntu",
              "172.20.87.11 - Ubuntu",
              "172.20.87.12 - Ubuntu",
              "172.20.87.13 - Ubuntu",
              "172.20.87.19 - Rocky Linux suspend",
              "172.20.87.20 - Rocky Linux",
              "172.20.87.21 - Rocky Linux",
              "172.20.87.22 - Rocky Linux",
              "172.20.87.5 - Ubuntu",
              "172.20.87.6 - Ubuntu",
              "172.20.87.7 - Ubuntu",
              "172.20.87.8 - Ubuntu",
              "172.20.87.9 - Ubuntu",
              "181 - Disk Speed Checker",
              "1C - EconomicZones",
              "201 - Disk Speed Checker",
              "211 - Disk Speed Checker",
              "221 - Disk Speed Checker",
              "61 - Disk Speed Checker",
              "94.20.59.132_KredAgro_WAF (Proxy)",
              "94.20.59.137 - Mursal",
              "94.20.59.139 - cafetap.az terminate",
              "94.20.59.141 - [Hostimul Sale]",
              "94.20.59.149%2f152%2f169%2f208 - Hostimul Sale check",
              "94.20.59.151%2f154 - Saiq Hostart Sale",
              "94.20.59.154%2f151 - Saiq Hostart Sale",
              "94.20.59.155-156-157 Squid",
              "94.20.59.161 %2f safi.construction BCP",
              "94.20.59.162 - [Hostimul Sale] Fif.Az",
              "94.20.59.170 - Emil TEST",
              "94.20.59.176 - [Hostimul Sale] [LAMP]",
              "94.20.59.180%2f181%2f182%2f227 - Hostimul Sale Suspend",
              "94.20.59.182  - Hostimul Webcoder",
              "94.20.59.184_Mursal",
              "94.20.59.189 Squid",
              "94.20.59.193  - Alverdiyev BCP",
              "94.20.59.201, 10.100.80.173 - lent.az proxy",
              "94.20.59.209%2f210%2f211%2f212 - Hostimul Sale",
              "94.20.59.213_hostimul_sale",
              "94.20.59.215-216-217-218 Squid",
              "94.20.59.219_10.100.80.213_Alik_test",
              "94.20.59.234 - FAM",
              "94.20.59.235 -FAM",
              "94.20.59.245_hostimul_sale terminate",
              "94.20.59.248 - FAM",
              "94.20.59.249 - FAM",
              "94.20.59.250 - FAM",
              "94.20.59.251 - FAM",
              "94.20.88.10-11-12-13 Squid",
              "94.20.88.107_BCP",
              "94.20.88.108 - XDP test",
              "94.20.88.112 - Hostimul Sale- terminate",
              "94.20.88.114 Node Mysql",
              "94.20.88.114_hostimul_sale_terminated",
              "94.20.88.115 - Hostimul Sale",
              "94.20.88.116_hostimul",
              "94.20.88.116_hostimul_sale_terminated",
              "94.20.88.120_hostimul_sale",
              "94.20.88.123 - Seaweed HAProxy",
              "94.20.88.129_sale_Hostart",
              "94.20.88.130 - Hostimul Sale Supertoys",
              "94.20.88.133 - 1fit.app",
              "94.20.88.138 - [Hostimul Sale]",
              "94.20.88.14-15-16-17 Squid",
              "94.20.88.143 %2fBCP",
              "94.20.88.145 - [Hostimul Sale]",
              "94.20.88.149 - Hostimul Sale",
              "94.20.88.151_hostimul_sale suspend",
              "94.20.88.153_hostimul_sale",
              "94.20.88.153_hostimul_sale_terminate",
              "94.20.88.157 - Hostimul Sale [Ubuntu]",
              "94.20.88.159 - Hostimul Sale terminate",
              "94.20.88.159_oneclick-cop29",
              "94.20.88.160 - Royal",
              "94.20.88.161_hostimul_sale",
              "94.20.88.163_hostimul_sale",
              "94.20.88.166",
              "94.20.88.168_hostimul_sale",
              "94.20.88.170_hostimul_sale_10.100.104.170",
              "94.20.88.171_hostimul_sale_10.100.104.171",
              "94.20.88.172 - Hostimul Sale",
              "94.20.88.173_hostimul_sale",
              "94.20.88.177 - Mursal",
              "94.20.88.179 - for Tunar (Mursal)",
              "94.20.88.181 %2f Demo Muhasib",
              "94.20.88.187_hostimul_sale",
              "94.20.88.191 [Hamza]",
              "94.20.88.192 [Hamza]",
              "94.20.88.193 - Hamza [Windows]",
              "94.20.88.195_hostimul_sale",
              "94.20.88.19_hostimul_sale",
              "94.20.88.2",
              "94.20.88.201_hostimul_sale",
              "94.20.88.206 - Hostimul Sale",
              "94.20.88.207_hostimul_sale",
              "94.20.88.211,217,188,214_hostimul_sale",
              "94.20.88.213_Rajdbir",
              "94.20.88.214 [Hamza] (illik) 22.11.22 terminate",
              "94.20.88.218_hostimul_sale",
              "94.20.88.219 - [Hostimul Webcoder]",
              "94.20.88.21_hostimul_sale",
              "94.20.88.21_hostimul_sale_terminate",
              "94.20.88.222 [Hamza]",
              "94.20.88.233_hostart_mursel",
              "94.20.88.235_hostimul_sale terminate",
              "94.20.88.247 - [Hostimul Webcoder]",
              "94.20.88.25 - Emin Alizade",
              "94.20.88.29_hostimul_sale",
              "94.20.88.30_hostimul_sale",
              "94.20.88.34 %2f PassBolt",
              "94.20.88.41 [Hamza]",
              "94.20.88.42_hostimul_sale",
              "94.20.88.5",
              "94.20.88.51,53,54,55_hostimul_sale",
              "94.20.88.56 - Hostimul Sale",
              "94.20.88.57 - Hostimul Sale",
              "94.20.88.59_hostimul_sale",
              "94.20.88.6 - Akram",
              "94.20.88.63_Hostimul_Sale",
              "94.20.88.64_hostimul_sale_terminate",
              "94.20.88.66 [Hamza]",
              "94.20.88.70 %2f HotelPro",
              "94.20.88.71 %2f alibala.com",
              "94.20.88.73_hostimul_sale_terminate",
              "94.20.88.81_hostimul_sale",
              "94.20.88.81_hostimul_terminate",
              "94.20.88.82_hostimul_sale",
              "94.20.88.84_BCP_new",
              "94.20.88.85",
              "94.20.88.8_hostimul_sale - suspend",
              "94.20.88.95_hostimul_sale_suspend_terminate",
              "94.20.88.96_BCP_new2",
              "AGARZA TEST VM",
              "APA LIVE %2f 94.20.88.198",
              "Agarza Personal",
              "Agarza Remote Service 94.20.88.39",
              "Agarza VPS 88.32",
              "Agarza VPS illik %2f Prem Rocky 16.01.2024 Bitir",
              "Agarza_test_94.20.88.31_new",
              "Al Market 1 %2f 94.20.88.75 - [Hostimul Sale]",
              "Al Market 2 %2f 94.20.88.76 [Hostimul Sale]",
              "Al Market 3 %2f 94.20.88.77 [Hostimul Sale]",
              "Al Market TB %2f 94.20.88.78 - [Hostimul Sale]",
              "Alik_10.100.80.219",
              "Anar_Amazon_Backup",
              "Ansible Server %2f 10.100.80.157",
              "Anti-Abuse - 94.20.88.127",
              "Asetto %2f 94.20.88.225",
              "AutoVM",
              "AutoVM New",
              "AutoVM Nginx Proxy",
              "Automation Test  %2f 94.20.88.161",
              "Avarchekme_Emil",
              "Avia-TourMailServer- NurayzaMailServer",
              "Azinpay",
              "BCP %2f94.20.59.233",
              "BCP Astrology %2f 94.20.88.211 - whm backup",
              "BCP Server 3 %2f 94.20.88.74",
              "BCP Server 3 %2f 94.20.88.741_Restored_terminated",
              "BCP [Hostart Sale] %2f 94.20.88.106",
              "BCP-Mer",
              "BIGIP-17.1.1.1-Device-1",
              "Bantik - APP 1 - 10.100.80.199",
              "Bantik - APP 2 - 10.100.80.200",
              "Bantik - DB Backup - 10.100.80.31",
              "Bantik - DB1 - 10.100.80.201, 207",
              "Bantik - DB2 - 10.100.80.202",
              "Bantik - HAPROXY - 10.100.80.203",
              "Bantik - LB - 94.20.88.101",
              "Bantik - Postgresql - 94.20.88.216",
              "Bantik - Telegram Bot - 94.20.88.134",
              "Bantik Dev Backend - 10.100.80.166 %2f 245",
              "Bantik Dev | DB1 10.100.80.217",
              "Bantik Dev | DB2 10.100.80.218",
              "Bantik Dev | Haproxy 10.100.80.222",
              "Bantik.Az - WebServer - 94.20.59.173",
              "Billing_mas_ubunru",
              "Call Center - 94.20.88.209",
              "Carpet Museum",
              "Centreon",
              "Clone (94.20.88.34) - 94.20.88.97",
              "D3004 - 94.20.88.110 - Hostimul Sale",
              "DBServer - Samir -10.100.80.16",
              "DNS Server 1",
              "DNS Server 2",
              "E-Kassam - Mail %2f 94.20.59.196",
              "ELK %2f 10.100.80.221",
              "ELK_01_agarza",
              "ELK_02_agarza",
              "Eduaz %2f 94.20.88.164",
              "Eduaz - Backup Server  %2f 10.100.80.88",
              "Elsen FireBirdDB - 94.20.88.183",
              "Elsenin Vpsi",
              "Elshen - Test VM %2f 94.20.88.244",
              "Emil - Docker Engine %2f 94.20.88.144",
              "Emil Ismayilli -  94.20.88.94",
              "Emil WEB",
              "Emil WINDOWS",
              "Emil_test_94.20.88.205",
              "Emilxan Site - 94.20.88.236",
              "Emilxan Site2 - 94.20.88.234",
              "Emin Ilgar %2f 94.20.88.137",
              "Exmo - Clone - 94.20.88.162",
              "Exmo BackEnd Test %2f 94.20.88.178",
              "Exmo HAProxy %2f 10.100.80.8",
              "Exmo Nginx %2f 94.20.59.158",
              "Exmo Node 1 %2f 10.100.80.2",
              "Exmo Node 2 %2f 10.100.80.3",
              "Exmo Node 3 %2f 10.100.80.4",
              "Exmo PSGL master %2f 10.100.80.9",
              "Exmo PSGL slave %2f 10.100.80.10",
              "Exmo Redis Master %2f 10.100.80.5",
              "Exmo Redis Worker 1 %2f 10.100.80.6",
              "Exmo Redis Worker 2 %2f 10.100.80.7",
              "Exmo Webserver Test %2f 94.20.88.33",
              "FAM Reverse Proxy %2f 94.20.88.194",
              "FRONT APP - 94.20.88.154 +",
              "FRONT DB %2f Hostimul %2f 10.100.80.159 +",
              "FRONT DB - 10.100.80.155 +",
              "Ferid - 94.20.88.221",
              "Fikrat-VPS - 94.20.88.93",
              "Fikret_Temporary - 94.20.88.136",
              "Fikretin VPSi %2f 94.20.88.158",
              "FilmLAB %2f 94.20.88.249",
              "Firebird Clone - 94.20.88.95",
              "Gitlab Hostart Dev",
              "Gloriaparfum.az",
              "HOSTIMUL 25.02.2022 RZZZZZ - 94.20.88.238 terminate",
              "HaProxy",
              "HaProxyVIP_10.100.105.99 94.20.88.99",
              "Hebib - Asterisk - 94.20.88.212",
              "Hebib Server %2f 10.100.80.240- AZTRUST DC",
              "Hebib Server %2f 10.100.80.241 AZTRUST SQL",
              "Hebib Server %2f 10.100.80.242",
              "Hebib Server %2f 10.100.80.243 AZTRUST BE",
              "Hebib Server %2f 10.100.80.244",
              "Hebib Server %2f Win19 10.100.80.168",
              "Hebib Server - Win22 %2f 10.100.80.176",
              "Hebib Server [TEST] - 10.100.80.186",
              "Heydar Aliyev Center - 94.20.59.167",
              "HeydarAliyevCenter_CLONE - 94.20.88.23",
              "HeydarAliyevCenter_PROXY - 94.20.88.2",
              "Hoppscotch%2f94.20.88.7",
              "Hostart",
              "Hostart Billing",
              "Hostart Billing %2f 94.20.59.178",
              "Hostart WHMCS",
              "Hostart-AutomationNewTest (Kritik) 2",
              "Hostart.az",
              "Hostart.az - APP1 %2f 10.100.90.3",
              "Hostart.az - Load Balancer %2f 94.20.59.254",
              "Hostimul Sale %2f 94.20.88.251",
              "Hostimul Sale - 94.20.88.180",
              "Hostimul WHMCS Clone -  94.20.88.176 test",
              "Hytalk - 1",
              "Hytera - 94.20.88.229",
              "Hytera - 94.20.88.61",
              "Hytera Windows - 94.20.88.227",
              "HyteraAzerbaycan - 10.100.80.11",
              "IIS-server(ALL)",
              "IZI CRM %2f 94.20.88.246",
              "KASSAM-APP1",
              "KASSAM-DB1",
              "Kassa.Az [APP1] %2f  10.100.80.229 (Restore edilen)",
              "Kassa.Az [APP2] %2f 10.100.80.230",
              "Kassa.Az [APP3] %2f 10.100.80.231",
              "Kassa.Az [APP4] %2f 10.100.80.234",
              "Kassa.Az [DB2] %2f  10.100.80.228",
              "Kassa.Az [DB3] %2f 10.100.80.224",
              "Kassa.Az [DB4] %2f 10.100.80.232",
              "Kassa.Az [DB5] %2f 10.100.80.233",
              "Kassa.Az [DB6] %2f 10.100.80.235",
              "Kassa.Az[APP5]%2f10.100.80.236",
              "Kassa.az [DB1] %2f 10.100.80.226 %2f 94.20.59.200",
              "Kassa.az [DB7] %2f 10.100.80.237",
              "Kassa.az [WAF, NGINX]  %2f 94.20.88.141",
              "Kassa.az new %2f 10.100.80.76",
              "Kenan Kubernetes %2f 94.20.88.102",
              "KredAgro - 10.100.101.2 restore",
              "KredAgro - 10.100.101.3",
              "KredAgro - 10.100.101.5_kohne",
              "LAP (edu.az)",
              "LVM_test(jey)",
              "Lotfi Zadeh - 94.20.88.147",
              "LotfiZadeh-94.20.88.146 new",
              "MAS - Windows Server 2019 %2f 10.100.80.210",
              "MASBilling %2f 10.100.80.211",
              "MASSTest -  94.20.88.9",
              "MAS_BILLING 94.20.88.67",
              "Managengine Netflow",
              "Mas IIS",
              "Mass Test VM %2f 94.20.88.220",
              "MassBilling Dotnet Core",
              "MassBilling-DB01 -  10.100.80.130",
              "MassBilling-DB02",
              "MassBilling_HaProxy01",
              "MassBilling_HaProxy02",
              "MassBilling_Radius",
              "MassBilling_Zabbix",
              "MassDotnetCOre New",
              "MassNginx New",
              "MassolutionMailServer",
              "Masssolution",
              "MotorhouseMail - 10.100.80.57",
              "Mssql DB (All Project) - 10.100.80.19",
              "Mursal Win %2f 94.20.88.182",
              "Mursal Windows 94.20.88.90",
              "Mursal-Digi",
              "Mursel Rocky - 94.20.88.190",
              "MyGold BCP %2f 94.20.88.69",
              "MyTicket.az - 10.100.80.19",
              "NS1 Hostart %2f 94.20.59.181",
              "NS1_Mas_Emil",
              "NS2 %2f 94.20.59.182",
              "NS2_Mas_Emil",
              "NetFlow POC for Hostart",
              "Nginx_1_10.100.105.88",
              "Nginx_2_10.100.105.89",
              "Nicat Kafka Postgres - 10.100.105.77",
              "Nicat VPS %2f 10.100.80.69",
              "OPNSense - Rza",
              "Oneclick %2f 94.20.88.125",
              "Oneclick New",
              "OwnCloud-NEW [Emil] - Jeyhun",
              "POSKassam %2f 94.20.88.4",
              "PathNet Backend API - 10.100.80.92",
              "PhpIPAM - Hostart -  10.100.80.12",
              "Poskassa %2f 94.20.59.51",
              "Postgre (eduaz db) - 10.100.80.59",
              "PowerDNS",
              "Premier Computers - Cavad %2f 94.20.88.142",
              "Prometheus OFFICE Proxy - 105",
              "Provide Solutions | 94.20.59.226(PRE-PROD) check",
              "Provide Solutions | 94.20.88.140(DEV)",
              "ProxyServer - 10.100.80.14",
              "Pterodactyl Panel 88.250 - Kenan",
              "Qarabagh.com - 94.20.88.18",
              "RMTP Server ( - )",
              "RS_lab CTF - 94.20.88.124",
              "RZA Windows",
              "RabbitMQ - MAS -  10.100.80.146",
              "Rahman - Radio",
              "Rahman - kitaylar ucun - 94.20.59.138",
              "Rahman_Remote",
              "RiiBWebServer-Samir %2f 10.100.80.71-94.20.59.80",
              "Rocky Linux %2f 94.20.88.117 Onemlidir!",
              "Rocky Linux 9 1. - 10.100.80.116",
              "Rocky Linux 9 2. - 10.100.80.117",
              "Rocky Linux 9 3. - 10.100.80.118",
              "Rocky Linux 9 4. - 10.100.80.119",
              "Rocky Linux 9 5. - 10.100.80.133",
              "Rocky Linux 9 6. - 10.100.80.134",
              "RockyLinux  9 10.- 10.100.80.139",
              "RockyLinux  9 7. - 10.100.80.135",
              "RockyLinux  9 8. - 10.100.80.136",
              "RockyLinux  9 9. - 10.100.80.138",
              "RockyLinux 9.11 - 10.100.80.142",
              "RockyLinux 9.12 - 10.100.80.143",
              "SMB",
              "SeaWeed %2f 94.20.88.122",
              "SeaWeed %2f 94.20.88.24",
              "SeaWeed %2f 94.20.88.3",
              "SonarQube - Hostart %2f 94.20.88.165",
              "Squid Proxy - Emil",
              "Supertoys - 94.20.59.166 - Hostimul",
              "Supertoys 94.20.88.128 - Hostimul Sale",
              "Support.Hostart.Az %2f 94.20.59.148",
              "Suret Kargo %2f 94.20.59.143",
              "TFS2012  - 10.100.80.36",
              "Tool Tech Mail Server %2f 94.20.59.153",
              "ToolTech - 1C",
              "TrueNas %2f 10.100.80.216",
              "UNBOUND %2f 94.20.88.169",
              "UNBOUND %2f 94.20.88.98",
              "Ubuntu - 10.100.80.180 %2f Nicat",
              "Ubuntu 22.04 OpenAPPSec  - 94.20.59.181 pacco 10.100.80.150",
              "Ubuntu Rza 88888",
              "VPS Agarza %2f 94.20.59.148",
              "VPS-128 %2f 94.20.59.34 - [Hostimul Sale]",
              "VPS128(2) ALMARKET - 94.20.59.252 Hostimul Sale",
              "VPS129 - [Hostimul Sale] %2f 94.20.59.35 - Almarket",
              "VPS26 %2f 94.20.88.35 - [Hostimul Sale]",
              "VPS263 %2f 94.20.88.126 - [Hostimul Sale]",
              "VPS51-Win - [Hostimul Sale]",
              "VPS90 %2f 94.20.88.36 - [Hostimul Sale]",
              "VPS91 %2f 94.20.88.43 - [Hostimul Sale]",
              "VPS92 %2f 94.20.88.45 - [Hostimul Sale]",
              "VitaMed -  94.20.59.179",
              "Voice Encrypt %2f  94.20.88.245 - Kritik",
              "WAZUH Hostart %2f 94.20.88.89",
              "WHM",
              "WHMCS  - Hostimul %2f 94.20.88.152 +",
              "WHMCS DB (2) %2f Hostimul %2f 10.100.80.154 +",
              "WHMCS DB (3) %2f Hostimul %2f 10.100.80.156 +",
              "WHMCS DB - 10.100.80.153 +",
              "Wazuh - 10.100.80.149",
              "WebRTC %2f 94.20.88.135",
              "WebServer-Samir %2f 94.20.59.15, 10.100.80.15",
              "Win_2019_Mssql - 10.100.80.80",
              "Windows 10",
              "Windows 10  %2f  94.20.88.230, 10.100.105.9",
              "Xeberoxu - Mursal%2fElvin",
              "Zabbix",
              "[MS] - 94.20.88.175 Ubuntu",
              "[MS] 172.20.87.16 - Ubuntu",
              "[MS] 172.20.87.24 - Ubuntu",
              "[MS] Backup - 172.20.87.2",
              "[MS] Rocky Linux - 172.20.87.100",
              "agarza web",
              "arka.culture.az -  94.20.88.72",
              "e-kassam 10.100.80.172",
              "e-kassam signos %2f 94.20.88.186",
              "e-kassam test %2f 94.20.88.185",
              "edu.az [Clone]",
              "edu_az_app1_ 10.100.80.37 - new",
              "edu_az_app2_ 10.100.80.38",
              "edu_az_db2_ 10.100.80.40",
              "edu_az_db_1_ 10.100.80.39",
              "edu_az_ha_proxy 10.100.80.41",
              "edu_az_nginx_94.20.88.50_10.100.80.50",
              "elsen_exmo_test_94.20.88.105",
              "faa.azMailServer - 10.100.80.94",
              "heimwall az 1 %2f 10.100.91.2 %2f 94.20.59.131",
              "heimwall az 2 %2f 10.100.91.3 %2f 94.20.88.131",
              "heimwall az 3 %2f 10.100.91.4",
              "heimwall az 4 %2f 10.100.91.5",
              "hostart_shared_hosting",
              "hostart_shared_ns1",
              "hostart_shared_ns2",
              "hostimul_sale_10.100.104.104",
              "hostimul_sale_94.20.88.132",
              "hostimul_sale_94.20.88.201_terminate",
              "hostimul_sale_94.20.88.73 terminate",
              "hostimul_sale_94.20.88.73_terminate",
              "hostimul_sale_94.20.88.91",
              "hostimul_sale_ubuntu_94.20.88.100",
              "hostimul_sale_win_94.20.88.96_terminated",
              "hytera.az - Mail Server - 94.20.59.136",
              "iguideMailServer -  10.100.80.99",
              "ilovebakuMailServer - 10.100.80.83",
              "jammy-server-cloudimg-amd64",
              "k8s - 94.20.88.208",
              "mail.heydaraliyevcenter.az - 94.20.59.241",
              "mail.heydaraliyevcenter.az-invert(RESTORED)",
              "mursal proxy test",
              "mursel-docker-1 171 IP conficlit verir",
              "netcom.az ( - )",
              "pacco-lb-1",
              "pacco-patroni-1-10.100.80.238",
              "pacco-patroni-2",
              "pacco-patroni-haproxy-1",
              "pacco-prod-master-node-1",
              "pacco-prod-master-node-2",
              "pacco-prod-master-node-3",
              "pacco-prod-mongodb-1",
              "pacco-prod-nfs-storage",
              "pacco-prod-worker-node-1",
              "pacco-prod-worker-node-2",
              "pacco-prod-worker-node-3",
              "pacco-prod-worker-node-4",
              "pacco-prod-worker-node-5",
              "pacco-prod-worker-node-6",
              "pass - 94.20.88.40",
              "pms.riib.az %2f 94.20.59.177",
              "prod-az1-master-node-1-21[Delete]",
              "prod-az1-master-node-1[Delete2]",
              "prod-az1-master-node-1[Delete]",
              "prod-az1-master-node-1[delete1]",
              "prod-az1-worker-node-1[Delete2]",
              "prod-az1-worker-node-1[Delete]",
              "prod-az1-worker-node-1[delete1]",
              "prod-az3-master-node-1[Delete]",
              "prod-az3-worker-node-1[Delete]",
              "prod-haproxy-1",
              "prod-haproxy-2",
              "prod-master-node-1",
              "prod-master-node-2",
              "prod-master-node-3",
              "prod-nfs-storage",
              "prod-worker-node-1",
              "prod-worker-node-2",
              "prod-worker-node-3",
              "qarabagh.com - 94.20.88.111 - Hostimul Sale",
              "riib.azMailServer - 59.9 - 10.100.80.89",
              "riibProxy",
              "samirkachayev.az - 94.20.59.228 check",
              "survey.heydaraliyevcenter.az - 94.20.88.242",
              "ted.az - 10.100.80.42",
              "tedazMailServer - 10.100.80.95",
              "teklifimvarMailServer - 10.100.80.96",
              "terminated",
              "terminatedd",
              "texno - 94.20.88.174",
              "ubuntu-2204-Template-Thin",
              "ubuntu24-cloudimg-amd64[Delete]",
              "vCenter -  10.100.70.250",
              "vCenter - DC [vcsa.hostart.local]",
              "whmcs emil user - diaspora",
              "winserver222",
              "www.heydaraliyevcenter.az (1) - 10.100.80.144",
              "yaradici.live"
            ]
          },
          "sensitive_attributes": [
            [
              {
                "type": "get_attr",
                "value": "name"
              }
            ]
          ]
        }
      ]
    },
    {
      "module": "module.rke2_prod_cluster",
      "mode": "data",
      "type": "vsphere_datacenter",
      "name": "vsphere_datacenter_az3",
      "provider": "provider[\"registry.terraform.io/hashicorp/vsphere\"]",
      "instances": [
        {
          "index_key": 0,
          "schema_version": 0,
          "attributes": {
            "id": "datacenter-3",
            "name": "Hostart",
            "virtual_machines": [
              "10.100.101.4_KredAgro_Maliyye",
              "10.100.101.6_KredAgro_GrayLog",
              "10.100.104.100_logstash",
              "10.100.104.101_elastik",
              "10.100.104.102_elastik",
              "10.100.104.103_kibana",
              "10.100.80.110_kassa_db_new",
              "10.100.80.120_iqlimmusahibe_riib",
              "10.100.80.163_nextcloud_silme",
              "10.100.80.179 %2f Graylog",
              "10.100.80.206 - Almarket NVME",
              "10.100.80.208 - lent.az app",
              "10.100.80.209 - lent.az db",
              "10.100.80.214_Alik_test",
              "10.100.80.246 %2f Ubuntu",
              "10.100.80.247 %2f rocky",
              "10.100.80.248 %2f rocky",
              "10.100.80.249 %2f rocky",
              "10.100.80.250 %2f rocky",
              "10.100.80.251 %2f rocky",
              "10.100.80.252 %2f rocky",
              "10.100.80.254",
              "101 - Disk Speed Checker",
              "145Group New Stream Test Mursal %2f 94.20.88.189",
              "151 - Disk Speed Checker",
              "161 - Disk Speed Checker",
              "171 - Disk Speed Checker",
              "172.20.87.10 - Ubuntu",
              "172.20.87.11 - Ubuntu",
              "172.20.87.12 - Ubuntu",
              "172.20.87.13 - Ubuntu",
              "172.20.87.19 - Rocky Linux suspend",
              "172.20.87.20 - Rocky Linux",
              "172.20.87.21 - Rocky Linux",
              "172.20.87.22 - Rocky Linux",
              "172.20.87.5 - Ubuntu",
              "172.20.87.6 - Ubuntu",
              "172.20.87.7 - Ubuntu",
              "172.20.87.8 - Ubuntu",
              "172.20.87.9 - Ubuntu",
              "181 - Disk Speed Checker",
              "1C - EconomicZones",
              "201 - Disk Speed Checker",
              "211 - Disk Speed Checker",
              "221 - Disk Speed Checker",
              "61 - Disk Speed Checker",
              "94.20.59.132_KredAgro_WAF (Proxy)",
              "94.20.59.137 - Mursal",
              "94.20.59.139 - cafetap.az terminate",
              "94.20.59.141 - [Hostimul Sale]",
              "94.20.59.149%2f152%2f169%2f208 - Hostimul Sale check",
              "94.20.59.151%2f154 - Saiq Hostart Sale",
              "94.20.59.154%2f151 - Saiq Hostart Sale",
              "94.20.59.155-156-157 Squid",
              "94.20.59.161 %2f safi.construction BCP",
              "94.20.59.162 - [Hostimul Sale] Fif.Az",
              "94.20.59.170 - Emil TEST",
              "94.20.59.176 - [Hostimul Sale] [LAMP]",
              "94.20.59.180%2f181%2f182%2f227 - Hostimul Sale Suspend",
              "94.20.59.182  - Hostimul Webcoder",
              "94.20.59.184_Mursal",
              "94.20.59.189 Squid",
              "94.20.59.193  - Alverdiyev BCP",
              "94.20.59.201, 10.100.80.173 - lent.az proxy",
              "94.20.59.209%2f210%2f211%2f212 - Hostimul Sale",
              "94.20.59.213_hostimul_sale",
              "94.20.59.215-216-217-218 Squid",
              "94.20.59.219_10.100.80.213_Alik_test",
              "94.20.59.234 - FAM",
              "94.20.59.235 -FAM",
              "94.20.59.245_hostimul_sale terminate",
              "94.20.59.248 - FAM",
              "94.20.59.249 - FAM",
              "94.20.59.250 - FAM",
              "94.20.59.251 - FAM",
              "94.20.88.10-11-12-13 Squid",
              "94.20.88.107_BCP",
              "94.20.88.108 - XDP test",
              "94.20.88.112 - Hostimul Sale- terminate",
              "94.20.88.114 Node Mysql",
              "94.20.88.114_hostimul_sale_terminated",
              "94.20.88.115 - Hostimul Sale",
              "94.20.88.116_hostimul",
              "94.20.88.116_hostimul_sale_terminated",
              "94.20.88.120_hostimul_sale",
              "94.20.88.123 - Seaweed HAProxy",
              "94.20.88.129_sale_Hostart",
              "94.20.88.130 - Hostimul Sale Supertoys",
              "94.20.88.133 - 1fit.app",
              "94.20.88.138 - [Hostimul Sale]",
              "94.20.88.14-15-16-17 Squid",
              "94.20.88.143 %2fBCP",
              "94.20.88.145 - [Hostimul Sale]",
              "94.20.88.149 - Hostimul Sale",
              "94.20.88.151_hostimul_sale suspend",
              "94.20.88.153_hostimul_sale",
              "94.20.88.153_hostimul_sale_terminate",
              "94.20.88.157 - Hostimul Sale [Ubuntu]",
              "94.20.88.159 - Hostimul Sale terminate",
              "94.20.88.159_oneclick-cop29",
              "94.20.88.160 - Royal",
              "94.20.88.161_hostimul_sale",
              "94.20.88.163_hostimul_sale",
              "94.20.88.166",
              "94.20.88.168_hostimul_sale",
              "94.20.88.170_hostimul_sale_10.100.104.170",
              "94.20.88.171_hostimul_sale_10.100.104.171",
              "94.20.88.172 - Hostimul Sale",
              "94.20.88.173_hostimul_sale",
              "94.20.88.177 - Mursal",
              "94.20.88.179 - for Tunar (Mursal)",
              "94.20.88.181 %2f Demo Muhasib",
              "94.20.88.187_hostimul_sale",
              "94.20.88.191 [Hamza]",
              "94.20.88.192 [Hamza]",
              "94.20.88.193 - Hamza [Windows]",
              "94.20.88.195_hostimul_sale",
              "94.20.88.19_hostimul_sale",
              "94.20.88.2",
              "94.20.88.201_hostimul_sale",
              "94.20.88.206 - Hostimul Sale",
              "94.20.88.207_hostimul_sale",
              "94.20.88.211,217,188,214_hostimul_sale",
              "94.20.88.213_Rajdbir",
              "94.20.88.214 [Hamza] (illik) 22.11.22 terminate",
              "94.20.88.218_hostimul_sale",
              "94.20.88.219 - [Hostimul Webcoder]",
              "94.20.88.21_hostimul_sale",
              "94.20.88.21_hostimul_sale_terminate",
              "94.20.88.222 [Hamza]",
              "94.20.88.233_hostart_mursel",
              "94.20.88.235_hostimul_sale terminate",
              "94.20.88.247 - [Hostimul Webcoder]",
              "94.20.88.25 - Emin Alizade",
              "94.20.88.29_hostimul_sale",
              "94.20.88.30_hostimul_sale",
              "94.20.88.34 %2f PassBolt",
              "94.20.88.41 [Hamza]",
              "94.20.88.42_hostimul_sale",
              "94.20.88.5",
              "94.20.88.51,53,54,55_hostimul_sale",
              "94.20.88.56 - Hostimul Sale",
              "94.20.88.57 - Hostimul Sale",
              "94.20.88.59_hostimul_sale",
              "94.20.88.6 - Akram",
              "94.20.88.63_Hostimul_Sale",
              "94.20.88.64_hostimul_sale_terminate",
              "94.20.88.66 [Hamza]",
              "94.20.88.70 %2f HotelPro",
              "94.20.88.71 %2f alibala.com",
              "94.20.88.73_hostimul_sale_terminate",
              "94.20.88.81_hostimul_sale",
              "94.20.88.81_hostimul_terminate",
              "94.20.88.82_hostimul_sale",
              "94.20.88.84_BCP_new",
              "94.20.88.85",
              "94.20.88.8_hostimul_sale - suspend",
              "94.20.88.95_hostimul_sale_suspend_terminate",
              "94.20.88.96_BCP_new2",
              "AGARZA TEST VM",
              "APA LIVE %2f 94.20.88.198",
              "Agarza Personal",
              "Agarza Remote Service 94.20.88.39",
              "Agarza VPS 88.32",
              "Agarza VPS illik %2f Prem Rocky 16.01.2024 Bitir",
              "Agarza_test_94.20.88.31_new",
              "Al Market 1 %2f 94.20.88.75 - [Hostimul Sale]",
              "Al Market 2 %2f 94.20.88.76 [Hostimul Sale]",
              "Al Market 3 %2f 94.20.88.77 [Hostimul Sale]",
              "Al Market TB %2f 94.20.88.78 - [Hostimul Sale]",
              "Alik_10.100.80.219",
              "Anar_Amazon_Backup",
              "Ansible Server %2f 10.100.80.157",
              "Anti-Abuse - 94.20.88.127",
              "Asetto %2f 94.20.88.225",
              "AutoVM",
              "AutoVM New",
              "AutoVM Nginx Proxy",
              "Automation Test  %2f 94.20.88.161",
              "Avarchekme_Emil",
              "Avia-TourMailServer- NurayzaMailServer",
              "Azinpay",
              "BCP %2f94.20.59.233",
              "BCP Astrology %2f 94.20.88.211 - whm backup",
              "BCP Server 3 %2f 94.20.88.74",
              "BCP Server 3 %2f 94.20.88.741_Restored_terminated",
              "BCP [Hostart Sale] %2f 94.20.88.106",
              "BCP-Mer",
              "BIGIP-17.1.1.1-Device-1",
              "Bantik - APP 1 - 10.100.80.199",
              "Bantik - APP 2 - 10.100.80.200",
              "Bantik - DB Backup - 10.100.80.31",
              "Bantik - DB1 - 10.100.80.201, 207",
              "Bantik - DB2 - 10.100.80.202",
              "Bantik - HAPROXY - 10.100.80.203",
              "Bantik - LB - 94.20.88.101",
              "Bantik - Postgresql - 94.20.88.216",
              "Bantik - Telegram Bot - 94.20.88.134",
              "Bantik Dev Backend - 10.100.80.166 %2f 245",
              "Bantik Dev | DB1 10.100.80.217",
              "Bantik Dev | DB2 10.100.80.218",
              "Bantik Dev | Haproxy 10.100.80.222",
              "Bantik.Az - WebServer - 94.20.59.173",
              "Billing_mas_ubunru",
              "Call Center - 94.20.88.209",
              "Carpet Museum",
              "Centreon",
              "Clone (94.20.88.34) - 94.20.88.97",
              "D3004 - 94.20.88.110 - Hostimul Sale",
              "DBServer - Samir -10.100.80.16",
              "DNS Server 1",
              "DNS Server 2",
              "E-Kassam - Mail %2f 94.20.59.196",
              "ELK %2f 10.100.80.221",
              "ELK_01_agarza",
              "ELK_02_agarza",
              "Eduaz %2f 94.20.88.164",
              "Eduaz - Backup Server  %2f 10.100.80.88",
              "Elsen FireBirdDB - 94.20.88.183",
              "Elsenin Vpsi",
              "Elshen - Test VM %2f 94.20.88.244",
              "Emil - Docker Engine %2f 94.20.88.144",
              "Emil Ismayilli -  94.20.88.94",
              "Emil WEB",
              "Emil WINDOWS",
              "Emil_test_94.20.88.205",
              "Emilxan Site - 94.20.88.236",
              "Emilxan Site2 - 94.20.88.234",
              "Emin Ilgar %2f 94.20.88.137",
              "Exmo - Clone - 94.20.88.162",
              "Exmo BackEnd Test %2f 94.20.88.178",
              "Exmo HAProxy %2f 10.100.80.8",
              "Exmo Nginx %2f 94.20.59.158",
              "Exmo Node 1 %2f 10.100.80.2",
              "Exmo Node 2 %2f 10.100.80.3",
              "Exmo Node 3 %2f 10.100.80.4",
              "Exmo PSGL master %2f 10.100.80.9",
              "Exmo PSGL slave %2f 10.100.80.10",
              "Exmo Redis Master %2f 10.100.80.5",
              "Exmo Redis Worker 1 %2f 10.100.80.6",
              "Exmo Redis Worker 2 %2f 10.100.80.7",
              "Exmo Webserver Test %2f 94.20.88.33",
              "FAM Reverse Proxy %2f 94.20.88.194",
              "FRONT APP - 94.20.88.154 +",
              "FRONT DB %2f Hostimul %2f 10.100.80.159 +",
              "FRONT DB - 10.100.80.155 +",
              "Ferid - 94.20.88.221",
              "Fikrat-VPS - 94.20.88.93",
              "Fikret_Temporary - 94.20.88.136",
              "Fikretin VPSi %2f 94.20.88.158",
              "FilmLAB %2f 94.20.88.249",
              "Firebird Clone - 94.20.88.95",
              "Gitlab Hostart Dev",
              "Gloriaparfum.az",
              "HOSTIMUL 25.02.2022 RZZZZZ - 94.20.88.238 terminate",
              "HaProxy",
              "HaProxyVIP_10.100.105.99 94.20.88.99",
              "Hebib - Asterisk - 94.20.88.212",
              "Hebib Server %2f 10.100.80.240- AZTRUST DC",
              "Hebib Server %2f 10.100.80.241 AZTRUST SQL",
              "Hebib Server %2f 10.100.80.242",
              "Hebib Server %2f 10.100.80.243 AZTRUST BE",
              "Hebib Server %2f 10.100.80.244",
              "Hebib Server %2f Win19 10.100.80.168",
              "Hebib Server - Win22 %2f 10.100.80.176",
              "Hebib Server [TEST] - 10.100.80.186",
              "Heydar Aliyev Center - 94.20.59.167",
              "HeydarAliyevCenter_CLONE - 94.20.88.23",
              "HeydarAliyevCenter_PROXY - 94.20.88.2",
              "Hoppscotch%2f94.20.88.7",
              "Hostart",
              "Hostart Billing",
              "Hostart Billing %2f 94.20.59.178",
              "Hostart WHMCS",
              "Hostart-AutomationNewTest (Kritik) 2",
              "Hostart.az",
              "Hostart.az - APP1 %2f 10.100.90.3",
              "Hostart.az - Load Balancer %2f 94.20.59.254",
              "Hostimul Sale %2f 94.20.88.251",
              "Hostimul Sale - 94.20.88.180",
              "Hostimul WHMCS Clone -  94.20.88.176 test",
              "Hytalk - 1",
              "Hytera - 94.20.88.229",
              "Hytera - 94.20.88.61",
              "Hytera Windows - 94.20.88.227",
              "HyteraAzerbaycan - 10.100.80.11",
              "IIS-server(ALL)",
              "IZI CRM %2f 94.20.88.246",
              "KASSAM-APP1",
              "KASSAM-DB1",
              "Kassa.Az [APP1] %2f  10.100.80.229 (Restore edilen)",
              "Kassa.Az [APP2] %2f 10.100.80.230",
              "Kassa.Az [APP3] %2f 10.100.80.231",
              "Kassa.Az [APP4] %2f 10.100.80.234",
              "Kassa.Az [DB2] %2f  10.100.80.228",
              "Kassa.Az [DB3] %2f 10.100.80.224",
              "Kassa.Az [DB4] %2f 10.100.80.232",
              "Kassa.Az [DB5] %2f 10.100.80.233",
              "Kassa.Az [DB6] %2f 10.100.80.235",
              "Kassa.Az[APP5]%2f10.100.80.236",
              "Kassa.az [DB1] %2f 10.100.80.226 %2f 94.20.59.200",
              "Kassa.az [DB7] %2f 10.100.80.237",
              "Kassa.az [WAF, NGINX]  %2f 94.20.88.141",
              "Kassa.az new %2f 10.100.80.76",
              "Kenan Kubernetes %2f 94.20.88.102",
              "KredAgro - 10.100.101.2 restore",
              "KredAgro - 10.100.101.3",
              "KredAgro - 10.100.101.5_kohne",
              "LAP (edu.az)",
              "LVM_test(jey)",
              "Lotfi Zadeh - 94.20.88.147",
              "LotfiZadeh-94.20.88.146 new",
              "MAS - Windows Server 2019 %2f 10.100.80.210",
              "MASBilling %2f 10.100.80.211",
              "MASSTest -  94.20.88.9",
              "MAS_BILLING 94.20.88.67",
              "Managengine Netflow",
              "Mas IIS",
              "Mass Test VM %2f 94.20.88.220",
              "MassBilling Dotnet Core",
              "MassBilling-DB01 -  10.100.80.130",
              "MassBilling-DB02",
              "MassBilling_HaProxy01",
              "MassBilling_HaProxy02",
              "MassBilling_Radius",
              "MassBilling_Zabbix",
              "MassDotnetCOre New",
              "MassNginx New",
              "MassolutionMailServer",
              "Masssolution",
              "MotorhouseMail - 10.100.80.57",
              "Mssql DB (All Project) - 10.100.80.19",
              "Mursal Win %2f 94.20.88.182",
              "Mursal Windows 94.20.88.90",
              "Mursal-Digi",
              "Mursel Rocky - 94.20.88.190",
              "MyGold BCP %2f 94.20.88.69",
              "MyTicket.az - 10.100.80.19",
              "NS1 Hostart %2f 94.20.59.181",
              "NS1_Mas_Emil",
              "NS2 %2f 94.20.59.182",
              "NS2_Mas_Emil",
              "NetFlow POC for Hostart",
              "Nginx_1_10.100.105.88",
              "Nginx_2_10.100.105.89",
              "Nicat Kafka Postgres - 10.100.105.77",
              "Nicat VPS %2f 10.100.80.69",
              "OPNSense - Rza",
              "Oneclick %2f 94.20.88.125",
              "Oneclick New",
              "OwnCloud-NEW [Emil] - Jeyhun",
              "POSKassam %2f 94.20.88.4",
              "PathNet Backend API - 10.100.80.92",
              "PhpIPAM - Hostart -  10.100.80.12",
              "Poskassa %2f 94.20.59.51",
              "Postgre (eduaz db) - 10.100.80.59",
              "PowerDNS",
              "Premier Computers - Cavad %2f 94.20.88.142",
              "Prometheus OFFICE Proxy - 105",
              "Provide Solutions | 94.20.59.226(PRE-PROD) check",
              "Provide Solutions | 94.20.88.140(DEV)",
              "ProxyServer - 10.100.80.14",
              "Pterodactyl Panel 88.250 - Kenan",
              "Qarabagh.com - 94.20.88.18",
              "RMTP Server ( - )",
              "RS_lab CTF - 94.20.88.124",
              "RZA Windows",
              "RabbitMQ - MAS -  10.100.80.146",
              "Rahman - Radio",
              "Rahman - kitaylar ucun - 94.20.59.138",
              "Rahman_Remote",
              "RiiBWebServer-Samir %2f 10.100.80.71-94.20.59.80",
              "Rocky Linux %2f 94.20.88.117 Onemlidir!",
              "Rocky Linux 9 1. - 10.100.80.116",
              "Rocky Linux 9 2. - 10.100.80.117",
              "Rocky Linux 9 3. - 10.100.80.118",
              "Rocky Linux 9 4. - 10.100.80.119",
              "Rocky Linux 9 5. - 10.100.80.133",
              "Rocky Linux 9 6. - 10.100.80.134",
              "RockyLinux  9 10.- 10.100.80.139",
              "RockyLinux  9 7. - 10.100.80.135",
              "RockyLinux  9 8. - 10.100.80.136",
              "RockyLinux  9 9. - 10.100.80.138",
              "RockyLinux 9.11 - 10.100.80.142",
              "RockyLinux 9.12 - 10.100.80.143",
              "SMB",
              "SeaWeed %2f 94.20.88.122",
              "SeaWeed %2f 94.20.88.24",
              "SeaWeed %2f 94.20.88.3",
              "SonarQube - Hostart %2f 94.20.88.165",
              "Squid Proxy - Emil",
              "Supertoys - 94.20.59.166 - Hostimul",
              "Supertoys 94.20.88.128 - Hostimul Sale",
              "Support.Hostart.Az %2f 94.20.59.148",
              "Suret Kargo %2f 94.20.59.143",
              "TFS2012  - 10.100.80.36",
              "Tool Tech Mail Server %2f 94.20.59.153",
              "ToolTech - 1C",
              "TrueNas %2f 10.100.80.216",
              "UNBOUND %2f 94.20.88.169",
              "UNBOUND %2f 94.20.88.98",
              "Ubuntu - 10.100.80.180 %2f Nicat",
              "Ubuntu 22.04 OpenAPPSec  - 94.20.59.181 pacco 10.100.80.150",
              "Ubuntu Rza 88888",
              "VPS Agarza %2f 94.20.59.148",
              "VPS-128 %2f 94.20.59.34 - [Hostimul Sale]",
              "VPS128(2) ALMARKET - 94.20.59.252 Hostimul Sale",
              "VPS129 - [Hostimul Sale] %2f 94.20.59.35 - Almarket",
              "VPS26 %2f 94.20.88.35 - [Hostimul Sale]",
              "VPS263 %2f 94.20.88.126 - [Hostimul Sale]",
              "VPS51-Win - [Hostimul Sale]",
              "VPS90 %2f 94.20.88.36 - [Hostimul Sale]",
              "VPS91 %2f 94.20.88.43 - [Hostimul Sale]",
              "VPS92 %2f 94.20.88.45 - [Hostimul Sale]",
              "VitaMed -  94.20.59.179",
              "Voice Encrypt %2f  94.20.88.245 - Kritik",
              "WAZUH Hostart %2f 94.20.88.89",
              "WHM",
              "WHMCS  - Hostimul %2f 94.20.88.152 +",
              "WHMCS DB (2) %2f Hostimul %2f 10.100.80.154 +",
              "WHMCS DB (3) %2f Hostimul %2f 10.100.80.156 +",
              "WHMCS DB - 10.100.80.153 +",
              "Wazuh - 10.100.80.149",
              "WebRTC %2f 94.20.88.135",
              "WebServer-Samir %2f 94.20.59.15, 10.100.80.15",
              "Win_2019_Mssql - 10.100.80.80",
              "Windows 10",
              "Windows 10  %2f  94.20.88.230, 10.100.105.9",
              "Xeberoxu - Mursal%2fElvin",
              "Zabbix",
              "[MS] - 94.20.88.175 Ubuntu",
              "[MS] 172.20.87.16 - Ubuntu",
              "[MS] 172.20.87.24 - Ubuntu",
              "[MS] Backup - 172.20.87.2",
              "[MS] Rocky Linux - 172.20.87.100",
              "agarza web",
              "arka.culture.az -  94.20.88.72",
              "e-kassam 10.100.80.172",
              "e-kassam signos %2f 94.20.88.186",
              "e-kassam test %2f 94.20.88.185",
              "edu.az [Clone]",
              "edu_az_app1_ 10.100.80.37 - new",
              "edu_az_app2_ 10.100.80.38",
              "edu_az_db2_ 10.100.80.40",
              "edu_az_db_1_ 10.100.80.39",
              "edu_az_ha_proxy 10.100.80.41",
              "edu_az_nginx_94.20.88.50_10.100.80.50",
              "elsen_exmo_test_94.20.88.105",
              "faa.azMailServer - 10.100.80.94",
              "heimwall az 1 %2f 10.100.91.2 %2f 94.20.59.131",
              "heimwall az 2 %2f 10.100.91.3 %2f 94.20.88.131",
              "heimwall az 3 %2f 10.100.91.4",
              "heimwall az 4 %2f 10.100.91.5",
              "hostart_shared_hosting",
              "hostart_shared_ns1",
              "hostart_shared_ns2",
              "hostimul_sale_10.100.104.104",
              "hostimul_sale_94.20.88.132",
              "hostimul_sale_94.20.88.201_terminate",
              "hostimul_sale_94.20.88.73 terminate",
              "hostimul_sale_94.20.88.73_terminate",
              "hostimul_sale_94.20.88.91",
              "hostimul_sale_ubuntu_94.20.88.100",
              "hostimul_sale_win_94.20.88.96_terminated",
              "hytera.az - Mail Server - 94.20.59.136",
              "iguideMailServer -  10.100.80.99",
              "ilovebakuMailServer - 10.100.80.83",
              "jammy-server-cloudimg-amd64",
              "k8s - 94.20.88.208",
              "mail.heydaraliyevcenter.az - 94.20.59.241",
              "mail.heydaraliyevcenter.az-invert(RESTORED)",
              "mursal proxy test",
              "mursel-docker-1 171 IP conficlit verir",
              "netcom.az ( - )",
              "pacco-lb-1",
              "pacco-patroni-1-10.100.80.238",
              "pacco-patroni-2",
              "pacco-patroni-haproxy-1",
              "pacco-prod-master-node-1",
              "pacco-prod-master-node-2",
              "pacco-prod-master-node-3",
              "pacco-prod-mongodb-1",
              "pacco-prod-nfs-storage",
              "pacco-prod-worker-node-1",
              "pacco-prod-worker-node-2",
              "pacco-prod-worker-node-3",
              "pacco-prod-worker-node-4",
              "pacco-prod-worker-node-5",
              "pacco-prod-worker-node-6",
              "pass - 94.20.88.40",
              "pms.riib.az %2f 94.20.59.177",
              "prod-az1-master-node-1-21[Delete]",
              "prod-az1-master-node-1[Delete2]",
              "prod-az1-master-node-1[Delete]",
              "prod-az1-master-node-1[delete1]",
              "prod-az1-worker-node-1[Delete2]",
              "prod-az1-worker-node-1[Delete]",
              "prod-az1-worker-node-1[delete1]",
              "prod-az3-master-node-1[Delete]",
              "prod-az3-worker-node-1[Delete]",
              "prod-haproxy-1",
              "prod-haproxy-2",
              "prod-master-node-1",
              "prod-master-node-2",
              "prod-master-node-3",
              "prod-nfs-storage",
              "prod-worker-node-1",
              "prod-worker-node-2",
              "prod-worker-node-3",
              "qarabagh.com - 94.20.88.111 - Hostimul Sale",
              "riib.azMailServer - 59.9 - 10.100.80.89",
              "riibProxy",
              "samirkachayev.az - 94.20.59.228 check",
              "survey.heydaraliyevcenter.az - 94.20.88.242",
              "ted.az - 10.100.80.42",
              "tedazMailServer - 10.100.80.95",
              "teklifimvarMailServer - 10.100.80.96",
              "terminated",
              "terminatedd",
              "texno - 94.20.88.174",
              "ubuntu-2204-Template-Thin",
              "ubuntu24-cloudimg-amd64[Delete]",
              "vCenter -  10.100.70.250",
              "vCenter - DC [vcsa.hostart.local]",
              "whmcs emil user - diaspora",
              "winserver222",
              "www.heydaraliyevcenter.az (1) - 10.100.80.144",
              "yaradici.live"
            ]
          },
          "sensitive_attributes": [
            [
              {
                "type": "get_attr",
                "value": "name"
              }
            ]
          ]
        }
      ]
    },
    {
      "module": "module.rke2_prod_cluster",
      "mode": "data",
      "type": "vsphere_datastore",
      "name": "vsphere_datastore_az1",
      "provider": "provider[\"registry.terraform.io/hashicorp/vsphere\"]",
      "instances": [
        {
          "schema_version": 0,
          "attributes": {
            "datacenter_id": "datacenter-3",
            "id": "datastore-63879",
            "name": "181 - 8TB Sas Hdd",
            "stats": {
              "capacity": "8401224466432",
              "free": "4897580777472"
            }
          },
          "sensitive_attributes": [
            [
              {
                "type": "get_attr",
                "value": "name"
              }
            ]
          ]
        }
      ]
    },
    {
      "module": "module.rke2_prod_cluster",
      "mode": "data",
      "type": "vsphere_datastore",
      "name": "vsphere_datastore_az3",
      "provider": "provider[\"registry.terraform.io/hashicorp/vsphere\"]",
      "instances": [
        {
          "index_key": 0,
          "schema_version": 0,
          "attributes": {
            "datacenter_id": "datacenter-3",
            "id": "datastore-120001",
            "name": "191 - 15.28TB Sas Hdd",
            "stats": {
              "capacity": "16802717368320",
              "free": "16367136800768"
            }
          },
          "sensitive_attributes": [
            [
              {
                "type": "get_attr",
                "value": "name"
              }
            ]
          ]
        }
      ]
    },
    {
      "module": "module.rke2_prod_cluster",
      "mode": "data",
      "type": "vsphere_host",
      "name": "vsphere_host_az1",
      "provider": "provider[\"registry.terraform.io/hashicorp/vsphere\"]",
      "instances": [
        {
          "schema_version": 0,
          "attributes": {
            "datacenter_id": "datacenter-3",
            "id": "host-63878",
            "name": "10.100.70.181",
            "resource_pool_id": "resgroup-63877"
          },
          "sensitive_attributes": [
            [
              {
                "type": "get_attr",
                "value": "name"
              }
            ]
          ]
        }
      ]
    },
    {
      "module": "module.rke2_prod_cluster",
      "mode": "data",
      "type": "vsphere_host",
      "name": "vsphere_host_az3",
      "provider": "provider[\"registry.terraform.io/hashicorp/vsphere\"]",
      "instances": [
        {
          "index_key": 0,
          "schema_version": 0,
          "attributes": {
            "datacenter_id": "datacenter-3",
            "id": "host-120000",
            "name": "10.100.70.191",
            "resource_pool_id": "resgroup-119999"
          },
          "sensitive_attributes": [
            [
              {
                "type": "get_attr",
                "value": "name"
              }
            ]
          ]
        }
      ]
    },
    {
      "module": "module.rke2_prod_cluster",
      "mode": "data",
      "type": "vsphere_network",
      "name": "vsphere_network_az1",
      "provider": "provider[\"registry.terraform.io/hashicorp/vsphere\"]",
      "instances": [
        {
          "schema_version": 0,
          "attributes": {
            "datacenter_id": "datacenter-3",
            "distributed_virtual_switch_uuid": null,
            "filter": null,
            "id": "network-119256",
            "name": "181VLAN-104",
            "type": "Network"
          },
          "sensitive_attributes": [
            [
              {
                "type": "get_attr",
                "value": "name"
              }
            ]
          ]
        }
      ]
    },
    {
      "module": "module.rke2_prod_cluster",
      "mode": "data",
      "type": "vsphere_network",
      "name": "vsphere_network_az3",
      "provider": "provider[\"registry.terraform.io/hashicorp/vsphere\"]",
      "instances": [
        {
          "index_key": 0,
          "schema_version": 0,
          "attributes": {
            "datacenter_id": "datacenter-3",
            "distributed_virtual_switch_uuid": null,
            "filter": null,
            "id": "network-120005",
            "name": "191VLAN-104",
            "type": "Network"
          },
          "sensitive_attributes": [
            [
              {
                "type": "get_attr",
                "value": "name"
              }
            ]
          ]
        }
      ]
    },
    {
      "module": "module.rke2_prod_cluster",
      "mode": "data",
      "type": "vsphere_ovf_vm_template",
      "name": "template",
      "provider": "provider[\"registry.terraform.io/hashicorp/vsphere\"]",
      "instances": [
        {
          "schema_version": 0,
          "attributes": {
            "allow_unverified_ssl_cert": false,
            "alternate_guest_name": "",
            "annotation": "",
            "cpu_hot_add_enabled": false,
            "cpu_hot_remove_enabled": false,
            "cpu_performance_counters_enabled": null,
            "datastore_id": "datastore-63879",
            "deployment_option": null,
            "disk_provisioning": "thin",
            "enable_hidden_properties": false,
            "firmware": "bios",
            "folder": null,
            "guest_id": "ubuntu64Guest",
            "host_system_id": "host-63878",
            "id": "jammy-server-cloudimg-amd64",
            "ide_controller_count": 2,
            "ip_allocation_policy": null,
            "ip_protocol": null,
            "local_ovf_path": null,
            "memory": 1024,
            "memory_hot_add_enabled": false,
            "name": "jammy-server-cloudimg-amd64",
            "nested_hv_enabled": false,
            "num_cores_per_socket": 1,
            "num_cpus": 2,
            "ovf_network_map": {
              "VM Network": "network-119256"
            },
            "remote_ovf_url": "https://cloud-images.ubuntu.com/jammy/current/jammy-server-cloudimg-amd64.ova",
            "resource_pool_id": "resgroup-63877",
            "sata_controller_count": 0,
            "scsi_controller_count": 1,
            "scsi_type": "pvscsi",
            "swap_placement_policy": ""
          },
          "sensitive_attributes": []
        }
      ]
    },
    {
      "module": "module.rke2_prod_cluster",
      "mode": "data",
      "type": "vsphere_ovf_vm_template",
      "name": "templateLocal",
      "provider": "provider[\"registry.terraform.io/hashicorp/vsphere\"]",
      "instances": [
        {
          "schema_version": 0,
          "attributes": {
            "allow_unverified_ssl_cert": false,
            "alternate_guest_name": "",
            "annotation": "",
            "cpu_hot_add_enabled": false,
            "cpu_hot_remove_enabled": false,
            "cpu_performance_counters_enabled": null,
            "datastore_id": "datastore-63879",
            "deployment_option": null,
            "disk_provisioning": "thin",
            "enable_hidden_properties": false,
            "firmware": "bios",
            "folder": null,
            "guest_id": "ubuntu64Guest",
            "host_system_id": "host-63878",
            "id": "jammy-server-cloudimg-amd64",
            "ide_controller_count": 2,
            "ip_allocation_policy": null,
            "ip_protocol": null,
            "local_ovf_path": "./files/ova/jammy-server-cloudimg-amd64.ova",
            "memory": 1024,
            "memory_hot_add_enabled": false,
            "name": "jammy-server-cloudimg-amd64",
            "nested_hv_enabled": false,
            "num_cores_per_socket": 1,
            "num_cpus": 2,
            "ovf_network_map": {
              "VM Network": "network-119256"
            },
            "remote_ovf_url": null,
            "resource_pool_id": "resgroup-63877",
            "sata_controller_count": 0,
            "scsi_controller_count": 1,
            "scsi_type": "pvscsi",
            "swap_placement_policy": ""
          },
          "sensitive_attributes": []
        }
      ]
    },
    {
      "module": "module.rke2_prod_cluster",
      "mode": "data",
      "type": "vsphere_resource_pool",
      "name": "vsphere_resource_pool_az1",
      "provider": "provider[\"registry.terraform.io/hashicorp/vsphere\"]",
      "instances": [
        {
          "schema_version": 0,
          "attributes": {
            "datacenter_id": "datacenter-3",
            "id": "resgroup-143489",
            "name": "RKE2_AZ1"
          },
          "sensitive_attributes": [
            [
              {
                "type": "get_attr",
                "value": "name"
              }
            ]
          ]
        }
      ]
    },
    {
      "module": "module.rke2_prod_cluster",
      "mode": "data",
      "type": "vsphere_resource_pool",
      "name": "vsphere_resource_pool_az3",
      "provider": "provider[\"registry.terraform.io/hashicorp/vsphere\"]",
      "instances": [
        {
          "index_key": 0,
          "schema_version": 0,
          "attributes": {
            "datacenter_id": "datacenter-3",
            "id": "resgroup-143490",
            "name": "RKE2_AZ3"
          },
          "sensitive_attributes": [
            [
              {
                "type": "get_attr",
                "value": "name"
              }
            ]
          ]
        }
      ]
    },
    {
      "module": "module.rke2_prod_cluster",
      "mode": "data",
      "type": "vsphere_virtual_machine",
      "name": "template",
      "provider": "provider[\"registry.terraform.io/hashicorp/vsphere\"]",
      "instances": [
        {
          "schema_version": 0,
          "attributes": {
            "alternate_guest_name": "",
            "annotation": "",
            "boot_delay": 0,
            "boot_retry_delay": 10000,
            "boot_retry_enabled": false,
            "change_version": "2024-10-27T00:10:53.596724Z",
            "cpu_hot_add_enabled": false,
            "cpu_hot_remove_enabled": false,
            "cpu_limit": -1,
            "cpu_performance_counters_enabled": false,
            "cpu_reservation": 0,
            "cpu_share_count": 2000,
            "cpu_share_level": "normal",
            "datacenter_id": "datacenter-3",
            "default_ip_address": "10.100.104.99",
            "disks": [
              {
                "eagerly_scrub": false,
                "label": "Hard disk 1",
                "size": 10,
                "thin_provisioned": true,
                "unit_number": 0
              }
            ],
            "efi_secure_boot_enabled": false,
            "enable_disk_uuid": true,
            "enable_logging": false,
            "ept_rvi_mode": "automatic",
            "extra_config": {},
            "extra_config_reboot_required": true,
            "firmware": "bios",
            "folder": null,
            "guest_id": "ubuntu64Guest",
            "guest_ip_addresses": [
              "10.100.104.99",
              "fe80::250:56ff:fea4:a4cc"
            ],
            "hardware_version": 10,
            "hv_mode": "hvAuto",
            "id": "422439a8-adc2-c6c4-aa69-16f96fa7923d",
            "ide_controller_scan_count": 2,
            "instance_uuid": "5024dbda-2389-7f99-8e29-f654424749dd",
            "latency_sensitivity": "normal",
            "memory": 1024,
            "memory_hot_add_enabled": false,
            "memory_limit": -1,
            "memory_reservation": 0,
            "memory_reservation_locked_to_max": false,
            "memory_share_count": 10240,
            "memory_share_level": "normal",
            "moid": "vm-143503",
            "name": "jammy-server-cloudimg-amd64",
            "nested_hv_enabled": false,
            "network_interface_types": [
              "vmxnet3"
            ],
            "network_interfaces": [
              {
                "adapter_type": "vmxnet3",
                "bandwidth_limit": -1,
                "bandwidth_reservation": 0,
                "bandwidth_share_count": 50,
                "bandwidth_share_level": "normal",
                "mac_address": "00:50:56:a4:a4:cc",
                "network_id": "network-119256",
                "physical_function": ""
              }
            ],
            "num_cores_per_socket": 1,
            "num_cpus": 2,
            "replace_trigger": null,
            "run_tools_scripts_after_power_on": true,
            "run_tools_scripts_after_resume": true,
            "run_tools_scripts_before_guest_reboot": false,
            "run_tools_scripts_before_guest_shutdown": true,
            "run_tools_scripts_before_guest_standby": true,
            "sata_controller_scan_count": 0,
            "scsi_bus_sharing": "noSharing",
            "scsi_controller_scan_count": 1,
            "scsi_type": "pvscsi",
            "storage_policy_id": null,
            "swap_placement_policy": "inherit",
            "sync_time_with_host": false,
            "sync_time_with_host_periodically": false,
            "tools_upgrade_policy": "manual",
            "uuid": "422439a8-adc2-c6c4-aa69-16f96fa7923d",
            "vapp": null,
            "vapp_transport": [],
            "vbs_enabled": false,
            "vtpm": null,
            "vvtd_enabled": false
          },
          "sensitive_attributes": []
        }
      ]
    },
    {
      "module": "module.rke2_prod_cluster",
      "mode": "managed",
      "type": "time_static",
      "name": "current",
      "provider": "provider[\"registry.terraform.io/hashicorp/time\"]",
      "instances": [
        {
          "schema_version": 0,
          "attributes": {
            "day": 26,
            "hour": 19,
            "id": "2024-10-26T19:19:49Z",
            "minute": 19,
            "month": 10,
            "rfc3339": "2024-10-26T19:19:49Z",
            "second": 49,
            "triggers": null,
            "unix": 1729970389,
            "year": 2024
          },
          "sensitive_attributes": []
        }
      ]
    },
    {
      "module": "module.rke2_prod_cluster",
      "mode": "managed",
      "type": "vsphere_virtual_machine",
      "name": "bastion_node",
      "provider": "provider[\"registry.terraform.io/hashicorp/vsphere\"]",
      "instances": [
        {
          "index_key": 0,
          "schema_version": 3,
          "attributes": {
            "alternate_guest_name": "",
            "annotation": "",
            "boot_delay": 0,
            "boot_retry_delay": 10000,
            "boot_retry_enabled": false,
            "cdrom": [],
            "change_version": "2024-10-27T00:12:58.516691Z",
            "clone": [
              {
                "customization_spec": [],
                "customize": [
                  {
                    "dns_server_list": [
                      "8.8.8.8",
                      "8.8.4.4"
                    ],
                    "dns_suffix_list": null,
                    "ipv4_gateway": "10.100.104.1",
                    "ipv6_gateway": "",
                    "linux_options": [
                      {
                        "domain": "hostart.az",
                        "host_name": "prod-bastion-1",
                        "hw_clock_utc": true,
                        "script_text": "",
                        "time_zone": "Asia/Baku"
                      }
                    ],
                    "network_interface": [
                      {
                        "dns_domain": "",
                        "dns_server_list": null,
                        "ipv4_address": "10.100.104.3",
                        "ipv4_netmask": 24,
                        "ipv6_address": "",
                        "ipv6_netmask": 0
                      }
                    ],
                    "timeout": 10,
                    "windows_options": [],
                    "windows_sysprep_text": ""
                  }
                ],
                "linked_clone": false,
                "ovf_network_map": null,
                "ovf_storage_map": null,
                "template_uuid": "422439a8-adc2-c6c4-aa69-16f96fa7923d",
                "timeout": 30
              }
            ],
            "cpu_hot_add_enabled": false,
            "cpu_hot_remove_enabled": false,
            "cpu_limit": -1,
            "cpu_performance_counters_enabled": false,
            "cpu_reservation": 0,
            "cpu_share_count": 4000,
            "cpu_share_level": "normal",
            "custom_attributes": null,
            "datacenter_id": null,
            "datastore_cluster_id": null,
            "datastore_id": "datastore-63879",
            "default_ip_address": null,
            "disk": [
              {
                "attach": false,
                "controller_type": "scsi",
                "datastore_id": "datastore-63879",
                "device_address": "scsi:0:0",
                "disk_mode": "persistent",
                "disk_sharing": "sharingNone",
                "eagerly_scrub": false,
                "io_limit": -1,
                "io_reservation": 0,
                "io_share_count": 1000,
                "io_share_level": "normal",
                "keep_on_remove": false,
                "key": 2000,
                "label": "Hard disk 1",
                "path": "prod-bastion-1/prod-bastion-1.vmdk",
                "size": 50,
                "storage_policy_id": "",
                "thin_provisioned": true,
                "unit_number": 0,
                "uuid": "6000C294-01a9-597b-9cb3-d2a023ca8af5",
                "write_through": false
              }
            ],
            "efi_secure_boot_enabled": false,
            "enable_disk_uuid": false,
            "enable_logging": false,
            "ept_rvi_mode": "automatic",
            "extra_config": {
              "guestinfo.userdata": "I2Nsb3VkLWNvbmZpZw0KZ3JvdXBzOg0KICAtIHVidW50dTogW3Jvb3Qsc3lzXQ0KICAtIGRldm9wcw0KdXNlcnM6DQogIC0gZGVmYXVsdA0KICAtIG5hbWU6IGRldm9wcw0KICAgIHByaW1hcnlfZ3JvdXA6IGRldm9wcw0KICAgIGdyb3Vwczogc3Vkbw0KICAgIHN1ZG86IFsnQUxMPShBTEwpIE5PUEFTU1dEOkFMTCddDQogICAgbG9ja19wYXNzd2Q6IGZhbHNlDQogICAgcGFzc3dkOiAiJDYkVEJUcDFaR0o3d0FCbFBiRyR2eW11b243YkdxRUNIdDFXRlVGVGM5VHoxd3ZKUEQ2bTBjTWRmZFhJdTVWaDV6dmpRY0NncXJDMHhHVGFwZ2dJRkplQU92TS54eU9XY0FsSFQyVnJpMSINCiAgLSBuYW1lOiBjaS11c2VyDQogICAgcHJpbWFyeV9ncm91cDogY2ktdXNlcg0KICAgIGdyb3Vwczogc3Vkbw0KICAgIHN1ZG86ICJBTEw9KEFMTCkgTk9QQVNTV0Q6QUxMIg0KICAgIGxvY2tfcGFzc3dkOiBmYWxzZQ0KICAgIHBhc3N3ZDogJDYkVEJUcDFaR0o3d0FCbFBiRyR2eW11b243YkdxRUNIdDFXRlVGVGM5VHoxd3ZKUEQ2bTBjTWRmZFhJdTVWaDV6dmpRY0NncXJDMHhHVGFwZ2dJRkplQU92TS54eU9XY0FsSFQyVnJpMQ0KDQoNCm1hbmFnZV9ldGNfaG9zdHM6IHRydWUNCg0Kd3JpdGVfZmlsZXM6DQogIC0gcGF0aDogL2V0Yy9jbG91ZC90ZW1wbGF0ZXMvaG9zdHMuZGViaWFuLnRtcGwNCiAgICBjb250ZW50OiB8DQogICAgICAxMjcuMC4wLjEgbG9jYWxob3N0DQogICAgICAxMjcuMC4xLjEgJGZxZG4NCiAgICAgIDEwLjEwMC4xMDQuMTAgcHJvZC1yYW5jaGVyLmhvc3RhcnQuYXoNCiAgICAgIDEwLjEwMC43MC4yNTAgdmNzYS5ob3N0YXJ0LmxvY2FsDQoNCiAgLSBwYXRoOiAvaG9tZS9kZXZvcHMvaW5zdGFsbF9kZXZvcHNfdG9vbHMuc2gNCiAgICBwZXJtaXNzaW9uczogJzA3NTUnDQogICAgY29udGVudDogfA0KICAgICAgIyEvYmluL2Jhc2gNCiAgICAgIHdnZXQgLU8tIGh0dHBzOi8vYXB0LnJlbGVhc2VzLmhhc2hpY29ycC5jb20vZ3BnIHwgc3VkbyBncGcgLS1kZWFybW9yIC1vIC91c3Ivc2hhcmUva2V5cmluZ3MvaGFzaGljb3JwLWFyY2hpdmUta2V5cmluZy5ncGcNCiAgICAgIGVjaG8gImRlYiBbc2lnbmVkLWJ5PS91c3Ivc2hhcmUva2V5cmluZ3MvaGFzaGljb3JwLWFyY2hpdmUta2V5cmluZy5ncGddIGh0dHBzOi8vYXB0LnJlbGVhc2VzLmhhc2hpY29ycC5jb20gJChsc2JfcmVsZWFzZSAtY3MpIG1haW4iIHwgc3VkbyB0ZWUgL2V0Yy9hcHQvc291cmNlcy5saXN0LmQvaGFzaGljb3JwLmxpc3QNCiAgICAgIGN1cmwgLUxPICJodHRwczovL2RsLms4cy5pby9yZWxlYXNlLyQoY3VybCAtTCAtcyBodHRwczovL2RsLms4cy5pby9yZWxlYXNlL3N0YWJsZS50eHQpL2Jpbi9saW51eC9hbWQ2NC9rdWJlY3RsIg0KICAgICAgc3VkbyBpbnN0YWxsIC1vIHJvb3QgLWcgcm9vdCAtbSAwNzU1IGt1YmVjdGwgL3Vzci9sb2NhbC9iaW4va3ViZWN0bA0KICAgICAgc3VkbyBhcHQgdXBkYXRlDQogICAgICBzdWRvIGFwdCBpbnN0YWxsIC15IHB5dGhvbjMtcGlwIHRlcnJhZm9ybSBzc2hwYXNzIHdob2lzDQogICAgICBzdWRvIHBpcDMgaW5zdGFsbCBhbnNpYmxlIGFuc2libGUtY29yZQ0KDQpib290Y21kOg0KICAtIHByaW50ZiAiW1Jlc29sdmVdXG5ETlM9OC44LjguOCA4LjguNC40IiA+IC9ldGMvc3lzdGVtZC9yZXNvbHZlZC5jb25mDQogIC0gWyBzeXN0ZW1jdGwsIHJlc3RhcnQsIHN5c3RlbWQtcmVzb2x2ZWQgXQ0KDQpydW5jbWQ6DQogIC0gWyBzaCwgLWMsICcvaG9tZS9kZXZvcHMvaW5zdGFsbF9kZXZvcHNfdG9vbHMuc2gnIF0NCiAgLSBbIGJhc2gsIC1jLCAnZWNobyAiZXhwb3J0IEtVQkVDT05GSUc9Li9maWxlcy9hbnNpYmxlL2t1YmVjb25maWcvcmtlMi55YW1sIiA+PiB+Ly5iYXNocmMnIF0NCiAgLSBbIGJhc2gsIC1jLCAnZWNobyAiZXhwb3J0IFBBVEg9JFBBVEg6L3Zhci9saWIvcmFuY2hlci9ya2UyL2Jpbi8iID4+IH4vLmJhc2hyYycgXQ0KICAtIFsgYmFzaCwgLWMsICdlY2hvIGFsaWFzIGs9Imt1YmVjdGwiID4+IH4vLmJhc2hyYycgXQ0K",
              "guestinfo.userdata.encoding": "base64"
            },
            "extra_config_reboot_required": true,
            "firmware": "bios",
            "folder": "",
            "force_power_off": true,
            "guest_id": "ubuntu64Guest",
            "guest_ip_addresses": [],
            "hardware_version": 10,
            "host_system_id": "host-63878",
            "hv_mode": "hvAuto",
            "id": "42242001-72d3-7d3e-20be-7b93e38beca5",
            "ide_controller_count": 2,
            "ignored_guest_ips": null,
            "imported": null,
            "latency_sensitivity": "normal",
            "memory": 4096,
            "memory_hot_add_enabled": false,
            "memory_limit": -1,
            "memory_reservation": 0,
            "memory_reservation_locked_to_max": false,
            "memory_share_count": 40960,
            "memory_share_level": "normal",
            "migrate_wait_timeout": 30,
            "moid": "vm-143529",
            "name": "prod-bastion-1",
            "nested_hv_enabled": false,
            "network_interface": [
              {
                "adapter_type": "vmxnet3",
                "bandwidth_limit": -1,
                "bandwidth_reservation": 0,
                "bandwidth_share_count": 50,
                "bandwidth_share_level": "normal",
                "device_address": "pci:0:7",
                "key": 4000,
                "mac_address": "00:50:56:a4:60:41",
                "network_id": "network-119256",
                "ovf_mapping": "",
                "physical_function": "",
                "use_static_mac": false
              }
            ],
            "num_cores_per_socket": 1,
            "num_cpus": 4,
            "ovf_deploy": [],
            "pci_device_id": null,
            "power_state": "on",
            "poweron_timeout": 300,
            "reboot_required": false,
            "replace_trigger": null,
            "resource_pool_id": "resgroup-143489",
            "run_tools_scripts_after_power_on": true,
            "run_tools_scripts_after_resume": true,
            "run_tools_scripts_before_guest_reboot": false,
            "run_tools_scripts_before_guest_shutdown": true,
            "run_tools_scripts_before_guest_standby": true,
            "sata_controller_count": 0,
            "scsi_bus_sharing": "noSharing",
            "scsi_controller_count": 1,
            "scsi_type": "pvscsi",
            "shutdown_wait_timeout": 3,
            "storage_policy_id": "",
            "swap_placement_policy": "inherit",
            "sync_time_with_host": false,
            "sync_time_with_host_periodically": false,
            "tags": null,
            "tools_upgrade_policy": "manual",
            "uuid": "42242001-72d3-7d3e-20be-7b93e38beca5",
            "vapp": [],
            "vapp_transport": [],
            "vbs_enabled": false,
            "vmware_tools_status": "guestToolsRunning",
            "vmx_path": "prod-bastion-1/prod-bastion-1.vmx",
            "vtpm": [],
            "vvtd_enabled": false,
            "wait_for_guest_ip_timeout": 0,
            "wait_for_guest_net_routable": true,
            "wait_for_guest_net_timeout": 0
          },
          "sensitive_attributes": [
            [
              {
                "type": "get_attr",
                "value": "clone"
              },
              {
                "type": "index",
                "value": {
                  "value": 0,
                  "type": "number"
                }
              },
              {
                "type": "get_attr",
                "value": "customize"
              },
              {
                "type": "index",
                "value": {
                  "value": 0,
                  "type": "number"
                }
              },
              {
                "type": "get_attr",
                "value": "ipv4_gateway"
              }
            ],
            [
              {
                "type": "get_attr",
                "value": "clone"
              },
              {
                "type": "index",
                "value": {
                  "value": 0,
                  "type": "number"
                }
              },
              {
                "type": "get_attr",
                "value": "customize"
              },
              {
                "type": "index",
                "value": {
                  "value": 0,
                  "type": "number"
                }
              },
              {
                "type": "get_attr",
                "value": "linux_options"
              },
              {
                "type": "index",
                "value": {
                  "value": 0,
                  "type": "number"
                }
              },
              {
                "type": "get_attr",
                "value": "script_text"
              }
            ],
            [
              {
                "type": "get_attr",
                "value": "clone"
              },
              {
                "type": "index",
                "value": {
                  "value": 0,
                  "type": "number"
                }
              },
              {
                "type": "get_attr",
                "value": "customize"
              },
              {
                "type": "index",
                "value": {
                  "value": 0,
                  "type": "number"
                }
              },
              {
                "type": "get_attr",
                "value": "windows_sysprep_text"
              }
            ],
            [
              {
                "type": "get_attr",
                "value": "extra_config"
              },
              {
                "type": "index",
                "value": {
                  "value": "guestinfo.userdata",
                  "type": "string"
                }
              }
            ]
          ],
          "private": "eyJzY2hlbWFfdmVyc2lvbiI6IjMifQ==",
          "dependencies": [
            "module.rke2_prod_cluster.data.vsphere_datacenter.vsphere_datacenter_az1",
            "module.rke2_prod_cluster.data.vsphere_datastore.vsphere_datastore_az1",
            "module.rke2_prod_cluster.data.vsphere_host.vsphere_host_az1",
            "module.rke2_prod_cluster.data.vsphere_network.vsphere_network_az1",
            "module.rke2_prod_cluster.data.vsphere_ovf_vm_template.template",
            "module.rke2_prod_cluster.data.vsphere_ovf_vm_template.templateLocal",
            "module.rke2_prod_cluster.data.vsphere_resource_pool.vsphere_resource_pool_az1",
            "module.rke2_prod_cluster.data.vsphere_virtual_machine.template",
            "module.rke2_prod_cluster.vsphere_virtual_machine.template"
          ]
        }
      ]
    },
    {
      "module": "module.rke2_prod_cluster",
      "mode": "managed",
      "type": "vsphere_virtual_machine",
      "name": "template",
      "provider": "provider[\"registry.terraform.io/hashicorp/vsphere\"]",
      "instances": [
        {
          "index_key": 0,
          "schema_version": 3,
          "attributes": {
            "alternate_guest_name": "",
            "annotation": "",
            "boot_delay": 0,
            "boot_retry_delay": 10000,
            "boot_retry_enabled": false,
            "cdrom": [],
            "change_version": "2024-10-27T00:10:53.596724Z",
            "clone": [],
            "cpu_hot_add_enabled": false,
            "cpu_hot_remove_enabled": false,
            "cpu_limit": -1,
            "cpu_performance_counters_enabled": false,
            "cpu_reservation": 0,
            "cpu_share_count": 2000,
            "cpu_share_level": "normal",
            "custom_attributes": {},
            "datacenter_id": "datacenter-3",
            "datastore_cluster_id": null,
            "datastore_id": "datastore-63879",
            "default_ip_address": "10.100.104.99",
            "disk": [
              {
                "attach": false,
                "controller_type": "scsi",
                "datastore_id": "datastore-63879",
                "device_address": "scsi:0:0",
                "disk_mode": "persistent",
                "disk_sharing": "sharingNone",
                "eagerly_scrub": false,
                "io_limit": -1,
                "io_reservation": 0,
                "io_share_count": 1000,
                "io_share_level": "normal",
                "keep_on_remove": false,
                "key": 2000,
                "label": "disk0",
                "path": "jammy-server-cloudimg-amd64/jammy-server-cloudimg-amd64.vmdk",
                "size": 10,
                "storage_policy_id": "",
                "thin_provisioned": true,
                "unit_number": 0,
                "uuid": "6000C294-4772-698b-1b2f-ff916eb1c173",
                "write_through": false
              }
            ],
            "efi_secure_boot_enabled": false,
            "enable_disk_uuid": true,
            "enable_logging": false,
            "ept_rvi_mode": "automatic",
            "extra_config": {
              "guestinfo.userdata": "I2Nsb3VkLWNvbmZpZw0KZ3JvdXBzOg0KICAtIHVidW50dTogW3Jvb3Qsc3lzXQ0KICAtIGRldm9wcw0KDQp1c2VyczoNCiAgLSBkZWZhdWx0DQogIC0gbmFtZTogZGV2b3BzDQogICAgcHJpbWFyeV9ncm91cDogZGV2b3BzDQogICAgZ3JvdXBzOiBzdWRvDQogICAgc3VkbzogWydBTEw9KEFMTCkgTk9QQVNTV0Q6QUxMJ10NCiAgICBsb2NrX3Bhc3N3ZDogZmFsc2UNCiAgICBwYXNzd2Q6ICIkNiRUQlRwMVpHSjd3QUJsUGJHJHZ5bXVvbjdiR3FFQ0h0MVdGVUZUYzlUejF3dkpQRDZtMGNNZGZkWEl1NVZoNXp2alFjQ2dxckMweEdUYXBnZ0lGSmVBT3ZNLnh5T1djQWxIVDJWcmkxIg0KICAtIG5hbWU6IGNpLXVzZXINCiAgICBwcmltYXJ5X2dyb3VwOiBjaS11c2VyDQogICAgZ3JvdXBzOiBzdWRvDQogICAgc3VkbzogIkFMTD0oQUxMKSBOT1BBU1NXRDpBTEwiDQogICAgbG9ja19wYXNzd2Q6IGZhbHNlDQogICAgcGFzc3dkOiAkNiRUQlRwMVpHSjd3QUJsUGJHJHZ5bXVvbjdiR3FFQ0h0MVdGVUZUYzlUejF3dkpQRDZtMGNNZGZkWEl1NVZoNXp2alFjQ2dxckMweEdUYXBnZ0lGSmVBT3ZNLnh5T1djQWxIVDJWcmkxDQoNCg0KbWFuYWdlX2V0Y19ob3N0czogdHJ1ZQ0KDQp3cml0ZV9maWxlczoNCiAgLSBwYXRoOiAvZXRjL211bHRpcGF0aC5jb25mDQogICAgY29udGVudDogfA0KICAgICAgZGVmYXVsdHMgew0KICAgICAgICAgIHVzZXJfZnJpZW5kbHlfbmFtZXMgeWVzDQogICAgICB9DQogICAgICBibGFja2xpc3Qgew0KICAgICAgICAgIGRldm5vZGUgIl5zZFthLXowLTldKyINCiAgICAgIH0NCg0KICAtIHBhdGg6IC9ldGMvbmV0cGxhbi85OS1uZXRjZmctdm13YXJlLnlhbWwNCiAgICBwZXJtaXNzaW9uczogJzA2NDQnDQogICAgY29udGVudDogfA0KICAgICAgIyBHZW5lcmF0ZWQgYnkgVk1XYXJlIGN1c3RvbWl6YXRpb24gZW5naW5lLg0KICAgICAgbmV0d29yazoNCiAgICAgICAgdmVyc2lvbjogMg0KICAgICAgICByZW5kZXJlcjogbmV0d29ya2QNCiAgICAgICAgZXRoZXJuZXRzOg0KICAgICAgICAgIGVuczE5MjoNCiAgICAgICAgICAgIGRoY3A0OiBubw0KICAgICAgICAgICAgZGhjcDY6IG5vDQogICAgICAgICAgICBhZGRyZXNzZXM6DQogICAgICAgICAgICAgIC0gMTAuMTAwLjEwNS45OS8yNA0KICAgICAgICAgICAgZ2F0ZXdheTQ6IDEwLjEwMC4xMDQuMQ0KDQogIC0gcGF0aDogL3Jvb3QvdGVtcGxhdGUtcmVhZHkuc2gNCiAgICBwZXJtaXNzaW9uczogJzA3NTUnDQogICAgY29udGVudDogfA0KICAgICAgIyEvYmluL2Jhc2gNCiAgICAgIHN3YXBvZmYgLS1hbGwNCiAgICAgIHNlZCAtcmkgJy9cc3N3YXBccy9zL14jPy8jLycgL2V0Yy9mc3RhYg0KICAgICAgc3VkbyBhcHQgcmVtb3ZlIHVuYXR0ZW5kZWQtdXBncmFkZXMNCiAgICAgIHN1ZG8gYXB0IHVwZGF0ZQ0KICAgICAgc3VkbyBhcHQgdXBncmFkZSAteQ0KICAgICAgc3VkbyBhcHQgaW5zdGFsbCB2aW0gbmZzLWNvbW1vbiAteQ0KDQoNCmJvb3RjbWQ6DQogIC0gcHJpbnRmICJbUmVzb2x2ZV1cbkROUz04LjguOC44IDguOC40LjQiID4gL2V0Yy9zeXN0ZW1kL3Jlc29sdmVkLmNvbmYNCiAgLSBbIHN5c3RlbWN0bCwgcmVzdGFydCwgc3lzdGVtZC1yZXNvbHZlZCBdDQoNCnJ1bmNtZDoNCiAgLSBbIHNoLCAtYywgJ3N1ZG8gYXB0IHJlbW92ZSB1bmF0dGVuZGVkLXVwZ3JhZGVzJyBdDQogIC0gWyBzaCwgLWMsICdzeXN0ZW1jdGwgcmVzdGFydCBtdWx0aXBhdGhkLnNlcnZpY2UnIF0NCiAgLSBbIHNoLCAtYywgJ3N1ZG8gcm1tb2QgZmxvcHB5JyBdDQogIC0gWyBzaCwgLWMsICdlY2hvICJibGFja2xpc3QgZmxvcHB5IiB8IHN1ZG8gdGVlIC9ldGMvbW9kcHJvYmUuZC9ibGFja2xpc3QtZmxvcHB5LmNvbmYnIF0NCiAgLSBbIHNoLCAtYywgJ3N1ZG8gZHBrZy1yZWNvbmZpZ3VyZSBpbml0cmFtZnMtdG9vbHMnIF0NCiAgLSBbIHNoLCAtYywgJ3NlZCAtaSAicy9eUGFzc3dvcmRBdXRoZW50aWNhdGlvbiBuby9QYXNzd29yZEF1dGhlbnRpY2F0aW9uIHllcy8iIC9ldGMvc3NoL3NzaGRfY29uZmlnLmQvNjAtY2xvdWRpbWctc2V0dGluZ3MuY29uZicgXQ0KICAtIFsgc2gsIC1jLCAnc3lzdGVtY3RsIHJlc3RhcnQgc3NoJyBdDQogIC0gWyBzaCwgLWMsICdlY2hvICJuZXQuaXB2Ni5jb25mLmFsbC5kaXNhYmxlX2lwdjYgPSAxIiA+PiAvZXRjL3N5c2N0bC5jb25mJyBdDQogIC0gWyBzaCwgLWMsICdzeXNjdGwgLXAnIF0NCiAgLSBbIHNoLCAtYywgJ25ldHBsYW4gYXBwbHknIF0NCiAgLSBbIHNoLCAtYywgJy9yb290L3RlbXBsYXRlLXJlYWR5LnNoJyBdDQogIC0gWyBzaCwgLWMsICd0aW1lZGF0ZWN0bCBzZXQtdGltZXpvbmUgQXNpYS9CYWt1JyBdDQo=",
              "guestinfo.userdata.encoding": "base64"
            },
            "extra_config_reboot_required": true,
            "firmware": "bios",
            "folder": "",
            "force_power_off": true,
            "guest_id": "ubuntu64Guest",
            "guest_ip_addresses": [
              "10.100.104.99",
              "fe80::250:56ff:fea4:a4cc"
            ],
            "hardware_version": 10,
            "host_system_id": "host-63878",
            "hv_mode": "hvAuto",
            "id": "422439a8-adc2-c6c4-aa69-16f96fa7923d",
            "ide_controller_count": 2,
            "ignored_guest_ips": null,
            "imported": null,
            "latency_sensitivity": "normal",
            "memory": 1024,
            "memory_hot_add_enabled": false,
            "memory_limit": -1,
            "memory_reservation": 0,
            "memory_reservation_locked_to_max": false,
            "memory_share_count": 10240,
            "memory_share_level": "normal",
            "migrate_wait_timeout": 30,
            "moid": "vm-143503",
            "name": "jammy-server-cloudimg-amd64",
            "nested_hv_enabled": false,
            "network_interface": [
              {
                "adapter_type": "vmxnet3",
                "bandwidth_limit": -1,
                "bandwidth_reservation": 0,
                "bandwidth_share_count": 50,
                "bandwidth_share_level": "normal",
                "device_address": "pci:0:7",
                "key": 4000,
                "mac_address": "00:50:56:a4:a4:cc",
                "network_id": "network-119256",
                "ovf_mapping": "",
                "physical_function": "",
                "use_static_mac": false
              }
            ],
            "num_cores_per_socket": 1,
            "num_cpus": 2,
            "ovf_deploy": [
              {
                "allow_unverified_ssl_cert": false,
                "deployment_option": "",
                "disk_provisioning": "thin",
                "enable_hidden_properties": false,
                "ip_allocation_policy": "",
                "ip_protocol": "",
                "local_ovf_path": "./files/ova/jammy-server-cloudimg-amd64.ova",
                "ovf_network_map": {
                  "VM Network": "network-119256"
                },
                "remote_ovf_url": ""
              }
            ],
            "pci_device_id": [],
            "power_state": "on",
            "poweron_timeout": 300,
            "reboot_required": false,
            "replace_trigger": null,
            "resource_pool_id": "resgroup-143489",
            "run_tools_scripts_after_power_on": true,
            "run_tools_scripts_after_resume": true,
            "run_tools_scripts_before_guest_reboot": false,
            "run_tools_scripts_before_guest_shutdown": true,
            "run_tools_scripts_before_guest_standby": true,
            "sata_controller_count": 0,
            "scsi_bus_sharing": "noSharing",
            "scsi_controller_count": 1,
            "scsi_type": "pvscsi",
            "shutdown_wait_timeout": 3,
            "storage_policy_id": "",
            "swap_placement_policy": "inherit",
            "sync_time_with_host": false,
            "sync_time_with_host_periodically": false,
            "tags": [],
            "tools_upgrade_policy": "manual",
            "uuid": "422439a8-adc2-c6c4-aa69-16f96fa7923d",
            "vapp": [],
            "vapp_transport": [],
            "vbs_enabled": false,
            "vmware_tools_status": "guestToolsRunning",
            "vmx_path": "jammy-server-cloudimg-amd64/jammy-server-cloudimg-amd64.vmx",
            "vtpm": [],
            "vvtd_enabled": false,
            "wait_for_guest_ip_timeout": 0,
            "wait_for_guest_net_routable": true,
            "wait_for_guest_net_timeout": 0
          },
          "sensitive_attributes": [
            [
              {
                "type": "get_attr",
                "value": "extra_config"
              },
              {
                "type": "index",
                "value": {
                  "value": "guestinfo.userdata",
                  "type": "string"
                }
              }
            ]
          ],
          "private": "eyJzY2hlbWFfdmVyc2lvbiI6IjMifQ==",
          "dependencies": [
            "module.rke2_prod_cluster.data.vsphere_datacenter.vsphere_datacenter_az1",
            "module.rke2_prod_cluster.data.vsphere_datastore.vsphere_datastore_az1",
            "module.rke2_prod_cluster.data.vsphere_host.vsphere_host_az1",
            "module.rke2_prod_cluster.data.vsphere_network.vsphere_network_az1",
            "module.rke2_prod_cluster.data.vsphere_ovf_vm_template.templateLocal",
            "module.rke2_prod_cluster.data.vsphere_resource_pool.vsphere_resource_pool_az1"
          ]
        }
      ]
    }
  ],
  "check_results": [
    {
      "object_kind": "resource",
      "config_addr": "module.rke2_prod_cluster.vsphere_virtual_machine.worker_nodes_az1",
      "status": "pass",
      "objects": null
    },
    {
      "object_kind": "resource",
      "config_addr": "module.rke2_prod_cluster.vsphere_virtual_machine.worker_nodes_az3",
      "status": "pass",
      "objects": null
    }
  ]
}
